{
  "version": 4,
  "terraform_version": "1.12.2",
  "serial": 1630,
  "lineage": "0db92712-bbea-3260-8822-2c094d12f3b9",
  "outputs": {
    "app_instance_private_ip": {
      "value": "10.0.3.99",
      "type": "string"
    },
    "app_instance_public_ip": {
      "value": "18.219.209.235",
      "type": "string"
    },
    "internal_alb_dns": {
      "value": "internal-app-internal-alb-70524791.us-east-2.elb.amazonaws.com",
      "type": "string"
    },
    "internal_alb_dns_1": {
      "value": "internal-app-internal-alb-70524791.us-east-2.elb.amazonaws.com",
      "type": "string"
    },
    "private_key_pem": {
      "value": "-----BEGIN RSA PRIVATE KEY-----\nMIIJKAIBAAKCAgEA6GUz97ZNa/ew8AdX3iV+tPcT0RSDoKMFK1fRQb263mR5wqeJ\nnKcgNH3abUOu8p2dEA0/BNonLvoQQvz4tqXMsFeDdZeBqx+oaXw9x56SIwIYmwc2\ng4Wv2etfNrrM7h0GmQv7D5zvup2EAwxkdC/mEiFDmV05w6bBldho1M4WucZ9mXcg\nVHzDzQ61xGgRmu+cmMwr2arHZ482knr+qVvF4p3jTWZchTfb8w7k5e9b4MNyXrN7\ngTqqeSgzeuK0UTZJ9ODj4dIfeDZvIWvpraqsm7F/rKj1vu/lA/9JQYldvS5q8FLp\nOOI0LQQyZ/ew0UVE6fHQJdRMPTNhNKTglwd3/aaXIfMsIAmwT2uizaL14BB3AQmI\nF/37MwqK+f+UWLAAsrf0WazeX4ontu87QcWhEBJ1wh/reyhaIZGjTWJei0L3oMiF\nJVFY3Bu8tth2d7Qgj+feyHJqUL+vWpqjfguqHf1WG5Z0nBqR3cbKdroAO5/vczYc\n7VzS8A0eWrp7sfLrhqW7YtMl54KDhbN3e3rcCR0Cz6tpI8+7qBT+ta2pVBlOtaA0\nBmSw1gUbhqBR/1Jj2p/zg1TJdlXPOCoJSdTkvuI2NQ9tKC2/4RjOv2vnYJgixVaD\nlsIRMNEKO43YTxQYwKLQZGQTFC0AaGQJ/MDmCWUlsm+dZOY6pD3NoaxKFw8CAwEA\nAQKCAgA1R9qpzOSkP9YTugNFvb/2mn0zHupsvmN1g/1IfsjkqxGVdNbikRiboE0f\nZvipzEQRxY+wu5lnNlLbIOee7JVoyq+rmrBSfQAeKyt45Fyp5RWiGX3AmrpuEn4y\nbJKGdyYnma0Wb8swtGNrVYCEeOTdPD4k39BaEJXqloK2Y4enUSBDuqGxbSdxEJHQ\n9XEv3ga/q3PUREjSb+25mLRhPNa6NavC95h3vI5ThBMrunyMpBLJLoo+3yXtgC+J\nWYew5OsA1zy37fZkF8rT1UtukyZezcuxWM162MJfb7yqZ2WT9Zvz/HZXIdmHhqJN\n3uZtnF2H63Zm7e0KzQhYywJo7f/uujnYczJi4iBc6UAGx8sfGkOjAjEeWdprp4G/\nue+MTIQuSMKyT2OxDvRIqqVlWm1jkd8ZLLBH625CdeLdteuK01xTrCH5yNq38UhA\n43987Lcxj3eYEXa56x75f1LmutioD1/z4YKTVdYysl1rls6da1vYH7QmUY2vECID\n6NKP3oc00aWcFl48Vx1wj9Fi+vxjH/1EY63ZgBBZ6lG6R4W7VTUvmOKjlfcUSi79\nJzPuIWneeLqR45XfL0cBsf+7Qimi+x3RnK4Z1Zn7/N3ms6XPXvvtaNaZIJOfs5Vs\n0p4kFIOu0lPWvH1aGbBRsjPJ9jfzYbJgL0iMEKRRBPX5/hULCQKCAQEA6T++29XN\nQONHhQ3uJzYx0o7GHR7w8IMUTMpZLLM6JNefOAmKFqvfYxoeAzZNp8HNy5mJCZQP\nX8+YZDYmlDV/8d54lpwFO/TtwACkLT4Evk1CL7eCmWrWjDv3bqNYHKAs/aHPbh2H\ny2tiLXm4FbjkBorG4MAfsy2NdiamVS7W6aUHtt1tmLnbkAlyveaOFRhwsHAikGnQ\nUUKC/XXpcP/RdynQWApKrsORgL+QRd4+O5EyzX9oscOm4lCkkzu3frkT77IPT1cq\nR3MSWBPxEEtV86B6YrJYZ1xZwQfRZDwGHg9zo9Jxq5SKbWx5vLfeHMkGIbSFuFWE\nkkIGC3jzg9hKVwKCAQEA/xAkE5VLGaP+ssvnfFRnjemA247spdmM0IVo4sVYBxfS\nBCoJXl1cHYXw7EG+flgOZqzf2x6DZN4XMVboPxuDF+8mZe7Igz2q+WXxxfRrOL9b\nM7MeIbxD/4WJ/udMOvPG5e0QEPTm9v8mlGXl1URh3Wc81oDucsJQKqP7Dccsrer9\nKvxbkvYkaEd+n+bER3kn4jhaVlO8hBKYZnNYfLCMoIRGqN+epqzeiroBM/z2MsXy\nh97KyXa9e3tbWyWRJVEWsH+evC4+peADCRuWbBfjaIXLvGKTZSETbG/S6wpG7CQ2\n8MnPyazhDIEkQPvsVB9wXKLvb+fnzel6KmiHr5QWCQKCAQAY3QyxTmckxZV4H3YF\nhAdnlISV0hiI6tAdJ2y+ERTfnISCarHnnMahP8V3PjCk80nGrEUpWjkRU4XBGOyf\n29wZokdkdpkwPPmi/+6ATB4hUwb9Iyiuxe684B+OEadw1bo2ByufZ1J0YqwCgPkY\nh67265AroQ9AAFkWASS169pI6aia25u1Lgqzne43Q/5dTU+l3y4wCreEEfz4m7sY\nqoxfkXt+BwrS+lHmUYVFjV1A6EdsFGrKmDqP4VzJvRHgVkZDxM1Q/c+p8iBAd0+5\nFu7Am5iwMKavze5bX0P41VUpmygOjH5Fdf4Tj/6iGU957gvTR/UBI0yQcq1GR8xd\nf47dAoIBAQD8oHELEHCM2dh4IOuLQlI6xc8CJ+KONhZ5pdmH2ixhAh/aTgRveYq2\nFybT6h4SJ4dD/O/PqL49VpekH87ySn6iYxUmGsZw7tB8KpO4HGlikG11nHA4u66h\n1BMk7NSdAzy6GP4zvU1R0M/WZcKpZAyGbS1dy9/gvEMIqNgNAnxnWfsc60yMF81h\nl4Z8O+WmYQK21lfrbw6lxYE63/4Bqh/vEHSn6KzLqybUQnzUkDUNfu/D0VALENeG\nCV0nvuKvEkylzhFbk3Yrdt+q0q8/Kr3rlbGASiZxILyLR4qhj9FFLG1aOpjayKcy\namqNDrg5bdYtepgqv4fhc+GzRUs3BTZ5AoIBAG+sQsPHC2iVAs1J6zLBjFSWbBYa\n3hzv0PD0QIrHryzqcd36Il510tM/2H+sjaUTtnODNvNZ9TtlGfwcwk0JUqxsfanq\nqvbxHcvpLV95rGFsrqw4C7yT0b/9/gTTgvaGgk0GSPKFh+N0ntICUmdvDDLd2x5S\nkAXDPmRiKalZZeizirEgoCz3Qf1Tv3Hr8ILZ2e8hKd2CKaaoFHeySBPNKE/EsSap\nr9qwyYXpcNjPZ9oas3LDyph6bR1J4vAXt9h8BBg02juUqXcDGaIoG479Iqb/CZi/\nDo63ppyrjIkJC1I6Cfoa+KhdE+wO9sq4uDdj+3/JQsMeIWEY3BAbrd8VYA8=\n-----END RSA PRIVATE KEY-----\n",
      "type": "string",
      "sensitive": true
    },
    "rds_endpoint": {
      "value": "mysql-db-project3.cjc8e2a8elx5.us-east-2.rds.amazonaws.com:3306",
      "type": "string"
    },
    "rds_mysql_db_name": {
      "value": "mydb1",
      "type": "string"
    },
    "rds_mysql_endpoint": {
      "value": "mysql-db-project3.cjc8e2a8elx5.us-east-2.rds.amazonaws.com:3306",
      "type": "string"
    },
    "rds_mysql_port": {
      "value": 3306,
      "type": "number"
    },
    "web_alb_dns": {
      "value": "web-alb-953127605.us-east-2.elb.amazonaws.com",
      "type": "string"
    },
    "web_alb_dns_name": {
      "value": "web-alb-953127605.us-east-2.elb.amazonaws.com",
      "type": "string"
    }
  },
  "resources": [
    {
      "mode": "managed",
      "type": "aws_autoscaling_attachment",
      "name": "web_asg_alb",
      "provider": "provider[\"registry.terraform.io/hashicorp/aws\"]",
      "instances": [
        {
          "schema_version": 0,
          "attributes": {
            "autoscaling_group_name": "web-asg",
            "elb": null,
            "id": "web-asg-20250811012158014100000009",
            "lb_target_group_arn": "arn:aws:elasticloadbalancing:us-east-2:167611893883:targetgroup/web-target-group/5c0e02142636f03d",
            "region": "us-east-2"
          },
          "sensitive_attributes": [],
          "identity_schema_version": 0,
          "private": "bnVsbA==",
          "dependencies": [
            "aws_autoscaling_group.web_asg",
            "aws_key_pair.dipen_keypair",
            "aws_launch_template.web_lt",
            "aws_lb_target_group.web_tg",
            "aws_security_group.web_tier_sg",
            "aws_subnet.pub_web_az_1",
            "aws_subnet.pub_web_az_2",
            "aws_vpc.dipen_custom-vpc",
            "tls_private_key.dipen_key"
          ]
        }
      ]
    },
    {
      "mode": "managed",
      "type": "aws_autoscaling_group",
      "name": "app_asg",
      "provider": "provider[\"registry.terraform.io/hashicorp/aws\"]",
      "instances": [
        {
          "schema_version": 1,
          "attributes": {
            "arn": "arn:aws:autoscaling:us-east-2:167611893883:autoScalingGroup:4e044c95-2aa7-400e-943f-e650684f5e9f:autoScalingGroupName/app-asg",
            "availability_zone_distribution": [
              {
                "capacity_distribution_strategy": "balanced-best-effort"
              }
            ],
            "availability_zones": [
              "us-east-2a",
              "us-east-2b"
            ],
            "capacity_rebalance": false,
            "capacity_reservation_specification": [
              {
                "capacity_reservation_preference": "default",
                "capacity_reservation_target": []
              }
            ],
            "context": "",
            "default_cooldown": 300,
            "default_instance_warmup": 0,
            "desired_capacity": 2,
            "desired_capacity_type": "",
            "enabled_metrics": null,
            "force_delete": false,
            "force_delete_warm_pool": false,
            "health_check_grace_period": 90,
            "health_check_type": "ELB",
            "id": "app-asg",
            "ignore_failed_scaling_activities": false,
            "initial_lifecycle_hook": [],
            "instance_maintenance_policy": [],
            "instance_refresh": [
              {
                "preferences": [
                  {
                    "alarm_specification": [],
                    "auto_rollback": false,
                    "checkpoint_delay": "",
                    "checkpoint_percentages": null,
                    "instance_warmup": "60",
                    "max_healthy_percentage": 100,
                    "min_healthy_percentage": 90,
                    "scale_in_protected_instances": "Ignore",
                    "skip_matching": false,
                    "standby_instances": "Ignore"
                  }
                ],
                "strategy": "Rolling",
                "triggers": [
                  "launch_template"
                ]
              }
            ],
            "launch_configuration": "",
            "launch_template": [
              {
                "id": "lt-0a7788b964aee4c1a",
                "name": "app-lt-20250811012112552000000002",
                "version": "$Latest"
              }
            ],
            "load_balancers": [],
            "max_instance_lifetime": 0,
            "max_size": 4,
            "metrics_granularity": "1Minute",
            "min_elb_capacity": null,
            "min_size": 1,
            "mixed_instances_policy": [],
            "name": "app-asg",
            "name_prefix": "",
            "placement_group": "",
            "predicted_capacity": 0,
            "protect_from_scale_in": false,
            "region": "us-east-2",
            "service_linked_role_arn": "arn:aws:iam::167611893883:role/aws-service-role/autoscaling.amazonaws.com/AWSServiceRoleForAutoScaling",
            "suspended_processes": null,
            "tag": [
              {
                "key": "Name",
                "propagate_at_launch": true,
                "value": "app-tier-ec2"
              }
            ],
            "target_group_arns": [
              "arn:aws:elasticloadbalancing:us-east-2:167611893883:targetgroup/app-tg/819dc095275a5d8e"
            ],
            "termination_policies": null,
            "timeouts": null,
            "traffic_source": [
              {
                "identifier": "arn:aws:elasticloadbalancing:us-east-2:167611893883:targetgroup/app-tg/819dc095275a5d8e",
                "type": "elbv2"
              }
            ],
            "vpc_zone_identifier": [
              "subnet-01cc21023882530c1",
              "subnet-0a8ba462be0b8d221"
            ],
            "wait_for_capacity_timeout": "10m",
            "wait_for_elb_capacity": null,
            "warm_pool": [],
            "warm_pool_size": 0
          },
          "sensitive_attributes": [],
          "identity_schema_version": 0,
          "private": "eyJlMmJmYjczMC1lY2FhLTExZTYtOGY4OC0zNDM2M2JjN2M0YzAiOnsiZGVsZXRlIjo2MDAwMDAwMDAwMDAsInVwZGF0ZSI6NjAwMDAwMDAwMDAwfSwic2NoZW1hX3ZlcnNpb24iOiIxIn0=",
          "dependencies": [
            "aws_iam_instance_profile.ec2_s3_profile",
            "aws_iam_role.ec2_role",
            "aws_key_pair.dipen_keypair",
            "aws_launch_template.app_lt",
            "aws_lb_target_group.app_tg",
            "aws_security_group.app_tier_sg",
            "aws_subnet.pri_app_az_1",
            "aws_subnet.pri_app_az_2",
            "aws_vpc.dipen_custom-vpc",
            "tls_private_key.dipen_key"
          ],
          "create_before_destroy": true
        }
      ]
    },
    {
      "mode": "managed",
      "type": "aws_autoscaling_group",
      "name": "web_asg",
      "provider": "provider[\"registry.terraform.io/hashicorp/aws\"]",
      "instances": [
        {
          "schema_version": 1,
          "attributes": {
            "arn": "arn:aws:autoscaling:us-east-2:167611893883:autoScalingGroup:88557ec0-c147-4b8e-a4f8-4ca10cab70ef:autoScalingGroupName/web-asg",
            "availability_zone_distribution": [
              {
                "capacity_distribution_strategy": "balanced-best-effort"
              }
            ],
            "availability_zones": [
              "us-east-2a",
              "us-east-2b"
            ],
            "capacity_rebalance": false,
            "capacity_reservation_specification": [
              {
                "capacity_reservation_preference": "default",
                "capacity_reservation_target": []
              }
            ],
            "context": "",
            "default_cooldown": 300,
            "default_instance_warmup": 0,
            "desired_capacity": 2,
            "desired_capacity_type": "",
            "enabled_metrics": null,
            "force_delete": false,
            "force_delete_warm_pool": false,
            "health_check_grace_period": 300,
            "health_check_type": "EC2",
            "id": "web-asg",
            "ignore_failed_scaling_activities": false,
            "initial_lifecycle_hook": [],
            "instance_maintenance_policy": [],
            "instance_refresh": [],
            "launch_configuration": "",
            "launch_template": [
              {
                "id": "lt-02159f87f45391630",
                "name": "web-lt-20250811012113935500000005",
                "version": "$Latest"
              }
            ],
            "load_balancers": [],
            "max_instance_lifetime": 0,
            "max_size": 3,
            "metrics_granularity": "1Minute",
            "min_elb_capacity": null,
            "min_size": 1,
            "mixed_instances_policy": [],
            "name": "web-asg",
            "name_prefix": "",
            "placement_group": "",
            "predicted_capacity": 0,
            "protect_from_scale_in": false,
            "region": "us-east-2",
            "service_linked_role_arn": "arn:aws:iam::167611893883:role/aws-service-role/autoscaling.amazonaws.com/AWSServiceRoleForAutoScaling",
            "suspended_processes": null,
            "tag": [
              {
                "key": "Name",
                "propagate_at_launch": true,
                "value": "web-tier-ec2"
              }
            ],
            "target_group_arns": [
              "arn:aws:elasticloadbalancing:us-east-2:167611893883:targetgroup/web-target-group/5c0e02142636f03d"
            ],
            "termination_policies": null,
            "timeouts": null,
            "traffic_source": [
              {
                "identifier": "arn:aws:elasticloadbalancing:us-east-2:167611893883:targetgroup/web-target-group/5c0e02142636f03d",
                "type": "elbv2"
              }
            ],
            "vpc_zone_identifier": [
              "subnet-02b05c81323944dd9",
              "subnet-0b7374eec8604f90e"
            ],
            "wait_for_capacity_timeout": "10m",
            "wait_for_elb_capacity": null,
            "warm_pool": [],
            "warm_pool_size": 0
          },
          "sensitive_attributes": [],
          "identity_schema_version": 0,
          "private": "eyJlMmJmYjczMC1lY2FhLTExZTYtOGY4OC0zNDM2M2JjN2M0YzAiOnsiZGVsZXRlIjo2MDAwMDAwMDAwMDAsInVwZGF0ZSI6NjAwMDAwMDAwMDAwfSwic2NoZW1hX3ZlcnNpb24iOiIxIn0=",
          "dependencies": [
            "aws_key_pair.dipen_keypair",
            "aws_launch_template.web_lt",
            "aws_lb_target_group.web_tg",
            "aws_security_group.web_tier_sg",
            "aws_subnet.pub_web_az_1",
            "aws_subnet.pub_web_az_2",
            "aws_vpc.dipen_custom-vpc",
            "tls_private_key.dipen_key"
          ],
          "create_before_destroy": true
        }
      ]
    },
    {
      "mode": "managed",
      "type": "aws_db_instance",
      "name": "mysql_db",
      "provider": "provider[\"registry.terraform.io/hashicorp/aws\"]",
      "instances": [
        {
          "schema_version": 2,
          "attributes": {
            "address": "mysql-db-project3.cjc8e2a8elx5.us-east-2.rds.amazonaws.com",
            "allocated_storage": 20,
            "allow_major_version_upgrade": null,
            "apply_immediately": false,
            "arn": "arn:aws:rds:us-east-2:167611893883:db:mysql-db-project3",
            "auto_minor_version_upgrade": true,
            "availability_zone": "us-east-2b",
            "backup_retention_period": 0,
            "backup_target": "region",
            "backup_window": "06:14-06:44",
            "blue_green_update": [],
            "ca_cert_identifier": "rds-ca-rsa2048-g1",
            "character_set_name": "",
            "copy_tags_to_snapshot": false,
            "custom_iam_instance_profile": "",
            "customer_owned_ip_enabled": false,
            "database_insights_mode": "standard",
            "db_name": "mydb1",
            "db_subnet_group_name": "mysql-db-subnet-group",
            "dedicated_log_volume": false,
            "delete_automated_backups": true,
            "deletion_protection": false,
            "domain": "",
            "domain_auth_secret_arn": "",
            "domain_dns_ips": null,
            "domain_fqdn": "",
            "domain_iam_role_name": "",
            "domain_ou": "",
            "enabled_cloudwatch_logs_exports": null,
            "endpoint": "mysql-db-project3.cjc8e2a8elx5.us-east-2.rds.amazonaws.com:3306",
            "engine": "mysql",
            "engine_lifecycle_support": "open-source-rds-extended-support",
            "engine_version": "8.0.41",
            "engine_version_actual": "8.0.41",
            "final_snapshot_identifier": null,
            "hosted_zone_id": "Z2XHWR1WZ565X2",
            "iam_database_authentication_enabled": false,
            "id": "db-HH2X3VEL7PBZNXCBVL3JZW6G2Y",
            "identifier": "mysql-db-project3",
            "identifier_prefix": "",
            "instance_class": "db.t4g.micro",
            "iops": 0,
            "kms_key_id": "",
            "latest_restorable_time": "",
            "license_model": "general-public-license",
            "listener_endpoint": [],
            "maintenance_window": "mon:07:24-mon:07:54",
            "manage_master_user_password": null,
            "master_user_secret": [],
            "master_user_secret_kms_key_id": null,
            "max_allocated_storage": 0,
            "monitoring_interval": 0,
            "monitoring_role_arn": "",
            "multi_az": false,
            "nchar_character_set_name": "",
            "network_type": "IPV4",
            "option_group_name": "default:mysql-8-0",
            "parameter_group_name": "default.mysql8.0",
            "password": "90166Dipen",
            "password_wo": null,
            "password_wo_version": null,
            "performance_insights_enabled": false,
            "performance_insights_kms_key_id": "",
            "performance_insights_retention_period": 0,
            "port": 3306,
            "publicly_accessible": false,
            "region": "us-east-2",
            "replica_mode": "",
            "replicas": [],
            "replicate_source_db": "",
            "resource_id": "db-HH2X3VEL7PBZNXCBVL3JZW6G2Y",
            "restore_to_point_in_time": [],
            "s3_import": [],
            "skip_final_snapshot": true,
            "snapshot_identifier": null,
            "status": "available",
            "storage_encrypted": false,
            "storage_throughput": 0,
            "storage_type": "gp2",
            "tags": {
              "Name": "MySQL-DB",
              "Owner": "Dipen",
              "Project": "Three-Tier-Web-App",
              "Tier": "Database"
            },
            "tags_all": {
              "Name": "MySQL-DB",
              "Owner": "Dipen",
              "Project": "Three-Tier-Web-App",
              "Tier": "Database"
            },
            "timeouts": null,
            "timezone": "",
            "upgrade_storage_config": null,
            "username": "admin",
            "vpc_security_group_ids": [
              "sg-0320a52aade3a59f0"
            ]
          },
          "sensitive_attributes": [
            [
              {
                "type": "get_attr",
                "value": "password"
              }
            ],
            [
              {
                "type": "get_attr",
                "value": "password_wo"
              }
            ]
          ],
          "identity_schema_version": 0,
          "private": "eyJlMmJmYjczMC1lY2FhLTExZTYtOGY4OC0zNDM2M2JjN2M0YzAiOnsiY3JlYXRlIjozMDAwMDAwMDAwMDAwLCJkZWxldGUiOjM2MDAwMDAwMDAwMDAsInVwZGF0ZSI6NDgwMDAwMDAwMDAwMH0sInNjaGVtYV92ZXJzaW9uIjoiMiJ9",
          "dependencies": [
            "aws_db_subnet_group.mysql_db_subnet_group",
            "aws_security_group.db_tier_sg",
            "aws_subnet.pri_db_az_1",
            "aws_subnet.pri_db_az_2",
            "aws_vpc.dipen_custom-vpc"
          ]
        }
      ]
    },
    {
      "mode": "managed",
      "type": "aws_db_subnet_group",
      "name": "mysql_db_subnet_group",
      "provider": "provider[\"registry.terraform.io/hashicorp/aws\"]",
      "instances": [
        {
          "schema_version": 0,
          "attributes": {
            "arn": "arn:aws:rds:us-east-2:167611893883:subgrp:mysql-db-subnet-group",
            "description": "Managed by Terraform",
            "id": "mysql-db-subnet-group",
            "name": "mysql-db-subnet-group",
            "name_prefix": "",
            "region": "us-east-2",
            "subnet_ids": [
              "subnet-07d4fc8514beb3b13",
              "subnet-0bd3b8abeba6c924b"
            ],
            "supported_network_types": [
              "IPV4"
            ],
            "tags": {
              "Name": "mysql-db-subnet-group",
              "Tier": "Database"
            },
            "tags_all": {
              "Name": "mysql-db-subnet-group",
              "Tier": "Database"
            },
            "vpc_id": "vpc-0c8211da808101dfd"
          },
          "sensitive_attributes": [],
          "identity_schema_version": 0,
          "private": "bnVsbA==",
          "dependencies": [
            "aws_subnet.pri_db_az_1",
            "aws_subnet.pri_db_az_2",
            "aws_vpc.dipen_custom-vpc"
          ]
        }
      ]
    },
    {
      "mode": "managed",
      "type": "aws_eip",
      "name": "nat_gw_ip",
      "provider": "provider[\"registry.terraform.io/hashicorp/aws\"]",
      "instances": [
        {
          "schema_version": 0,
          "attributes": {
            "address": null,
            "allocation_id": "eipalloc-0303f69b20144a9b9",
            "arn": "arn:aws:ec2:us-east-2:167611893883:elastic-ip/eipalloc-0303f69b20144a9b9",
            "associate_with_private_ip": null,
            "association_id": "",
            "carrier_ip": "",
            "customer_owned_ip": "",
            "customer_owned_ipv4_pool": "",
            "domain": "vpc",
            "id": "eipalloc-0303f69b20144a9b9",
            "instance": "",
            "ipam_pool_id": null,
            "network_border_group": "us-east-2",
            "network_interface": "",
            "private_dns": null,
            "private_ip": "",
            "ptr_record": "",
            "public_dns": "ec2-3-18-208-133.us-east-2.compute.amazonaws.com",
            "public_ip": "3.18.208.133",
            "public_ipv4_pool": "amazon",
            "region": "us-east-2",
            "tags": null,
            "tags_all": {},
            "timeouts": null
          },
          "sensitive_attributes": [],
          "identity_schema_version": 0,
          "private": "eyJlMmJmYjczMC1lY2FhLTExZTYtOGY4OC0zNDM2M2JjN2M0YzAiOnsiZGVsZXRlIjoxODAwMDAwMDAwMDAsInJlYWQiOjkwMDAwMDAwMDAwMCwidXBkYXRlIjozMDAwMDAwMDAwMDB9fQ==",
          "dependencies": [
            "aws_internet_gateway.igw",
            "aws_vpc.dipen_custom-vpc"
          ]
        }
      ]
    },
    {
      "mode": "managed",
      "type": "aws_iam_instance_profile",
      "name": "ec2_s3_profile",
      "provider": "provider[\"registry.terraform.io/hashicorp/aws\"]",
      "instances": [
        {
          "schema_version": 0,
          "attributes": {
            "arn": "arn:aws:iam::167611893883:instance-profile/ec2-s3-ssm-instance-profile",
            "create_date": "2025-08-11T01:20:58Z",
            "id": "ec2-s3-ssm-instance-profile",
            "name": "ec2-s3-ssm-instance-profile",
            "name_prefix": "",
            "path": "/",
            "role": "ec2-s3-ssm-role",
            "tags": null,
            "tags_all": {},
            "unique_id": "AIPASOBTSRB5T7UF7TFUP"
          },
          "sensitive_attributes": [],
          "identity_schema_version": 0,
          "private": "bnVsbA==",
          "dependencies": [
            "aws_iam_role.ec2_role"
          ],
          "create_before_destroy": true
        }
      ]
    },
    {
      "mode": "managed",
      "type": "aws_iam_policy",
      "name": "ec2_s3_ssm_policy",
      "provider": "provider[\"registry.terraform.io/hashicorp/aws\"]",
      "instances": [
        {
          "schema_version": 0,
          "attributes": {
            "arn": "arn:aws:iam::167611893883:policy/ec2-s3-ssm-policy",
            "attachment_count": 0,
            "description": "Allow EC2 to access S3 and SSM",
            "id": "arn:aws:iam::167611893883:policy/ec2-s3-ssm-policy",
            "name": "ec2-s3-ssm-policy",
            "name_prefix": "",
            "path": "/",
            "policy": "{\"Statement\":[{\"Action\":[\"s3:GetObject\"],\"Effect\":\"Allow\",\"Resource\":\"arn:aws:s3:::dipen-app-backend-code/*\"},{\"Action\":[\"ssm:GetParameter\",\"ssm:GetParameters\",\"ssm:GetParametersByPath\"],\"Effect\":\"Allow\",\"Resource\":\"*\"}],\"Version\":\"2012-10-17\"}",
            "policy_id": "ANPASOBTSRB5RMAOLNCBG",
            "tags": null,
            "tags_all": {}
          },
          "sensitive_attributes": [],
          "identity_schema_version": 0,
          "identity": {
            "arn": "arn:aws:iam::167611893883:policy/ec2-s3-ssm-policy"
          },
          "private": "bnVsbA=="
        }
      ]
    },
    {
      "mode": "managed",
      "type": "aws_iam_role",
      "name": "ec2_role",
      "provider": "provider[\"registry.terraform.io/hashicorp/aws\"]",
      "instances": [
        {
          "schema_version": 0,
          "attributes": {
            "arn": "arn:aws:iam::167611893883:role/ec2-s3-ssm-role",
            "assume_role_policy": "{\"Statement\":[{\"Action\":\"sts:AssumeRole\",\"Effect\":\"Allow\",\"Principal\":{\"Service\":\"ec2.amazonaws.com\"}}],\"Version\":\"2012-10-17\"}",
            "create_date": "2025-08-11T01:20:58Z",
            "description": "",
            "force_detach_policies": false,
            "id": "ec2-s3-ssm-role",
            "inline_policy": [],
            "managed_policy_arns": [],
            "max_session_duration": 3600,
            "name": "ec2-s3-ssm-role",
            "name_prefix": "",
            "path": "/",
            "permissions_boundary": "",
            "tags": null,
            "tags_all": {},
            "unique_id": "AROASOBTSRB5WG7FXUQMM"
          },
          "sensitive_attributes": [],
          "identity_schema_version": 0,
          "identity": {
            "account_id": "167611893883",
            "name": "ec2-s3-ssm-role"
          },
          "private": "bnVsbA==",
          "create_before_destroy": true
        }
      ]
    },
    {
      "mode": "managed",
      "type": "aws_iam_role_policy_attachment",
      "name": "ec2_s3_ssm_attach",
      "provider": "provider[\"registry.terraform.io/hashicorp/aws\"]",
      "instances": [
        {
          "schema_version": 0,
          "attributes": {
            "id": "ec2-s3-ssm-role/arn:aws:iam::167611893883:policy/ec2-s3-ssm-policy",
            "policy_arn": "arn:aws:iam::167611893883:policy/ec2-s3-ssm-policy",
            "role": "ec2-s3-ssm-role"
          },
          "sensitive_attributes": [],
          "identity_schema_version": 0,
          "identity": {
            "account_id": "167611893883",
            "policy_arn": "arn:aws:iam::167611893883:policy/ec2-s3-ssm-policy",
            "role": "ec2-s3-ssm-role"
          },
          "private": "bnVsbA==",
          "dependencies": [
            "aws_iam_policy.ec2_s3_ssm_policy",
            "aws_iam_role.ec2_role"
          ]
        }
      ]
    },
    {
      "mode": "managed",
      "type": "aws_instance",
      "name": "app_server",
      "provider": "provider[\"registry.terraform.io/hashicorp/aws\"]",
      "instances": [
        {
          "schema_version": 2,
          "attributes": {
            "ami": "ami-08221e706f343d7b7",
            "arn": "arn:aws:ec2:us-east-2:167611893883:instance/i-0ce8d21c5c02c49ba",
            "associate_public_ip_address": false,
            "availability_zone": "us-east-2a",
            "capacity_reservation_specification": [
              {
                "capacity_reservation_preference": "open",
                "capacity_reservation_target": []
              }
            ],
            "cpu_options": [
              {
                "amd_sev_snp": "",
                "core_count": 1,
                "threads_per_core": 1
              }
            ],
            "credit_specification": [
              {
                "cpu_credits": "standard"
              }
            ],
            "disable_api_stop": false,
            "disable_api_termination": false,
            "ebs_block_device": [],
            "ebs_optimized": false,
            "enable_primary_ipv6": null,
            "enclave_options": [
              {
                "enabled": false
              }
            ],
            "ephemeral_block_device": [],
            "get_password_data": false,
            "hibernation": false,
            "host_id": "",
            "host_resource_group_arn": null,
            "iam_instance_profile": "ec2-s3-ssm-instance-profile",
            "id": "i-0ce8d21c5c02c49ba",
            "instance_initiated_shutdown_behavior": "stop",
            "instance_lifecycle": "",
            "instance_market_options": [],
            "instance_state": "running",
            "instance_type": "t2.micro",
            "ipv6_address_count": 0,
            "ipv6_addresses": [],
            "key_name": "dipen-keypair",
            "launch_template": [],
            "maintenance_options": [
              {
                "auto_recovery": "default"
              }
            ],
            "metadata_options": [
              {
                "http_endpoint": "enabled",
                "http_protocol_ipv6": "disabled",
                "http_put_response_hop_limit": 2,
                "http_tokens": "required",
                "instance_metadata_tags": "disabled"
              }
            ],
            "monitoring": false,
            "network_interface": [],
            "outpost_arn": "",
            "password_data": "",
            "placement_group": "",
            "placement_partition_number": 0,
            "primary_network_interface_id": "eni-05b1271e678589f82",
            "private_dns": "ip-10-0-3-99.us-east-2.compute.internal",
            "private_dns_name_options": [
              {
                "enable_resource_name_dns_a_record": false,
                "enable_resource_name_dns_aaaa_record": false,
                "hostname_type": "ip-name"
              }
            ],
            "private_ip": "10.0.3.99",
            "public_dns": "",
            "public_ip": "",
            "region": "us-east-2",
            "root_block_device": [
              {
                "delete_on_termination": true,
                "device_name": "/dev/xvda",
                "encrypted": false,
                "iops": 3000,
                "kms_key_id": "",
                "tags": {},
                "tags_all": {},
                "throughput": 125,
                "volume_id": "vol-01c54c6bfb057cc1f",
                "volume_size": 8,
                "volume_type": "gp3"
              }
            ],
            "secondary_private_ips": [],
            "security_groups": [],
            "source_dest_check": true,
            "spot_instance_request_id": "",
            "subnet_id": "subnet-01cc21023882530c1",
            "tags": {
              "Name": "app-tier-ec2"
            },
            "tags_all": {
              "Name": "app-tier-ec2"
            },
            "tenancy": "default",
            "timeouts": null,
            "user_data": null,
            "user_data_base64": "IyEvYmluL2Jhc2gKc2V0IC14ZQpleGVjID4gL3Zhci9sb2cvdXNlci1kYXRhLWFwcC5sb2cgMj4mMQoKeXVtIHVwZGF0ZSAteQp5dW0gaW5zdGFsbCAteSBodHRwZCBwaHAgcGhwLW15c3FsbmQgYXdzLWNsaSBqcQp5dW0gaW5zdGFsbCAteSBodHRwZCBtYXJpYWRiIHBocCBwaHAtbXlzcWxpCnN5c3RlbWN0bCBzdGFydCBodHRwZApzeXN0ZW1jdGwgZW5hYmxlIGh0dHBkCnN5c3RlbWN0bCBlbmFibGUgLS1ub3cgaHR0cGQKClMzX0JVQ0tFVD0iZGlwZW4tYXBwLWJhY2tlbmQtY29kZSIKYXdzIHMzIGNwIHMzOi8vZHBlbi1hcHAtYmFja2VuZC1jb2RlL2luZGV4Lmh0bWwgL3Zhci93d3cvaHRtbC9pbmRleC5odG1sCmF3cyBzMyBjcCBzMzovL2RwZW4tYXBwLWJhY2tlbmQtY29kZS9zdWJtaXQtZm9ybS5waHAgL3Zhci93d3cvaHRtbC9zdWJtaXQtZm9ybS5waHAKYXdzIHMzIGNwIHMzOi8vZHBlbi1hcHAtYmFja2VuZC1jb2RlL2dldC1lbXBsb3llZXMucGhwIC92YXIvd3d3L2h0bWwvZ2V0LWVtcGxveWVlcy5waHAKYXdzIHMzIGNwIHMzOi8vZHBlbi1hcHAtYmFja2VuZC1jb2RlL2NvbmZpZy5waHAgL3Zhci93d3cvaHRtbC9jb25maWcucGhwCmF3cyBzMyBjcCBzMzovL2RwZW4tYXBwLWJhY2tlbmQtY29kZS9mb3JtLmh0bWwgL3Zhci93d3cvaHRtbC9mb3JtLmh0bWwKYXdzIHMzIGNwIHMzOi8vZHBlbi1hcHAtYmFja2VuZC1jb2RlL3ZpZXctZW1wbG95ZWVzLmh0bWwgL3Zhci93d3cvaHRtbC92aWV3LWVtcGxveWVlcy5odG1sCgpSRUdJT049IiR7UkVHSU9OOi11cy1lYXN0LTJ9IgpEQl9IT1NUPSQoYXdzIHNzbSBnZXQtcGFyYW1ldGVyIC0tbmFtZSAiL2FwcC9kYi9lbmRwb2ludCIgIC0tcXVlcnkgUGFyYW1ldGVyLlZhbHVlIC0tb3V0cHV0IHRleHQgLS1yZWdpb24gJFJFR0lPTikKREJfVVNFUj0kKGF3cyBzc20gZ2V0LXBhcmFtZXRlciAtLW5hbWUgIi9hcHAvZGIvdXNlcm5hbWUiICAtLXF1ZXJ5IFBhcmFtZXRlci5WYWx1ZSAtLW91dHB1dCB0ZXh0IC0tcmVnaW9uICRSRUdJT04pCkRCX1BBU1M9JChhd3Mgc3NtIGdldC1wYXJhbWV0ZXIgLS1uYW1lICIvYXBwL2RiL3Bhc3N3b3JkIiAgLS13aXRoLWRlY3J5cHRpb24gLS1xdWVyeSBQYXJhbWV0ZXIuVmFsdWUgLS1vdXRwdXQgdGV4dCAtLXJlZ2lvbiAkUkVHSU9OKQpEQl9OQU1FPSJteWRiMSIKCmNhdCA+L3Zhci93d3cvaHRtbC9jb25maWcucGhwIDw8UEhQCjw/cGhwClwkZGJfaG9zdCA9ICIkREJfSE9TVCI7ClwkZGJfbmFtZSA9ICIkREJfTkFNRSI7ClwkZGJfdXNlciA9ICIkREJfVVNFUiI7ClwkZGJfcGFzcyA9ICIkOTAxNjZEaXBlbiI7CmZ1bmN0aW9uIGRiX2Nvbm5lY3QoKSB7CiAgZ2xvYmFsIFwkZGJfaG9zdCwgXCRkYl91c2VyLCBcJGRiX3Bhc3MsIFwkZGJfbmFtZTsKICBcJGNvbm4gPSBuZXcgbXlzcWxpKFwkZGJfaG9zdCwgXCRkYl91c2VyLCBcJGRiX3Bhc3MsIFwkZGJfbmFtZSk7CiAgaWYgKFwkY29ubi0+Y29ubmVjdF9lcnJvcikgeyBodHRwX3Jlc3BvbnNlX2NvZGUoNTAwKTsgZGllKCJEQiBjb25uZWN0IGZhaWxlZDogIiAuIFwkY29ubi0+Y29ubmVjdF9lcnJvcik7IH0KICByZXR1cm4gXCRjb25uOwp9ClBIUAoKY2hvd24gYXBhY2hlOmFwYWNoZSAvdmFyL3d3dy9odG1sLyoucGhwIHx8IHRydWUKY2htb2QgMDY0NCAvdmFyL3d3dy9odG1sLyoucGhwIHx8IHRydWUKc3lzdGVtY3RsIHJlc3RhcnQgaHR0cGQK",
            "user_data_replace_on_change": false,
            "volume_tags": null,
            "vpc_security_group_ids": [
              "sg-08d6e18060ab9377e"
            ]
          },
          "sensitive_attributes": [],
          "identity_schema_version": 0,
          "private": "eyJlMmJmYjczMC1lY2FhLTExZTYtOGY4OC0zNDM2M2JjN2M0YzAiOnsiY3JlYXRlIjo2MDAwMDAwMDAwMDAsImRlbGV0ZSI6MTIwMDAwMDAwMDAwMCwicmVhZCI6OTAwMDAwMDAwMDAwLCJ1cGRhdGUiOjYwMDAwMDAwMDAwMH0sInNjaGVtYV92ZXJzaW9uIjoiMiJ9",
          "dependencies": [
            "aws_iam_instance_profile.ec2_s3_profile",
            "aws_iam_role.ec2_role",
            "aws_key_pair.dipen_keypair",
            "aws_security_group.app_tier_sg",
            "aws_subnet.pri_app_az_1",
            "aws_vpc.dipen_custom-vpc",
            "tls_private_key.dipen_key"
          ]
        }
      ]
    },
    {
      "mode": "managed",
      "type": "aws_instance",
      "name": "web_server",
      "provider": "provider[\"registry.terraform.io/hashicorp/aws\"]",
      "instances": [
        {
          "schema_version": 2,
          "attributes": {
            "ami": "ami-08221e706f343d7b7",
            "arn": "arn:aws:ec2:us-east-2:167611893883:instance/i-0bf03e80d2fbf3a3d",
            "associate_public_ip_address": true,
            "availability_zone": "us-east-2a",
            "capacity_reservation_specification": [
              {
                "capacity_reservation_preference": "open",
                "capacity_reservation_target": []
              }
            ],
            "cpu_options": [
              {
                "amd_sev_snp": "",
                "core_count": 1,
                "threads_per_core": 1
              }
            ],
            "credit_specification": [
              {
                "cpu_credits": "standard"
              }
            ],
            "disable_api_stop": false,
            "disable_api_termination": false,
            "ebs_block_device": [],
            "ebs_optimized": false,
            "enable_primary_ipv6": null,
            "enclave_options": [
              {
                "enabled": false
              }
            ],
            "ephemeral_block_device": [],
            "get_password_data": false,
            "hibernation": false,
            "host_id": "",
            "host_resource_group_arn": null,
            "iam_instance_profile": "ec2-s3-ssm-instance-profile",
            "id": "i-0bf03e80d2fbf3a3d",
            "instance_initiated_shutdown_behavior": "stop",
            "instance_lifecycle": "",
            "instance_market_options": [],
            "instance_state": "running",
            "instance_type": "t2.micro",
            "ipv6_address_count": 0,
            "ipv6_addresses": [],
            "key_name": "dipen-keypair",
            "launch_template": [],
            "maintenance_options": [
              {
                "auto_recovery": "default"
              }
            ],
            "metadata_options": [
              {
                "http_endpoint": "enabled",
                "http_protocol_ipv6": "disabled",
                "http_put_response_hop_limit": 2,
                "http_tokens": "required",
                "instance_metadata_tags": "disabled"
              }
            ],
            "monitoring": false,
            "network_interface": [],
            "outpost_arn": "",
            "password_data": "",
            "placement_group": "",
            "placement_partition_number": 0,
            "primary_network_interface_id": "eni-0247e9ce3c1310ac8",
            "private_dns": "ip-10-0-1-182.us-east-2.compute.internal",
            "private_dns_name_options": [
              {
                "enable_resource_name_dns_a_record": false,
                "enable_resource_name_dns_aaaa_record": false,
                "hostname_type": "ip-name"
              }
            ],
            "private_ip": "10.0.1.182",
            "public_dns": "ec2-18-219-209-235.us-east-2.compute.amazonaws.com",
            "public_ip": "18.219.209.235",
            "region": "us-east-2",
            "root_block_device": [
              {
                "delete_on_termination": true,
                "device_name": "/dev/xvda",
                "encrypted": false,
                "iops": 3000,
                "kms_key_id": "",
                "tags": {},
                "tags_all": {},
                "throughput": 125,
                "volume_id": "vol-002af66dfb847013b",
                "volume_size": 8,
                "volume_type": "gp3"
              }
            ],
            "secondary_private_ips": [],
            "security_groups": [],
            "source_dest_check": true,
            "spot_instance_request_id": "",
            "subnet_id": "subnet-02b05c81323944dd9",
            "tags": {
              "Name": "web-server-ec2"
            },
            "tags_all": {
              "Name": "web-server-ec2"
            },
            "tenancy": "default",
            "timeouts": null,
            "user_data": null,
            "user_data_base64": "IyEvYmluL2Jhc2gKc2V0IC14ZQpleGVjID4gL3Zhci9sb2cvdXNlci1kYXRhLXdlYi5sb2cgMj4mMQpzdWRvIHN1Cnl1bSB1cGRhdGUgLXkKeXVtIGluc3RhbGwgLXkgaHR0cGQKc3lzdGVtY3RsIHN0YXJ0IGh0dHBkCnN5c3RlbWN0bCBlbmFibGUgaHR0cGQKCnN5c3RlbWN0bCBlbmFibGUgLS1ub3cgaHR0cGQKCmF3cyBzMyBjcCBzMzovL2RwZW4tYXBwLWJhY2tlbmQtY29kZS9pbmRleC5odG1sIC92YXIvd3d3L2h0bWwvaW5kZXguaHRtbAphd3MgczMgY3AgczM6Ly9kaXBlbi1hcHAtYmFja2VuZC1jb2RlL2Zvcm0uaHRtbCAvdmFyL3d3dy9odG1sL2Zvcm0uaHRtbAphd3MgczMgY3AgczM6Ly9kaXBlbi1hcHAtYmFja2VuZC1jb2RlL3ZpZXctZW1wbG95ZWVzLmh0bWwgL3Zhci93d3cvaHRtbC92aWV3LWVtcGxveWVlcy5odG1sCmF3cyBzMyBjcCBzMzovL2RwZW4tYXBwLWJhY2tlbmQtY29kZS9oZWFsdGgucGhwIC92YXIvd3d3L2h0bWwvaGVhbHRoLnBocAoKc3VkbyBjaG1vZCA2NDQgL3Zhci93d3cvaHRtbC9oZWFsdGgucGhwCnN5c3RlbWN0bCByZXN0YXJ0IGh0dHBkCg==",
            "user_data_replace_on_change": false,
            "volume_tags": null,
            "vpc_security_group_ids": [
              "sg-0fadcf654680f20fa"
            ]
          },
          "sensitive_attributes": [],
          "identity_schema_version": 0,
          "private": "eyJlMmJmYjczMC1lY2FhLTExZTYtOGY4OC0zNDM2M2JjN2M0YzAiOnsiY3JlYXRlIjo2MDAwMDAwMDAwMDAsImRlbGV0ZSI6MTIwMDAwMDAwMDAwMCwicmVhZCI6OTAwMDAwMDAwMDAwLCJ1cGRhdGUiOjYwMDAwMDAwMDAwMH0sInNjaGVtYV92ZXJzaW9uIjoiMiJ9",
          "dependencies": [
            "aws_iam_instance_profile.ec2_s3_profile",
            "aws_iam_role.ec2_role",
            "aws_key_pair.dipen_keypair",
            "aws_security_group.web_tier_sg",
            "aws_subnet.pub_web_az_1",
            "aws_vpc.dipen_custom-vpc",
            "tls_private_key.dipen_key"
          ]
        }
      ]
    },
    {
      "mode": "managed",
      "type": "aws_internet_gateway",
      "name": "igw",
      "provider": "provider[\"registry.terraform.io/hashicorp/aws\"]",
      "instances": [
        {
          "schema_version": 0,
          "attributes": {
            "arn": "arn:aws:ec2:us-east-2:167611893883:internet-gateway/igw-0823eb6a7ac1aed7b",
            "id": "igw-0823eb6a7ac1aed7b",
            "owner_id": "167611893883",
            "region": "us-east-2",
            "tags": {
              "Name": "dipen_vpc_igw"
            },
            "tags_all": {
              "Name": "dipen_vpc_igw"
            },
            "timeouts": null,
            "vpc_id": "vpc-0c8211da808101dfd"
          },
          "sensitive_attributes": [],
          "identity_schema_version": 0,
          "private": "eyJlMmJmYjczMC1lY2FhLTExZTYtOGY4OC0zNDM2M2JjN2M0YzAiOnsiY3JlYXRlIjoxMjAwMDAwMDAwMDAwLCJkZWxldGUiOjEyMDAwMDAwMDAwMDAsInVwZGF0ZSI6MTIwMDAwMDAwMDAwMH19",
          "dependencies": [
            "aws_vpc.dipen_custom-vpc"
          ]
        }
      ]
    },
    {
      "mode": "managed",
      "type": "aws_key_pair",
      "name": "dipen_keypair",
      "provider": "provider[\"registry.terraform.io/hashicorp/aws\"]",
      "instances": [
        {
          "schema_version": 1,
          "attributes": {
            "arn": "arn:aws:ec2:us-east-2:167611893883:key-pair/dipen-keypair",
            "fingerprint": "64:54:a8:81:59:07:08:e0:fb:3b:6d:7b:04:f5:d6:70",
            "id": "dipen-keypair",
            "key_name": "dipen-keypair",
            "key_name_prefix": "",
            "key_pair_id": "key-010b64b2b2efe25bb",
            "key_type": "rsa",
            "public_key": "ssh-rsa AAAAB3NzaC1yc2EAAAADAQABAAACAQDoZTP3tk1r97DwB1feJX609xPRFIOgowUrV9FBvbreZHnCp4mcpyA0fdptQ67ynZ0QDT8E2icu+hBC/Pi2pcywV4N1l4GrH6hpfD3HnpIjAhibBzaDha/Z6182uszuHQaZC/sPnO+6nYQDDGR0L+YSIUOZXTnDpsGV2GjUzha5xn2ZdyBUfMPNDrXEaBGa75yYzCvZqsdnjzaSev6pW8XineNNZlyFN9vzDuTl71vgw3Jes3uBOqp5KDN64rRRNkn04OPh0h94Nm8ha+mtqqybsX+sqPW+7+UD/0lBiV29LmrwUuk44jQtBDJn97DRRUTp8dAl1Ew9M2E0pOCXB3f9ppch8ywgCbBPa6LNovXgEHcBCYgX/fszCor5/5RYsACyt/RZrN5fiie27ztBxaEQEnXCH+t7KFohkaNNYl6LQvegyIUlUVjcG7y22HZ3tCCP597IcmpQv69amqN+C6od/VYblnScGpHdxsp2ugA7n+9zNhztXNLwDR5aunux8uuGpbti0yXngoOFs3d7etwJHQLPq2kjz7uoFP61ralUGU61oDQGZLDWBRuGoFH/UmPan/ODVMl2Vc84KglJ1OS+4jY1D20oLb/hGM6/a+dgmCLFVoOWwhEw0Qo7jdhPFBjAotBkZBMULQBoZAn8wOYJZSWyb51k5jqkPc2hrEoXDw==",
            "region": "us-east-2",
            "tags": null,
            "tags_all": {}
          },
          "sensitive_attributes": [],
          "identity_schema_version": 0,
          "private": "eyJzY2hlbWFfdmVyc2lvbiI6IjEifQ==",
          "dependencies": [
            "tls_private_key.dipen_key"
          ],
          "create_before_destroy": true
        }
      ]
    },
    {
      "mode": "managed",
      "type": "aws_launch_template",
      "name": "app_lt",
      "provider": "provider[\"registry.terraform.io/hashicorp/aws\"]",
      "instances": [
        {
          "schema_version": 0,
          "attributes": {
            "arn": "arn:aws:ec2:us-east-2:167611893883:launch-template/lt-0a7788b964aee4c1a",
            "block_device_mappings": [],
            "capacity_reservation_specification": [],
            "cpu_options": [],
            "credit_specification": [],
            "default_version": 1,
            "description": "",
            "disable_api_stop": false,
            "disable_api_termination": false,
            "ebs_optimized": "",
            "enclave_options": [],
            "hibernation_options": [],
            "iam_instance_profile": [
              {
                "arn": "",
                "name": "ec2-s3-ssm-instance-profile"
              }
            ],
            "id": "lt-0a7788b964aee4c1a",
            "image_id": "ami-08221e706f343d7b7",
            "instance_initiated_shutdown_behavior": "",
            "instance_market_options": [],
            "instance_requirements": [],
            "instance_type": "t2.micro",
            "kernel_id": "",
            "key_name": "dipen-keypair",
            "latest_version": 1,
            "license_specification": [],
            "maintenance_options": [],
            "metadata_options": [],
            "monitoring": [],
            "name": "app-lt-20250811012112552000000002",
            "name_prefix": "app-lt-",
            "network_interfaces": [],
            "placement": [],
            "private_dns_name_options": [],
            "ram_disk_id": "",
            "region": "us-east-2",
            "security_group_names": null,
            "tag_specifications": [
              {
                "resource_type": "instance",
                "tags": {
                  "Name": "app-tier-ec2"
                }
              }
            ],
            "tags": null,
            "tags_all": {},
            "update_default_version": null,
            "user_data": "IyEvYmluL2Jhc2gKc2V0IC14ZQpleGVjID4gL3Zhci9sb2cvdXNlci1kYXRhLWFwcC5sb2cgMj4mMQoKeXVtIHVwZGF0ZSAteQp5dW0gaW5zdGFsbCAteSBodHRwZCBwaHAgcGhwLW15c3FsbmQgYXdzLWNsaSBqcQp5dW0gaW5zdGFsbCAteSBodHRwZCBtYXJpYWRiIHBocCBwaHAtbXlzcWxpCnN5c3RlbWN0bCBzdGFydCBodHRwZApzeXN0ZW1jdGwgZW5hYmxlIGh0dHBkCnN5c3RlbWN0bCBlbmFibGUgLS1ub3cgaHR0cGQKClMzX0JVQ0tFVD0iZGlwZW4tYXBwLWJhY2tlbmQtY29kZSIKYXdzIHMzIGNwIHMzOi8vZHBlbi1hcHAtYmFja2VuZC1jb2RlL2luZGV4Lmh0bWwgL3Zhci93d3cvaHRtbC9pbmRleC5odG1sCmF3cyBzMyBjcCBzMzovL2RwZW4tYXBwLWJhY2tlbmQtY29kZS9zdWJtaXQtZm9ybS5waHAgL3Zhci93d3cvaHRtbC9zdWJtaXQtZm9ybS5waHAKYXdzIHMzIGNwIHMzOi8vZHBlbi1hcHAtYmFja2VuZC1jb2RlL2dldC1lbXBsb3llZXMucGhwIC92YXIvd3d3L2h0bWwvZ2V0LWVtcGxveWVlcy5waHAKYXdzIHMzIGNwIHMzOi8vZHBlbi1hcHAtYmFja2VuZC1jb2RlL2NvbmZpZy5waHAgL3Zhci93d3cvaHRtbC9jb25maWcucGhwCmF3cyBzMyBjcCBzMzovL2RwZW4tYXBwLWJhY2tlbmQtY29kZS9mb3JtLmh0bWwgL3Zhci93d3cvaHRtbC9mb3JtLmh0bWwKYXdzIHMzIGNwIHMzOi8vZHBlbi1hcHAtYmFja2VuZC1jb2RlL3ZpZXctZW1wbG95ZWVzLmh0bWwgL3Zhci93d3cvaHRtbC92aWV3LWVtcGxveWVlcy5odG1sCgpSRUdJT049IiR7UkVHSU9OOi11cy1lYXN0LTJ9IgpEQl9IT1NUPSQoYXdzIHNzbSBnZXQtcGFyYW1ldGVyIC0tbmFtZSAiL2FwcC9kYi9lbmRwb2ludCIgIC0tcXVlcnkgUGFyYW1ldGVyLlZhbHVlIC0tb3V0cHV0IHRleHQgLS1yZWdpb24gJFJFR0lPTikKREJfVVNFUj0kKGF3cyBzc20gZ2V0LXBhcmFtZXRlciAtLW5hbWUgIi9hcHAvZGIvdXNlcm5hbWUiICAtLXF1ZXJ5IFBhcmFtZXRlci5WYWx1ZSAtLW91dHB1dCB0ZXh0IC0tcmVnaW9uICRSRUdJT04pCkRCX1BBU1M9JChhd3Mgc3NtIGdldC1wYXJhbWV0ZXIgLS1uYW1lICIvYXBwL2RiL3Bhc3N3b3JkIiAgLS13aXRoLWRlY3J5cHRpb24gLS1xdWVyeSBQYXJhbWV0ZXIuVmFsdWUgLS1vdXRwdXQgdGV4dCAtLXJlZ2lvbiAkUkVHSU9OKQpEQl9OQU1FPSJteWRiMSIKCmNhdCA+L3Zhci93d3cvaHRtbC9jb25maWcucGhwIDw8UEhQCjw/cGhwClwkZGJfaG9zdCA9ICIkREJfSE9TVCI7ClwkZGJfbmFtZSA9ICIkREJfTkFNRSI7ClwkZGJfdXNlciA9ICIkREJfVVNFUiI7ClwkZGJfcGFzcyA9ICIkOTAxNjZEaXBlbiI7CmZ1bmN0aW9uIGRiX2Nvbm5lY3QoKSB7CiAgZ2xvYmFsIFwkZGJfaG9zdCwgXCRkYl91c2VyLCBcJGRiX3Bhc3MsIFwkZGJfbmFtZTsKICBcJGNvbm4gPSBuZXcgbXlzcWxpKFwkZGJfaG9zdCwgXCRkYl91c2VyLCBcJGRiX3Bhc3MsIFwkZGJfbmFtZSk7CiAgaWYgKFwkY29ubi0+Y29ubmVjdF9lcnJvcikgeyBodHRwX3Jlc3BvbnNlX2NvZGUoNTAwKTsgZGllKCJEQiBjb25uZWN0IGZhaWxlZDogIiAuIFwkY29ubi0+Y29ubmVjdF9lcnJvcik7IH0KICByZXR1cm4gXCRjb25uOwp9ClBIUAoKY2hvd24gYXBhY2hlOmFwYWNoZSAvdmFyL3d3dy9odG1sLyoucGhwIHx8IHRydWUKY2htb2QgMDY0NCAvdmFyL3d3dy9odG1sLyoucGhwIHx8IHRydWUKc3lzdGVtY3RsIHJlc3RhcnQgaHR0cGQK",
            "vpc_security_group_ids": [
              "sg-08d6e18060ab9377e"
            ]
          },
          "sensitive_attributes": [],
          "identity_schema_version": 0,
          "private": "bnVsbA==",
          "dependencies": [
            "aws_iam_instance_profile.ec2_s3_profile",
            "aws_iam_role.ec2_role",
            "aws_key_pair.dipen_keypair",
            "aws_security_group.app_tier_sg",
            "aws_vpc.dipen_custom-vpc",
            "tls_private_key.dipen_key"
          ],
          "create_before_destroy": true
        }
      ]
    },
    {
      "mode": "managed",
      "type": "aws_launch_template",
      "name": "web_lt",
      "provider": "provider[\"registry.terraform.io/hashicorp/aws\"]",
      "instances": [
        {
          "schema_version": 0,
          "attributes": {
            "arn": "arn:aws:ec2:us-east-2:167611893883:launch-template/lt-02159f87f45391630",
            "block_device_mappings": [],
            "capacity_reservation_specification": [],
            "cpu_options": [],
            "credit_specification": [],
            "default_version": 1,
            "description": "",
            "disable_api_stop": false,
            "disable_api_termination": false,
            "ebs_optimized": "",
            "enclave_options": [],
            "hibernation_options": [],
            "iam_instance_profile": [],
            "id": "lt-02159f87f45391630",
            "image_id": "ami-08221e706f343d7b7",
            "instance_initiated_shutdown_behavior": "",
            "instance_market_options": [],
            "instance_requirements": [],
            "instance_type": "t2.micro",
            "kernel_id": "",
            "key_name": "dipen-keypair",
            "latest_version": 1,
            "license_specification": [],
            "maintenance_options": [],
            "metadata_options": [],
            "monitoring": [],
            "name": "web-lt-20250811012113935500000005",
            "name_prefix": "web-lt-",
            "network_interfaces": [],
            "placement": [],
            "private_dns_name_options": [],
            "ram_disk_id": "",
            "region": "us-east-2",
            "security_group_names": null,
            "tag_specifications": [
              {
                "resource_type": "instance",
                "tags": {
                  "Name": "web-tier-ec2"
                }
              }
            ],
            "tags": null,
            "tags_all": {},
            "update_default_version": null,
            "user_data": "IyEvYmluL2Jhc2gKc2V0IC14ZQpleGVjID4gL3Zhci9sb2cvdXNlci1kYXRhLXdlYi5sb2cgMj4mMQpzdWRvIHN1Cnl1bSB1cGRhdGUgLXkKeXVtIGluc3RhbGwgLXkgaHR0cGQKc3lzdGVtY3RsIHN0YXJ0IGh0dHBkCnN5c3RlbWN0bCBlbmFibGUgaHR0cGQKCnN5c3RlbWN0bCBlbmFibGUgLS1ub3cgaHR0cGQKCmF3cyBzMyBjcCBzMzovL2RwZW4tYXBwLWJhY2tlbmQtY29kZS9pbmRleC5odG1sIC92YXIvd3d3L2h0bWwvaW5kZXguaHRtbAphd3MgczMgY3AgczM6Ly9kaXBlbi1hcHAtYmFja2VuZC1jb2RlL2Zvcm0uaHRtbCAvdmFyL3d3dy9odG1sL2Zvcm0uaHRtbAphd3MgczMgY3AgczM6Ly9kaXBlbi1hcHAtYmFja2VuZC1jb2RlL3ZpZXctZW1wbG95ZWVzLmh0bWwgL3Zhci93d3cvaHRtbC92aWV3LWVtcGxveWVlcy5odG1sCmF3cyBzMyBjcCBzMzovL2RwZW4tYXBwLWJhY2tlbmQtY29kZS9oZWFsdGgucGhwIC92YXIvd3d3L2h0bWwvaGVhbHRoLnBocAoKc3VkbyBjaG1vZCA2NDQgL3Zhci93d3cvaHRtbC9oZWFsdGgucGhwCnN5c3RlbWN0bCByZXN0YXJ0IGh0dHBkCg==",
            "vpc_security_group_ids": [
              "sg-0fadcf654680f20fa"
            ]
          },
          "sensitive_attributes": [],
          "identity_schema_version": 0,
          "private": "bnVsbA==",
          "dependencies": [
            "aws_key_pair.dipen_keypair",
            "aws_security_group.web_tier_sg",
            "aws_vpc.dipen_custom-vpc",
            "tls_private_key.dipen_key"
          ],
          "create_before_destroy": true
        }
      ]
    },
    {
      "mode": "managed",
      "type": "aws_lb",
      "name": "app_internal_alb",
      "provider": "provider[\"registry.terraform.io/hashicorp/aws\"]",
      "instances": [
        {
          "schema_version": 0,
          "attributes": {
            "access_logs": [
              {
                "bucket": "",
                "enabled": false,
                "prefix": ""
              }
            ],
            "arn": "arn:aws:elasticloadbalancing:us-east-2:167611893883:loadbalancer/app/app-internal-alb/39d49ae2646c5daa",
            "arn_suffix": "app/app-internal-alb/39d49ae2646c5daa",
            "client_keep_alive": 3600,
            "connection_logs": [
              {
                "bucket": "",
                "enabled": false,
                "prefix": ""
              }
            ],
            "customer_owned_ipv4_pool": "",
            "desync_mitigation_mode": "defensive",
            "dns_name": "internal-app-internal-alb-70524791.us-east-2.elb.amazonaws.com",
            "dns_record_client_routing_policy": null,
            "drop_invalid_header_fields": false,
            "enable_cross_zone_load_balancing": true,
            "enable_deletion_protection": false,
            "enable_http2": true,
            "enable_tls_version_and_cipher_suite_headers": false,
            "enable_waf_fail_open": false,
            "enable_xff_client_port": false,
            "enable_zonal_shift": false,
            "enforce_security_group_inbound_rules_on_private_link_traffic": "",
            "id": "arn:aws:elasticloadbalancing:us-east-2:167611893883:loadbalancer/app/app-internal-alb/39d49ae2646c5daa",
            "idle_timeout": 60,
            "internal": true,
            "ip_address_type": "ipv4",
            "ipam_pools": [],
            "load_balancer_type": "application",
            "minimum_load_balancer_capacity": [],
            "name": "app-internal-alb",
            "name_prefix": "",
            "preserve_host_header": false,
            "region": "us-east-2",
            "security_groups": [
              "sg-07ed5976463d7b33a"
            ],
            "subnet_mapping": [
              {
                "allocation_id": "",
                "ipv6_address": "",
                "outpost_id": "",
                "private_ipv4_address": "",
                "subnet_id": "subnet-01cc21023882530c1"
              },
              {
                "allocation_id": "",
                "ipv6_address": "",
                "outpost_id": "",
                "private_ipv4_address": "",
                "subnet_id": "subnet-0a8ba462be0b8d221"
              }
            ],
            "subnets": [
              "subnet-01cc21023882530c1",
              "subnet-0a8ba462be0b8d221"
            ],
            "tags": {
              "Name": "app-internal-alb"
            },
            "tags_all": {
              "Name": "app-internal-alb"
            },
            "timeouts": null,
            "vpc_id": "vpc-0c8211da808101dfd",
            "xff_header_processing_mode": "append",
            "zone_id": "Z3AADJGX6KTTL2"
          },
          "sensitive_attributes": [],
          "identity_schema_version": 0,
          "identity": {
            "arn": "arn:aws:elasticloadbalancing:us-east-2:167611893883:loadbalancer/app/app-internal-alb/39d49ae2646c5daa"
          },
          "private": "eyJlMmJmYjczMC1lY2FhLTExZTYtOGY4OC0zNDM2M2JjN2M0YzAiOnsiY3JlYXRlIjo2MDAwMDAwMDAwMDAsImRlbGV0ZSI6NjAwMDAwMDAwMDAwLCJ1cGRhdGUiOjYwMDAwMDAwMDAwMH19",
          "dependencies": [
            "aws_security_group.alb_internal_sg",
            "aws_subnet.pri_app_az_1",
            "aws_subnet.pri_app_az_2",
            "aws_vpc.dipen_custom-vpc"
          ]
        }
      ]
    },
    {
      "mode": "managed",
      "type": "aws_lb",
      "name": "web_alb",
      "provider": "provider[\"registry.terraform.io/hashicorp/aws\"]",
      "instances": [
        {
          "schema_version": 0,
          "attributes": {
            "access_logs": [
              {
                "bucket": "",
                "enabled": false,
                "prefix": ""
              }
            ],
            "arn": "arn:aws:elasticloadbalancing:us-east-2:167611893883:loadbalancer/app/web-alb/0df6804d03360343",
            "arn_suffix": "app/web-alb/0df6804d03360343",
            "client_keep_alive": 3600,
            "connection_logs": [
              {
                "bucket": "",
                "enabled": false,
                "prefix": ""
              }
            ],
            "customer_owned_ipv4_pool": "",
            "desync_mitigation_mode": "defensive",
            "dns_name": "web-alb-953127605.us-east-2.elb.amazonaws.com",
            "dns_record_client_routing_policy": null,
            "drop_invalid_header_fields": false,
            "enable_cross_zone_load_balancing": true,
            "enable_deletion_protection": false,
            "enable_http2": true,
            "enable_tls_version_and_cipher_suite_headers": false,
            "enable_waf_fail_open": false,
            "enable_xff_client_port": false,
            "enable_zonal_shift": false,
            "enforce_security_group_inbound_rules_on_private_link_traffic": "",
            "id": "arn:aws:elasticloadbalancing:us-east-2:167611893883:loadbalancer/app/web-alb/0df6804d03360343",
            "idle_timeout": 60,
            "internal": false,
            "ip_address_type": "ipv4",
            "ipam_pools": [],
            "load_balancer_type": "application",
            "minimum_load_balancer_capacity": [],
            "name": "web-alb",
            "name_prefix": "",
            "preserve_host_header": false,
            "region": "us-east-2",
            "security_groups": [
              "sg-022ecb53fbcfabac8"
            ],
            "subnet_mapping": [
              {
                "allocation_id": "",
                "ipv6_address": "",
                "outpost_id": "",
                "private_ipv4_address": "",
                "subnet_id": "subnet-02b05c81323944dd9"
              },
              {
                "allocation_id": "",
                "ipv6_address": "",
                "outpost_id": "",
                "private_ipv4_address": "",
                "subnet_id": "subnet-0b7374eec8604f90e"
              }
            ],
            "subnets": [
              "subnet-02b05c81323944dd9",
              "subnet-0b7374eec8604f90e"
            ],
            "tags": {
              "Name": "web-tier-alb"
            },
            "tags_all": {
              "Name": "web-tier-alb"
            },
            "timeouts": null,
            "vpc_id": "vpc-0c8211da808101dfd",
            "xff_header_processing_mode": "append",
            "zone_id": "Z3AADJGX6KTTL2"
          },
          "sensitive_attributes": [],
          "identity_schema_version": 0,
          "identity": {
            "arn": "arn:aws:elasticloadbalancing:us-east-2:167611893883:loadbalancer/app/web-alb/0df6804d03360343"
          },
          "private": "eyJlMmJmYjczMC1lY2FhLTExZTYtOGY4OC0zNDM2M2JjN2M0YzAiOnsiY3JlYXRlIjo2MDAwMDAwMDAwMDAsImRlbGV0ZSI6NjAwMDAwMDAwMDAwLCJ1cGRhdGUiOjYwMDAwMDAwMDAwMH19",
          "dependencies": [
            "aws_security_group.web_alb_sg",
            "aws_subnet.pub_web_az_1",
            "aws_subnet.pub_web_az_2",
            "aws_vpc.dipen_custom-vpc"
          ]
        }
      ]
    },
    {
      "mode": "managed",
      "type": "aws_lb_listener",
      "name": "app_http",
      "provider": "provider[\"registry.terraform.io/hashicorp/aws\"]",
      "instances": [
        {
          "schema_version": 0,
          "attributes": {
            "alpn_policy": null,
            "arn": "arn:aws:elasticloadbalancing:us-east-2:167611893883:listener/app/app-internal-alb/39d49ae2646c5daa/a4e8dc865e576e5c",
            "certificate_arn": null,
            "default_action": [
              {
                "authenticate_cognito": [],
                "authenticate_oidc": [],
                "fixed_response": [],
                "forward": [],
                "order": 1,
                "redirect": [],
                "target_group_arn": "arn:aws:elasticloadbalancing:us-east-2:167611893883:targetgroup/app-tg/819dc095275a5d8e",
                "type": "forward"
              }
            ],
            "id": "arn:aws:elasticloadbalancing:us-east-2:167611893883:listener/app/app-internal-alb/39d49ae2646c5daa/a4e8dc865e576e5c",
            "load_balancer_arn": "arn:aws:elasticloadbalancing:us-east-2:167611893883:loadbalancer/app/app-internal-alb/39d49ae2646c5daa",
            "mutual_authentication": [],
            "port": 80,
            "protocol": "HTTP",
            "region": "us-east-2",
            "routing_http_request_x_amzn_mtls_clientcert_header_name": null,
            "routing_http_request_x_amzn_mtls_clientcert_issuer_header_name": null,
            "routing_http_request_x_amzn_mtls_clientcert_leaf_header_name": null,
            "routing_http_request_x_amzn_mtls_clientcert_serial_number_header_name": null,
            "routing_http_request_x_amzn_mtls_clientcert_subject_header_name": null,
            "routing_http_request_x_amzn_mtls_clientcert_validity_header_name": null,
            "routing_http_request_x_amzn_tls_cipher_suite_header_name": null,
            "routing_http_request_x_amzn_tls_version_header_name": null,
            "routing_http_response_access_control_allow_credentials_header_value": "",
            "routing_http_response_access_control_allow_headers_header_value": "",
            "routing_http_response_access_control_allow_methods_header_value": "",
            "routing_http_response_access_control_allow_origin_header_value": "",
            "routing_http_response_access_control_expose_headers_header_value": "",
            "routing_http_response_access_control_max_age_header_value": "",
            "routing_http_response_content_security_policy_header_value": "",
            "routing_http_response_server_enabled": true,
            "routing_http_response_strict_transport_security_header_value": "",
            "routing_http_response_x_content_type_options_header_value": "",
            "routing_http_response_x_frame_options_header_value": "",
            "ssl_policy": "",
            "tags": null,
            "tags_all": {},
            "tcp_idle_timeout_seconds": null,
            "timeouts": null
          },
          "sensitive_attributes": [],
          "identity_schema_version": 0,
          "identity": {
            "arn": "arn:aws:elasticloadbalancing:us-east-2:167611893883:listener/app/app-internal-alb/39d49ae2646c5daa/a4e8dc865e576e5c"
          },
          "private": "eyJlMmJmYjczMC1lY2FhLTExZTYtOGY4OC0zNDM2M2JjN2M0YzAiOnsiY3JlYXRlIjozMDAwMDAwMDAwMDAsInVwZGF0ZSI6MzAwMDAwMDAwMDAwfX0=",
          "dependencies": [
            "aws_lb.app_internal_alb",
            "aws_lb_target_group.app_tg",
            "aws_security_group.alb_internal_sg",
            "aws_subnet.pri_app_az_1",
            "aws_subnet.pri_app_az_2",
            "aws_vpc.dipen_custom-vpc"
          ]
        }
      ]
    },
    {
      "mode": "managed",
      "type": "aws_lb_listener",
      "name": "web_listener",
      "provider": "provider[\"registry.terraform.io/hashicorp/aws\"]",
      "instances": [
        {
          "schema_version": 0,
          "attributes": {
            "alpn_policy": null,
            "arn": "arn:aws:elasticloadbalancing:us-east-2:167611893883:listener/app/web-alb/0df6804d03360343/4fd548a25f6a6fd3",
            "certificate_arn": null,
            "default_action": [
              {
                "authenticate_cognito": [],
                "authenticate_oidc": [],
                "fixed_response": [],
                "forward": [],
                "order": 1,
                "redirect": [],
                "target_group_arn": "arn:aws:elasticloadbalancing:us-east-2:167611893883:targetgroup/web-target-group/5c0e02142636f03d",
                "type": "forward"
              }
            ],
            "id": "arn:aws:elasticloadbalancing:us-east-2:167611893883:listener/app/web-alb/0df6804d03360343/4fd548a25f6a6fd3",
            "load_balancer_arn": "arn:aws:elasticloadbalancing:us-east-2:167611893883:loadbalancer/app/web-alb/0df6804d03360343",
            "mutual_authentication": [],
            "port": 80,
            "protocol": "HTTP",
            "region": "us-east-2",
            "routing_http_request_x_amzn_mtls_clientcert_header_name": null,
            "routing_http_request_x_amzn_mtls_clientcert_issuer_header_name": null,
            "routing_http_request_x_amzn_mtls_clientcert_leaf_header_name": null,
            "routing_http_request_x_amzn_mtls_clientcert_serial_number_header_name": null,
            "routing_http_request_x_amzn_mtls_clientcert_subject_header_name": null,
            "routing_http_request_x_amzn_mtls_clientcert_validity_header_name": null,
            "routing_http_request_x_amzn_tls_cipher_suite_header_name": null,
            "routing_http_request_x_amzn_tls_version_header_name": null,
            "routing_http_response_access_control_allow_credentials_header_value": "",
            "routing_http_response_access_control_allow_headers_header_value": "",
            "routing_http_response_access_control_allow_methods_header_value": "",
            "routing_http_response_access_control_allow_origin_header_value": "",
            "routing_http_response_access_control_expose_headers_header_value": "",
            "routing_http_response_access_control_max_age_header_value": "",
            "routing_http_response_content_security_policy_header_value": "",
            "routing_http_response_server_enabled": true,
            "routing_http_response_strict_transport_security_header_value": "",
            "routing_http_response_x_content_type_options_header_value": "",
            "routing_http_response_x_frame_options_header_value": "",
            "ssl_policy": "",
            "tags": null,
            "tags_all": {},
            "tcp_idle_timeout_seconds": null,
            "timeouts": null
          },
          "sensitive_attributes": [],
          "identity_schema_version": 0,
          "identity": {
            "arn": "arn:aws:elasticloadbalancing:us-east-2:167611893883:listener/app/web-alb/0df6804d03360343/4fd548a25f6a6fd3"
          },
          "private": "eyJlMmJmYjczMC1lY2FhLTExZTYtOGY4OC0zNDM2M2JjN2M0YzAiOnsiY3JlYXRlIjozMDAwMDAwMDAwMDAsInVwZGF0ZSI6MzAwMDAwMDAwMDAwfX0=",
          "dependencies": [
            "aws_lb.web_alb",
            "aws_lb_target_group.web_tg",
            "aws_security_group.web_alb_sg",
            "aws_subnet.pub_web_az_1",
            "aws_subnet.pub_web_az_2",
            "aws_vpc.dipen_custom-vpc"
          ]
        }
      ]
    },
    {
      "mode": "managed",
      "type": "aws_lb_target_group",
      "name": "app_tg",
      "provider": "provider[\"registry.terraform.io/hashicorp/aws\"]",
      "instances": [
        {
          "schema_version": 0,
          "attributes": {
            "arn": "arn:aws:elasticloadbalancing:us-east-2:167611893883:targetgroup/app-tg/819dc095275a5d8e",
            "arn_suffix": "targetgroup/app-tg/819dc095275a5d8e",
            "connection_termination": null,
            "deregistration_delay": "300",
            "health_check": [
              {
                "enabled": true,
                "healthy_threshold": 3,
                "interval": 30,
                "matcher": "200-399",
                "path": "/health.php",
                "port": "traffic-port",
                "protocol": "HTTP",
                "timeout": 5,
                "unhealthy_threshold": 2
              }
            ],
            "id": "arn:aws:elasticloadbalancing:us-east-2:167611893883:targetgroup/app-tg/819dc095275a5d8e",
            "ip_address_type": "ipv4",
            "lambda_multi_value_headers_enabled": false,
            "load_balancer_arns": [],
            "load_balancing_algorithm_type": "round_robin",
            "load_balancing_anomaly_mitigation": "off",
            "load_balancing_cross_zone_enabled": "use_load_balancer_configuration",
            "name": "app-tg",
            "name_prefix": "",
            "port": 80,
            "preserve_client_ip": null,
            "protocol": "HTTP",
            "protocol_version": "HTTP1",
            "proxy_protocol_v2": false,
            "region": "us-east-2",
            "slow_start": 0,
            "stickiness": [
              {
                "cookie_duration": 86400,
                "cookie_name": "",
                "enabled": false,
                "type": "lb_cookie"
              }
            ],
            "tags": {
              "Name": "app-tg"
            },
            "tags_all": {
              "Name": "app-tg"
            },
            "target_failover": [
              {
                "on_deregistration": null,
                "on_unhealthy": null
              }
            ],
            "target_group_health": [
              {
                "dns_failover": [
                  {
                    "minimum_healthy_targets_count": "1",
                    "minimum_healthy_targets_percentage": "off"
                  }
                ],
                "unhealthy_state_routing": [
                  {
                    "minimum_healthy_targets_count": 1,
                    "minimum_healthy_targets_percentage": "off"
                  }
                ]
              }
            ],
            "target_health_state": [
              {
                "enable_unhealthy_connection_termination": null,
                "unhealthy_draining_interval": null
              }
            ],
            "target_type": "instance",
            "vpc_id": "vpc-0c8211da808101dfd"
          },
          "sensitive_attributes": [],
          "identity_schema_version": 0,
          "identity": {
            "arn": "arn:aws:elasticloadbalancing:us-east-2:167611893883:targetgroup/app-tg/819dc095275a5d8e"
          },
          "private": "bnVsbA==",
          "dependencies": [
            "aws_vpc.dipen_custom-vpc"
          ],
          "create_before_destroy": true
        }
      ]
    },
    {
      "mode": "managed",
      "type": "aws_lb_target_group",
      "name": "web_tg",
      "provider": "provider[\"registry.terraform.io/hashicorp/aws\"]",
      "instances": [
        {
          "schema_version": 0,
          "attributes": {
            "arn": "arn:aws:elasticloadbalancing:us-east-2:167611893883:targetgroup/web-target-group/5c0e02142636f03d",
            "arn_suffix": "targetgroup/web-target-group/5c0e02142636f03d",
            "connection_termination": null,
            "deregistration_delay": "300",
            "health_check": [
              {
                "enabled": true,
                "healthy_threshold": 2,
                "interval": 30,
                "matcher": "200",
                "path": "/health.php",
                "port": "traffic-port",
                "protocol": "HTTP",
                "timeout": 5,
                "unhealthy_threshold": 2
              }
            ],
            "id": "arn:aws:elasticloadbalancing:us-east-2:167611893883:targetgroup/web-target-group/5c0e02142636f03d",
            "ip_address_type": "ipv4",
            "lambda_multi_value_headers_enabled": false,
            "load_balancer_arns": [],
            "load_balancing_algorithm_type": "round_robin",
            "load_balancing_anomaly_mitigation": "off",
            "load_balancing_cross_zone_enabled": "use_load_balancer_configuration",
            "name": "web-target-group",
            "name_prefix": "",
            "port": 80,
            "preserve_client_ip": null,
            "protocol": "HTTP",
            "protocol_version": "HTTP1",
            "proxy_protocol_v2": false,
            "region": "us-east-2",
            "slow_start": 0,
            "stickiness": [
              {
                "cookie_duration": 86400,
                "cookie_name": "",
                "enabled": false,
                "type": "lb_cookie"
              }
            ],
            "tags": {
              "Name": "web-tier-tg"
            },
            "tags_all": {
              "Name": "web-tier-tg"
            },
            "target_failover": [
              {
                "on_deregistration": null,
                "on_unhealthy": null
              }
            ],
            "target_group_health": [
              {
                "dns_failover": [
                  {
                    "minimum_healthy_targets_count": "1",
                    "minimum_healthy_targets_percentage": "off"
                  }
                ],
                "unhealthy_state_routing": [
                  {
                    "minimum_healthy_targets_count": 1,
                    "minimum_healthy_targets_percentage": "off"
                  }
                ]
              }
            ],
            "target_health_state": [
              {
                "enable_unhealthy_connection_termination": null,
                "unhealthy_draining_interval": null
              }
            ],
            "target_type": "instance",
            "vpc_id": "vpc-0c8211da808101dfd"
          },
          "sensitive_attributes": [],
          "identity_schema_version": 0,
          "identity": {
            "arn": "arn:aws:elasticloadbalancing:us-east-2:167611893883:targetgroup/web-target-group/5c0e02142636f03d"
          },
          "private": "bnVsbA==",
          "dependencies": [
            "aws_vpc.dipen_custom-vpc"
          ],
          "create_before_destroy": true
        }
      ]
    },
    {
      "mode": "managed",
      "type": "aws_nat_gateway",
      "name": "nat_gw",
      "provider": "provider[\"registry.terraform.io/hashicorp/aws\"]",
      "instances": [
        {
          "schema_version": 0,
          "attributes": {
            "allocation_id": "eipalloc-0303f69b20144a9b9",
            "association_id": "eipassoc-03a590627e38ab2b1",
            "connectivity_type": "public",
            "id": "nat-0583fd0361066d671",
            "network_interface_id": "eni-0c141120e971c08ed",
            "private_ip": "10.0.1.197",
            "public_ip": "3.18.208.133",
            "region": "us-east-2",
            "secondary_allocation_ids": [],
            "secondary_private_ip_address_count": 0,
            "secondary_private_ip_addresses": [],
            "subnet_id": "subnet-02b05c81323944dd9",
            "tags": {
              "Name": "dipen_vpc_Nat_gw"
            },
            "tags_all": {
              "Name": "dipen_vpc_Nat_gw"
            },
            "timeouts": null
          },
          "sensitive_attributes": [],
          "identity_schema_version": 0,
          "private": "eyJlMmJmYjczMC1lY2FhLTExZTYtOGY4OC0zNDM2M2JjN2M0YzAiOnsiY3JlYXRlIjo2MDAwMDAwMDAwMDAsImRlbGV0ZSI6MTgwMDAwMDAwMDAwMCwidXBkYXRlIjo2MDAwMDAwMDAwMDB9fQ==",
          "dependencies": [
            "aws_eip.nat_gw_ip",
            "aws_internet_gateway.igw",
            "aws_subnet.pub_web_az_1",
            "aws_vpc.dipen_custom-vpc"
          ]
        }
      ]
    },
    {
      "mode": "managed",
      "type": "aws_route_table",
      "name": "private_app_rt",
      "provider": "provider[\"registry.terraform.io/hashicorp/aws\"]",
      "instances": [
        {
          "schema_version": 0,
          "attributes": {
            "arn": "arn:aws:ec2:us-east-2:167611893883:route-table/rtb-044c9f728169b3d51",
            "id": "rtb-044c9f728169b3d51",
            "owner_id": "167611893883",
            "propagating_vgws": [],
            "region": "us-east-2",
            "route": [
              {
                "carrier_gateway_id": "",
                "cidr_block": "0.0.0.0/0",
                "core_network_arn": "",
                "destination_prefix_list_id": "",
                "egress_only_gateway_id": "",
                "gateway_id": "nat-0583fd0361066d671",
                "ipv6_cidr_block": "",
                "local_gateway_id": "",
                "nat_gateway_id": "",
                "network_interface_id": "",
                "transit_gateway_id": "",
                "vpc_endpoint_id": "",
                "vpc_peering_connection_id": ""
              }
            ],
            "tags": {
              "Name": "Private App RT"
            },
            "tags_all": {
              "Name": "Private App RT"
            },
            "timeouts": null,
            "vpc_id": "vpc-0c8211da808101dfd"
          },
          "sensitive_attributes": [],
          "identity_schema_version": 0,
          "private": "eyJlMmJmYjczMC1lY2FhLTExZTYtOGY4OC0zNDM2M2JjN2M0YzAiOnsiY3JlYXRlIjozMDAwMDAwMDAwMDAsImRlbGV0ZSI6MzAwMDAwMDAwMDAwLCJ1cGRhdGUiOjEyMDAwMDAwMDAwMH19",
          "dependencies": [
            "aws_eip.nat_gw_ip",
            "aws_internet_gateway.igw",
            "aws_nat_gateway.nat_gw",
            "aws_subnet.pub_web_az_1",
            "aws_vpc.dipen_custom-vpc"
          ]
        }
      ]
    },
    {
      "mode": "managed",
      "type": "aws_route_table",
      "name": "public_web_rt",
      "provider": "provider[\"registry.terraform.io/hashicorp/aws\"]",
      "instances": [
        {
          "schema_version": 0,
          "attributes": {
            "arn": "arn:aws:ec2:us-east-2:167611893883:route-table/rtb-07f7e5716030d400d",
            "id": "rtb-07f7e5716030d400d",
            "owner_id": "167611893883",
            "propagating_vgws": [],
            "region": "us-east-2",
            "route": [
              {
                "carrier_gateway_id": "",
                "cidr_block": "0.0.0.0/0",
                "core_network_arn": "",
                "destination_prefix_list_id": "",
                "egress_only_gateway_id": "",
                "gateway_id": "igw-0823eb6a7ac1aed7b",
                "ipv6_cidr_block": "",
                "local_gateway_id": "",
                "nat_gateway_id": "",
                "network_interface_id": "",
                "transit_gateway_id": "",
                "vpc_endpoint_id": "",
                "vpc_peering_connection_id": ""
              }
            ],
            "tags": {
              "Name": "Public Web RT"
            },
            "tags_all": {
              "Name": "Public Web RT"
            },
            "timeouts": null,
            "vpc_id": "vpc-0c8211da808101dfd"
          },
          "sensitive_attributes": [],
          "identity_schema_version": 0,
          "private": "eyJlMmJmYjczMC1lY2FhLTExZTYtOGY4OC0zNDM2M2JjN2M0YzAiOnsiY3JlYXRlIjozMDAwMDAwMDAwMDAsImRlbGV0ZSI6MzAwMDAwMDAwMDAwLCJ1cGRhdGUiOjEyMDAwMDAwMDAwMH19",
          "dependencies": [
            "aws_internet_gateway.igw",
            "aws_vpc.dipen_custom-vpc"
          ]
        }
      ]
    },
    {
      "mode": "managed",
      "type": "aws_route_table_association",
      "name": "private_app_rt_1",
      "provider": "provider[\"registry.terraform.io/hashicorp/aws\"]",
      "instances": [
        {
          "schema_version": 0,
          "attributes": {
            "gateway_id": "",
            "id": "rtbassoc-0073b8556b6b996ee",
            "region": "us-east-2",
            "route_table_id": "rtb-044c9f728169b3d51",
            "subnet_id": "subnet-01cc21023882530c1",
            "timeouts": null
          },
          "sensitive_attributes": [],
          "identity_schema_version": 0,
          "private": "eyJlMmJmYjczMC1lY2FhLTExZTYtOGY4OC0zNDM2M2JjN2M0YzAiOnsiY3JlYXRlIjozMDAwMDAwMDAwMDAsImRlbGV0ZSI6MzAwMDAwMDAwMDAwLCJ1cGRhdGUiOjEyMDAwMDAwMDAwMH19",
          "dependencies": [
            "aws_eip.nat_gw_ip",
            "aws_internet_gateway.igw",
            "aws_nat_gateway.nat_gw",
            "aws_route_table.private_app_rt",
            "aws_subnet.pri_app_az_1",
            "aws_subnet.pub_web_az_1",
            "aws_vpc.dipen_custom-vpc"
          ]
        }
      ]
    },
    {
      "mode": "managed",
      "type": "aws_route_table_association",
      "name": "private_app_rt_2",
      "provider": "provider[\"registry.terraform.io/hashicorp/aws\"]",
      "instances": [
        {
          "schema_version": 0,
          "attributes": {
            "gateway_id": "",
            "id": "rtbassoc-0a64a8742a0fcfa0b",
            "region": "us-east-2",
            "route_table_id": "rtb-044c9f728169b3d51",
            "subnet_id": "subnet-0a8ba462be0b8d221",
            "timeouts": null
          },
          "sensitive_attributes": [],
          "identity_schema_version": 0,
          "private": "eyJlMmJmYjczMC1lY2FhLTExZTYtOGY4OC0zNDM2M2JjN2M0YzAiOnsiY3JlYXRlIjozMDAwMDAwMDAwMDAsImRlbGV0ZSI6MzAwMDAwMDAwMDAwLCJ1cGRhdGUiOjEyMDAwMDAwMDAwMH19",
          "dependencies": [
            "aws_eip.nat_gw_ip",
            "aws_internet_gateway.igw",
            "aws_nat_gateway.nat_gw",
            "aws_route_table.private_app_rt",
            "aws_subnet.pri_app_az_2",
            "aws_subnet.pub_web_az_1",
            "aws_vpc.dipen_custom-vpc"
          ]
        }
      ]
    },
    {
      "mode": "managed",
      "type": "aws_route_table_association",
      "name": "private_db_rt_1",
      "provider": "provider[\"registry.terraform.io/hashicorp/aws\"]",
      "instances": [
        {
          "schema_version": 0,
          "attributes": {
            "gateway_id": "",
            "id": "rtbassoc-08dfe1b7a6ee4f022",
            "region": "us-east-2",
            "route_table_id": "rtb-044c9f728169b3d51",
            "subnet_id": "subnet-0bd3b8abeba6c924b",
            "timeouts": null
          },
          "sensitive_attributes": [],
          "identity_schema_version": 0,
          "private": "eyJlMmJmYjczMC1lY2FhLTExZTYtOGY4OC0zNDM2M2JjN2M0YzAiOnsiY3JlYXRlIjozMDAwMDAwMDAwMDAsImRlbGV0ZSI6MzAwMDAwMDAwMDAwLCJ1cGRhdGUiOjEyMDAwMDAwMDAwMH19",
          "dependencies": [
            "aws_eip.nat_gw_ip",
            "aws_internet_gateway.igw",
            "aws_nat_gateway.nat_gw",
            "aws_route_table.private_app_rt",
            "aws_subnet.pri_db_az_1",
            "aws_subnet.pub_web_az_1",
            "aws_vpc.dipen_custom-vpc"
          ]
        }
      ]
    },
    {
      "mode": "managed",
      "type": "aws_route_table_association",
      "name": "private_db_rt_2",
      "provider": "provider[\"registry.terraform.io/hashicorp/aws\"]",
      "instances": [
        {
          "schema_version": 0,
          "attributes": {
            "gateway_id": "",
            "id": "rtbassoc-020d9d7dd962305c6",
            "region": "us-east-2",
            "route_table_id": "rtb-044c9f728169b3d51",
            "subnet_id": "subnet-07d4fc8514beb3b13",
            "timeouts": null
          },
          "sensitive_attributes": [],
          "identity_schema_version": 0,
          "private": "eyJlMmJmYjczMC1lY2FhLTExZTYtOGY4OC0zNDM2M2JjN2M0YzAiOnsiY3JlYXRlIjozMDAwMDAwMDAwMDAsImRlbGV0ZSI6MzAwMDAwMDAwMDAwLCJ1cGRhdGUiOjEyMDAwMDAwMDAwMH19",
          "dependencies": [
            "aws_eip.nat_gw_ip",
            "aws_internet_gateway.igw",
            "aws_nat_gateway.nat_gw",
            "aws_route_table.private_app_rt",
            "aws_subnet.pri_db_az_2",
            "aws_subnet.pub_web_az_1",
            "aws_vpc.dipen_custom-vpc"
          ]
        }
      ]
    },
    {
      "mode": "managed",
      "type": "aws_route_table_association",
      "name": "public_web_rt_1",
      "provider": "provider[\"registry.terraform.io/hashicorp/aws\"]",
      "instances": [
        {
          "schema_version": 0,
          "attributes": {
            "gateway_id": "",
            "id": "rtbassoc-0d02b88a019ba59ac",
            "region": "us-east-2",
            "route_table_id": "rtb-07f7e5716030d400d",
            "subnet_id": "subnet-02b05c81323944dd9",
            "timeouts": null
          },
          "sensitive_attributes": [],
          "identity_schema_version": 0,
          "private": "eyJlMmJmYjczMC1lY2FhLTExZTYtOGY4OC0zNDM2M2JjN2M0YzAiOnsiY3JlYXRlIjozMDAwMDAwMDAwMDAsImRlbGV0ZSI6MzAwMDAwMDAwMDAwLCJ1cGRhdGUiOjEyMDAwMDAwMDAwMH19",
          "dependencies": [
            "aws_internet_gateway.igw",
            "aws_route_table.public_web_rt",
            "aws_subnet.pub_web_az_1",
            "aws_vpc.dipen_custom-vpc"
          ]
        }
      ]
    },
    {
      "mode": "managed",
      "type": "aws_route_table_association",
      "name": "public_web_rt_2",
      "provider": "provider[\"registry.terraform.io/hashicorp/aws\"]",
      "instances": [
        {
          "schema_version": 0,
          "attributes": {
            "gateway_id": "",
            "id": "rtbassoc-0e9c5930dc2f6db9d",
            "region": "us-east-2",
            "route_table_id": "rtb-07f7e5716030d400d",
            "subnet_id": "subnet-0b7374eec8604f90e",
            "timeouts": null
          },
          "sensitive_attributes": [],
          "identity_schema_version": 0,
          "private": "eyJlMmJmYjczMC1lY2FhLTExZTYtOGY4OC0zNDM2M2JjN2M0YzAiOnsiY3JlYXRlIjozMDAwMDAwMDAwMDAsImRlbGV0ZSI6MzAwMDAwMDAwMDAwLCJ1cGRhdGUiOjEyMDAwMDAwMDAwMH19",
          "dependencies": [
            "aws_internet_gateway.igw",
            "aws_route_table.public_web_rt",
            "aws_subnet.pub_web_az_2",
            "aws_vpc.dipen_custom-vpc"
          ]
        }
      ]
    },
    {
      "mode": "managed",
      "type": "aws_s3_bucket",
      "name": "app_code_bucket",
      "provider": "provider[\"registry.terraform.io/hashicorp/aws\"]",
      "instances": [
        {
          "schema_version": 0,
          "attributes": {
            "acceleration_status": "",
            "acl": null,
            "arn": "arn:aws:s3:::dipen-app-backend-code",
            "bucket": "dipen-app-backend-code",
            "bucket_domain_name": "dipen-app-backend-code.s3.amazonaws.com",
            "bucket_prefix": "",
            "bucket_region": "us-east-2",
            "bucket_regional_domain_name": "dipen-app-backend-code.s3.us-east-2.amazonaws.com",
            "cors_rule": [],
            "force_destroy": true,
            "grant": [
              {
                "id": "9a625570953ae00ddddce7be53f4094d03e5217e4979ee3454418ce0b85e9bec",
                "permissions": [
                  "FULL_CONTROL"
                ],
                "type": "CanonicalUser",
                "uri": ""
              }
            ],
            "hosted_zone_id": "Z2O1EMRO9K5GLX",
            "id": "dipen-app-backend-code",
            "lifecycle_rule": [],
            "logging": [],
            "object_lock_configuration": [],
            "object_lock_enabled": false,
            "policy": "",
            "region": "us-east-2",
            "replication_configuration": [],
            "request_payer": "BucketOwner",
            "server_side_encryption_configuration": [
              {
                "rule": [
                  {
                    "apply_server_side_encryption_by_default": [
                      {
                        "kms_master_key_id": "",
                        "sse_algorithm": "AES256"
                      }
                    ],
                    "bucket_key_enabled": false
                  }
                ]
              }
            ],
            "tags": {
              "Environment": "Dev",
              "Name": "app-code"
            },
            "tags_all": {
              "Environment": "Dev",
              "Name": "app-code"
            },
            "timeouts": null,
            "versioning": [
              {
                "enabled": false,
                "mfa_delete": false
              }
            ],
            "website": [],
            "website_domain": null,
            "website_endpoint": null
          },
          "sensitive_attributes": [],
          "identity_schema_version": 0,
          "identity": {
            "account_id": "167611893883",
            "bucket": "dipen-app-backend-code",
            "region": "us-east-2"
          },
          "private": "eyJlMmJmYjczMC1lY2FhLTExZTYtOGY4OC0zNDM2M2JjN2M0YzAiOnsiY3JlYXRlIjoxMjAwMDAwMDAwMDAwLCJkZWxldGUiOjM2MDAwMDAwMDAwMDAsInJlYWQiOjEyMDAwMDAwMDAwMDAsInVwZGF0ZSI6MTIwMDAwMDAwMDAwMH19"
        }
      ]
    },
    {
      "mode": "managed",
      "type": "aws_s3_object",
      "name": "config_php",
      "provider": "provider[\"registry.terraform.io/hashicorp/aws\"]",
      "instances": [
        {
          "schema_version": 0,
          "attributes": {
            "acl": null,
            "arn": "arn:aws:s3:::dipen-app-backend-code/config.php",
            "bucket": "dipen-app-backend-code",
            "bucket_key_enabled": false,
            "cache_control": "",
            "checksum_algorithm": null,
            "checksum_crc32": "",
            "checksum_crc32c": "",
            "checksum_crc64nvme": "",
            "checksum_sha1": "",
            "checksum_sha256": "",
            "content": "\u003c?php\r\n// Generated by Terraform at apply time\r\n$db_host = \"mysql-db-project3.cjc8e2a8elx5.us-east-2.rds.amazonaws.com\";\r\n$db_name = \"mydb1\";\r\n$db_user = \"admin\";\r\n$db_pass = \"90166Dipen\";\r\n\r\nfunction db_connect() {\r\n  global $db_host, $db_user, $db_pass, $db_name;\r\n  $conn = new mysqli($db_host, $db_user, $db_pass, $db_name);\r\n  if ($conn-\u003econnect_error) {\r\n    http_response_code(500);\r\n    die(\"DB connect failed: \" . $conn-\u003econnect_error);\r\n  }\r\n  return $conn;\r\n}\r\n?\u003e",
            "content_base64": null,
            "content_disposition": "",
            "content_encoding": "",
            "content_language": "",
            "content_type": "text/x-php",
            "etag": "d77787eac56f5a88c42a0cde71a1cfa8",
            "force_destroy": false,
            "id": "dipen-app-backend-code/config.php",
            "key": "config.php",
            "kms_key_id": null,
            "metadata": null,
            "object_lock_legal_hold_status": "",
            "object_lock_mode": "",
            "object_lock_retain_until_date": "",
            "override_provider": [],
            "region": "us-east-2",
            "server_side_encryption": "AES256",
            "source": null,
            "source_hash": null,
            "storage_class": "STANDARD",
            "tags": null,
            "tags_all": {},
            "version_id": "",
            "website_redirect": ""
          },
          "sensitive_attributes": [],
          "identity_schema_version": 0,
          "identity": {
            "account_id": "167611893883",
            "bucket": "dipen-app-backend-code",
            "key": "config.php",
            "region": "us-east-2"
          },
          "private": "bnVsbA==",
          "dependencies": [
            "aws_db_instance.mysql_db",
            "aws_db_subnet_group.mysql_db_subnet_group",
            "aws_s3_bucket.app_code_bucket",
            "aws_security_group.db_tier_sg",
            "aws_subnet.pri_db_az_1",
            "aws_subnet.pri_db_az_2",
            "aws_vpc.dipen_custom-vpc"
          ]
        }
      ]
    },
    {
      "mode": "managed",
      "type": "aws_s3_object",
      "name": "form_html",
      "provider": "provider[\"registry.terraform.io/hashicorp/aws\"]",
      "instances": [
        {
          "schema_version": 0,
          "attributes": {
            "acl": null,
            "arn": "arn:aws:s3:::dipen-app-backend-code/form.html",
            "bucket": "dipen-app-backend-code",
            "bucket_key_enabled": false,
            "cache_control": "",
            "checksum_algorithm": null,
            "checksum_crc32": "",
            "checksum_crc32c": "",
            "checksum_crc64nvme": "",
            "checksum_sha1": "",
            "checksum_sha256": "",
            "content": null,
            "content_base64": null,
            "content_disposition": "",
            "content_encoding": "",
            "content_language": "",
            "content_type": "text/html",
            "etag": "d966ed51de07dae84ffa5143551b5006",
            "force_destroy": false,
            "id": "dipen-app-backend-code/form.html",
            "key": "form.html",
            "kms_key_id": null,
            "metadata": null,
            "object_lock_legal_hold_status": "",
            "object_lock_mode": "",
            "object_lock_retain_until_date": "",
            "override_provider": [],
            "region": "us-east-2",
            "server_side_encryption": "AES256",
            "source": "./userdata/form.html",
            "source_hash": null,
            "storage_class": "STANDARD",
            "tags": null,
            "tags_all": {},
            "version_id": "",
            "website_redirect": ""
          },
          "sensitive_attributes": [],
          "identity_schema_version": 0,
          "identity": {
            "account_id": "167611893883",
            "bucket": "dipen-app-backend-code",
            "key": "form.html",
            "region": "us-east-2"
          },
          "private": "bnVsbA==",
          "dependencies": [
            "aws_s3_bucket.app_code_bucket"
          ]
        }
      ]
    },
    {
      "mode": "managed",
      "type": "aws_s3_object",
      "name": "get_employees",
      "provider": "provider[\"registry.terraform.io/hashicorp/aws\"]",
      "instances": [
        {
          "schema_version": 0,
          "attributes": {
            "acl": null,
            "arn": "arn:aws:s3:::dipen-app-backend-code/get-employees.php",
            "bucket": "dipen-app-backend-code",
            "bucket_key_enabled": false,
            "cache_control": "",
            "checksum_algorithm": null,
            "checksum_crc32": "",
            "checksum_crc32c": "",
            "checksum_crc64nvme": "",
            "checksum_sha1": "",
            "checksum_sha256": "",
            "content": null,
            "content_base64": null,
            "content_disposition": "",
            "content_encoding": "",
            "content_language": "",
            "content_type": "text/x-php",
            "etag": "7dadd22500f2b7d0a71e5d68c732b474",
            "force_destroy": false,
            "id": "dipen-app-backend-code/get-employees.php",
            "key": "get-employees.php",
            "kms_key_id": null,
            "metadata": null,
            "object_lock_legal_hold_status": "",
            "object_lock_mode": "",
            "object_lock_retain_until_date": "",
            "override_provider": [],
            "region": "us-east-2",
            "server_side_encryption": "AES256",
            "source": "./userdata/get-employees.php",
            "source_hash": null,
            "storage_class": "STANDARD",
            "tags": null,
            "tags_all": {},
            "version_id": "",
            "website_redirect": ""
          },
          "sensitive_attributes": [],
          "identity_schema_version": 0,
          "identity": {
            "account_id": "167611893883",
            "bucket": "dipen-app-backend-code",
            "key": "get-employees.php",
            "region": "us-east-2"
          },
          "private": "bnVsbA==",
          "dependencies": [
            "aws_s3_bucket.app_code_bucket"
          ]
        }
      ]
    },
    {
      "mode": "managed",
      "type": "aws_s3_object",
      "name": "health_php",
      "provider": "provider[\"registry.terraform.io/hashicorp/aws\"]",
      "instances": [
        {
          "schema_version": 0,
          "attributes": {
            "acl": null,
            "arn": "arn:aws:s3:::dipen-app-backend-code/health.php",
            "bucket": "dipen-app-backend-code",
            "bucket_key_enabled": false,
            "cache_control": "",
            "checksum_algorithm": null,
            "checksum_crc32": "",
            "checksum_crc32c": "",
            "checksum_crc64nvme": "",
            "checksum_sha1": "",
            "checksum_sha256": "",
            "content": null,
            "content_base64": null,
            "content_disposition": "",
            "content_encoding": "",
            "content_language": "",
            "content_type": "text/x-php",
            "etag": "17ce5b24beab45170d19f112ed12ef35",
            "force_destroy": false,
            "id": "dipen-app-backend-code/health.php",
            "key": "health.php",
            "kms_key_id": null,
            "metadata": null,
            "object_lock_legal_hold_status": "",
            "object_lock_mode": "",
            "object_lock_retain_until_date": "",
            "override_provider": [],
            "region": "us-east-2",
            "server_side_encryption": "AES256",
            "source": "./userdata/health.php",
            "source_hash": null,
            "storage_class": "STANDARD",
            "tags": null,
            "tags_all": {},
            "version_id": "",
            "website_redirect": ""
          },
          "sensitive_attributes": [],
          "identity_schema_version": 0,
          "identity": {
            "account_id": "167611893883",
            "bucket": "dipen-app-backend-code",
            "key": "health.php",
            "region": "us-east-2"
          },
          "private": "bnVsbA==",
          "dependencies": [
            "aws_s3_bucket.app_code_bucket"
          ]
        }
      ]
    },
    {
      "mode": "managed",
      "type": "aws_s3_object",
      "name": "submit_form",
      "provider": "provider[\"registry.terraform.io/hashicorp/aws\"]",
      "instances": [
        {
          "schema_version": 0,
          "attributes": {
            "acl": null,
            "arn": "arn:aws:s3:::dipen-app-backend-code/submit-form.php",
            "bucket": "dipen-app-backend-code",
            "bucket_key_enabled": false,
            "cache_control": "",
            "checksum_algorithm": null,
            "checksum_crc32": "",
            "checksum_crc32c": "",
            "checksum_crc64nvme": "",
            "checksum_sha1": "",
            "checksum_sha256": "",
            "content": null,
            "content_base64": null,
            "content_disposition": "",
            "content_encoding": "",
            "content_language": "",
            "content_type": "text/x-php",
            "etag": "6a9e66f1bcead3f70d6d2e02db9937de",
            "force_destroy": false,
            "id": "dipen-app-backend-code/submit-form.php",
            "key": "submit-form.php",
            "kms_key_id": null,
            "metadata": null,
            "object_lock_legal_hold_status": "",
            "object_lock_mode": "",
            "object_lock_retain_until_date": "",
            "override_provider": [],
            "region": "us-east-2",
            "server_side_encryption": "AES256",
            "source": "./userdata/submit-form.php",
            "source_hash": null,
            "storage_class": "STANDARD",
            "tags": null,
            "tags_all": {},
            "version_id": "",
            "website_redirect": ""
          },
          "sensitive_attributes": [],
          "identity_schema_version": 0,
          "identity": {
            "account_id": "167611893883",
            "bucket": "dipen-app-backend-code",
            "key": "submit-form.php",
            "region": "us-east-2"
          },
          "private": "bnVsbA==",
          "dependencies": [
            "aws_s3_bucket.app_code_bucket"
          ]
        }
      ]
    },
    {
      "mode": "managed",
      "type": "aws_s3_object",
      "name": "view_employees_html",
      "provider": "provider[\"registry.terraform.io/hashicorp/aws\"]",
      "instances": [
        {
          "schema_version": 0,
          "attributes": {
            "acl": null,
            "arn": "arn:aws:s3:::dipen-app-backend-code/view-employees.html",
            "bucket": "dipen-app-backend-code",
            "bucket_key_enabled": false,
            "cache_control": "",
            "checksum_algorithm": null,
            "checksum_crc32": "",
            "checksum_crc32c": "",
            "checksum_crc64nvme": "",
            "checksum_sha1": "",
            "checksum_sha256": "",
            "content": null,
            "content_base64": null,
            "content_disposition": "",
            "content_encoding": "",
            "content_language": "",
            "content_type": "text/html",
            "etag": "dbdca19ffee4930547a222bd9affd5f9",
            "force_destroy": false,
            "id": "dipen-app-backend-code/view-employees.html",
            "key": "view-employees.html",
            "kms_key_id": null,
            "metadata": null,
            "object_lock_legal_hold_status": "",
            "object_lock_mode": "",
            "object_lock_retain_until_date": "",
            "override_provider": [],
            "region": "us-east-2",
            "server_side_encryption": "AES256",
            "source": "./userdata/view-employees.html",
            "source_hash": null,
            "storage_class": "STANDARD",
            "tags": null,
            "tags_all": {},
            "version_id": "",
            "website_redirect": ""
          },
          "sensitive_attributes": [],
          "identity_schema_version": 0,
          "identity": {
            "account_id": "167611893883",
            "bucket": "dipen-app-backend-code",
            "key": "view-employees.html",
            "region": "us-east-2"
          },
          "private": "bnVsbA==",
          "dependencies": [
            "aws_s3_bucket.app_code_bucket"
          ]
        }
      ]
    },
    {
      "mode": "managed",
      "type": "aws_security_group",
      "name": "alb_internal_sg",
      "provider": "provider[\"registry.terraform.io/hashicorp/aws\"]",
      "instances": [
        {
          "schema_version": 1,
          "attributes": {
            "arn": "arn:aws:ec2:us-east-2:167611893883:security-group/sg-07ed5976463d7b33a",
            "description": "Internal ALB SG",
            "egress": [],
            "id": "sg-07ed5976463d7b33a",
            "ingress": [],
            "name": "alb-internal-sg",
            "name_prefix": "",
            "owner_id": "167611893883",
            "region": "us-east-2",
            "revoke_rules_on_delete": false,
            "tags": {
              "Name": "alb-internal-sg"
            },
            "tags_all": {
              "Name": "alb-internal-sg"
            },
            "timeouts": null,
            "vpc_id": "vpc-0c8211da808101dfd"
          },
          "sensitive_attributes": [],
          "identity_schema_version": 0,
          "private": "eyJlMmJmYjczMC1lY2FhLTExZTYtOGY4OC0zNDM2M2JjN2M0YzAiOnsiY3JlYXRlIjo2MDAwMDAwMDAwMDAsImRlbGV0ZSI6OTAwMDAwMDAwMDAwfSwic2NoZW1hX3ZlcnNpb24iOiIxIn0=",
          "dependencies": [
            "aws_vpc.dipen_custom-vpc"
          ]
        }
      ]
    },
    {
      "mode": "managed",
      "type": "aws_security_group",
      "name": "app_tier_sg",
      "provider": "provider[\"registry.terraform.io/hashicorp/aws\"]",
      "instances": [
        {
          "schema_version": 1,
          "attributes": {
            "arn": "arn:aws:ec2:us-east-2:167611893883:security-group/sg-08d6e18060ab9377e",
            "description": "Allow HTTP from web tier and all outbound traffic",
            "egress": [],
            "id": "sg-08d6e18060ab9377e",
            "ingress": [],
            "name": "app_tier_sg",
            "name_prefix": "",
            "owner_id": "167611893883",
            "region": "us-east-2",
            "revoke_rules_on_delete": false,
            "tags": {
              "Name": "app_tier_sg"
            },
            "tags_all": {
              "Name": "app_tier_sg"
            },
            "timeouts": null,
            "vpc_id": "vpc-0c8211da808101dfd"
          },
          "sensitive_attributes": [],
          "identity_schema_version": 0,
          "private": "eyJlMmJmYjczMC1lY2FhLTExZTYtOGY4OC0zNDM2M2JjN2M0YzAiOnsiY3JlYXRlIjo2MDAwMDAwMDAwMDAsImRlbGV0ZSI6OTAwMDAwMDAwMDAwfSwic2NoZW1hX3ZlcnNpb24iOiIxIn0=",
          "dependencies": [
            "aws_vpc.dipen_custom-vpc"
          ],
          "create_before_destroy": true
        }
      ]
    },
    {
      "mode": "managed",
      "type": "aws_security_group",
      "name": "db_tier_sg",
      "provider": "provider[\"registry.terraform.io/hashicorp/aws\"]",
      "instances": [
        {
          "schema_version": 1,
          "attributes": {
            "arn": "arn:aws:ec2:us-east-2:167611893883:security-group/sg-0320a52aade3a59f0",
            "description": "Allow mysql from app tier and all outbound traffic",
            "egress": [],
            "id": "sg-0320a52aade3a59f0",
            "ingress": [],
            "name": "db_tier_sg",
            "name_prefix": "",
            "owner_id": "167611893883",
            "region": "us-east-2",
            "revoke_rules_on_delete": false,
            "tags": {
              "Name": "db_tier_sg"
            },
            "tags_all": {
              "Name": "db_tier_sg"
            },
            "timeouts": null,
            "vpc_id": "vpc-0c8211da808101dfd"
          },
          "sensitive_attributes": [],
          "identity_schema_version": 0,
          "private": "eyJlMmJmYjczMC1lY2FhLTExZTYtOGY4OC0zNDM2M2JjN2M0YzAiOnsiY3JlYXRlIjo2MDAwMDAwMDAwMDAsImRlbGV0ZSI6OTAwMDAwMDAwMDAwfSwic2NoZW1hX3ZlcnNpb24iOiIxIn0=",
          "dependencies": [
            "aws_vpc.dipen_custom-vpc"
          ]
        }
      ]
    },
    {
      "mode": "managed",
      "type": "aws_security_group",
      "name": "web_alb_sg",
      "provider": "provider[\"registry.terraform.io/hashicorp/aws\"]",
      "instances": [
        {
          "schema_version": 1,
          "attributes": {
            "arn": "arn:aws:ec2:us-east-2:167611893883:security-group/sg-022ecb53fbcfabac8",
            "description": "Managed by Terraform",
            "egress": [
              {
                "cidr_blocks": [
                  "0.0.0.0/0"
                ],
                "description": "",
                "from_port": 0,
                "ipv6_cidr_blocks": [],
                "prefix_list_ids": [],
                "protocol": "-1",
                "security_groups": [],
                "self": false,
                "to_port": 0
              }
            ],
            "id": "sg-022ecb53fbcfabac8",
            "ingress": [
              {
                "cidr_blocks": [
                  "0.0.0.0/0"
                ],
                "description": "",
                "from_port": 80,
                "ipv6_cidr_blocks": [],
                "prefix_list_ids": [],
                "protocol": "tcp",
                "security_groups": [],
                "self": false,
                "to_port": 80
              }
            ],
            "name": "web-alb-sg",
            "name_prefix": "",
            "owner_id": "167611893883",
            "region": "us-east-2",
            "revoke_rules_on_delete": false,
            "tags": null,
            "tags_all": {},
            "timeouts": null,
            "vpc_id": "vpc-0c8211da808101dfd"
          },
          "sensitive_attributes": [],
          "identity_schema_version": 0,
          "private": "eyJlMmJmYjczMC1lY2FhLTExZTYtOGY4OC0zNDM2M2JjN2M0YzAiOnsiY3JlYXRlIjo2MDAwMDAwMDAwMDAsImRlbGV0ZSI6OTAwMDAwMDAwMDAwfSwic2NoZW1hX3ZlcnNpb24iOiIxIn0=",
          "dependencies": [
            "aws_vpc.dipen_custom-vpc"
          ]
        }
      ]
    },
    {
      "mode": "managed",
      "type": "aws_security_group",
      "name": "web_sg",
      "provider": "provider[\"registry.terraform.io/hashicorp/aws\"]",
      "instances": [
        {
          "schema_version": 1,
          "attributes": {
            "arn": "arn:aws:ec2:us-east-2:167611893883:security-group/sg-02fbb9333f8eae1c5",
            "description": "Managed by Terraform",
            "egress": [
              {
                "cidr_blocks": [
                  "0.0.0.0/0"
                ],
                "description": "",
                "from_port": 0,
                "ipv6_cidr_blocks": [],
                "prefix_list_ids": [],
                "protocol": "-1",
                "security_groups": [],
                "self": false,
                "to_port": 0
              }
            ],
            "id": "sg-02fbb9333f8eae1c5",
            "ingress": [
              {
                "cidr_blocks": [],
                "description": "",
                "from_port": 80,
                "ipv6_cidr_blocks": [],
                "prefix_list_ids": [],
                "protocol": "tcp",
                "security_groups": [
                  "sg-022ecb53fbcfabac8"
                ],
                "self": false,
                "to_port": 80
              }
            ],
            "name": "web-sg",
            "name_prefix": "",
            "owner_id": "167611893883",
            "region": "us-east-2",
            "revoke_rules_on_delete": false,
            "tags": null,
            "tags_all": {},
            "timeouts": null,
            "vpc_id": "vpc-0c8211da808101dfd"
          },
          "sensitive_attributes": [],
          "identity_schema_version": 0,
          "private": "eyJlMmJmYjczMC1lY2FhLTExZTYtOGY4OC0zNDM2M2JjN2M0YzAiOnsiY3JlYXRlIjo2MDAwMDAwMDAwMDAsImRlbGV0ZSI6OTAwMDAwMDAwMDAwfSwic2NoZW1hX3ZlcnNpb24iOiIxIn0=",
          "dependencies": [
            "aws_security_group.web_alb_sg",
            "aws_vpc.dipen_custom-vpc"
          ]
        }
      ]
    },
    {
      "mode": "managed",
      "type": "aws_security_group",
      "name": "web_tier_sg",
      "provider": "provider[\"registry.terraform.io/hashicorp/aws\"]",
      "instances": [
        {
          "schema_version": 1,
          "attributes": {
            "arn": "arn:aws:ec2:us-east-2:167611893883:security-group/sg-0fadcf654680f20fa",
            "description": "Allow HTTP, HTTPS, and SSH inbound; allow all outbound traffic",
            "egress": [],
            "id": "sg-0fadcf654680f20fa",
            "ingress": [],
            "name": "web_tier_sg",
            "name_prefix": "",
            "owner_id": "167611893883",
            "region": "us-east-2",
            "revoke_rules_on_delete": false,
            "tags": {
              "Name": "web_tier_sg"
            },
            "tags_all": {
              "Name": "web_tier_sg"
            },
            "timeouts": null,
            "vpc_id": "vpc-0c8211da808101dfd"
          },
          "sensitive_attributes": [],
          "identity_schema_version": 0,
          "private": "eyJlMmJmYjczMC1lY2FhLTExZTYtOGY4OC0zNDM2M2JjN2M0YzAiOnsiY3JlYXRlIjo2MDAwMDAwMDAwMDAsImRlbGV0ZSI6OTAwMDAwMDAwMDAwfSwic2NoZW1hX3ZlcnNpb24iOiIxIn0=",
          "dependencies": [
            "aws_vpc.dipen_custom-vpc"
          ],
          "create_before_destroy": true
        }
      ]
    },
    {
      "mode": "managed",
      "type": "aws_ssm_parameter",
      "name": "db_password",
      "provider": "provider[\"registry.terraform.io/hashicorp/aws\"]",
      "instances": [
        {
          "schema_version": 0,
          "attributes": {
            "allowed_pattern": "",
            "arn": "arn:aws:ssm:us-east-2:167611893883:parameter/app/db/password",
            "data_type": "text",
            "description": "",
            "has_value_wo": false,
            "id": "/app/db/password",
            "insecure_value": null,
            "key_id": "alias/aws/ssm",
            "name": "/app/db/password",
            "overwrite": true,
            "region": "us-east-2",
            "tags": null,
            "tags_all": {},
            "tier": "Standard",
            "type": "SecureString",
            "value": "90166Dipen",
            "value_wo": null,
            "value_wo_version": null,
            "version": 1
          },
          "sensitive_attributes": [
            [
              {
                "type": "get_attr",
                "value": "value"
              }
            ],
            [
              {
                "type": "get_attr",
                "value": "value_wo"
              }
            ]
          ],
          "identity_schema_version": 0,
          "private": "bnVsbA=="
        }
      ]
    },
    {
      "mode": "managed",
      "type": "aws_ssm_parameter",
      "name": "db_username",
      "provider": "provider[\"registry.terraform.io/hashicorp/aws\"]",
      "instances": [
        {
          "schema_version": 0,
          "attributes": {
            "allowed_pattern": "",
            "arn": "arn:aws:ssm:us-east-2:167611893883:parameter/app/db/username",
            "data_type": "text",
            "description": "",
            "has_value_wo": false,
            "id": "/app/db/username",
            "insecure_value": null,
            "key_id": "",
            "name": "/app/db/username",
            "overwrite": true,
            "region": "us-east-2",
            "tags": null,
            "tags_all": {},
            "tier": "Standard",
            "type": "String",
            "value": "admin",
            "value_wo": null,
            "value_wo_version": null,
            "version": 1
          },
          "sensitive_attributes": [
            [
              {
                "type": "get_attr",
                "value": "value"
              }
            ],
            [
              {
                "type": "get_attr",
                "value": "value_wo"
              }
            ]
          ],
          "identity_schema_version": 0,
          "private": "bnVsbA=="
        }
      ]
    },
    {
      "mode": "managed",
      "type": "aws_ssm_parameter",
      "name": "rds_endpoint",
      "provider": "provider[\"registry.terraform.io/hashicorp/aws\"]",
      "instances": [
        {
          "schema_version": 0,
          "attributes": {
            "allowed_pattern": "",
            "arn": "arn:aws:ssm:us-east-2:167611893883:parameter/app/db/endpoint",
            "data_type": "text",
            "description": "",
            "has_value_wo": false,
            "id": "/app/db/endpoint",
            "insecure_value": null,
            "key_id": "",
            "name": "/app/db/endpoint",
            "overwrite": true,
            "region": "us-east-2",
            "tags": null,
            "tags_all": {},
            "tier": "Standard",
            "type": "String",
            "value": "mysql-db-project3.cjc8e2a8elx5.us-east-2.rds.amazonaws.com",
            "value_wo": null,
            "value_wo_version": null,
            "version": 1
          },
          "sensitive_attributes": [
            [
              {
                "type": "get_attr",
                "value": "value"
              }
            ],
            [
              {
                "type": "get_attr",
                "value": "value_wo"
              }
            ]
          ],
          "identity_schema_version": 0,
          "private": "bnVsbA==",
          "dependencies": [
            "aws_db_instance.mysql_db",
            "aws_db_subnet_group.mysql_db_subnet_group",
            "aws_security_group.db_tier_sg",
            "aws_subnet.pri_db_az_1",
            "aws_subnet.pri_db_az_2",
            "aws_vpc.dipen_custom-vpc"
          ]
        }
      ]
    },
    {
      "mode": "managed",
      "type": "aws_subnet",
      "name": "pri_app_az_1",
      "provider": "provider[\"registry.terraform.io/hashicorp/aws\"]",
      "instances": [
        {
          "schema_version": 1,
          "attributes": {
            "arn": "arn:aws:ec2:us-east-2:167611893883:subnet/subnet-01cc21023882530c1",
            "assign_ipv6_address_on_creation": false,
            "availability_zone": "us-east-2a",
            "availability_zone_id": "use2-az1",
            "cidr_block": "10.0.3.0/24",
            "customer_owned_ipv4_pool": "",
            "enable_dns64": false,
            "enable_lni_at_device_index": 0,
            "enable_resource_name_dns_a_record_on_launch": false,
            "enable_resource_name_dns_aaaa_record_on_launch": false,
            "id": "subnet-01cc21023882530c1",
            "ipv6_cidr_block": "",
            "ipv6_cidr_block_association_id": "",
            "ipv6_native": false,
            "map_customer_owned_ip_on_launch": false,
            "map_public_ip_on_launch": false,
            "outpost_arn": "",
            "owner_id": "167611893883",
            "private_dns_hostname_type_on_launch": "ip-name",
            "region": "us-east-2",
            "tags": {
              "Name": "Private_App_1"
            },
            "tags_all": {
              "Name": "Private_App_1"
            },
            "timeouts": null,
            "vpc_id": "vpc-0c8211da808101dfd"
          },
          "sensitive_attributes": [],
          "identity_schema_version": 0,
          "private": "eyJlMmJmYjczMC1lY2FhLTExZTYtOGY4OC0zNDM2M2JjN2M0YzAiOnsiY3JlYXRlIjo2MDAwMDAwMDAwMDAsImRlbGV0ZSI6MTIwMDAwMDAwMDAwMH0sInNjaGVtYV92ZXJzaW9uIjoiMSJ9",
          "dependencies": [
            "aws_vpc.dipen_custom-vpc"
          ],
          "create_before_destroy": true
        }
      ]
    },
    {
      "mode": "managed",
      "type": "aws_subnet",
      "name": "pri_app_az_2",
      "provider": "provider[\"registry.terraform.io/hashicorp/aws\"]",
      "instances": [
        {
          "schema_version": 1,
          "attributes": {
            "arn": "arn:aws:ec2:us-east-2:167611893883:subnet/subnet-0a8ba462be0b8d221",
            "assign_ipv6_address_on_creation": false,
            "availability_zone": "us-east-2b",
            "availability_zone_id": "use2-az2",
            "cidr_block": "10.0.4.0/24",
            "customer_owned_ipv4_pool": "",
            "enable_dns64": false,
            "enable_lni_at_device_index": 0,
            "enable_resource_name_dns_a_record_on_launch": false,
            "enable_resource_name_dns_aaaa_record_on_launch": false,
            "id": "subnet-0a8ba462be0b8d221",
            "ipv6_cidr_block": "",
            "ipv6_cidr_block_association_id": "",
            "ipv6_native": false,
            "map_customer_owned_ip_on_launch": false,
            "map_public_ip_on_launch": false,
            "outpost_arn": "",
            "owner_id": "167611893883",
            "private_dns_hostname_type_on_launch": "ip-name",
            "region": "us-east-2",
            "tags": {
              "Name": "Private_App_2"
            },
            "tags_all": {
              "Name": "Private_App_2"
            },
            "timeouts": null,
            "vpc_id": "vpc-0c8211da808101dfd"
          },
          "sensitive_attributes": [],
          "identity_schema_version": 0,
          "private": "eyJlMmJmYjczMC1lY2FhLTExZTYtOGY4OC0zNDM2M2JjN2M0YzAiOnsiY3JlYXRlIjo2MDAwMDAwMDAwMDAsImRlbGV0ZSI6MTIwMDAwMDAwMDAwMH0sInNjaGVtYV92ZXJzaW9uIjoiMSJ9",
          "dependencies": [
            "aws_vpc.dipen_custom-vpc"
          ],
          "create_before_destroy": true
        }
      ]
    },
    {
      "mode": "managed",
      "type": "aws_subnet",
      "name": "pri_db_az_1",
      "provider": "provider[\"registry.terraform.io/hashicorp/aws\"]",
      "instances": [
        {
          "schema_version": 1,
          "attributes": {
            "arn": "arn:aws:ec2:us-east-2:167611893883:subnet/subnet-0bd3b8abeba6c924b",
            "assign_ipv6_address_on_creation": false,
            "availability_zone": "us-east-2a",
            "availability_zone_id": "use2-az1",
            "cidr_block": "10.0.5.0/24",
            "customer_owned_ipv4_pool": "",
            "enable_dns64": false,
            "enable_lni_at_device_index": 0,
            "enable_resource_name_dns_a_record_on_launch": false,
            "enable_resource_name_dns_aaaa_record_on_launch": false,
            "id": "subnet-0bd3b8abeba6c924b",
            "ipv6_cidr_block": "",
            "ipv6_cidr_block_association_id": "",
            "ipv6_native": false,
            "map_customer_owned_ip_on_launch": false,
            "map_public_ip_on_launch": false,
            "outpost_arn": "",
            "owner_id": "167611893883",
            "private_dns_hostname_type_on_launch": "ip-name",
            "region": "us-east-2",
            "tags": {
              "Name": "Private_Database_1"
            },
            "tags_all": {
              "Name": "Private_Database_1"
            },
            "timeouts": null,
            "vpc_id": "vpc-0c8211da808101dfd"
          },
          "sensitive_attributes": [],
          "identity_schema_version": 0,
          "private": "eyJlMmJmYjczMC1lY2FhLTExZTYtOGY4OC0zNDM2M2JjN2M0YzAiOnsiY3JlYXRlIjo2MDAwMDAwMDAwMDAsImRlbGV0ZSI6MTIwMDAwMDAwMDAwMH0sInNjaGVtYV92ZXJzaW9uIjoiMSJ9",
          "dependencies": [
            "aws_vpc.dipen_custom-vpc"
          ]
        }
      ]
    },
    {
      "mode": "managed",
      "type": "aws_subnet",
      "name": "pri_db_az_2",
      "provider": "provider[\"registry.terraform.io/hashicorp/aws\"]",
      "instances": [
        {
          "schema_version": 1,
          "attributes": {
            "arn": "arn:aws:ec2:us-east-2:167611893883:subnet/subnet-07d4fc8514beb3b13",
            "assign_ipv6_address_on_creation": false,
            "availability_zone": "us-east-2b",
            "availability_zone_id": "use2-az2",
            "cidr_block": "10.0.6.0/24",
            "customer_owned_ipv4_pool": "",
            "enable_dns64": false,
            "enable_lni_at_device_index": 0,
            "enable_resource_name_dns_a_record_on_launch": false,
            "enable_resource_name_dns_aaaa_record_on_launch": false,
            "id": "subnet-07d4fc8514beb3b13",
            "ipv6_cidr_block": "",
            "ipv6_cidr_block_association_id": "",
            "ipv6_native": false,
            "map_customer_owned_ip_on_launch": false,
            "map_public_ip_on_launch": false,
            "outpost_arn": "",
            "owner_id": "167611893883",
            "private_dns_hostname_type_on_launch": "ip-name",
            "region": "us-east-2",
            "tags": {
              "Name": "Private_Database_2"
            },
            "tags_all": {
              "Name": "Private_Database_2"
            },
            "timeouts": null,
            "vpc_id": "vpc-0c8211da808101dfd"
          },
          "sensitive_attributes": [],
          "identity_schema_version": 0,
          "private": "eyJlMmJmYjczMC1lY2FhLTExZTYtOGY4OC0zNDM2M2JjN2M0YzAiOnsiY3JlYXRlIjo2MDAwMDAwMDAwMDAsImRlbGV0ZSI6MTIwMDAwMDAwMDAwMH0sInNjaGVtYV92ZXJzaW9uIjoiMSJ9",
          "dependencies": [
            "aws_vpc.dipen_custom-vpc"
          ]
        }
      ]
    },
    {
      "mode": "managed",
      "type": "aws_subnet",
      "name": "pub_web_az_1",
      "provider": "provider[\"registry.terraform.io/hashicorp/aws\"]",
      "instances": [
        {
          "schema_version": 1,
          "attributes": {
            "arn": "arn:aws:ec2:us-east-2:167611893883:subnet/subnet-02b05c81323944dd9",
            "assign_ipv6_address_on_creation": false,
            "availability_zone": "us-east-2a",
            "availability_zone_id": "use2-az1",
            "cidr_block": "10.0.1.0/24",
            "customer_owned_ipv4_pool": "",
            "enable_dns64": false,
            "enable_lni_at_device_index": 0,
            "enable_resource_name_dns_a_record_on_launch": false,
            "enable_resource_name_dns_aaaa_record_on_launch": false,
            "id": "subnet-02b05c81323944dd9",
            "ipv6_cidr_block": "",
            "ipv6_cidr_block_association_id": "",
            "ipv6_native": false,
            "map_customer_owned_ip_on_launch": false,
            "map_public_ip_on_launch": true,
            "outpost_arn": "",
            "owner_id": "167611893883",
            "private_dns_hostname_type_on_launch": "ip-name",
            "region": "us-east-2",
            "tags": {
              "Name": "Public_Web_1"
            },
            "tags_all": {
              "Name": "Public_Web_1"
            },
            "timeouts": null,
            "vpc_id": "vpc-0c8211da808101dfd"
          },
          "sensitive_attributes": [],
          "identity_schema_version": 0,
          "private": "eyJlMmJmYjczMC1lY2FhLTExZTYtOGY4OC0zNDM2M2JjN2M0YzAiOnsiY3JlYXRlIjo2MDAwMDAwMDAwMDAsImRlbGV0ZSI6MTIwMDAwMDAwMDAwMH0sInNjaGVtYV92ZXJzaW9uIjoiMSJ9",
          "dependencies": [
            "aws_vpc.dipen_custom-vpc"
          ],
          "create_before_destroy": true
        }
      ]
    },
    {
      "mode": "managed",
      "type": "aws_subnet",
      "name": "pub_web_az_2",
      "provider": "provider[\"registry.terraform.io/hashicorp/aws\"]",
      "instances": [
        {
          "schema_version": 1,
          "attributes": {
            "arn": "arn:aws:ec2:us-east-2:167611893883:subnet/subnet-0b7374eec8604f90e",
            "assign_ipv6_address_on_creation": false,
            "availability_zone": "us-east-2b",
            "availability_zone_id": "use2-az2",
            "cidr_block": "10.0.2.0/24",
            "customer_owned_ipv4_pool": "",
            "enable_dns64": false,
            "enable_lni_at_device_index": 0,
            "enable_resource_name_dns_a_record_on_launch": false,
            "enable_resource_name_dns_aaaa_record_on_launch": false,
            "id": "subnet-0b7374eec8604f90e",
            "ipv6_cidr_block": "",
            "ipv6_cidr_block_association_id": "",
            "ipv6_native": false,
            "map_customer_owned_ip_on_launch": false,
            "map_public_ip_on_launch": true,
            "outpost_arn": "",
            "owner_id": "167611893883",
            "private_dns_hostname_type_on_launch": "ip-name",
            "region": "us-east-2",
            "tags": {
              "Name": "Public_Web_2"
            },
            "tags_all": {
              "Name": "Public_Web_2"
            },
            "timeouts": null,
            "vpc_id": "vpc-0c8211da808101dfd"
          },
          "sensitive_attributes": [],
          "identity_schema_version": 0,
          "private": "eyJlMmJmYjczMC1lY2FhLTExZTYtOGY4OC0zNDM2M2JjN2M0YzAiOnsiY3JlYXRlIjo2MDAwMDAwMDAwMDAsImRlbGV0ZSI6MTIwMDAwMDAwMDAwMH0sInNjaGVtYV92ZXJzaW9uIjoiMSJ9",
          "dependencies": [
            "aws_vpc.dipen_custom-vpc"
          ],
          "create_before_destroy": true
        }
      ]
    },
    {
      "mode": "managed",
      "type": "aws_vpc",
      "name": "dipen_custom-vpc",
      "provider": "provider[\"registry.terraform.io/hashicorp/aws\"]",
      "instances": [
        {
          "schema_version": 1,
          "attributes": {
            "arn": "arn:aws:ec2:us-east-2:167611893883:vpc/vpc-0c8211da808101dfd",
            "assign_generated_ipv6_cidr_block": false,
            "cidr_block": "10.0.0.0/16",
            "default_network_acl_id": "acl-00abcae7555431cc2",
            "default_route_table_id": "rtb-027580e59db3d99d3",
            "default_security_group_id": "sg-04d9968bba00ec54e",
            "dhcp_options_id": "dopt-09ed745a1a19ab299",
            "enable_dns_hostnames": true,
            "enable_dns_support": true,
            "enable_network_address_usage_metrics": false,
            "id": "vpc-0c8211da808101dfd",
            "instance_tenancy": "default",
            "ipv4_ipam_pool_id": null,
            "ipv4_netmask_length": null,
            "ipv6_association_id": "",
            "ipv6_cidr_block": "",
            "ipv6_cidr_block_network_border_group": "",
            "ipv6_ipam_pool_id": "",
            "ipv6_netmask_length": 0,
            "main_route_table_id": "rtb-027580e59db3d99d3",
            "owner_id": "167611893883",
            "region": "us-east-2",
            "tags": {
              "Name": "Dipen Custom VPC"
            },
            "tags_all": {
              "Name": "Dipen Custom VPC"
            }
          },
          "sensitive_attributes": [],
          "identity_schema_version": 0,
          "private": "eyJzY2hlbWFfdmVyc2lvbiI6IjEifQ==",
          "create_before_destroy": true
        }
      ]
    },
    {
      "mode": "managed",
      "type": "aws_vpc_security_group_egress_rule",
      "name": "alb_all_egress",
      "provider": "provider[\"registry.terraform.io/hashicorp/aws\"]",
      "instances": [
        {
          "schema_version": 0,
          "attributes": {
            "arn": "arn:aws:ec2:us-east-2:167611893883:security-group-rule/sgr-0505fb5b6d8344672",
            "cidr_ipv4": "0.0.0.0/0",
            "cidr_ipv6": null,
            "description": null,
            "from_port": null,
            "id": "sgr-0505fb5b6d8344672",
            "ip_protocol": "-1",
            "prefix_list_id": null,
            "referenced_security_group_id": null,
            "region": "us-east-2",
            "security_group_id": "sg-07ed5976463d7b33a",
            "security_group_rule_id": "sgr-0505fb5b6d8344672",
            "tags": null,
            "tags_all": {},
            "to_port": null
          },
          "sensitive_attributes": [],
          "identity_schema_version": 0,
          "dependencies": [
            "aws_security_group.alb_internal_sg",
            "aws_vpc.dipen_custom-vpc"
          ]
        }
      ]
    },
    {
      "mode": "managed",
      "type": "aws_vpc_security_group_egress_rule",
      "name": "allow_all_traffic_ipv4_app",
      "provider": "provider[\"registry.terraform.io/hashicorp/aws\"]",
      "instances": [
        {
          "schema_version": 0,
          "attributes": {
            "arn": "arn:aws:ec2:us-east-2:167611893883:security-group-rule/sgr-0199e8e299dab1064",
            "cidr_ipv4": "0.0.0.0/0",
            "cidr_ipv6": null,
            "description": null,
            "from_port": null,
            "id": "sgr-0199e8e299dab1064",
            "ip_protocol": "-1",
            "prefix_list_id": null,
            "referenced_security_group_id": null,
            "region": "us-east-2",
            "security_group_id": "sg-08d6e18060ab9377e",
            "security_group_rule_id": "sgr-0199e8e299dab1064",
            "tags": null,
            "tags_all": {},
            "to_port": null
          },
          "sensitive_attributes": [],
          "identity_schema_version": 0,
          "dependencies": [
            "aws_security_group.app_tier_sg",
            "aws_vpc.dipen_custom-vpc"
          ]
        }
      ]
    },
    {
      "mode": "managed",
      "type": "aws_vpc_security_group_egress_rule",
      "name": "allow_all_web_traffic_ipv4",
      "provider": "provider[\"registry.terraform.io/hashicorp/aws\"]",
      "instances": [
        {
          "schema_version": 0,
          "attributes": {
            "arn": "arn:aws:ec2:us-east-2:167611893883:security-group-rule/sgr-07b8a11a88aac715f",
            "cidr_ipv4": "0.0.0.0/0",
            "cidr_ipv6": null,
            "description": null,
            "from_port": null,
            "id": "sgr-07b8a11a88aac715f",
            "ip_protocol": "-1",
            "prefix_list_id": null,
            "referenced_security_group_id": null,
            "region": "us-east-2",
            "security_group_id": "sg-0fadcf654680f20fa",
            "security_group_rule_id": "sgr-07b8a11a88aac715f",
            "tags": null,
            "tags_all": {},
            "to_port": null
          },
          "sensitive_attributes": [],
          "identity_schema_version": 0,
          "dependencies": [
            "aws_security_group.web_tier_sg",
            "aws_vpc.dipen_custom-vpc"
          ]
        }
      ]
    },
    {
      "mode": "managed",
      "type": "aws_vpc_security_group_egress_rule",
      "name": "db_all_egress",
      "provider": "provider[\"registry.terraform.io/hashicorp/aws\"]",
      "instances": [
        {
          "schema_version": 0,
          "attributes": {
            "arn": "arn:aws:ec2:us-east-2:167611893883:security-group-rule/sgr-0637fbbf54470d9b9",
            "cidr_ipv4": "0.0.0.0/0",
            "cidr_ipv6": null,
            "description": null,
            "from_port": null,
            "id": "sgr-0637fbbf54470d9b9",
            "ip_protocol": "-1",
            "prefix_list_id": null,
            "referenced_security_group_id": null,
            "region": "us-east-2",
            "security_group_id": "sg-0320a52aade3a59f0",
            "security_group_rule_id": "sgr-0637fbbf54470d9b9",
            "tags": null,
            "tags_all": {},
            "to_port": null
          },
          "sensitive_attributes": [],
          "identity_schema_version": 0,
          "dependencies": [
            "aws_security_group.db_tier_sg",
            "aws_vpc.dipen_custom-vpc"
          ]
        }
      ]
    },
    {
      "mode": "managed",
      "type": "aws_vpc_security_group_ingress_rule",
      "name": "alb_in_from_web",
      "provider": "provider[\"registry.terraform.io/hashicorp/aws\"]",
      "instances": [
        {
          "schema_version": 0,
          "attributes": {
            "arn": "arn:aws:ec2:us-east-2:167611893883:security-group-rule/sgr-09d1e957ea867bfbb",
            "cidr_ipv4": null,
            "cidr_ipv6": null,
            "description": null,
            "from_port": 80,
            "id": "sgr-09d1e957ea867bfbb",
            "ip_protocol": "tcp",
            "prefix_list_id": null,
            "referenced_security_group_id": "sg-0fadcf654680f20fa",
            "region": "us-east-2",
            "security_group_id": "sg-07ed5976463d7b33a",
            "security_group_rule_id": "sgr-09d1e957ea867bfbb",
            "tags": null,
            "tags_all": {},
            "to_port": 80
          },
          "sensitive_attributes": [],
          "identity_schema_version": 0,
          "dependencies": [
            "aws_security_group.alb_internal_sg",
            "aws_security_group.web_tier_sg",
            "aws_vpc.dipen_custom-vpc"
          ]
        }
      ]
    },
    {
      "mode": "managed",
      "type": "aws_vpc_security_group_ingress_rule",
      "name": "allow_http_from_web_sg",
      "provider": "provider[\"registry.terraform.io/hashicorp/aws\"]",
      "instances": [
        {
          "schema_version": 0,
          "attributes": {
            "arn": "arn:aws:ec2:us-east-2:167611893883:security-group-rule/sgr-0aeb9431d2c0c2546",
            "cidr_ipv4": null,
            "cidr_ipv6": null,
            "description": null,
            "from_port": 80,
            "id": "sgr-0aeb9431d2c0c2546",
            "ip_protocol": "tcp",
            "prefix_list_id": null,
            "referenced_security_group_id": "sg-0fadcf654680f20fa",
            "region": "us-east-2",
            "security_group_id": "sg-08d6e18060ab9377e",
            "security_group_rule_id": "sgr-0aeb9431d2c0c2546",
            "tags": null,
            "tags_all": {},
            "to_port": 80
          },
          "sensitive_attributes": [],
          "identity_schema_version": 0,
          "dependencies": [
            "aws_security_group.app_tier_sg",
            "aws_security_group.web_tier_sg",
            "aws_vpc.dipen_custom-vpc"
          ]
        }
      ]
    },
    {
      "mode": "managed",
      "type": "aws_vpc_security_group_ingress_rule",
      "name": "allow_http_ipv4_web",
      "provider": "provider[\"registry.terraform.io/hashicorp/aws\"]",
      "instances": [
        {
          "schema_version": 0,
          "attributes": {
            "arn": "arn:aws:ec2:us-east-2:167611893883:security-group-rule/sgr-01fde1d96703e078e",
            "cidr_ipv4": "0.0.0.0/0",
            "cidr_ipv6": null,
            "description": null,
            "from_port": 80,
            "id": "sgr-01fde1d96703e078e",
            "ip_protocol": "tcp",
            "prefix_list_id": null,
            "referenced_security_group_id": null,
            "region": "us-east-2",
            "security_group_id": "sg-0fadcf654680f20fa",
            "security_group_rule_id": "sgr-01fde1d96703e078e",
            "tags": null,
            "tags_all": {},
            "to_port": 80
          },
          "sensitive_attributes": [],
          "identity_schema_version": 0,
          "dependencies": [
            "aws_security_group.web_tier_sg",
            "aws_vpc.dipen_custom-vpc"
          ]
        }
      ]
    },
    {
      "mode": "managed",
      "type": "aws_vpc_security_group_ingress_rule",
      "name": "allow_https_ipv4_web",
      "provider": "provider[\"registry.terraform.io/hashicorp/aws\"]",
      "instances": [
        {
          "schema_version": 0,
          "attributes": {
            "arn": "arn:aws:ec2:us-east-2:167611893883:security-group-rule/sgr-0d2adfe07c89b2036",
            "cidr_ipv4": "0.0.0.0/0",
            "cidr_ipv6": null,
            "description": null,
            "from_port": 443,
            "id": "sgr-0d2adfe07c89b2036",
            "ip_protocol": "tcp",
            "prefix_list_id": null,
            "referenced_security_group_id": null,
            "region": "us-east-2",
            "security_group_id": "sg-0fadcf654680f20fa",
            "security_group_rule_id": "sgr-0d2adfe07c89b2036",
            "tags": null,
            "tags_all": {},
            "to_port": 443
          },
          "sensitive_attributes": [],
          "identity_schema_version": 0,
          "dependencies": [
            "aws_security_group.web_tier_sg",
            "aws_vpc.dipen_custom-vpc"
          ]
        }
      ]
    },
    {
      "mode": "managed",
      "type": "aws_vpc_security_group_ingress_rule",
      "name": "allow_mysql_from_app_sg",
      "provider": "provider[\"registry.terraform.io/hashicorp/aws\"]",
      "instances": [
        {
          "schema_version": 0,
          "attributes": {
            "arn": "arn:aws:ec2:us-east-2:167611893883:security-group-rule/sgr-01fc38bfd94821b82",
            "cidr_ipv4": null,
            "cidr_ipv6": null,
            "description": null,
            "from_port": 3306,
            "id": "sgr-01fc38bfd94821b82",
            "ip_protocol": "tcp",
            "prefix_list_id": null,
            "referenced_security_group_id": "sg-08d6e18060ab9377e",
            "region": "us-east-2",
            "security_group_id": "sg-0320a52aade3a59f0",
            "security_group_rule_id": "sgr-01fc38bfd94821b82",
            "tags": null,
            "tags_all": {},
            "to_port": 3306
          },
          "sensitive_attributes": [],
          "identity_schema_version": 0,
          "dependencies": [
            "aws_security_group.app_tier_sg",
            "aws_security_group.db_tier_sg",
            "aws_vpc.dipen_custom-vpc"
          ]
        }
      ]
    },
    {
      "mode": "managed",
      "type": "aws_vpc_security_group_ingress_rule",
      "name": "allow_ssh_ipv4_web",
      "provider": "provider[\"registry.terraform.io/hashicorp/aws\"]",
      "instances": [
        {
          "schema_version": 0,
          "attributes": {
            "arn": "arn:aws:ec2:us-east-2:167611893883:security-group-rule/sgr-0422997e55825bd84",
            "cidr_ipv4": "0.0.0.0/0",
            "cidr_ipv6": null,
            "description": null,
            "from_port": 22,
            "id": "sgr-0422997e55825bd84",
            "ip_protocol": "tcp",
            "prefix_list_id": null,
            "referenced_security_group_id": null,
            "region": "us-east-2",
            "security_group_id": "sg-0fadcf654680f20fa",
            "security_group_rule_id": "sgr-0422997e55825bd84",
            "tags": null,
            "tags_all": {},
            "to_port": 22
          },
          "sensitive_attributes": [],
          "identity_schema_version": 0,
          "dependencies": [
            "aws_security_group.web_tier_sg",
            "aws_vpc.dipen_custom-vpc"
          ]
        }
      ]
    },
    {
      "mode": "managed",
      "type": "aws_vpc_security_group_ingress_rule",
      "name": "app_http_from_alb",
      "provider": "provider[\"registry.terraform.io/hashicorp/aws\"]",
      "instances": [
        {
          "schema_version": 0,
          "attributes": {
            "arn": "arn:aws:ec2:us-east-2:167611893883:security-group-rule/sgr-09fdcd7fa0480c7ae",
            "cidr_ipv4": null,
            "cidr_ipv6": null,
            "description": null,
            "from_port": 80,
            "id": "sgr-09fdcd7fa0480c7ae",
            "ip_protocol": "tcp",
            "prefix_list_id": null,
            "referenced_security_group_id": "sg-07ed5976463d7b33a",
            "region": "us-east-2",
            "security_group_id": "sg-08d6e18060ab9377e",
            "security_group_rule_id": "sgr-09fdcd7fa0480c7ae",
            "tags": null,
            "tags_all": {},
            "to_port": 80
          },
          "sensitive_attributes": [],
          "identity_schema_version": 0,
          "dependencies": [
            "aws_security_group.alb_internal_sg",
            "aws_security_group.app_tier_sg",
            "aws_vpc.dipen_custom-vpc"
          ]
        }
      ]
    },
    {
      "mode": "managed",
      "type": "local_file",
      "name": "save_private_key",
      "provider": "provider[\"registry.terraform.io/hashicorp/local\"]",
      "instances": [
        {
          "schema_version": 0,
          "attributes": {
            "content": "-----BEGIN RSA PRIVATE KEY-----\nMIIJKAIBAAKCAgEA6GUz97ZNa/ew8AdX3iV+tPcT0RSDoKMFK1fRQb263mR5wqeJ\nnKcgNH3abUOu8p2dEA0/BNonLvoQQvz4tqXMsFeDdZeBqx+oaXw9x56SIwIYmwc2\ng4Wv2etfNrrM7h0GmQv7D5zvup2EAwxkdC/mEiFDmV05w6bBldho1M4WucZ9mXcg\nVHzDzQ61xGgRmu+cmMwr2arHZ482knr+qVvF4p3jTWZchTfb8w7k5e9b4MNyXrN7\ngTqqeSgzeuK0UTZJ9ODj4dIfeDZvIWvpraqsm7F/rKj1vu/lA/9JQYldvS5q8FLp\nOOI0LQQyZ/ew0UVE6fHQJdRMPTNhNKTglwd3/aaXIfMsIAmwT2uizaL14BB3AQmI\nF/37MwqK+f+UWLAAsrf0WazeX4ontu87QcWhEBJ1wh/reyhaIZGjTWJei0L3oMiF\nJVFY3Bu8tth2d7Qgj+feyHJqUL+vWpqjfguqHf1WG5Z0nBqR3cbKdroAO5/vczYc\n7VzS8A0eWrp7sfLrhqW7YtMl54KDhbN3e3rcCR0Cz6tpI8+7qBT+ta2pVBlOtaA0\nBmSw1gUbhqBR/1Jj2p/zg1TJdlXPOCoJSdTkvuI2NQ9tKC2/4RjOv2vnYJgixVaD\nlsIRMNEKO43YTxQYwKLQZGQTFC0AaGQJ/MDmCWUlsm+dZOY6pD3NoaxKFw8CAwEA\nAQKCAgA1R9qpzOSkP9YTugNFvb/2mn0zHupsvmN1g/1IfsjkqxGVdNbikRiboE0f\nZvipzEQRxY+wu5lnNlLbIOee7JVoyq+rmrBSfQAeKyt45Fyp5RWiGX3AmrpuEn4y\nbJKGdyYnma0Wb8swtGNrVYCEeOTdPD4k39BaEJXqloK2Y4enUSBDuqGxbSdxEJHQ\n9XEv3ga/q3PUREjSb+25mLRhPNa6NavC95h3vI5ThBMrunyMpBLJLoo+3yXtgC+J\nWYew5OsA1zy37fZkF8rT1UtukyZezcuxWM162MJfb7yqZ2WT9Zvz/HZXIdmHhqJN\n3uZtnF2H63Zm7e0KzQhYywJo7f/uujnYczJi4iBc6UAGx8sfGkOjAjEeWdprp4G/\nue+MTIQuSMKyT2OxDvRIqqVlWm1jkd8ZLLBH625CdeLdteuK01xTrCH5yNq38UhA\n43987Lcxj3eYEXa56x75f1LmutioD1/z4YKTVdYysl1rls6da1vYH7QmUY2vECID\n6NKP3oc00aWcFl48Vx1wj9Fi+vxjH/1EY63ZgBBZ6lG6R4W7VTUvmOKjlfcUSi79\nJzPuIWneeLqR45XfL0cBsf+7Qimi+x3RnK4Z1Zn7/N3ms6XPXvvtaNaZIJOfs5Vs\n0p4kFIOu0lPWvH1aGbBRsjPJ9jfzYbJgL0iMEKRRBPX5/hULCQKCAQEA6T++29XN\nQONHhQ3uJzYx0o7GHR7w8IMUTMpZLLM6JNefOAmKFqvfYxoeAzZNp8HNy5mJCZQP\nX8+YZDYmlDV/8d54lpwFO/TtwACkLT4Evk1CL7eCmWrWjDv3bqNYHKAs/aHPbh2H\ny2tiLXm4FbjkBorG4MAfsy2NdiamVS7W6aUHtt1tmLnbkAlyveaOFRhwsHAikGnQ\nUUKC/XXpcP/RdynQWApKrsORgL+QRd4+O5EyzX9oscOm4lCkkzu3frkT77IPT1cq\nR3MSWBPxEEtV86B6YrJYZ1xZwQfRZDwGHg9zo9Jxq5SKbWx5vLfeHMkGIbSFuFWE\nkkIGC3jzg9hKVwKCAQEA/xAkE5VLGaP+ssvnfFRnjemA247spdmM0IVo4sVYBxfS\nBCoJXl1cHYXw7EG+flgOZqzf2x6DZN4XMVboPxuDF+8mZe7Igz2q+WXxxfRrOL9b\nM7MeIbxD/4WJ/udMOvPG5e0QEPTm9v8mlGXl1URh3Wc81oDucsJQKqP7Dccsrer9\nKvxbkvYkaEd+n+bER3kn4jhaVlO8hBKYZnNYfLCMoIRGqN+epqzeiroBM/z2MsXy\nh97KyXa9e3tbWyWRJVEWsH+evC4+peADCRuWbBfjaIXLvGKTZSETbG/S6wpG7CQ2\n8MnPyazhDIEkQPvsVB9wXKLvb+fnzel6KmiHr5QWCQKCAQAY3QyxTmckxZV4H3YF\nhAdnlISV0hiI6tAdJ2y+ERTfnISCarHnnMahP8V3PjCk80nGrEUpWjkRU4XBGOyf\n29wZokdkdpkwPPmi/+6ATB4hUwb9Iyiuxe684B+OEadw1bo2ByufZ1J0YqwCgPkY\nh67265AroQ9AAFkWASS169pI6aia25u1Lgqzne43Q/5dTU+l3y4wCreEEfz4m7sY\nqoxfkXt+BwrS+lHmUYVFjV1A6EdsFGrKmDqP4VzJvRHgVkZDxM1Q/c+p8iBAd0+5\nFu7Am5iwMKavze5bX0P41VUpmygOjH5Fdf4Tj/6iGU957gvTR/UBI0yQcq1GR8xd\nf47dAoIBAQD8oHELEHCM2dh4IOuLQlI6xc8CJ+KONhZ5pdmH2ixhAh/aTgRveYq2\nFybT6h4SJ4dD/O/PqL49VpekH87ySn6iYxUmGsZw7tB8KpO4HGlikG11nHA4u66h\n1BMk7NSdAzy6GP4zvU1R0M/WZcKpZAyGbS1dy9/gvEMIqNgNAnxnWfsc60yMF81h\nl4Z8O+WmYQK21lfrbw6lxYE63/4Bqh/vEHSn6KzLqybUQnzUkDUNfu/D0VALENeG\nCV0nvuKvEkylzhFbk3Yrdt+q0q8/Kr3rlbGASiZxILyLR4qhj9FFLG1aOpjayKcy\namqNDrg5bdYtepgqv4fhc+GzRUs3BTZ5AoIBAG+sQsPHC2iVAs1J6zLBjFSWbBYa\n3hzv0PD0QIrHryzqcd36Il510tM/2H+sjaUTtnODNvNZ9TtlGfwcwk0JUqxsfanq\nqvbxHcvpLV95rGFsrqw4C7yT0b/9/gTTgvaGgk0GSPKFh+N0ntICUmdvDDLd2x5S\nkAXDPmRiKalZZeizirEgoCz3Qf1Tv3Hr8ILZ2e8hKd2CKaaoFHeySBPNKE/EsSap\nr9qwyYXpcNjPZ9oas3LDyph6bR1J4vAXt9h8BBg02juUqXcDGaIoG479Iqb/CZi/\nDo63ppyrjIkJC1I6Cfoa+KhdE+wO9sq4uDdj+3/JQsMeIWEY3BAbrd8VYA8=\n-----END RSA PRIVATE KEY-----\n",
            "content_base64": null,
            "content_base64sha256": "rVz/g6LutO4y9HRZbPxSlH/t/18PIm4lidg0O6H/cXg=",
            "content_base64sha512": "acf+KHu2WkZjbMQkSMvzVEKDot9Pso7OAZjB4H/n/vIlysFnVfrfqgrger9lpHvqQFI1k4RJsQvEP0e3UxN7qA==",
            "content_md5": "641a310f2fda84ce2de7292b4480bc28",
            "content_sha1": "22791912e4c2a80b038a48554c00ccbae6619edd",
            "content_sha256": "ad5cff83a2eeb4ee32f474596cfc52947fedff5f0f226e2589d8343ba1ff7178",
            "content_sha512": "69c7fe287bb65a46636cc42448cbf3544283a2df4fb28ece0198c1e07fe7fef225cac16755fadfaa0ae07abf65a47bea405235938449b10bc43f47b753137ba8",
            "directory_permission": "0777",
            "file_permission": "0600",
            "filename": "./dipen-keypair.pem",
            "id": "22791912e4c2a80b038a48554c00ccbae6619edd",
            "sensitive_content": null,
            "source": null
          },
          "sensitive_attributes": [
            [
              {
                "type": "get_attr",
                "value": "content"
              }
            ],
            [
              {
                "type": "get_attr",
                "value": "sensitive_content"
              }
            ]
          ],
          "identity_schema_version": 0,
          "dependencies": [
            "tls_private_key.dipen_key"
          ]
        }
      ]
    },
    {
      "mode": "managed",
      "type": "tls_private_key",
      "name": "dipen_key",
      "provider": "provider[\"registry.terraform.io/hashicorp/tls\"]",
      "instances": [
        {
          "schema_version": 1,
          "attributes": {
            "algorithm": "RSA",
            "ecdsa_curve": "P224",
            "id": "f52089b63fb1fdef661a62852b113f546ec2463d",
            "private_key_openssh": "-----BEGIN OPENSSH PRIVATE KEY-----\nb3BlbnNzaC1rZXktdjEAAAAABG5vbmUAAAAEbm9uZQAAAAAAAAABAAACFwAAAAdz\nc2gtcnNhAAAAAwEAAQAAAgEA6GUz97ZNa/ew8AdX3iV+tPcT0RSDoKMFK1fRQb26\n3mR5wqeJnKcgNH3abUOu8p2dEA0/BNonLvoQQvz4tqXMsFeDdZeBqx+oaXw9x56S\nIwIYmwc2g4Wv2etfNrrM7h0GmQv7D5zvup2EAwxkdC/mEiFDmV05w6bBldho1M4W\nucZ9mXcgVHzDzQ61xGgRmu+cmMwr2arHZ482knr+qVvF4p3jTWZchTfb8w7k5e9b\n4MNyXrN7gTqqeSgzeuK0UTZJ9ODj4dIfeDZvIWvpraqsm7F/rKj1vu/lA/9JQYld\nvS5q8FLpOOI0LQQyZ/ew0UVE6fHQJdRMPTNhNKTglwd3/aaXIfMsIAmwT2uizaL1\n4BB3AQmIF/37MwqK+f+UWLAAsrf0WazeX4ontu87QcWhEBJ1wh/reyhaIZGjTWJe\ni0L3oMiFJVFY3Bu8tth2d7Qgj+feyHJqUL+vWpqjfguqHf1WG5Z0nBqR3cbKdroA\nO5/vczYc7VzS8A0eWrp7sfLrhqW7YtMl54KDhbN3e3rcCR0Cz6tpI8+7qBT+ta2p\nVBlOtaA0BmSw1gUbhqBR/1Jj2p/zg1TJdlXPOCoJSdTkvuI2NQ9tKC2/4RjOv2vn\nYJgixVaDlsIRMNEKO43YTxQYwKLQZGQTFC0AaGQJ/MDmCWUlsm+dZOY6pD3NoaxK\nFw8AAAc4F3jVXBd41VwAAAAHc3NoLXJzYQAAAgEA6GUz97ZNa/ew8AdX3iV+tPcT\n0RSDoKMFK1fRQb263mR5wqeJnKcgNH3abUOu8p2dEA0/BNonLvoQQvz4tqXMsFeD\ndZeBqx+oaXw9x56SIwIYmwc2g4Wv2etfNrrM7h0GmQv7D5zvup2EAwxkdC/mEiFD\nmV05w6bBldho1M4WucZ9mXcgVHzDzQ61xGgRmu+cmMwr2arHZ482knr+qVvF4p3j\nTWZchTfb8w7k5e9b4MNyXrN7gTqqeSgzeuK0UTZJ9ODj4dIfeDZvIWvpraqsm7F/\nrKj1vu/lA/9JQYldvS5q8FLpOOI0LQQyZ/ew0UVE6fHQJdRMPTNhNKTglwd3/aaX\nIfMsIAmwT2uizaL14BB3AQmIF/37MwqK+f+UWLAAsrf0WazeX4ontu87QcWhEBJ1\nwh/reyhaIZGjTWJei0L3oMiFJVFY3Bu8tth2d7Qgj+feyHJqUL+vWpqjfguqHf1W\nG5Z0nBqR3cbKdroAO5/vczYc7VzS8A0eWrp7sfLrhqW7YtMl54KDhbN3e3rcCR0C\nz6tpI8+7qBT+ta2pVBlOtaA0BmSw1gUbhqBR/1Jj2p/zg1TJdlXPOCoJSdTkvuI2\nNQ9tKC2/4RjOv2vnYJgixVaDlsIRMNEKO43YTxQYwKLQZGQTFC0AaGQJ/MDmCWUl\nsm+dZOY6pD3NoaxKFw8AAAADAQABAAACADVH2qnM5KQ/1hO6A0W9v/aafTMe6my+\nY3WD/Uh+yOSrEZV01uKRGJugTR9m+KnMRBHFj7C7mWc2Utsg557slWjKr6uasFJ9\nAB4rK3jkXKnlFaIZfcCaum4SfjJskoZ3JieZrRZvyzC0Y2tVgIR45N08PiTf0FoQ\nleqWgrZjh6dRIEO6obFtJ3EQkdD1cS/eBr+rc9RESNJv7bmYtGE81ro1q8L3mHe8\njlOEEyu6fIykEskuij7fJe2AL4lZh7Dk6wDXPLft9mQXytPVS26TJl7Ny7FYzXrY\nwl9vvKpnZZP1m/P8dlch2YeGok3e5m2cXYfrdmbt7QrNCFjLAmjt/+66OdhzMmLi\nIFzpQAbHyx8aQ6MCMR5Z2mungb+574xMhC5IwrJPY7EO9EiqpWVabWOR3xkssEfr\nbkJ14t2164rTXFOsIfnI2rfxSEDjf3zstzGPd5gRdrnrHvl/Uua62KgPX/PhgpNV\n1jKyXWuWzp1rW9gftCZRja8QIgPo0o/ehzTRpZwWXjxXHXCP0WL6/GMf/URjrdmA\nEFnqUbpHhbtVNS+Y4qOV9xRKLv0nM+4had54upHjld8vRwGx/7tCKaL7HdGcrhnV\nmfv83eazpc9e++1o1pkgk5+zlWzSniQUg67SU9a8fVoZsFGyM8n2N/NhsmAvSIwQ\npFEE9fn+FQsJAAABAG+sQsPHC2iVAs1J6zLBjFSWbBYa3hzv0PD0QIrHryzqcd36\nIl510tM/2H+sjaUTtnODNvNZ9TtlGfwcwk0JUqxsfanqqvbxHcvpLV95rGFsrqw4\nC7yT0b/9/gTTgvaGgk0GSPKFh+N0ntICUmdvDDLd2x5SkAXDPmRiKalZZeizirEg\noCz3Qf1Tv3Hr8ILZ2e8hKd2CKaaoFHeySBPNKE/EsSapr9qwyYXpcNjPZ9oas3LD\nyph6bR1J4vAXt9h8BBg02juUqXcDGaIoG479Iqb/CZi/Do63ppyrjIkJC1I6Cfoa\n+KhdE+wO9sq4uDdj+3/JQsMeIWEY3BAbrd8VYA8AAAEBAOk/vtvVzUDjR4UN7ic2\nMdKOxh0e8PCDFEzKWSyzOiTXnzgJihar32MaHgM2TafBzcuZiQmUD1/PmGQ2JpQ1\nf/HeeJacBTv07cAApC0+BL5NQi+3gplq1ow7926jWBygLP2hz24dh8trYi15uBW4\n5AaKxuDAH7MtjXYmplUu1umlB7bdbZi525AJcr3mjhUYcLBwIpBp0FFCgv116XD/\n0Xcp0FgKSq7DkYC/kEXePjuRMs1/aLHDpuJQpJM7t365E++yD09XKkdzElgT8RBL\nVfOgemKyWGdcWcEH0WQ8Bh4Pc6PScauUim1seby33hzJBiG0hbhVhJJCBgt484PY\nSlcAAAEBAP8QJBOVSxmj/rLL53xUZ43pgNuO7KXZjNCFaOLFWAcX0gQqCV5dXB2F\n8OxBvn5YDmas39seg2TeFzFW6D8bgxfvJmXuyIM9qvll8cX0azi/WzOzHiG8Q/+F\nif7nTDrzxuXtEBD05vb/JpRl5dVEYd1nPNaA7nLCUCqj+w3HLK3q/Sr8W5L2JGhH\nfp/mxEd5J+I4WlZTvIQSmGZzWHywjKCERqjfnqas3oq6ATP89jLF8ofeysl2vXt7\nW1slkSVRFrB/nrwuPqXgAwkblmwX42iFy7xik2UhE2xv0usKRuwkNvDJz8ms4QyB\nJED77FQfcFyi72/n583peipoh6+UFgkAAAAAAQID\n-----END OPENSSH PRIVATE KEY-----\n",
            "private_key_pem": "-----BEGIN RSA PRIVATE KEY-----\nMIIJKAIBAAKCAgEA6GUz97ZNa/ew8AdX3iV+tPcT0RSDoKMFK1fRQb263mR5wqeJ\nnKcgNH3abUOu8p2dEA0/BNonLvoQQvz4tqXMsFeDdZeBqx+oaXw9x56SIwIYmwc2\ng4Wv2etfNrrM7h0GmQv7D5zvup2EAwxkdC/mEiFDmV05w6bBldho1M4WucZ9mXcg\nVHzDzQ61xGgRmu+cmMwr2arHZ482knr+qVvF4p3jTWZchTfb8w7k5e9b4MNyXrN7\ngTqqeSgzeuK0UTZJ9ODj4dIfeDZvIWvpraqsm7F/rKj1vu/lA/9JQYldvS5q8FLp\nOOI0LQQyZ/ew0UVE6fHQJdRMPTNhNKTglwd3/aaXIfMsIAmwT2uizaL14BB3AQmI\nF/37MwqK+f+UWLAAsrf0WazeX4ontu87QcWhEBJ1wh/reyhaIZGjTWJei0L3oMiF\nJVFY3Bu8tth2d7Qgj+feyHJqUL+vWpqjfguqHf1WG5Z0nBqR3cbKdroAO5/vczYc\n7VzS8A0eWrp7sfLrhqW7YtMl54KDhbN3e3rcCR0Cz6tpI8+7qBT+ta2pVBlOtaA0\nBmSw1gUbhqBR/1Jj2p/zg1TJdlXPOCoJSdTkvuI2NQ9tKC2/4RjOv2vnYJgixVaD\nlsIRMNEKO43YTxQYwKLQZGQTFC0AaGQJ/MDmCWUlsm+dZOY6pD3NoaxKFw8CAwEA\nAQKCAgA1R9qpzOSkP9YTugNFvb/2mn0zHupsvmN1g/1IfsjkqxGVdNbikRiboE0f\nZvipzEQRxY+wu5lnNlLbIOee7JVoyq+rmrBSfQAeKyt45Fyp5RWiGX3AmrpuEn4y\nbJKGdyYnma0Wb8swtGNrVYCEeOTdPD4k39BaEJXqloK2Y4enUSBDuqGxbSdxEJHQ\n9XEv3ga/q3PUREjSb+25mLRhPNa6NavC95h3vI5ThBMrunyMpBLJLoo+3yXtgC+J\nWYew5OsA1zy37fZkF8rT1UtukyZezcuxWM162MJfb7yqZ2WT9Zvz/HZXIdmHhqJN\n3uZtnF2H63Zm7e0KzQhYywJo7f/uujnYczJi4iBc6UAGx8sfGkOjAjEeWdprp4G/\nue+MTIQuSMKyT2OxDvRIqqVlWm1jkd8ZLLBH625CdeLdteuK01xTrCH5yNq38UhA\n43987Lcxj3eYEXa56x75f1LmutioD1/z4YKTVdYysl1rls6da1vYH7QmUY2vECID\n6NKP3oc00aWcFl48Vx1wj9Fi+vxjH/1EY63ZgBBZ6lG6R4W7VTUvmOKjlfcUSi79\nJzPuIWneeLqR45XfL0cBsf+7Qimi+x3RnK4Z1Zn7/N3ms6XPXvvtaNaZIJOfs5Vs\n0p4kFIOu0lPWvH1aGbBRsjPJ9jfzYbJgL0iMEKRRBPX5/hULCQKCAQEA6T++29XN\nQONHhQ3uJzYx0o7GHR7w8IMUTMpZLLM6JNefOAmKFqvfYxoeAzZNp8HNy5mJCZQP\nX8+YZDYmlDV/8d54lpwFO/TtwACkLT4Evk1CL7eCmWrWjDv3bqNYHKAs/aHPbh2H\ny2tiLXm4FbjkBorG4MAfsy2NdiamVS7W6aUHtt1tmLnbkAlyveaOFRhwsHAikGnQ\nUUKC/XXpcP/RdynQWApKrsORgL+QRd4+O5EyzX9oscOm4lCkkzu3frkT77IPT1cq\nR3MSWBPxEEtV86B6YrJYZ1xZwQfRZDwGHg9zo9Jxq5SKbWx5vLfeHMkGIbSFuFWE\nkkIGC3jzg9hKVwKCAQEA/xAkE5VLGaP+ssvnfFRnjemA247spdmM0IVo4sVYBxfS\nBCoJXl1cHYXw7EG+flgOZqzf2x6DZN4XMVboPxuDF+8mZe7Igz2q+WXxxfRrOL9b\nM7MeIbxD/4WJ/udMOvPG5e0QEPTm9v8mlGXl1URh3Wc81oDucsJQKqP7Dccsrer9\nKvxbkvYkaEd+n+bER3kn4jhaVlO8hBKYZnNYfLCMoIRGqN+epqzeiroBM/z2MsXy\nh97KyXa9e3tbWyWRJVEWsH+evC4+peADCRuWbBfjaIXLvGKTZSETbG/S6wpG7CQ2\n8MnPyazhDIEkQPvsVB9wXKLvb+fnzel6KmiHr5QWCQKCAQAY3QyxTmckxZV4H3YF\nhAdnlISV0hiI6tAdJ2y+ERTfnISCarHnnMahP8V3PjCk80nGrEUpWjkRU4XBGOyf\n29wZokdkdpkwPPmi/+6ATB4hUwb9Iyiuxe684B+OEadw1bo2ByufZ1J0YqwCgPkY\nh67265AroQ9AAFkWASS169pI6aia25u1Lgqzne43Q/5dTU+l3y4wCreEEfz4m7sY\nqoxfkXt+BwrS+lHmUYVFjV1A6EdsFGrKmDqP4VzJvRHgVkZDxM1Q/c+p8iBAd0+5\nFu7Am5iwMKavze5bX0P41VUpmygOjH5Fdf4Tj/6iGU957gvTR/UBI0yQcq1GR8xd\nf47dAoIBAQD8oHELEHCM2dh4IOuLQlI6xc8CJ+KONhZ5pdmH2ixhAh/aTgRveYq2\nFybT6h4SJ4dD/O/PqL49VpekH87ySn6iYxUmGsZw7tB8KpO4HGlikG11nHA4u66h\n1BMk7NSdAzy6GP4zvU1R0M/WZcKpZAyGbS1dy9/gvEMIqNgNAnxnWfsc60yMF81h\nl4Z8O+WmYQK21lfrbw6lxYE63/4Bqh/vEHSn6KzLqybUQnzUkDUNfu/D0VALENeG\nCV0nvuKvEkylzhFbk3Yrdt+q0q8/Kr3rlbGASiZxILyLR4qhj9FFLG1aOpjayKcy\namqNDrg5bdYtepgqv4fhc+GzRUs3BTZ5AoIBAG+sQsPHC2iVAs1J6zLBjFSWbBYa\n3hzv0PD0QIrHryzqcd36Il510tM/2H+sjaUTtnODNvNZ9TtlGfwcwk0JUqxsfanq\nqvbxHcvpLV95rGFsrqw4C7yT0b/9/gTTgvaGgk0GSPKFh+N0ntICUmdvDDLd2x5S\nkAXDPmRiKalZZeizirEgoCz3Qf1Tv3Hr8ILZ2e8hKd2CKaaoFHeySBPNKE/EsSap\nr9qwyYXpcNjPZ9oas3LDyph6bR1J4vAXt9h8BBg02juUqXcDGaIoG479Iqb/CZi/\nDo63ppyrjIkJC1I6Cfoa+KhdE+wO9sq4uDdj+3/JQsMeIWEY3BAbrd8VYA8=\n-----END RSA PRIVATE KEY-----\n",
            "private_key_pem_pkcs8": "-----BEGIN PRIVATE KEY-----\nMIIJQgIBADANBgkqhkiG9w0BAQEFAASCCSwwggkoAgEAAoICAQDoZTP3tk1r97Dw\nB1feJX609xPRFIOgowUrV9FBvbreZHnCp4mcpyA0fdptQ67ynZ0QDT8E2icu+hBC\n/Pi2pcywV4N1l4GrH6hpfD3HnpIjAhibBzaDha/Z6182uszuHQaZC/sPnO+6nYQD\nDGR0L+YSIUOZXTnDpsGV2GjUzha5xn2ZdyBUfMPNDrXEaBGa75yYzCvZqsdnjzaS\nev6pW8XineNNZlyFN9vzDuTl71vgw3Jes3uBOqp5KDN64rRRNkn04OPh0h94Nm8h\na+mtqqybsX+sqPW+7+UD/0lBiV29LmrwUuk44jQtBDJn97DRRUTp8dAl1Ew9M2E0\npOCXB3f9ppch8ywgCbBPa6LNovXgEHcBCYgX/fszCor5/5RYsACyt/RZrN5fiie2\n7ztBxaEQEnXCH+t7KFohkaNNYl6LQvegyIUlUVjcG7y22HZ3tCCP597IcmpQv69a\nmqN+C6od/VYblnScGpHdxsp2ugA7n+9zNhztXNLwDR5aunux8uuGpbti0yXngoOF\ns3d7etwJHQLPq2kjz7uoFP61ralUGU61oDQGZLDWBRuGoFH/UmPan/ODVMl2Vc84\nKglJ1OS+4jY1D20oLb/hGM6/a+dgmCLFVoOWwhEw0Qo7jdhPFBjAotBkZBMULQBo\nZAn8wOYJZSWyb51k5jqkPc2hrEoXDwIDAQABAoICADVH2qnM5KQ/1hO6A0W9v/aa\nfTMe6my+Y3WD/Uh+yOSrEZV01uKRGJugTR9m+KnMRBHFj7C7mWc2Utsg557slWjK\nr6uasFJ9AB4rK3jkXKnlFaIZfcCaum4SfjJskoZ3JieZrRZvyzC0Y2tVgIR45N08\nPiTf0FoQleqWgrZjh6dRIEO6obFtJ3EQkdD1cS/eBr+rc9RESNJv7bmYtGE81ro1\nq8L3mHe8jlOEEyu6fIykEskuij7fJe2AL4lZh7Dk6wDXPLft9mQXytPVS26TJl7N\ny7FYzXrYwl9vvKpnZZP1m/P8dlch2YeGok3e5m2cXYfrdmbt7QrNCFjLAmjt/+66\nOdhzMmLiIFzpQAbHyx8aQ6MCMR5Z2mungb+574xMhC5IwrJPY7EO9EiqpWVabWOR\n3xkssEfrbkJ14t2164rTXFOsIfnI2rfxSEDjf3zstzGPd5gRdrnrHvl/Uua62KgP\nX/PhgpNV1jKyXWuWzp1rW9gftCZRja8QIgPo0o/ehzTRpZwWXjxXHXCP0WL6/GMf\n/URjrdmAEFnqUbpHhbtVNS+Y4qOV9xRKLv0nM+4had54upHjld8vRwGx/7tCKaL7\nHdGcrhnVmfv83eazpc9e++1o1pkgk5+zlWzSniQUg67SU9a8fVoZsFGyM8n2N/Nh\nsmAvSIwQpFEE9fn+FQsJAoIBAQDpP77b1c1A40eFDe4nNjHSjsYdHvDwgxRMylks\nszok1584CYoWq99jGh4DNk2nwc3LmYkJlA9fz5hkNiaUNX/x3niWnAU79O3AAKQt\nPgS+TUIvt4KZataMO/duo1gcoCz9oc9uHYfLa2ItebgVuOQGisbgwB+zLY12JqZV\nLtbppQe23W2YuduQCXK95o4VGHCwcCKQadBRQoL9delw/9F3KdBYCkquw5GAv5BF\n3j47kTLNf2ixw6biUKSTO7d+uRPvsg9PVypHcxJYE/EQS1XzoHpislhnXFnBB9Fk\nPAYeD3Oj0nGrlIptbHm8t94cyQYhtIW4VYSSQgYLePOD2EpXAoIBAQD/ECQTlUsZ\no/6yy+d8VGeN6YDbjuyl2YzQhWjixVgHF9IEKgleXVwdhfDsQb5+WA5mrN/bHoNk\n3hcxVug/G4MX7yZl7siDPar5ZfHF9Gs4v1szsx4hvEP/hYn+50w688bl7RAQ9Ob2\n/yaUZeXVRGHdZzzWgO5ywlAqo/sNxyyt6v0q/FuS9iRoR36f5sRHeSfiOFpWU7yE\nEphmc1h8sIyghEao356mrN6KugEz/PYyxfKH3srJdr17e1tbJZElURawf568Lj6l\n4AMJG5ZsF+Nohcu8YpNlIRNsb9LrCkbsJDbwyc/JrOEMgSRA++xUH3Bcou9v5+fN\n6XoqaIevlBYJAoIBABjdDLFOZyTFlXgfdgWEB2eUhJXSGIjq0B0nbL4RFN+chIJq\nseecxqE/xXc+MKTzScasRSlaORFThcEY7J/b3BmiR2R2mTA8+aL/7oBMHiFTBv0j\nKK7F7rzgH44Rp3DVujYHK59nUnRirAKA+RiHrvbrkCuhD0AAWRYBJLXr2kjpqJrb\nm7UuCrOd7jdD/l1NT6XfLjAKt4QR/PibuxiqjF+Re34HCtL6UeZRhUWNXUDoR2wU\nasqYOo/hXMm9EeBWRkPEzVD9z6nyIEB3T7kW7sCbmLAwpq/N7ltfQ/jVVSmbKA6M\nfkV1/hOP/qIZT3nuC9NH9QEjTJByrUZHzF1/jt0CggEBAPygcQsQcIzZ2Hgg64tC\nUjrFzwIn4o42Fnml2YfaLGECH9pOBG95irYXJtPqHhInh0P878+ovj1Wl6QfzvJK\nfqJjFSYaxnDu0Hwqk7gcaWKQbXWccDi7rqHUEyTs1J0DPLoY/jO9TVHQz9Zlwqlk\nDIZtLV3L3+C8Qwio2A0CfGdZ+xzrTIwXzWGXhnw75aZhArbWV+tvDqXFgTrf/gGq\nH+8QdKforMurJtRCfNSQNQ1+78PRUAsQ14YJXSe+4q8STKXOEVuTdit236rSrz8q\nveuVsYBKJnEgvItHiqGP0UUsbVo6mNrIpzJqao0OuDlt1i16mCq/h+Fz4bNFSzcF\nNnkCggEAb6xCw8cLaJUCzUnrMsGMVJZsFhreHO/Q8PRAisevLOpx3foiXnXS0z/Y\nf6yNpRO2c4M281n1O2UZ/BzCTQlSrGx9qeqq9vEdy+ktX3msYWyurDgLvJPRv/3+\nBNOC9oaCTQZI8oWH43Se0gJSZ28MMt3bHlKQBcM+ZGIpqVll6LOKsSCgLPdB/VO/\ncevwgtnZ7yEp3YIppqgUd7JIE80oT8SxJqmv2rDJhelw2M9n2hqzcsPKmHptHUni\n8Be32HwEGDTaO5SpdwMZoigbjv0ipv8JmL8OjremnKuMiQkLUjoJ+hr4qF0T7A72\nyri4N2P7f8lCwx4hYRjcEBut3xVgDw==\n-----END PRIVATE KEY-----\n",
            "public_key_fingerprint_md5": "6f:17:d0:ec:6d:6e:99:3f:a5:85:32:b8:a6:5c:ca:ce",
            "public_key_fingerprint_sha256": "SHA256:D6qgMp1vfC3N6Jvf821VpZ9JRAJQeQTzEe+mBiLSuQw",
            "public_key_openssh": "ssh-rsa AAAAB3NzaC1yc2EAAAADAQABAAACAQDoZTP3tk1r97DwB1feJX609xPRFIOgowUrV9FBvbreZHnCp4mcpyA0fdptQ67ynZ0QDT8E2icu+hBC/Pi2pcywV4N1l4GrH6hpfD3HnpIjAhibBzaDha/Z6182uszuHQaZC/sPnO+6nYQDDGR0L+YSIUOZXTnDpsGV2GjUzha5xn2ZdyBUfMPNDrXEaBGa75yYzCvZqsdnjzaSev6pW8XineNNZlyFN9vzDuTl71vgw3Jes3uBOqp5KDN64rRRNkn04OPh0h94Nm8ha+mtqqybsX+sqPW+7+UD/0lBiV29LmrwUuk44jQtBDJn97DRRUTp8dAl1Ew9M2E0pOCXB3f9ppch8ywgCbBPa6LNovXgEHcBCYgX/fszCor5/5RYsACyt/RZrN5fiie27ztBxaEQEnXCH+t7KFohkaNNYl6LQvegyIUlUVjcG7y22HZ3tCCP597IcmpQv69amqN+C6od/VYblnScGpHdxsp2ugA7n+9zNhztXNLwDR5aunux8uuGpbti0yXngoOFs3d7etwJHQLPq2kjz7uoFP61ralUGU61oDQGZLDWBRuGoFH/UmPan/ODVMl2Vc84KglJ1OS+4jY1D20oLb/hGM6/a+dgmCLFVoOWwhEw0Qo7jdhPFBjAotBkZBMULQBoZAn8wOYJZSWyb51k5jqkPc2hrEoXDw==\n",
            "public_key_pem": "-----BEGIN PUBLIC KEY-----\nMIICIjANBgkqhkiG9w0BAQEFAAOCAg8AMIICCgKCAgEA6GUz97ZNa/ew8AdX3iV+\ntPcT0RSDoKMFK1fRQb263mR5wqeJnKcgNH3abUOu8p2dEA0/BNonLvoQQvz4tqXM\nsFeDdZeBqx+oaXw9x56SIwIYmwc2g4Wv2etfNrrM7h0GmQv7D5zvup2EAwxkdC/m\nEiFDmV05w6bBldho1M4WucZ9mXcgVHzDzQ61xGgRmu+cmMwr2arHZ482knr+qVvF\n4p3jTWZchTfb8w7k5e9b4MNyXrN7gTqqeSgzeuK0UTZJ9ODj4dIfeDZvIWvpraqs\nm7F/rKj1vu/lA/9JQYldvS5q8FLpOOI0LQQyZ/ew0UVE6fHQJdRMPTNhNKTglwd3\n/aaXIfMsIAmwT2uizaL14BB3AQmIF/37MwqK+f+UWLAAsrf0WazeX4ontu87QcWh\nEBJ1wh/reyhaIZGjTWJei0L3oMiFJVFY3Bu8tth2d7Qgj+feyHJqUL+vWpqjfguq\nHf1WG5Z0nBqR3cbKdroAO5/vczYc7VzS8A0eWrp7sfLrhqW7YtMl54KDhbN3e3rc\nCR0Cz6tpI8+7qBT+ta2pVBlOtaA0BmSw1gUbhqBR/1Jj2p/zg1TJdlXPOCoJSdTk\nvuI2NQ9tKC2/4RjOv2vnYJgixVaDlsIRMNEKO43YTxQYwKLQZGQTFC0AaGQJ/MDm\nCWUlsm+dZOY6pD3NoaxKFw8CAwEAAQ==\n-----END PUBLIC KEY-----\n",
            "rsa_bits": 4096
          },
          "sensitive_attributes": [
            [
              {
                "type": "get_attr",
                "value": "private_key_openssh"
              }
            ],
            [
              {
                "type": "get_attr",
                "value": "private_key_pem"
              }
            ],
            [
              {
                "type": "get_attr",
                "value": "private_key_pem_pkcs8"
              }
            ]
          ],
          "identity_schema_version": 0,
          "create_before_destroy": true
        }
      ]
    }
  ],
  "check_results": null
}
