{
  "version": 4,
  "terraform_version": "1.12.2",
  "serial": 1465,
  "lineage": "0db92712-bbea-3260-8822-2c094d12f3b9",
  "outputs": {
    "app_instance_private_ip": {
      "value": "10.0.3.232",
      "type": "string"
    },
    "app_instance_public_ip": {
      "value": "3.12.36.1",
      "type": "string"
    },
    "internal_alb_dns": {
      "value": "internal-app-internal-alb-1782421890.us-east-2.elb.amazonaws.com",
      "type": "string"
    },
    "internal_alb_dns_1": {
      "value": "internal-app-internal-alb-1782421890.us-east-2.elb.amazonaws.com",
      "type": "string"
    },
    "private_key_pem": {
      "value": "-----BEGIN RSA PRIVATE KEY-----\nMIIJKQIBAAKCAgEA5vol+achl0LrzTzzcTXnaxQGWfqDF5Kk8i0W1WJckzFE10UK\nsHXDwPEIZqU1hUSA0fGSl6qoa7q9h6HyW3APWahQysK1A0y/p9T5sFZIt6jN1ygS\ndYdmoj4JsnDyqsYEjIgoyzoBrxGoAJXWY/k+Zek95lq6jo8ohdkz0UhBiE2ayfka\n6gr0QYOYJ5KAtwLhxgSbuKUgobchnf27xnW25XQaImorkKahb3G/xrAXTpCyIO5Y\n1Jvgm1/RIrtuTygJ+u0ziZuxWU0qRqSO91LbzXqQTQN9HO+J/cZogrQz9F6251Y4\npiHGSvWD8puPbXqXirv+Gt4LyqoVRmCbo0grvwur2B7k/27iQbTay0KXK7jLDqir\nXZhnj+tBltwdHEefFcq7Tm7OjWsGRJEK6fsv83kUVWrH6ZvY4ks9Emop7aiju62o\nQo4l9gM1ppD5RC7ffOR6MX1f1Y7rFxR5JOssaBZNTjvJ3ayLPV26lcvLEfkv81IX\nEs94JbH52+X15OQKnt89NWjwmBXfMvb2Xii1sLfWlcNnZKnn806Ov8kP4dFXlp9U\nwPrJesRR7agp8eSU/6WqZbfVYxIe2BYR6GzOEIr1lHlaR8vaUSsMWLAxVWyQRIku\n+IgYN8DlVENQMT+d+xLxgfJaZQVpvzmZ5b7ug1NW394Dit/wkmgeoZEn7dcCAwEA\nAQKCAgAN4QYbJEHOdwT4RitSqCyJsKBZE8aAyh0DOFZg6BIr/g/m540m4Uyr8U/R\n6yd2JJGhC+UFHAoWvxfYaJDJkcg6WPTR2jVKR3hUu2VthSHFd202+n9xdHtkUFoA\n0Oyj+lYXo67f11J2lJcFwfsp8rYfJY7EorsHCe8ja9PDRZY6fH9Kl59YZOQcc63W\n4uS9Gn06ithYlgOJ9BkfBzobSMN+siVH4B1SCdE1gx5E8BvWardpZykLTXqHm5BT\nh/Ou6fb/jvVD1YkoloxtxkGY9u+iPzUgi48fB/3AtAVfpThh/Lb82593zBvAMVSG\nZXaO24jzmyw/rQwEV4gDvJZdj16hdPU3xdP4qWwTcpguD8S9zwxBSrzShjfiKAAA\n9zTSjLlkw+OC/2qPWA7GHLjm4Hj75i9czc4uhFLZUvEKuJaHG1jO4hXj+T18MbUB\nf8wnZEAIc+J2s4zQLan6lpY9l/gYQNtiPKyFRVZbslIHBEVQ9llBgUuzxY/Mwkuu\n2zBuFCr3efk+XD2rYNvLlLx218WqJdtoODkUi7JaqkExouig+4YiFHfXmmJ+i2DQ\ncNFFB3l5Fis6Z1UX9diBenuNSHcOCdRpO3kbShFlWd7j54QJGikjh/M+/cUKttpq\nISY+sIa2ze8YjyOM9hWcNZAHvyOzGKsVU9XKgGsQKeQhpUVCUQKCAQEA7hFaZfGL\nZGk3dTGpnp0WP6nr9l5FokYDqyGR5IUDc3ME9qyIG66ikuNzD0SVe0Xw6bERYmLQ\n1U8mHryf5x0MKxfYS4BxZXl+3lcU1IXsRQa8HLFzGumleslT1+8yUmJjV4AAB9QB\npVYKho/gfpdvOEXYKPdAG2eJFq2DLz5COMzhZqE05dkfQUGbyzw56ASxUcAgw+KD\nNa5BEwdZM+RmtLTnzZ18Q5vhVxKsii/+KdiCwBuhhURSnGKJL4DrDV/i8VCXQ+0J\nlWu9jJDVXtXrlU7zGhIdSDqVtrzoS0ip311RiV0Wlpn8Scbk1sByR/7vljwZ5+5L\nPnNyxvYxbXdjhQKCAQEA+GARF30bijrWEajUJ6FPmooJJiMli58/jJBKL8ZErGQi\nr+U+AidoqKw7wxtBjt/5g1gmcYNej5UzBXkwOmuuiFfd/qTCAOyZhUNArzYosRFD\nlMI0cAPKxAhDZQy7Mlt9ukZol6IA1OqArO4IwIDqJ1owUTh04VaKAhyOWnPx8Hio\n/2NsdU7iG8mjGQCB2SqRLUzMZHTWvgP59hwlLakVK4PD17OflNkHbYx+xKy7pP24\nE7FQL//A1Fs7Evbv2Z9r0elwJlKrm+3mOfcKxGyqUM3BLST8d6Pf7wqVmiJSiigA\nvErMdurq5uThuIOOTTypKtNlK5OZ+lFFRZupYo7kqwKCAQEApx3NXGSb2ie2A3GS\nRUK2XIh2mKKCtS/64UWWeVkaHA/wuwxQG0aS3xQFMAGQAVIOlK10q6D8QdDmzIrS\noNUWNqXtcsq+T2JjOcbdW3aLbcUVhfrW91xuimwLjDhgFc71N3YmD1i2sw5cIyua\nhqLdMx5saA1wlgwvAplYznAg4miIDZg6XuL0esWIjLlBWOr6Yo3BMmCuhJ9HFQmC\nh9fcdRvM4NydX4RsQchdEEAyZcOTvTFoR/m3GApfjNYtqlzWHVnaZZdes+JG1AbT\nkVgPoOcj5fgzUAG4GOgxFK/0d1S1qPyMn7mGjW+uMkYzsvB11PtpoBL6BOPb/WjT\nN6moVQKCAQBZWH1tfKSmgem1qoy+wMlY5yTJYkVER4Hdt53oN6NGfDL6ITXAIpsE\nagiJc8mOcsVX2SLjHIWsktgqtOCDc27yPuFtk6jyGipThNDE9m+G2pX78ixYyxRq\nlipgNEc2ozDEDEXdnfo8nSqyimH9laIli8zruqpY0P+OKOWQZjr27QCl9gby3/B4\nXH1eJg+Ppj9ZE1JHJLyG1/lX7eH13efuolSVyFi0e6mvX6XOa/CINni8JMGasp6U\nBUln1gqLt0xa02Vzc7OlwNtbqKFn7UsLDCjca3yiMQICBEWyj3wvlJpHIYURlgnw\nCw+jhzduU07rR+YR2eO+5vNLSeaRvKNHAoIBAQDXXkBRYg0dSv6LqIwTg23BqGAJ\nscyc8XWThkM3xhRKJy4jyDmBnhNx5UGmat7vKT3bBR8jyzRxIgV3TKZcKtt5EXPK\nvZOKNEMAnsx2VSRiE/0WZRtCNC/1HfCpb6go3736FZer0WspJWBCR4XvVleo+lkQ\nh5RL8rwigxqjX9YptNFNxaP/cPH2jRzEuS+qomu6yNqZZ40dvEW19tGlw+z1H7nE\n07bbjGIdLOQ6fa6X9F+x71jNyW+o3oOHb6RGchwPX0VzI3xc4Zb34CY6VQLUcxIc\nIOMK/24b3xKKN25FfOSSp8F46p+DbcvUTnsXRkG8J9xLaFkP0+PSC1qpYhqM\n-----END RSA PRIVATE KEY-----\n",
      "type": "string",
      "sensitive": true
    },
    "rds_endpoint": {
      "value": "mysql-db-project3.cjc8e2a8elx5.us-east-2.rds.amazonaws.com:3306",
      "type": "string"
    },
    "rds_mysql_db_name": {
      "value": "mydb1",
      "type": "string"
    },
    "rds_mysql_endpoint": {
      "value": "mysql-db-project3.cjc8e2a8elx5.us-east-2.rds.amazonaws.com:3306",
      "type": "string"
    },
    "rds_mysql_port": {
      "value": 3306,
      "type": "number"
    }
  },
  "resources": [
    {
      "mode": "managed",
      "type": "aws_autoscaling_group",
      "name": "app_asg",
      "provider": "provider[\"registry.terraform.io/hashicorp/aws\"]",
      "instances": [
        {
          "schema_version": 1,
          "attributes": {
            "arn": "arn:aws:autoscaling:us-east-2:167611893883:autoScalingGroup:1b94b6c2-c219-42e3-b1f5-62375eed64de:autoScalingGroupName/app-asg",
            "availability_zone_distribution": [
              {
                "capacity_distribution_strategy": "balanced-best-effort"
              }
            ],
            "availability_zones": [
              "us-east-2a",
              "us-east-2b"
            ],
            "capacity_rebalance": false,
            "capacity_reservation_specification": [
              {
                "capacity_reservation_preference": "default",
                "capacity_reservation_target": []
              }
            ],
            "context": "",
            "default_cooldown": 300,
            "default_instance_warmup": 0,
            "desired_capacity": 2,
            "desired_capacity_type": "",
            "enabled_metrics": [],
            "force_delete": false,
            "force_delete_warm_pool": false,
            "health_check_grace_period": 90,
            "health_check_type": "ELB",
            "id": "app-asg",
            "ignore_failed_scaling_activities": false,
            "initial_lifecycle_hook": [],
            "instance_maintenance_policy": [],
            "instance_refresh": [
              {
                "preferences": [
                  {
                    "alarm_specification": [],
                    "auto_rollback": false,
                    "checkpoint_delay": "",
                    "checkpoint_percentages": [],
                    "instance_warmup": "60",
                    "max_healthy_percentage": 100,
                    "min_healthy_percentage": 90,
                    "scale_in_protected_instances": "Ignore",
                    "skip_matching": false,
                    "standby_instances": "Ignore"
                  }
                ],
                "strategy": "Rolling",
                "triggers": [
                  "launch_template"
                ]
              }
            ],
            "launch_configuration": "",
            "launch_template": [
              {
                "id": "lt-04f54bc5cba41fa28",
                "name": "app-lt-20250810224543113000000002",
                "version": "$Latest"
              }
            ],
            "load_balancers": [],
            "max_instance_lifetime": 0,
            "max_size": 4,
            "metrics_granularity": "1Minute",
            "min_elb_capacity": null,
            "min_size": 1,
            "mixed_instances_policy": [],
            "name": "app-asg",
            "name_prefix": "",
            "placement_group": "",
            "predicted_capacity": 0,
            "protect_from_scale_in": false,
            "region": "us-east-2",
            "service_linked_role_arn": "arn:aws:iam::167611893883:role/aws-service-role/autoscaling.amazonaws.com/AWSServiceRoleForAutoScaling",
            "suspended_processes": [],
            "tag": [
              {
                "key": "Name",
                "propagate_at_launch": true,
                "value": "app-tier-ec2"
              }
            ],
            "target_group_arns": [
              "arn:aws:elasticloadbalancing:us-east-2:167611893883:targetgroup/app-tg/a9ca4a8df436c88b"
            ],
            "termination_policies": [],
            "timeouts": null,
            "traffic_source": [
              {
                "identifier": "arn:aws:elasticloadbalancing:us-east-2:167611893883:targetgroup/app-tg/a9ca4a8df436c88b",
                "type": "elbv2"
              }
            ],
            "vpc_zone_identifier": [
              "subnet-046cd5acf6612dac6",
              "subnet-052490c3ab5512fd9"
            ],
            "wait_for_capacity_timeout": "10m",
            "wait_for_elb_capacity": null,
            "warm_pool": [],
            "warm_pool_size": 0
          },
          "sensitive_attributes": [],
          "identity_schema_version": 0,
          "private": "eyJlMmJmYjczMC1lY2FhLTExZTYtOGY4OC0zNDM2M2JjN2M0YzAiOnsiZGVsZXRlIjo2MDAwMDAwMDAwMDAsInVwZGF0ZSI6NjAwMDAwMDAwMDAwfSwic2NoZW1hX3ZlcnNpb24iOiIxIn0=",
          "dependencies": [
            "aws_iam_instance_profile.ec2_s3_profile",
            "aws_iam_role.ec2_role",
            "aws_key_pair.dipen_keypair",
            "aws_launch_template.app_lt",
            "aws_lb_target_group.app_tg",
            "aws_security_group.app_tier_sg",
            "aws_subnet.pri_app_az_1",
            "aws_subnet.pri_app_az_2",
            "aws_vpc.dipen_custom-vpc",
            "tls_private_key.dipen_key"
          ],
          "create_before_destroy": true
        }
      ]
    },
    {
      "mode": "managed",
      "type": "aws_db_instance",
      "name": "mysql_db",
      "provider": "provider[\"registry.terraform.io/hashicorp/aws\"]",
      "instances": [
        {
          "schema_version": 2,
          "attributes": {
            "address": "mysql-db-project3.cjc8e2a8elx5.us-east-2.rds.amazonaws.com",
            "allocated_storage": 20,
            "allow_major_version_upgrade": null,
            "apply_immediately": false,
            "arn": "arn:aws:rds:us-east-2:167611893883:db:mysql-db-project3",
            "auto_minor_version_upgrade": true,
            "availability_zone": "us-east-2a",
            "backup_retention_period": 0,
            "backup_target": "region",
            "backup_window": "06:14-06:44",
            "blue_green_update": [],
            "ca_cert_identifier": "rds-ca-rsa2048-g1",
            "character_set_name": "",
            "copy_tags_to_snapshot": false,
            "custom_iam_instance_profile": "",
            "customer_owned_ip_enabled": false,
            "database_insights_mode": "standard",
            "db_name": "mydb1",
            "db_subnet_group_name": "mysql-db-subnet-group",
            "dedicated_log_volume": false,
            "delete_automated_backups": true,
            "deletion_protection": false,
            "domain": "",
            "domain_auth_secret_arn": "",
            "domain_dns_ips": [],
            "domain_fqdn": "",
            "domain_iam_role_name": "",
            "domain_ou": "",
            "enabled_cloudwatch_logs_exports": [],
            "endpoint": "mysql-db-project3.cjc8e2a8elx5.us-east-2.rds.amazonaws.com:3306",
            "engine": "mysql",
            "engine_lifecycle_support": "open-source-rds-extended-support",
            "engine_version": "8.0.41",
            "engine_version_actual": "8.0.41",
            "final_snapshot_identifier": null,
            "hosted_zone_id": "Z2XHWR1WZ565X2",
            "iam_database_authentication_enabled": false,
            "id": "db-R4ERFRXWWVM6S7YYPXHP7UIZPU",
            "identifier": "mysql-db-project3",
            "identifier_prefix": "",
            "instance_class": "db.t4g.micro",
            "iops": 0,
            "kms_key_id": "",
            "latest_restorable_time": "",
            "license_model": "general-public-license",
            "listener_endpoint": [],
            "maintenance_window": "wed:07:03-wed:07:33",
            "manage_master_user_password": null,
            "master_user_secret": [],
            "master_user_secret_kms_key_id": null,
            "max_allocated_storage": 0,
            "monitoring_interval": 0,
            "monitoring_role_arn": "",
            "multi_az": false,
            "nchar_character_set_name": "",
            "network_type": "IPV4",
            "option_group_name": "default:mysql-8-0",
            "parameter_group_name": "default.mysql8.0",
            "password": "90166Dipen",
            "password_wo": null,
            "password_wo_version": null,
            "performance_insights_enabled": false,
            "performance_insights_kms_key_id": "",
            "performance_insights_retention_period": 0,
            "port": 3306,
            "publicly_accessible": false,
            "region": "us-east-2",
            "replica_mode": "",
            "replicas": [],
            "replicate_source_db": "",
            "resource_id": "db-R4ERFRXWWVM6S7YYPXHP7UIZPU",
            "restore_to_point_in_time": [],
            "s3_import": [],
            "skip_final_snapshot": true,
            "snapshot_identifier": null,
            "status": "available",
            "storage_encrypted": false,
            "storage_throughput": 0,
            "storage_type": "gp2",
            "tags": {
              "Name": "MySQL-DB",
              "Owner": "Dipen",
              "Project": "Three-Tier-Web-App",
              "Tier": "Database"
            },
            "tags_all": {
              "Name": "MySQL-DB",
              "Owner": "Dipen",
              "Project": "Three-Tier-Web-App",
              "Tier": "Database"
            },
            "timeouts": null,
            "timezone": "",
            "upgrade_storage_config": null,
            "username": "admin",
            "vpc_security_group_ids": [
              "sg-0a3da14c6f4ac282b"
            ]
          },
          "sensitive_attributes": [
            [
              {
                "type": "get_attr",
                "value": "password"
              }
            ],
            [
              {
                "type": "get_attr",
                "value": "password_wo"
              }
            ]
          ],
          "identity_schema_version": 0,
          "private": "eyJlMmJmYjczMC1lY2FhLTExZTYtOGY4OC0zNDM2M2JjN2M0YzAiOnsiY3JlYXRlIjozMDAwMDAwMDAwMDAwLCJkZWxldGUiOjM2MDAwMDAwMDAwMDAsInVwZGF0ZSI6NDgwMDAwMDAwMDAwMH0sInNjaGVtYV92ZXJzaW9uIjoiMiJ9",
          "dependencies": [
            "aws_db_subnet_group.mysql_db_subnet_group",
            "aws_security_group.db_tier_sg",
            "aws_subnet.pri_db_az_1",
            "aws_subnet.pri_db_az_2",
            "aws_vpc.dipen_custom-vpc"
          ]
        }
      ]
    },
    {
      "mode": "managed",
      "type": "aws_db_subnet_group",
      "name": "mysql_db_subnet_group",
      "provider": "provider[\"registry.terraform.io/hashicorp/aws\"]",
      "instances": [
        {
          "schema_version": 0,
          "attributes": {
            "arn": "arn:aws:rds:us-east-2:167611893883:subgrp:mysql-db-subnet-group",
            "description": "Managed by Terraform",
            "id": "mysql-db-subnet-group",
            "name": "mysql-db-subnet-group",
            "name_prefix": "",
            "region": "us-east-2",
            "subnet_ids": [
              "subnet-0a71137c79461f5b9",
              "subnet-0e534e13fd4fbbd36"
            ],
            "supported_network_types": [
              "IPV4"
            ],
            "tags": {
              "Name": "mysql-db-subnet-group",
              "Tier": "Database"
            },
            "tags_all": {
              "Name": "mysql-db-subnet-group",
              "Tier": "Database"
            },
            "vpc_id": "vpc-0f17d625902075d96"
          },
          "sensitive_attributes": [],
          "identity_schema_version": 0,
          "private": "bnVsbA==",
          "dependencies": [
            "aws_subnet.pri_db_az_1",
            "aws_subnet.pri_db_az_2",
            "aws_vpc.dipen_custom-vpc"
          ]
        }
      ]
    },
    {
      "mode": "managed",
      "type": "aws_eip",
      "name": "nat_gw_ip",
      "provider": "provider[\"registry.terraform.io/hashicorp/aws\"]",
      "instances": [
        {
          "schema_version": 0,
          "attributes": {
            "address": null,
            "allocation_id": "eipalloc-05548f29c621bff20",
            "arn": "arn:aws:ec2:us-east-2:167611893883:elastic-ip/eipalloc-05548f29c621bff20",
            "associate_with_private_ip": null,
            "association_id": "eipassoc-038ced4b9ca65d581",
            "carrier_ip": "",
            "customer_owned_ip": "",
            "customer_owned_ipv4_pool": "",
            "domain": "vpc",
            "id": "eipalloc-05548f29c621bff20",
            "instance": "",
            "ipam_pool_id": null,
            "network_border_group": "us-east-2",
            "network_interface": "eni-088e189f3edac5b44",
            "private_dns": "ip-10-0-1-69.us-east-2.compute.internal",
            "private_ip": "10.0.1.69",
            "ptr_record": "",
            "public_dns": "ec2-52-15-45-31.us-east-2.compute.amazonaws.com",
            "public_ip": "52.15.45.31",
            "public_ipv4_pool": "amazon",
            "region": "us-east-2",
            "tags": {},
            "tags_all": {},
            "timeouts": null
          },
          "sensitive_attributes": [],
          "identity_schema_version": 0,
          "private": "eyJlMmJmYjczMC1lY2FhLTExZTYtOGY4OC0zNDM2M2JjN2M0YzAiOnsiZGVsZXRlIjoxODAwMDAwMDAwMDAsInJlYWQiOjkwMDAwMDAwMDAwMCwidXBkYXRlIjozMDAwMDAwMDAwMDB9fQ==",
          "dependencies": [
            "aws_internet_gateway.igw",
            "aws_vpc.dipen_custom-vpc"
          ]
        }
      ]
    },
    {
      "mode": "managed",
      "type": "aws_iam_instance_profile",
      "name": "ec2_s3_profile",
      "provider": "provider[\"registry.terraform.io/hashicorp/aws\"]",
      "instances": [
        {
          "schema_version": 0,
          "attributes": {
            "arn": "arn:aws:iam::167611893883:instance-profile/ec2-s3-ssm-instance-profile",
            "create_date": "2025-08-10T22:45:29Z",
            "id": "ec2-s3-ssm-instance-profile",
            "name": "ec2-s3-ssm-instance-profile",
            "name_prefix": "",
            "path": "/",
            "role": "ec2-s3-ssm-role",
            "tags": {},
            "tags_all": {},
            "unique_id": "AIPASOBTSRB56S26SDIZJ"
          },
          "sensitive_attributes": [],
          "identity_schema_version": 0,
          "private": "bnVsbA==",
          "dependencies": [
            "aws_iam_role.ec2_role"
          ],
          "create_before_destroy": true
        }
      ]
    },
    {
      "mode": "managed",
      "type": "aws_iam_policy",
      "name": "ec2_s3_ssm_policy",
      "provider": "provider[\"registry.terraform.io/hashicorp/aws\"]",
      "instances": [
        {
          "schema_version": 0,
          "attributes": {
            "arn": "arn:aws:iam::167611893883:policy/ec2-s3-ssm-policy",
            "attachment_count": 1,
            "description": "Allow EC2 to access S3 and SSM",
            "id": "arn:aws:iam::167611893883:policy/ec2-s3-ssm-policy",
            "name": "ec2-s3-ssm-policy",
            "name_prefix": "",
            "path": "/",
            "policy": "{\"Statement\":[{\"Action\":[\"s3:GetObject\"],\"Effect\":\"Allow\",\"Resource\":\"arn:aws:s3:::dipen-app-backend-code/*\"},{\"Action\":[\"ssm:GetParameter\",\"ssm:GetParameters\",\"ssm:GetParametersByPath\"],\"Effect\":\"Allow\",\"Resource\":\"*\"}],\"Version\":\"2012-10-17\"}",
            "policy_id": "ANPASOBTSRB5754KHFFFE",
            "tags": {},
            "tags_all": {}
          },
          "sensitive_attributes": [],
          "identity_schema_version": 0,
          "identity": {
            "arn": "arn:aws:iam::167611893883:policy/ec2-s3-ssm-policy"
          },
          "private": "bnVsbA=="
        }
      ]
    },
    {
      "mode": "managed",
      "type": "aws_iam_role",
      "name": "ec2_role",
      "provider": "provider[\"registry.terraform.io/hashicorp/aws\"]",
      "instances": [
        {
          "schema_version": 0,
          "attributes": {
            "arn": "arn:aws:iam::167611893883:role/ec2-s3-ssm-role",
            "assume_role_policy": "{\"Statement\":[{\"Action\":\"sts:AssumeRole\",\"Effect\":\"Allow\",\"Principal\":{\"Service\":\"ec2.amazonaws.com\"}}],\"Version\":\"2012-10-17\"}",
            "create_date": "2025-08-10T22:45:29Z",
            "description": "",
            "force_detach_policies": false,
            "id": "ec2-s3-ssm-role",
            "inline_policy": [],
            "managed_policy_arns": [
              "arn:aws:iam::167611893883:policy/ec2-s3-ssm-policy"
            ],
            "max_session_duration": 3600,
            "name": "ec2-s3-ssm-role",
            "name_prefix": "",
            "path": "/",
            "permissions_boundary": "",
            "tags": {},
            "tags_all": {},
            "unique_id": "AROASOBTSRB5SKLNXGS7E"
          },
          "sensitive_attributes": [],
          "identity_schema_version": 0,
          "identity": {
            "account_id": "167611893883",
            "name": "ec2-s3-ssm-role"
          },
          "private": "bnVsbA==",
          "create_before_destroy": true
        }
      ]
    },
    {
      "mode": "managed",
      "type": "aws_iam_role_policy_attachment",
      "name": "ec2_s3_ssm_attach",
      "provider": "provider[\"registry.terraform.io/hashicorp/aws\"]",
      "instances": [
        {
          "schema_version": 0,
          "attributes": {
            "id": "ec2-s3-ssm-role/arn:aws:iam::167611893883:policy/ec2-s3-ssm-policy",
            "policy_arn": "arn:aws:iam::167611893883:policy/ec2-s3-ssm-policy",
            "role": "ec2-s3-ssm-role"
          },
          "sensitive_attributes": [],
          "identity_schema_version": 0,
          "identity": {
            "account_id": "167611893883",
            "policy_arn": "arn:aws:iam::167611893883:policy/ec2-s3-ssm-policy",
            "role": "ec2-s3-ssm-role"
          },
          "private": "bnVsbA==",
          "dependencies": [
            "aws_iam_policy.ec2_s3_ssm_policy",
            "aws_iam_role.ec2_role"
          ]
        }
      ]
    },
    {
      "mode": "managed",
      "type": "aws_instance",
      "name": "app_server",
      "provider": "provider[\"registry.terraform.io/hashicorp/aws\"]",
      "instances": [
        {
          "schema_version": 2,
          "attributes": {
            "ami": "ami-08221e706f343d7b7",
            "arn": "arn:aws:ec2:us-east-2:167611893883:instance/i-0066a7037887b9253",
            "associate_public_ip_address": false,
            "availability_zone": "us-east-2a",
            "capacity_reservation_specification": [
              {
                "capacity_reservation_preference": "open",
                "capacity_reservation_target": []
              }
            ],
            "cpu_options": [
              {
                "amd_sev_snp": "",
                "core_count": 1,
                "threads_per_core": 1
              }
            ],
            "credit_specification": [
              {
                "cpu_credits": "standard"
              }
            ],
            "disable_api_stop": false,
            "disable_api_termination": false,
            "ebs_block_device": [],
            "ebs_optimized": false,
            "enable_primary_ipv6": null,
            "enclave_options": [
              {
                "enabled": false
              }
            ],
            "ephemeral_block_device": [],
            "get_password_data": false,
            "hibernation": false,
            "host_id": "",
            "host_resource_group_arn": null,
            "iam_instance_profile": "ec2-s3-ssm-instance-profile",
            "id": "i-0066a7037887b9253",
            "instance_initiated_shutdown_behavior": "stop",
            "instance_lifecycle": "",
            "instance_market_options": [],
            "instance_state": "running",
            "instance_type": "t2.micro",
            "ipv6_address_count": 0,
            "ipv6_addresses": [],
            "key_name": "dipen-keypair",
            "launch_template": [],
            "maintenance_options": [
              {
                "auto_recovery": "default"
              }
            ],
            "metadata_options": [
              {
                "http_endpoint": "enabled",
                "http_protocol_ipv6": "disabled",
                "http_put_response_hop_limit": 2,
                "http_tokens": "required",
                "instance_metadata_tags": "disabled"
              }
            ],
            "monitoring": false,
            "network_interface": [],
            "outpost_arn": "",
            "password_data": "",
            "placement_group": "",
            "placement_partition_number": 0,
            "primary_network_interface_id": "eni-012164f3f9e5d1b4d",
            "private_dns": "ip-10-0-3-232.us-east-2.compute.internal",
            "private_dns_name_options": [
              {
                "enable_resource_name_dns_a_record": false,
                "enable_resource_name_dns_aaaa_record": false,
                "hostname_type": "ip-name"
              }
            ],
            "private_ip": "10.0.3.232",
            "public_dns": "",
            "public_ip": "",
            "region": "us-east-2",
            "root_block_device": [
              {
                "delete_on_termination": true,
                "device_name": "/dev/xvda",
                "encrypted": false,
                "iops": 3000,
                "kms_key_id": "",
                "tags": {},
                "tags_all": {},
                "throughput": 125,
                "volume_id": "vol-021e4074afffc89ab",
                "volume_size": 8,
                "volume_type": "gp3"
              }
            ],
            "secondary_private_ips": [],
            "security_groups": [],
            "source_dest_check": true,
            "spot_instance_request_id": "",
            "subnet_id": "subnet-052490c3ab5512fd9",
            "tags": {
              "Name": "app-tier-ec2"
            },
            "tags_all": {
              "Name": "app-tier-ec2"
            },
            "tenancy": "default",
            "timeouts": null,
            "user_data": null,
            "user_data_base64": "IyEvYmluL2Jhc2gKc2V0IC14ZQpleGVjID4gL3Zhci9sb2cvdXNlci1kYXRhLWFwcC5sb2cgMj4mMQoKeXVtIHVwZGF0ZSAteQp5dW0gaW5zdGFsbCAteSBodHRwZCBwaHAgcGhwLW15c3FsbmQgYXdzLWNsaSBqcQpzeXN0ZW1jdGwgZW5hYmxlIC0tbm93IGh0dHBkCgpTM19CVUNLRVQ9ImRpcGVuLWFwcC1iYWNrZW5kLWNvZGUiCmF3cyBzMyBjcCBzMzovLyRTM19CVUNLRVQvaGVhbHRoLnBocCAgICAgICAgIC92YXIvd3d3L2h0bWwvaGVhbHRoLnBocAphd3MgczMgY3AgczM6Ly8kUzNfQlVDS0VUL3N1Ym1pdC1mb3JtLnBocCAgICAvdmFyL3d3dy9odG1sL3N1Ym1pdC1mb3JtLnBocAphd3MgczMgY3AgczM6Ly8kUzNfQlVDS0VUL2dldC1lbXBsb3llZXMucGhwICAvdmFyL3d3dy9odG1sL2dldC1lbXBsb3llZXMucGhwCiMgYXdzIHMzIGNwIHMzOi8vJFMzX0JVQ0tFVC9jb25maWcucGhwCgpSRUdJT049IiR7UkVHSU9OOi11cy1lYXN0LTJ9IgpEQl9IT1NUPSQoYXdzIHNzbSBnZXQtcGFyYW1ldGVyIC0tbmFtZSAiL2FwcC9kYi9lbmRwb2ludCIgIC0tcXVlcnkgUGFyYW1ldGVyLlZhbHVlIC0tb3V0cHV0IHRleHQgLS1yZWdpb24gJFJFR0lPTikKREJfVVNFUj0kKGF3cyBzc20gZ2V0LXBhcmFtZXRlciAtLW5hbWUgIi9hcHAvZGIvdXNlcm5hbWUiICAtLXF1ZXJ5IFBhcmFtZXRlci5WYWx1ZSAtLW91dHB1dCB0ZXh0IC0tcmVnaW9uICRSRUdJT04pCkRCX1BBU1M9JChhd3Mgc3NtIGdldC1wYXJhbWV0ZXIgLS1uYW1lICIvYXBwL2RiL3Bhc3N3b3JkIiAgLS13aXRoLWRlY3J5cHRpb24gLS1xdWVyeSBQYXJhbWV0ZXIuVmFsdWUgLS1vdXRwdXQgdGV4dCAtLXJlZ2lvbiAkUkVHSU9OKQpEQl9OQU1FPSJteWRiMSIKCmNhdCA+L3Zhci93d3cvaHRtbC9jb25maWcucGhwIDw8UEhQCjw/cGhwClwkZGJfaG9zdCA9ICIkREJfSE9TVCI7ClwkZGJfbmFtZSA9ICIkREJfTkFNRSI7ClwkZGJfdXNlciA9ICIkREJfVVNFUiI7ClwkZGJfcGFzcyA9ICIkOTAxNjZEaXBlbiI7CmZ1bmN0aW9uIGRiX2Nvbm5lY3QoKSB7CiAgZ2xvYmFsIFwkZGJfaG9zdCwgXCRkYl91c2VyLCBcJGRiX3Bhc3MsIFwkZGJfbmFtZTsKICBcJGNvbm4gPSBuZXcgbXlzcWxpKFwkZGJfaG9zdCwgXCRkYl91c2VyLCBcJGRiX3Bhc3MsIFwkZGJfbmFtZSk7CiAgaWYgKFwkY29ubi0+Y29ubmVjdF9lcnJvcikgeyBodHRwX3Jlc3BvbnNlX2NvZGUoNTAwKTsgZGllKCJEQiBjb25uZWN0IGZhaWxlZDogIiAuIFwkY29ubi0+Y29ubmVjdF9lcnJvcik7IH0KICByZXR1cm4gXCRjb25uOwp9ClBIUAoKY2hvd24gYXBhY2hlOmFwYWNoZSAvdmFyL3d3dy9odG1sLyoucGhwIHx8IHRydWUKY2htb2QgMDY0NCAvdmFyL3d3dy9odG1sLyoucGhwIHx8IHRydWUKc3lzdGVtY3RsIHJlc3RhcnQgaHR0cGQK",
            "user_data_replace_on_change": false,
            "volume_tags": null,
            "vpc_security_group_ids": [
              "sg-0edf5ca058f20a5de"
            ]
          },
          "sensitive_attributes": [],
          "identity_schema_version": 0,
          "private": "eyJlMmJmYjczMC1lY2FhLTExZTYtOGY4OC0zNDM2M2JjN2M0YzAiOnsiY3JlYXRlIjo2MDAwMDAwMDAwMDAsImRlbGV0ZSI6MTIwMDAwMDAwMDAwMCwicmVhZCI6OTAwMDAwMDAwMDAwLCJ1cGRhdGUiOjYwMDAwMDAwMDAwMH0sInNjaGVtYV92ZXJzaW9uIjoiMiJ9",
          "dependencies": [
            "aws_iam_instance_profile.ec2_s3_profile",
            "aws_iam_role.ec2_role",
            "aws_key_pair.dipen_keypair",
            "aws_security_group.app_tier_sg",
            "aws_subnet.pri_app_az_1",
            "aws_vpc.dipen_custom-vpc",
            "tls_private_key.dipen_key"
          ]
        }
      ]
    },
    {
      "mode": "managed",
      "type": "aws_instance",
      "name": "web_server",
      "provider": "provider[\"registry.terraform.io/hashicorp/aws\"]",
      "instances": [
        {
          "schema_version": 2,
          "attributes": {
            "ami": "ami-08221e706f343d7b7",
            "arn": "arn:aws:ec2:us-east-2:167611893883:instance/i-0b567fabcdd82f350",
            "associate_public_ip_address": true,
            "availability_zone": "us-east-2a",
            "capacity_reservation_specification": [
              {
                "capacity_reservation_preference": "open",
                "capacity_reservation_target": []
              }
            ],
            "cpu_options": [
              {
                "amd_sev_snp": "",
                "core_count": 1,
                "threads_per_core": 1
              }
            ],
            "credit_specification": [
              {
                "cpu_credits": "standard"
              }
            ],
            "disable_api_stop": false,
            "disable_api_termination": false,
            "ebs_block_device": [],
            "ebs_optimized": false,
            "enable_primary_ipv6": null,
            "enclave_options": [
              {
                "enabled": false
              }
            ],
            "ephemeral_block_device": [],
            "get_password_data": false,
            "hibernation": false,
            "host_id": "",
            "host_resource_group_arn": null,
            "iam_instance_profile": "ec2-s3-ssm-instance-profile",
            "id": "i-0b567fabcdd82f350",
            "instance_initiated_shutdown_behavior": "stop",
            "instance_lifecycle": "",
            "instance_market_options": [],
            "instance_state": "running",
            "instance_type": "t2.micro",
            "ipv6_address_count": 0,
            "ipv6_addresses": [],
            "key_name": "dipen-keypair",
            "launch_template": [],
            "maintenance_options": [
              {
                "auto_recovery": "default"
              }
            ],
            "metadata_options": [
              {
                "http_endpoint": "enabled",
                "http_protocol_ipv6": "disabled",
                "http_put_response_hop_limit": 2,
                "http_tokens": "required",
                "instance_metadata_tags": "disabled"
              }
            ],
            "monitoring": false,
            "network_interface": [],
            "outpost_arn": "",
            "password_data": "",
            "placement_group": "",
            "placement_partition_number": 0,
            "primary_network_interface_id": "eni-0daabf6afd831677e",
            "private_dns": "ip-10-0-1-11.us-east-2.compute.internal",
            "private_dns_name_options": [
              {
                "enable_resource_name_dns_a_record": false,
                "enable_resource_name_dns_aaaa_record": false,
                "hostname_type": "ip-name"
              }
            ],
            "private_ip": "10.0.1.11",
            "public_dns": "ec2-3-12-36-1.us-east-2.compute.amazonaws.com",
            "public_ip": "3.12.36.1",
            "region": "us-east-2",
            "root_block_device": [
              {
                "delete_on_termination": true,
                "device_name": "/dev/xvda",
                "encrypted": false,
                "iops": 3000,
                "kms_key_id": "",
                "tags": {},
                "tags_all": {},
                "throughput": 125,
                "volume_id": "vol-097dbd19854385142",
                "volume_size": 8,
                "volume_type": "gp3"
              }
            ],
            "secondary_private_ips": [],
            "security_groups": [],
            "source_dest_check": true,
            "spot_instance_request_id": "",
            "subnet_id": "subnet-06abc7ddcd0cb0a2b",
            "tags": {
              "Name": "web-server-ec2"
            },
            "tags_all": {
              "Name": "web-server-ec2"
            },
            "tenancy": "default",
            "timeouts": null,
            "user_data": null,
            "user_data_base64": "IyEvYmluL2Jhc2gKc2V0IC14ZQpleGVjID4gL3Zhci9sb2cvdXNlci1kYXRhLXdlYi5sb2cgMj4mMQoKeXVtIHVwZGF0ZSAteQp5dW0gaW5zdGFsbCAteSBodHRwZAoKc3lzdGVtY3RsIGVuYWJsZSAtLW5vdyBodHRwZAoKIyBleGFtcGxlIHBsYWNlaG9sZGVyIGhvbWVwYWdlCmNhdCA+L3Zhci93d3cvaHRtbC9pbmRleC5odG1sIDw8J0hUTUwnCjwhZG9jdHlwZSBodG1sPjxodG1sPjxib2R5Pgo8aDE+V2ViIFRpZXI8L2gxPgo8cD5UaGlzIHNlcnZlciB3aWxsIHByb3h5IHRvIHRoZSBpbnRlcm5hbCBBTEIuPC9wPgo8L2JvZHk+PC9odG1sPgpIVE1MCgpzeXN0ZW1jdGwgcmVzdGFydCBodHRwZAo=",
            "user_data_replace_on_change": false,
            "volume_tags": null,
            "vpc_security_group_ids": [
              "sg-05510a9051275acc2"
            ]
          },
          "sensitive_attributes": [],
          "identity_schema_version": 0,
          "private": "eyJlMmJmYjczMC1lY2FhLTExZTYtOGY4OC0zNDM2M2JjN2M0YzAiOnsiY3JlYXRlIjo2MDAwMDAwMDAwMDAsImRlbGV0ZSI6MTIwMDAwMDAwMDAwMCwicmVhZCI6OTAwMDAwMDAwMDAwLCJ1cGRhdGUiOjYwMDAwMDAwMDAwMH0sInNjaGVtYV92ZXJzaW9uIjoiMiJ9",
          "dependencies": [
            "aws_iam_instance_profile.ec2_s3_profile",
            "aws_iam_role.ec2_role",
            "aws_key_pair.dipen_keypair",
            "aws_security_group.web_tier_sg",
            "aws_subnet.pub_web_az_1",
            "aws_vpc.dipen_custom-vpc",
            "tls_private_key.dipen_key"
          ]
        }
      ]
    },
    {
      "mode": "managed",
      "type": "aws_internet_gateway",
      "name": "igw",
      "provider": "provider[\"registry.terraform.io/hashicorp/aws\"]",
      "instances": [
        {
          "schema_version": 0,
          "attributes": {
            "arn": "arn:aws:ec2:us-east-2:167611893883:internet-gateway/igw-03ffc7545865579e4",
            "id": "igw-03ffc7545865579e4",
            "owner_id": "167611893883",
            "region": "us-east-2",
            "tags": {
              "Name": "dipen_vpc_igw"
            },
            "tags_all": {
              "Name": "dipen_vpc_igw"
            },
            "timeouts": null,
            "vpc_id": "vpc-0f17d625902075d96"
          },
          "sensitive_attributes": [],
          "identity_schema_version": 0,
          "private": "eyJlMmJmYjczMC1lY2FhLTExZTYtOGY4OC0zNDM2M2JjN2M0YzAiOnsiY3JlYXRlIjoxMjAwMDAwMDAwMDAwLCJkZWxldGUiOjEyMDAwMDAwMDAwMDAsInVwZGF0ZSI6MTIwMDAwMDAwMDAwMH19",
          "dependencies": [
            "aws_vpc.dipen_custom-vpc"
          ]
        }
      ]
    },
    {
      "mode": "managed",
      "type": "aws_key_pair",
      "name": "dipen_keypair",
      "provider": "provider[\"registry.terraform.io/hashicorp/aws\"]",
      "instances": [
        {
          "schema_version": 1,
          "attributes": {
            "arn": "arn:aws:ec2:us-east-2:167611893883:key-pair/dipen-keypair",
            "fingerprint": "27:53:97:19:e6:ee:80:7c:f2:e2:36:1e:3e:c9:d4:14",
            "id": "dipen-keypair",
            "key_name": "dipen-keypair",
            "key_name_prefix": "",
            "key_pair_id": "key-086fab79eaac8b101",
            "key_type": "rsa",
            "public_key": "ssh-rsa AAAAB3NzaC1yc2EAAAADAQABAAACAQDm+iX5pyGXQuvNPPNxNedrFAZZ+oMXkqTyLRbVYlyTMUTXRQqwdcPA8QhmpTWFRIDR8ZKXqqhrur2HofJbcA9ZqFDKwrUDTL+n1PmwVki3qM3XKBJ1h2aiPgmycPKqxgSMiCjLOgGvEagAldZj+T5l6T3mWrqOjyiF2TPRSEGITZrJ+RrqCvRBg5gnkoC3AuHGBJu4pSChtyGd/bvGdbbldBoiaiuQpqFvcb/GsBdOkLIg7ljUm+CbX9Eiu25PKAn67TOJm7FZTSpGpI73UtvNepBNA30c74n9xmiCtDP0XrbnVjimIcZK9YPym49tepeKu/4a3gvKqhVGYJujSCu/C6vYHuT/buJBtNrLQpcruMsOqKtdmGeP60GW3B0cR58VyrtObs6NawZEkQrp+y/zeRRVasfpm9jiSz0SaintqKO7rahCjiX2AzWmkPlELt985HoxfV/VjusXFHkk6yxoFk1OO8ndrIs9XbqVy8sR+S/zUhcSz3glsfnb5fXk5Aqe3z01aPCYFd8y9vZeKLWwt9aVw2dkqefzTo6/yQ/h0VeWn1TA+sl6xFHtqCnx5JT/paplt9VjEh7YFhHobM4QivWUeVpHy9pRKwxYsDFVbJBEiS74iBg3wOVUQ1AxP537EvGB8lplBWm/OZnlvu6DU1bf3gOK3/CSaB6hkSft1w==",
            "region": "us-east-2",
            "tags": {},
            "tags_all": {}
          },
          "sensitive_attributes": [],
          "identity_schema_version": 0,
          "private": "eyJzY2hlbWFfdmVyc2lvbiI6IjEifQ==",
          "dependencies": [
            "tls_private_key.dipen_key"
          ],
          "create_before_destroy": true
        }
      ]
    },
    {
      "mode": "managed",
      "type": "aws_launch_template",
      "name": "app_lt",
      "provider": "provider[\"registry.terraform.io/hashicorp/aws\"]",
      "instances": [
        {
          "schema_version": 0,
          "attributes": {
            "arn": "arn:aws:ec2:us-east-2:167611893883:launch-template/lt-04f54bc5cba41fa28",
            "block_device_mappings": [],
            "capacity_reservation_specification": [],
            "cpu_options": [],
            "credit_specification": [],
            "default_version": 1,
            "description": "",
            "disable_api_stop": false,
            "disable_api_termination": false,
            "ebs_optimized": "",
            "enclave_options": [],
            "hibernation_options": [],
            "iam_instance_profile": [
              {
                "arn": "",
                "name": "ec2-s3-ssm-instance-profile"
              }
            ],
            "id": "lt-04f54bc5cba41fa28",
            "image_id": "ami-08221e706f343d7b7",
            "instance_initiated_shutdown_behavior": "",
            "instance_market_options": [],
            "instance_requirements": [],
            "instance_type": "t2.micro",
            "kernel_id": "",
            "key_name": "dipen-keypair",
            "latest_version": 1,
            "license_specification": [],
            "maintenance_options": [],
            "metadata_options": [],
            "monitoring": [],
            "name": "app-lt-20250810224543113000000002",
            "name_prefix": "app-lt-",
            "network_interfaces": [],
            "placement": [],
            "private_dns_name_options": [],
            "ram_disk_id": "",
            "region": "us-east-2",
            "security_group_names": [],
            "tag_specifications": [
              {
                "resource_type": "instance",
                "tags": {
                  "Name": "app-tier-ec2"
                }
              }
            ],
            "tags": {},
            "tags_all": {},
            "update_default_version": null,
            "user_data": "IyEvYmluL2Jhc2gKc2V0IC14ZQpleGVjID4gL3Zhci9sb2cvdXNlci1kYXRhLWFwcC5sb2cgMj4mMQoKeXVtIHVwZGF0ZSAteQp5dW0gaW5zdGFsbCAteSBodHRwZCBwaHAgcGhwLW15c3FsbmQgYXdzLWNsaSBqcQpzeXN0ZW1jdGwgZW5hYmxlIC0tbm93IGh0dHBkCgpTM19CVUNLRVQ9ImRpcGVuLWFwcC1iYWNrZW5kLWNvZGUiCmF3cyBzMyBjcCBzMzovLyRTM19CVUNLRVQvaGVhbHRoLnBocCAgICAgICAgIC92YXIvd3d3L2h0bWwvaGVhbHRoLnBocAphd3MgczMgY3AgczM6Ly8kUzNfQlVDS0VUL3N1Ym1pdC1mb3JtLnBocCAgICAvdmFyL3d3dy9odG1sL3N1Ym1pdC1mb3JtLnBocAphd3MgczMgY3AgczM6Ly8kUzNfQlVDS0VUL2dldC1lbXBsb3llZXMucGhwICAvdmFyL3d3dy9odG1sL2dldC1lbXBsb3llZXMucGhwCiMgYXdzIHMzIGNwIHMzOi8vJFMzX0JVQ0tFVC9jb25maWcucGhwCgpSRUdJT049IiR7UkVHSU9OOi11cy1lYXN0LTJ9IgpEQl9IT1NUPSQoYXdzIHNzbSBnZXQtcGFyYW1ldGVyIC0tbmFtZSAiL2FwcC9kYi9lbmRwb2ludCIgIC0tcXVlcnkgUGFyYW1ldGVyLlZhbHVlIC0tb3V0cHV0IHRleHQgLS1yZWdpb24gJFJFR0lPTikKREJfVVNFUj0kKGF3cyBzc20gZ2V0LXBhcmFtZXRlciAtLW5hbWUgIi9hcHAvZGIvdXNlcm5hbWUiICAtLXF1ZXJ5IFBhcmFtZXRlci5WYWx1ZSAtLW91dHB1dCB0ZXh0IC0tcmVnaW9uICRSRUdJT04pCkRCX1BBU1M9JChhd3Mgc3NtIGdldC1wYXJhbWV0ZXIgLS1uYW1lICIvYXBwL2RiL3Bhc3N3b3JkIiAgLS13aXRoLWRlY3J5cHRpb24gLS1xdWVyeSBQYXJhbWV0ZXIuVmFsdWUgLS1vdXRwdXQgdGV4dCAtLXJlZ2lvbiAkUkVHSU9OKQpEQl9OQU1FPSJteWRiMSIKCmNhdCA+L3Zhci93d3cvaHRtbC9jb25maWcucGhwIDw8UEhQCjw/cGhwClwkZGJfaG9zdCA9ICIkREJfSE9TVCI7ClwkZGJfbmFtZSA9ICIkREJfTkFNRSI7ClwkZGJfdXNlciA9ICIkREJfVVNFUiI7ClwkZGJfcGFzcyA9ICIkOTAxNjZEaXBlbiI7CmZ1bmN0aW9uIGRiX2Nvbm5lY3QoKSB7CiAgZ2xvYmFsIFwkZGJfaG9zdCwgXCRkYl91c2VyLCBcJGRiX3Bhc3MsIFwkZGJfbmFtZTsKICBcJGNvbm4gPSBuZXcgbXlzcWxpKFwkZGJfaG9zdCwgXCRkYl91c2VyLCBcJGRiX3Bhc3MsIFwkZGJfbmFtZSk7CiAgaWYgKFwkY29ubi0+Y29ubmVjdF9lcnJvcikgeyBodHRwX3Jlc3BvbnNlX2NvZGUoNTAwKTsgZGllKCJEQiBjb25uZWN0IGZhaWxlZDogIiAuIFwkY29ubi0+Y29ubmVjdF9lcnJvcik7IH0KICByZXR1cm4gXCRjb25uOwp9ClBIUAoKY2hvd24gYXBhY2hlOmFwYWNoZSAvdmFyL3d3dy9odG1sLyoucGhwIHx8IHRydWUKY2htb2QgMDY0NCAvdmFyL3d3dy9odG1sLyoucGhwIHx8IHRydWUKc3lzdGVtY3RsIHJlc3RhcnQgaHR0cGQK",
            "vpc_security_group_ids": [
              "sg-0edf5ca058f20a5de"
            ]
          },
          "sensitive_attributes": [],
          "identity_schema_version": 0,
          "private": "bnVsbA==",
          "dependencies": [
            "aws_iam_instance_profile.ec2_s3_profile",
            "aws_iam_role.ec2_role",
            "aws_key_pair.dipen_keypair",
            "aws_security_group.app_tier_sg",
            "aws_vpc.dipen_custom-vpc",
            "tls_private_key.dipen_key"
          ],
          "create_before_destroy": true
        }
      ]
    },
    {
      "mode": "managed",
      "type": "aws_lb",
      "name": "app_internal_alb",
      "provider": "provider[\"registry.terraform.io/hashicorp/aws\"]",
      "instances": [
        {
          "schema_version": 0,
          "attributes": {
            "access_logs": [
              {
                "bucket": "",
                "enabled": false,
                "prefix": ""
              }
            ],
            "arn": "arn:aws:elasticloadbalancing:us-east-2:167611893883:loadbalancer/app/app-internal-alb/31d52fafa36cb74b",
            "arn_suffix": "app/app-internal-alb/31d52fafa36cb74b",
            "client_keep_alive": 3600,
            "connection_logs": [
              {
                "bucket": "",
                "enabled": false,
                "prefix": ""
              }
            ],
            "customer_owned_ipv4_pool": "",
            "desync_mitigation_mode": "defensive",
            "dns_name": "internal-app-internal-alb-1782421890.us-east-2.elb.amazonaws.com",
            "dns_record_client_routing_policy": null,
            "drop_invalid_header_fields": false,
            "enable_cross_zone_load_balancing": true,
            "enable_deletion_protection": false,
            "enable_http2": true,
            "enable_tls_version_and_cipher_suite_headers": false,
            "enable_waf_fail_open": false,
            "enable_xff_client_port": false,
            "enable_zonal_shift": false,
            "enforce_security_group_inbound_rules_on_private_link_traffic": "",
            "id": "arn:aws:elasticloadbalancing:us-east-2:167611893883:loadbalancer/app/app-internal-alb/31d52fafa36cb74b",
            "idle_timeout": 60,
            "internal": true,
            "ip_address_type": "ipv4",
            "ipam_pools": [],
            "load_balancer_type": "application",
            "minimum_load_balancer_capacity": [],
            "name": "app-internal-alb",
            "name_prefix": "",
            "preserve_host_header": false,
            "region": "us-east-2",
            "security_groups": [
              "sg-04b452bdfa3e5054d"
            ],
            "subnet_mapping": [
              {
                "allocation_id": "",
                "ipv6_address": "",
                "outpost_id": "",
                "private_ipv4_address": "",
                "subnet_id": "subnet-046cd5acf6612dac6"
              },
              {
                "allocation_id": "",
                "ipv6_address": "",
                "outpost_id": "",
                "private_ipv4_address": "",
                "subnet_id": "subnet-052490c3ab5512fd9"
              }
            ],
            "subnets": [
              "subnet-046cd5acf6612dac6",
              "subnet-052490c3ab5512fd9"
            ],
            "tags": {
              "Name": "app-internal-alb"
            },
            "tags_all": {
              "Name": "app-internal-alb"
            },
            "timeouts": null,
            "vpc_id": "vpc-0f17d625902075d96",
            "xff_header_processing_mode": "append",
            "zone_id": "Z3AADJGX6KTTL2"
          },
          "sensitive_attributes": [],
          "identity_schema_version": 0,
          "identity": {
            "arn": "arn:aws:elasticloadbalancing:us-east-2:167611893883:loadbalancer/app/app-internal-alb/31d52fafa36cb74b"
          },
          "private": "eyJlMmJmYjczMC1lY2FhLTExZTYtOGY4OC0zNDM2M2JjN2M0YzAiOnsiY3JlYXRlIjo2MDAwMDAwMDAwMDAsImRlbGV0ZSI6NjAwMDAwMDAwMDAwLCJ1cGRhdGUiOjYwMDAwMDAwMDAwMH19",
          "dependencies": [
            "aws_security_group.alb_internal_sg",
            "aws_subnet.pri_app_az_1",
            "aws_subnet.pri_app_az_2",
            "aws_vpc.dipen_custom-vpc"
          ]
        }
      ]
    },
    {
      "mode": "managed",
      "type": "aws_lb_listener",
      "name": "app_http",
      "provider": "provider[\"registry.terraform.io/hashicorp/aws\"]",
      "instances": [
        {
          "schema_version": 0,
          "attributes": {
            "alpn_policy": null,
            "arn": "arn:aws:elasticloadbalancing:us-east-2:167611893883:listener/app/app-internal-alb/31d52fafa36cb74b/6c11d18846199c02",
            "certificate_arn": null,
            "default_action": [
              {
                "authenticate_cognito": [],
                "authenticate_oidc": [],
                "fixed_response": [],
                "forward": [],
                "order": 1,
                "redirect": [],
                "target_group_arn": "arn:aws:elasticloadbalancing:us-east-2:167611893883:targetgroup/app-tg/a9ca4a8df436c88b",
                "type": "forward"
              }
            ],
            "id": "arn:aws:elasticloadbalancing:us-east-2:167611893883:listener/app/app-internal-alb/31d52fafa36cb74b/6c11d18846199c02",
            "load_balancer_arn": "arn:aws:elasticloadbalancing:us-east-2:167611893883:loadbalancer/app/app-internal-alb/31d52fafa36cb74b",
            "mutual_authentication": [],
            "port": 80,
            "protocol": "HTTP",
            "region": "us-east-2",
            "routing_http_request_x_amzn_mtls_clientcert_header_name": null,
            "routing_http_request_x_amzn_mtls_clientcert_issuer_header_name": null,
            "routing_http_request_x_amzn_mtls_clientcert_leaf_header_name": null,
            "routing_http_request_x_amzn_mtls_clientcert_serial_number_header_name": null,
            "routing_http_request_x_amzn_mtls_clientcert_subject_header_name": null,
            "routing_http_request_x_amzn_mtls_clientcert_validity_header_name": null,
            "routing_http_request_x_amzn_tls_cipher_suite_header_name": null,
            "routing_http_request_x_amzn_tls_version_header_name": null,
            "routing_http_response_access_control_allow_credentials_header_value": "",
            "routing_http_response_access_control_allow_headers_header_value": "",
            "routing_http_response_access_control_allow_methods_header_value": "",
            "routing_http_response_access_control_allow_origin_header_value": "",
            "routing_http_response_access_control_expose_headers_header_value": "",
            "routing_http_response_access_control_max_age_header_value": "",
            "routing_http_response_content_security_policy_header_value": "",
            "routing_http_response_server_enabled": true,
            "routing_http_response_strict_transport_security_header_value": "",
            "routing_http_response_x_content_type_options_header_value": "",
            "routing_http_response_x_frame_options_header_value": "",
            "ssl_policy": "",
            "tags": {},
            "tags_all": {},
            "tcp_idle_timeout_seconds": null,
            "timeouts": null
          },
          "sensitive_attributes": [],
          "identity_schema_version": 0,
          "identity": {
            "arn": "arn:aws:elasticloadbalancing:us-east-2:167611893883:listener/app/app-internal-alb/31d52fafa36cb74b/6c11d18846199c02"
          },
          "private": "eyJlMmJmYjczMC1lY2FhLTExZTYtOGY4OC0zNDM2M2JjN2M0YzAiOnsiY3JlYXRlIjozMDAwMDAwMDAwMDAsInVwZGF0ZSI6MzAwMDAwMDAwMDAwfX0=",
          "dependencies": [
            "aws_lb.app_internal_alb",
            "aws_lb_target_group.app_tg",
            "aws_security_group.alb_internal_sg",
            "aws_subnet.pri_app_az_1",
            "aws_subnet.pri_app_az_2",
            "aws_vpc.dipen_custom-vpc"
          ]
        }
      ]
    },
    {
      "mode": "managed",
      "type": "aws_lb_target_group",
      "name": "app_tg",
      "provider": "provider[\"registry.terraform.io/hashicorp/aws\"]",
      "instances": [
        {
          "schema_version": 0,
          "attributes": {
            "arn": "arn:aws:elasticloadbalancing:us-east-2:167611893883:targetgroup/app-tg/a9ca4a8df436c88b",
            "arn_suffix": "targetgroup/app-tg/a9ca4a8df436c88b",
            "connection_termination": null,
            "deregistration_delay": "300",
            "health_check": [
              {
                "enabled": true,
                "healthy_threshold": 3,
                "interval": 30,
                "matcher": "200-399",
                "path": "/health.php",
                "port": "traffic-port",
                "protocol": "HTTP",
                "timeout": 5,
                "unhealthy_threshold": 2
              }
            ],
            "id": "arn:aws:elasticloadbalancing:us-east-2:167611893883:targetgroup/app-tg/a9ca4a8df436c88b",
            "ip_address_type": "ipv4",
            "lambda_multi_value_headers_enabled": false,
            "load_balancer_arns": [
              "arn:aws:elasticloadbalancing:us-east-2:167611893883:loadbalancer/app/app-internal-alb/31d52fafa36cb74b"
            ],
            "load_balancing_algorithm_type": "round_robin",
            "load_balancing_anomaly_mitigation": "off",
            "load_balancing_cross_zone_enabled": "use_load_balancer_configuration",
            "name": "app-tg",
            "name_prefix": "",
            "port": 80,
            "preserve_client_ip": null,
            "protocol": "HTTP",
            "protocol_version": "HTTP1",
            "proxy_protocol_v2": false,
            "region": "us-east-2",
            "slow_start": 0,
            "stickiness": [
              {
                "cookie_duration": 86400,
                "cookie_name": "",
                "enabled": false,
                "type": "lb_cookie"
              }
            ],
            "tags": {
              "Name": "app-tg"
            },
            "tags_all": {
              "Name": "app-tg"
            },
            "target_failover": [
              {
                "on_deregistration": null,
                "on_unhealthy": null
              }
            ],
            "target_group_health": [
              {
                "dns_failover": [
                  {
                    "minimum_healthy_targets_count": "1",
                    "minimum_healthy_targets_percentage": "off"
                  }
                ],
                "unhealthy_state_routing": [
                  {
                    "minimum_healthy_targets_count": 1,
                    "minimum_healthy_targets_percentage": "off"
                  }
                ]
              }
            ],
            "target_health_state": [
              {
                "enable_unhealthy_connection_termination": null,
                "unhealthy_draining_interval": null
              }
            ],
            "target_type": "instance",
            "vpc_id": "vpc-0f17d625902075d96"
          },
          "sensitive_attributes": [],
          "identity_schema_version": 0,
          "identity": {
            "arn": "arn:aws:elasticloadbalancing:us-east-2:167611893883:targetgroup/app-tg/a9ca4a8df436c88b"
          },
          "private": "bnVsbA==",
          "dependencies": [
            "aws_vpc.dipen_custom-vpc"
          ],
          "create_before_destroy": true
        }
      ]
    },
    {
      "mode": "managed",
      "type": "aws_nat_gateway",
      "name": "nat_gw",
      "provider": "provider[\"registry.terraform.io/hashicorp/aws\"]",
      "instances": [
        {
          "schema_version": 0,
          "attributes": {
            "allocation_id": "eipalloc-05548f29c621bff20",
            "association_id": "eipassoc-038ced4b9ca65d581",
            "connectivity_type": "public",
            "id": "nat-05366844c03452e2e",
            "network_interface_id": "eni-088e189f3edac5b44",
            "private_ip": "10.0.1.69",
            "public_ip": "52.15.45.31",
            "region": "us-east-2",
            "secondary_allocation_ids": [],
            "secondary_private_ip_address_count": 0,
            "secondary_private_ip_addresses": [],
            "subnet_id": "subnet-06abc7ddcd0cb0a2b",
            "tags": {
              "Name": "dipen_vpc_Nat_gw"
            },
            "tags_all": {
              "Name": "dipen_vpc_Nat_gw"
            },
            "timeouts": null
          },
          "sensitive_attributes": [],
          "identity_schema_version": 0,
          "private": "eyJlMmJmYjczMC1lY2FhLTExZTYtOGY4OC0zNDM2M2JjN2M0YzAiOnsiY3JlYXRlIjo2MDAwMDAwMDAwMDAsImRlbGV0ZSI6MTgwMDAwMDAwMDAwMCwidXBkYXRlIjo2MDAwMDAwMDAwMDB9fQ==",
          "dependencies": [
            "aws_eip.nat_gw_ip",
            "aws_internet_gateway.igw",
            "aws_subnet.pub_web_az_1",
            "aws_vpc.dipen_custom-vpc"
          ]
        }
      ]
    },
    {
      "mode": "managed",
      "type": "aws_route_table",
      "name": "private_app_rt",
      "provider": "provider[\"registry.terraform.io/hashicorp/aws\"]",
      "instances": [
        {
          "schema_version": 0,
          "attributes": {
            "arn": "arn:aws:ec2:us-east-2:167611893883:route-table/rtb-0c394a5fa59f0eeed",
            "id": "rtb-0c394a5fa59f0eeed",
            "owner_id": "167611893883",
            "propagating_vgws": [],
            "region": "us-east-2",
            "route": [
              {
                "carrier_gateway_id": "",
                "cidr_block": "0.0.0.0/0",
                "core_network_arn": "",
                "destination_prefix_list_id": "",
                "egress_only_gateway_id": "",
                "gateway_id": "nat-05366844c03452e2e",
                "ipv6_cidr_block": "",
                "local_gateway_id": "",
                "nat_gateway_id": "",
                "network_interface_id": "",
                "transit_gateway_id": "",
                "vpc_endpoint_id": "",
                "vpc_peering_connection_id": ""
              }
            ],
            "tags": {
              "Name": "Private App RT"
            },
            "tags_all": {
              "Name": "Private App RT"
            },
            "timeouts": null,
            "vpc_id": "vpc-0f17d625902075d96"
          },
          "sensitive_attributes": [],
          "identity_schema_version": 0,
          "private": "eyJlMmJmYjczMC1lY2FhLTExZTYtOGY4OC0zNDM2M2JjN2M0YzAiOnsiY3JlYXRlIjozMDAwMDAwMDAwMDAsImRlbGV0ZSI6MzAwMDAwMDAwMDAwLCJ1cGRhdGUiOjEyMDAwMDAwMDAwMH19",
          "dependencies": [
            "aws_eip.nat_gw_ip",
            "aws_internet_gateway.igw",
            "aws_nat_gateway.nat_gw",
            "aws_subnet.pub_web_az_1",
            "aws_vpc.dipen_custom-vpc"
          ]
        }
      ]
    },
    {
      "mode": "managed",
      "type": "aws_route_table",
      "name": "public_web_rt",
      "provider": "provider[\"registry.terraform.io/hashicorp/aws\"]",
      "instances": [
        {
          "schema_version": 0,
          "attributes": {
            "arn": "arn:aws:ec2:us-east-2:167611893883:route-table/rtb-0670a015801838f35",
            "id": "rtb-0670a015801838f35",
            "owner_id": "167611893883",
            "propagating_vgws": [],
            "region": "us-east-2",
            "route": [
              {
                "carrier_gateway_id": "",
                "cidr_block": "0.0.0.0/0",
                "core_network_arn": "",
                "destination_prefix_list_id": "",
                "egress_only_gateway_id": "",
                "gateway_id": "igw-03ffc7545865579e4",
                "ipv6_cidr_block": "",
                "local_gateway_id": "",
                "nat_gateway_id": "",
                "network_interface_id": "",
                "transit_gateway_id": "",
                "vpc_endpoint_id": "",
                "vpc_peering_connection_id": ""
              }
            ],
            "tags": {
              "Name": "Public Web RT"
            },
            "tags_all": {
              "Name": "Public Web RT"
            },
            "timeouts": null,
            "vpc_id": "vpc-0f17d625902075d96"
          },
          "sensitive_attributes": [],
          "identity_schema_version": 0,
          "private": "eyJlMmJmYjczMC1lY2FhLTExZTYtOGY4OC0zNDM2M2JjN2M0YzAiOnsiY3JlYXRlIjozMDAwMDAwMDAwMDAsImRlbGV0ZSI6MzAwMDAwMDAwMDAwLCJ1cGRhdGUiOjEyMDAwMDAwMDAwMH19",
          "dependencies": [
            "aws_internet_gateway.igw",
            "aws_vpc.dipen_custom-vpc"
          ]
        }
      ]
    },
    {
      "mode": "managed",
      "type": "aws_route_table_association",
      "name": "private_app_rt_1",
      "provider": "provider[\"registry.terraform.io/hashicorp/aws\"]",
      "instances": [
        {
          "schema_version": 0,
          "attributes": {
            "gateway_id": "",
            "id": "rtbassoc-05a3f5cb902a7b52c",
            "region": "us-east-2",
            "route_table_id": "rtb-0c394a5fa59f0eeed",
            "subnet_id": "subnet-052490c3ab5512fd9",
            "timeouts": null
          },
          "sensitive_attributes": [],
          "identity_schema_version": 0,
          "private": "eyJlMmJmYjczMC1lY2FhLTExZTYtOGY4OC0zNDM2M2JjN2M0YzAiOnsiY3JlYXRlIjozMDAwMDAwMDAwMDAsImRlbGV0ZSI6MzAwMDAwMDAwMDAwLCJ1cGRhdGUiOjEyMDAwMDAwMDAwMH19",
          "dependencies": [
            "aws_eip.nat_gw_ip",
            "aws_internet_gateway.igw",
            "aws_nat_gateway.nat_gw",
            "aws_route_table.private_app_rt",
            "aws_subnet.pri_app_az_1",
            "aws_subnet.pub_web_az_1",
            "aws_vpc.dipen_custom-vpc"
          ]
        }
      ]
    },
    {
      "mode": "managed",
      "type": "aws_route_table_association",
      "name": "private_app_rt_2",
      "provider": "provider[\"registry.terraform.io/hashicorp/aws\"]",
      "instances": [
        {
          "schema_version": 0,
          "attributes": {
            "gateway_id": "",
            "id": "rtbassoc-0a3c31ee9e5233b91",
            "region": "us-east-2",
            "route_table_id": "rtb-0c394a5fa59f0eeed",
            "subnet_id": "subnet-046cd5acf6612dac6",
            "timeouts": null
          },
          "sensitive_attributes": [],
          "identity_schema_version": 0,
          "private": "eyJlMmJmYjczMC1lY2FhLTExZTYtOGY4OC0zNDM2M2JjN2M0YzAiOnsiY3JlYXRlIjozMDAwMDAwMDAwMDAsImRlbGV0ZSI6MzAwMDAwMDAwMDAwLCJ1cGRhdGUiOjEyMDAwMDAwMDAwMH19",
          "dependencies": [
            "aws_eip.nat_gw_ip",
            "aws_internet_gateway.igw",
            "aws_nat_gateway.nat_gw",
            "aws_route_table.private_app_rt",
            "aws_subnet.pri_app_az_2",
            "aws_subnet.pub_web_az_1",
            "aws_vpc.dipen_custom-vpc"
          ]
        }
      ]
    },
    {
      "mode": "managed",
      "type": "aws_route_table_association",
      "name": "private_db_rt_1",
      "provider": "provider[\"registry.terraform.io/hashicorp/aws\"]",
      "instances": [
        {
          "schema_version": 0,
          "attributes": {
            "gateway_id": "",
            "id": "rtbassoc-0c6ce68b6b00c992e",
            "region": "us-east-2",
            "route_table_id": "rtb-0c394a5fa59f0eeed",
            "subnet_id": "subnet-0e534e13fd4fbbd36",
            "timeouts": null
          },
          "sensitive_attributes": [],
          "identity_schema_version": 0,
          "private": "eyJlMmJmYjczMC1lY2FhLTExZTYtOGY4OC0zNDM2M2JjN2M0YzAiOnsiY3JlYXRlIjozMDAwMDAwMDAwMDAsImRlbGV0ZSI6MzAwMDAwMDAwMDAwLCJ1cGRhdGUiOjEyMDAwMDAwMDAwMH19",
          "dependencies": [
            "aws_eip.nat_gw_ip",
            "aws_internet_gateway.igw",
            "aws_nat_gateway.nat_gw",
            "aws_route_table.private_app_rt",
            "aws_subnet.pri_db_az_1",
            "aws_subnet.pub_web_az_1",
            "aws_vpc.dipen_custom-vpc"
          ]
        }
      ]
    },
    {
      "mode": "managed",
      "type": "aws_route_table_association",
      "name": "private_db_rt_2",
      "provider": "provider[\"registry.terraform.io/hashicorp/aws\"]",
      "instances": [
        {
          "schema_version": 0,
          "attributes": {
            "gateway_id": "",
            "id": "rtbassoc-01a47a6ff60a1b9c7",
            "region": "us-east-2",
            "route_table_id": "rtb-0c394a5fa59f0eeed",
            "subnet_id": "subnet-0a71137c79461f5b9",
            "timeouts": null
          },
          "sensitive_attributes": [],
          "identity_schema_version": 0,
          "private": "eyJlMmJmYjczMC1lY2FhLTExZTYtOGY4OC0zNDM2M2JjN2M0YzAiOnsiY3JlYXRlIjozMDAwMDAwMDAwMDAsImRlbGV0ZSI6MzAwMDAwMDAwMDAwLCJ1cGRhdGUiOjEyMDAwMDAwMDAwMH19",
          "dependencies": [
            "aws_eip.nat_gw_ip",
            "aws_internet_gateway.igw",
            "aws_nat_gateway.nat_gw",
            "aws_route_table.private_app_rt",
            "aws_subnet.pri_db_az_2",
            "aws_subnet.pub_web_az_1",
            "aws_vpc.dipen_custom-vpc"
          ]
        }
      ]
    },
    {
      "mode": "managed",
      "type": "aws_route_table_association",
      "name": "public_web_rt_1",
      "provider": "provider[\"registry.terraform.io/hashicorp/aws\"]",
      "instances": [
        {
          "schema_version": 0,
          "attributes": {
            "gateway_id": "",
            "id": "rtbassoc-01bf87e3bb033855b",
            "region": "us-east-2",
            "route_table_id": "rtb-0670a015801838f35",
            "subnet_id": "subnet-06abc7ddcd0cb0a2b",
            "timeouts": null
          },
          "sensitive_attributes": [],
          "identity_schema_version": 0,
          "private": "eyJlMmJmYjczMC1lY2FhLTExZTYtOGY4OC0zNDM2M2JjN2M0YzAiOnsiY3JlYXRlIjozMDAwMDAwMDAwMDAsImRlbGV0ZSI6MzAwMDAwMDAwMDAwLCJ1cGRhdGUiOjEyMDAwMDAwMDAwMH19",
          "dependencies": [
            "aws_internet_gateway.igw",
            "aws_route_table.public_web_rt",
            "aws_subnet.pub_web_az_1",
            "aws_vpc.dipen_custom-vpc"
          ]
        }
      ]
    },
    {
      "mode": "managed",
      "type": "aws_route_table_association",
      "name": "public_web_rt_2",
      "provider": "provider[\"registry.terraform.io/hashicorp/aws\"]",
      "instances": [
        {
          "schema_version": 0,
          "attributes": {
            "gateway_id": "",
            "id": "rtbassoc-0d90f8dbb6d4b29d2",
            "region": "us-east-2",
            "route_table_id": "rtb-0670a015801838f35",
            "subnet_id": "subnet-03bcb333bcbba6e5c",
            "timeouts": null
          },
          "sensitive_attributes": [],
          "identity_schema_version": 0,
          "private": "eyJlMmJmYjczMC1lY2FhLTExZTYtOGY4OC0zNDM2M2JjN2M0YzAiOnsiY3JlYXRlIjozMDAwMDAwMDAwMDAsImRlbGV0ZSI6MzAwMDAwMDAwMDAwLCJ1cGRhdGUiOjEyMDAwMDAwMDAwMH19",
          "dependencies": [
            "aws_internet_gateway.igw",
            "aws_route_table.public_web_rt",
            "aws_subnet.pub_web_az_2",
            "aws_vpc.dipen_custom-vpc"
          ]
        }
      ]
    },
    {
      "mode": "managed",
      "type": "aws_s3_bucket",
      "name": "app_code_bucket",
      "provider": "provider[\"registry.terraform.io/hashicorp/aws\"]",
      "instances": [
        {
          "schema_version": 0,
          "attributes": {
            "acceleration_status": "",
            "acl": null,
            "arn": "arn:aws:s3:::dipen-app-backend-code",
            "bucket": "dipen-app-backend-code",
            "bucket_domain_name": "dipen-app-backend-code.s3.amazonaws.com",
            "bucket_prefix": "",
            "bucket_region": "us-east-2",
            "bucket_regional_domain_name": "dipen-app-backend-code.s3.us-east-2.amazonaws.com",
            "cors_rule": [],
            "force_destroy": true,
            "grant": [
              {
                "id": "9a625570953ae00ddddce7be53f4094d03e5217e4979ee3454418ce0b85e9bec",
                "permissions": [
                  "FULL_CONTROL"
                ],
                "type": "CanonicalUser",
                "uri": ""
              }
            ],
            "hosted_zone_id": "Z2O1EMRO9K5GLX",
            "id": "dipen-app-backend-code",
            "lifecycle_rule": [],
            "logging": [],
            "object_lock_configuration": [],
            "object_lock_enabled": false,
            "policy": "",
            "region": "us-east-2",
            "replication_configuration": [],
            "request_payer": "BucketOwner",
            "server_side_encryption_configuration": [
              {
                "rule": [
                  {
                    "apply_server_side_encryption_by_default": [
                      {
                        "kms_master_key_id": "",
                        "sse_algorithm": "AES256"
                      }
                    ],
                    "bucket_key_enabled": false
                  }
                ]
              }
            ],
            "tags": {
              "Environment": "Dev",
              "Name": "app-code"
            },
            "tags_all": {
              "Environment": "Dev",
              "Name": "app-code"
            },
            "timeouts": null,
            "versioning": [
              {
                "enabled": false,
                "mfa_delete": false
              }
            ],
            "website": [],
            "website_domain": null,
            "website_endpoint": null
          },
          "sensitive_attributes": [],
          "identity_schema_version": 0,
          "identity": {
            "account_id": "167611893883",
            "bucket": "dipen-app-backend-code",
            "region": "us-east-2"
          },
          "private": "eyJlMmJmYjczMC1lY2FhLTExZTYtOGY4OC0zNDM2M2JjN2M0YzAiOnsiY3JlYXRlIjoxMjAwMDAwMDAwMDAwLCJkZWxldGUiOjM2MDAwMDAwMDAwMDAsInJlYWQiOjEyMDAwMDAwMDAwMDAsInVwZGF0ZSI6MTIwMDAwMDAwMDAwMH19"
        }
      ]
    },
    {
      "mode": "managed",
      "type": "aws_s3_object",
      "name": "config_php",
      "provider": "provider[\"registry.terraform.io/hashicorp/aws\"]",
      "instances": [
        {
          "schema_version": 0,
          "attributes": {
            "acl": null,
            "arn": "arn:aws:s3:::dipen-app-backend-code/config.php",
            "bucket": "dipen-app-backend-code",
            "bucket_key_enabled": false,
            "cache_control": "",
            "checksum_algorithm": null,
            "checksum_crc32": "",
            "checksum_crc32c": "",
            "checksum_crc64nvme": "",
            "checksum_sha1": "",
            "checksum_sha256": "",
            "content": "\u003c?php\r\n// Generated by Terraform at apply time\r\n$db_host = \"mysql-db-project3.cjc8e2a8elx5.us-east-2.rds.amazonaws.com\";\r\n$db_name = \"mydb1\";\r\n$db_user = \"90166Dipen\";\r\n$db_pass = \"90166Dipen\";\r\n\r\nfunction db_connect() {\r\n  global $db_host, $db_user, $db_pass, $db_name;\r\n  $conn = new mysqli($db_host, $db_user, $db_pass, $db_name);\r\n  if ($conn-\u003econnect_error) {\r\n    http_response_code(500);\r\n    die(\"DB connect failed: \" . $conn-\u003econnect_error);\r\n  }\r\n  return $conn;\r\n}\r\n?\u003e",
            "content_base64": null,
            "content_disposition": "",
            "content_encoding": "",
            "content_language": "",
            "content_type": "text/x-php",
            "etag": "4019691da22d80f6167c8f9a37ae47d7",
            "force_destroy": false,
            "id": "dipen-app-backend-code/config.php",
            "key": "config.php",
            "kms_key_id": null,
            "metadata": null,
            "object_lock_legal_hold_status": "",
            "object_lock_mode": "",
            "object_lock_retain_until_date": "",
            "override_provider": [],
            "region": "us-east-2",
            "server_side_encryption": "AES256",
            "source": null,
            "source_hash": null,
            "storage_class": "STANDARD",
            "tags": null,
            "tags_all": {},
            "version_id": "",
            "website_redirect": ""
          },
          "sensitive_attributes": [],
          "identity_schema_version": 0,
          "identity": {
            "account_id": "167611893883",
            "bucket": "dipen-app-backend-code",
            "key": "config.php",
            "region": "us-east-2"
          },
          "private": "bnVsbA==",
          "dependencies": [
            "aws_db_instance.mysql_db",
            "aws_db_subnet_group.mysql_db_subnet_group",
            "aws_s3_bucket.app_code_bucket",
            "aws_security_group.db_tier_sg",
            "aws_subnet.pri_db_az_1",
            "aws_subnet.pri_db_az_2",
            "aws_vpc.dipen_custom-vpc"
          ]
        }
      ]
    },
    {
      "mode": "managed",
      "type": "aws_s3_object",
      "name": "get_employees",
      "provider": "provider[\"registry.terraform.io/hashicorp/aws\"]",
      "instances": [
        {
          "schema_version": 0,
          "attributes": {
            "acl": null,
            "arn": "arn:aws:s3:::dipen-app-backend-code/get-employees.php",
            "bucket": "dipen-app-backend-code",
            "bucket_key_enabled": false,
            "cache_control": "",
            "checksum_algorithm": null,
            "checksum_crc32": "",
            "checksum_crc32c": "",
            "checksum_crc64nvme": "",
            "checksum_sha1": "",
            "checksum_sha256": "",
            "content": null,
            "content_base64": null,
            "content_disposition": "",
            "content_encoding": "",
            "content_language": "",
            "content_type": "text/x-php",
            "etag": "7dadd22500f2b7d0a71e5d68c732b474",
            "force_destroy": false,
            "id": "dipen-app-backend-code/get-employees.php",
            "key": "get-employees.php",
            "kms_key_id": null,
            "metadata": {},
            "object_lock_legal_hold_status": "",
            "object_lock_mode": "",
            "object_lock_retain_until_date": "",
            "override_provider": [],
            "region": "us-east-2",
            "server_side_encryption": "AES256",
            "source": "./userdata/get-employees.php",
            "source_hash": null,
            "storage_class": "STANDARD",
            "tags": {},
            "tags_all": {},
            "version_id": "",
            "website_redirect": ""
          },
          "sensitive_attributes": [],
          "identity_schema_version": 0,
          "identity": {
            "account_id": "167611893883",
            "bucket": "dipen-app-backend-code",
            "key": "get-employees.php",
            "region": "us-east-2"
          },
          "private": "bnVsbA==",
          "dependencies": [
            "aws_s3_bucket.app_code_bucket"
          ]
        }
      ]
    },
    {
      "mode": "managed",
      "type": "aws_s3_object",
      "name": "health_php",
      "provider": "provider[\"registry.terraform.io/hashicorp/aws\"]",
      "instances": [
        {
          "schema_version": 0,
          "attributes": {
            "acl": null,
            "arn": "arn:aws:s3:::dipen-app-backend-code/health.php",
            "bucket": "dipen-app-backend-code",
            "bucket_key_enabled": false,
            "cache_control": "",
            "checksum_algorithm": null,
            "checksum_crc32": "",
            "checksum_crc32c": "",
            "checksum_crc64nvme": "",
            "checksum_sha1": "",
            "checksum_sha256": "",
            "content": null,
            "content_base64": null,
            "content_disposition": "",
            "content_encoding": "",
            "content_language": "",
            "content_type": "text/x-php",
            "etag": "17ce5b24beab45170d19f112ed12ef35",
            "force_destroy": false,
            "id": "dipen-app-backend-code/health.php",
            "key": "health.php",
            "kms_key_id": null,
            "metadata": {},
            "object_lock_legal_hold_status": "",
            "object_lock_mode": "",
            "object_lock_retain_until_date": "",
            "override_provider": [],
            "region": "us-east-2",
            "server_side_encryption": "AES256",
            "source": "./userdata/health.php",
            "source_hash": null,
            "storage_class": "STANDARD",
            "tags": {},
            "tags_all": {},
            "version_id": "",
            "website_redirect": ""
          },
          "sensitive_attributes": [],
          "identity_schema_version": 0,
          "identity": {
            "account_id": "167611893883",
            "bucket": "dipen-app-backend-code",
            "key": "health.php",
            "region": "us-east-2"
          },
          "private": "bnVsbA==",
          "dependencies": [
            "aws_s3_bucket.app_code_bucket"
          ]
        }
      ]
    },
    {
      "mode": "managed",
      "type": "aws_s3_object",
      "name": "submit_form",
      "provider": "provider[\"registry.terraform.io/hashicorp/aws\"]",
      "instances": [
        {
          "schema_version": 0,
          "attributes": {
            "acl": null,
            "arn": "arn:aws:s3:::dipen-app-backend-code/submit-form.php",
            "bucket": "dipen-app-backend-code",
            "bucket_key_enabled": false,
            "cache_control": "",
            "checksum_algorithm": null,
            "checksum_crc32": "",
            "checksum_crc32c": "",
            "checksum_crc64nvme": "",
            "checksum_sha1": "",
            "checksum_sha256": "",
            "content": null,
            "content_base64": null,
            "content_disposition": "",
            "content_encoding": "",
            "content_language": "",
            "content_type": "text/x-php",
            "etag": "6a9e66f1bcead3f70d6d2e02db9937de",
            "force_destroy": false,
            "id": "dipen-app-backend-code/submit-form.php",
            "key": "submit-form.php",
            "kms_key_id": null,
            "metadata": {},
            "object_lock_legal_hold_status": "",
            "object_lock_mode": "",
            "object_lock_retain_until_date": "",
            "override_provider": [],
            "region": "us-east-2",
            "server_side_encryption": "AES256",
            "source": "./userdata/submit-form.php",
            "source_hash": null,
            "storage_class": "STANDARD",
            "tags": {},
            "tags_all": {},
            "version_id": "",
            "website_redirect": ""
          },
          "sensitive_attributes": [],
          "identity_schema_version": 0,
          "identity": {
            "account_id": "167611893883",
            "bucket": "dipen-app-backend-code",
            "key": "submit-form.php",
            "region": "us-east-2"
          },
          "private": "bnVsbA==",
          "dependencies": [
            "aws_s3_bucket.app_code_bucket"
          ]
        }
      ]
    },
    {
      "mode": "managed",
      "type": "aws_security_group",
      "name": "alb_internal_sg",
      "provider": "provider[\"registry.terraform.io/hashicorp/aws\"]",
      "instances": [
        {
          "schema_version": 1,
          "attributes": {
            "arn": "arn:aws:ec2:us-east-2:167611893883:security-group/sg-04b452bdfa3e5054d",
            "description": "Internal ALB SG",
            "egress": [
              {
                "cidr_blocks": [
                  "0.0.0.0/0"
                ],
                "description": "",
                "from_port": 0,
                "ipv6_cidr_blocks": [],
                "prefix_list_ids": [],
                "protocol": "-1",
                "security_groups": [],
                "self": false,
                "to_port": 0
              }
            ],
            "id": "sg-04b452bdfa3e5054d",
            "ingress": [
              {
                "cidr_blocks": [],
                "description": "",
                "from_port": 80,
                "ipv6_cidr_blocks": [],
                "prefix_list_ids": [],
                "protocol": "tcp",
                "security_groups": [
                  "sg-05510a9051275acc2"
                ],
                "self": false,
                "to_port": 80
              }
            ],
            "name": "alb-internal-sg",
            "name_prefix": "",
            "owner_id": "167611893883",
            "region": "us-east-2",
            "revoke_rules_on_delete": false,
            "tags": {
              "Name": "alb-internal-sg"
            },
            "tags_all": {
              "Name": "alb-internal-sg"
            },
            "timeouts": null,
            "vpc_id": "vpc-0f17d625902075d96"
          },
          "sensitive_attributes": [],
          "identity_schema_version": 0,
          "private": "eyJlMmJmYjczMC1lY2FhLTExZTYtOGY4OC0zNDM2M2JjN2M0YzAiOnsiY3JlYXRlIjo2MDAwMDAwMDAwMDAsImRlbGV0ZSI6OTAwMDAwMDAwMDAwfSwic2NoZW1hX3ZlcnNpb24iOiIxIn0=",
          "dependencies": [
            "aws_vpc.dipen_custom-vpc"
          ]
        }
      ]
    },
    {
      "mode": "managed",
      "type": "aws_security_group",
      "name": "app_tier_sg",
      "provider": "provider[\"registry.terraform.io/hashicorp/aws\"]",
      "instances": [
        {
          "schema_version": 1,
          "attributes": {
            "arn": "arn:aws:ec2:us-east-2:167611893883:security-group/sg-0edf5ca058f20a5de",
            "description": "Allow HTTP from web tier and all outbound traffic",
            "egress": [
              {
                "cidr_blocks": [
                  "0.0.0.0/0"
                ],
                "description": "",
                "from_port": 0,
                "ipv6_cidr_blocks": [],
                "prefix_list_ids": [],
                "protocol": "-1",
                "security_groups": [],
                "self": false,
                "to_port": 0
              }
            ],
            "id": "sg-0edf5ca058f20a5de",
            "ingress": [
              {
                "cidr_blocks": [],
                "description": "",
                "from_port": 80,
                "ipv6_cidr_blocks": [],
                "prefix_list_ids": [],
                "protocol": "tcp",
                "security_groups": [
                  "sg-04b452bdfa3e5054d",
                  "sg-05510a9051275acc2"
                ],
                "self": false,
                "to_port": 80
              }
            ],
            "name": "app_tier_sg",
            "name_prefix": "",
            "owner_id": "167611893883",
            "region": "us-east-2",
            "revoke_rules_on_delete": false,
            "tags": {
              "Name": "app_tier_sg"
            },
            "tags_all": {
              "Name": "app_tier_sg"
            },
            "timeouts": null,
            "vpc_id": "vpc-0f17d625902075d96"
          },
          "sensitive_attributes": [],
          "identity_schema_version": 0,
          "private": "eyJlMmJmYjczMC1lY2FhLTExZTYtOGY4OC0zNDM2M2JjN2M0YzAiOnsiY3JlYXRlIjo2MDAwMDAwMDAwMDAsImRlbGV0ZSI6OTAwMDAwMDAwMDAwfSwic2NoZW1hX3ZlcnNpb24iOiIxIn0=",
          "dependencies": [
            "aws_vpc.dipen_custom-vpc"
          ],
          "create_before_destroy": true
        }
      ]
    },
    {
      "mode": "managed",
      "type": "aws_security_group",
      "name": "db_tier_sg",
      "provider": "provider[\"registry.terraform.io/hashicorp/aws\"]",
      "instances": [
        {
          "schema_version": 1,
          "attributes": {
            "arn": "arn:aws:ec2:us-east-2:167611893883:security-group/sg-0a3da14c6f4ac282b",
            "description": "Allow mysql from app tier and all outbound traffic",
            "egress": [
              {
                "cidr_blocks": [
                  "0.0.0.0/0"
                ],
                "description": "",
                "from_port": 0,
                "ipv6_cidr_blocks": [],
                "prefix_list_ids": [],
                "protocol": "-1",
                "security_groups": [],
                "self": false,
                "to_port": 0
              }
            ],
            "id": "sg-0a3da14c6f4ac282b",
            "ingress": [
              {
                "cidr_blocks": [],
                "description": "",
                "from_port": 3306,
                "ipv6_cidr_blocks": [],
                "prefix_list_ids": [],
                "protocol": "tcp",
                "security_groups": [
                  "sg-0edf5ca058f20a5de"
                ],
                "self": false,
                "to_port": 3306
              }
            ],
            "name": "db_tier_sg",
            "name_prefix": "",
            "owner_id": "167611893883",
            "region": "us-east-2",
            "revoke_rules_on_delete": false,
            "tags": {
              "Name": "db_tier_sg"
            },
            "tags_all": {
              "Name": "db_tier_sg"
            },
            "timeouts": null,
            "vpc_id": "vpc-0f17d625902075d96"
          },
          "sensitive_attributes": [],
          "identity_schema_version": 0,
          "private": "eyJlMmJmYjczMC1lY2FhLTExZTYtOGY4OC0zNDM2M2JjN2M0YzAiOnsiY3JlYXRlIjo2MDAwMDAwMDAwMDAsImRlbGV0ZSI6OTAwMDAwMDAwMDAwfSwic2NoZW1hX3ZlcnNpb24iOiIxIn0=",
          "dependencies": [
            "aws_vpc.dipen_custom-vpc"
          ]
        }
      ]
    },
    {
      "mode": "managed",
      "type": "aws_security_group",
      "name": "web_tier_sg",
      "provider": "provider[\"registry.terraform.io/hashicorp/aws\"]",
      "instances": [
        {
          "schema_version": 1,
          "attributes": {
            "arn": "arn:aws:ec2:us-east-2:167611893883:security-group/sg-05510a9051275acc2",
            "description": "Allow HTTP, HTTPS, and SSH inbound; allow all outbound traffic",
            "egress": [
              {
                "cidr_blocks": [
                  "0.0.0.0/0"
                ],
                "description": "",
                "from_port": 0,
                "ipv6_cidr_blocks": [],
                "prefix_list_ids": [],
                "protocol": "-1",
                "security_groups": [],
                "self": false,
                "to_port": 0
              }
            ],
            "id": "sg-05510a9051275acc2",
            "ingress": [
              {
                "cidr_blocks": [
                  "0.0.0.0/0"
                ],
                "description": "",
                "from_port": 22,
                "ipv6_cidr_blocks": [],
                "prefix_list_ids": [],
                "protocol": "tcp",
                "security_groups": [],
                "self": false,
                "to_port": 22
              },
              {
                "cidr_blocks": [
                  "0.0.0.0/0"
                ],
                "description": "",
                "from_port": 443,
                "ipv6_cidr_blocks": [],
                "prefix_list_ids": [],
                "protocol": "tcp",
                "security_groups": [],
                "self": false,
                "to_port": 443
              },
              {
                "cidr_blocks": [
                  "0.0.0.0/0"
                ],
                "description": "",
                "from_port": 80,
                "ipv6_cidr_blocks": [],
                "prefix_list_ids": [],
                "protocol": "tcp",
                "security_groups": [],
                "self": false,
                "to_port": 80
              }
            ],
            "name": "web_tier_sg",
            "name_prefix": "",
            "owner_id": "167611893883",
            "region": "us-east-2",
            "revoke_rules_on_delete": false,
            "tags": {
              "Name": "web_tier_sg"
            },
            "tags_all": {
              "Name": "web_tier_sg"
            },
            "timeouts": null,
            "vpc_id": "vpc-0f17d625902075d96"
          },
          "sensitive_attributes": [],
          "identity_schema_version": 0,
          "private": "eyJlMmJmYjczMC1lY2FhLTExZTYtOGY4OC0zNDM2M2JjN2M0YzAiOnsiY3JlYXRlIjo2MDAwMDAwMDAwMDAsImRlbGV0ZSI6OTAwMDAwMDAwMDAwfSwic2NoZW1hX3ZlcnNpb24iOiIxIn0=",
          "dependencies": [
            "aws_vpc.dipen_custom-vpc"
          ]
        }
      ]
    },
    {
      "mode": "managed",
      "type": "aws_ssm_parameter",
      "name": "db_password",
      "provider": "provider[\"registry.terraform.io/hashicorp/aws\"]",
      "instances": [
        {
          "schema_version": 0,
          "attributes": {
            "allowed_pattern": "",
            "arn": "arn:aws:ssm:us-east-2:167611893883:parameter/app/db/password",
            "data_type": "text",
            "description": "",
            "has_value_wo": false,
            "id": "/app/db/password",
            "insecure_value": null,
            "key_id": "alias/aws/ssm",
            "name": "/app/db/password",
            "overwrite": true,
            "region": "us-east-2",
            "tags": {},
            "tags_all": {},
            "tier": "Standard",
            "type": "SecureString",
            "value": "90166Dipen",
            "value_wo": null,
            "value_wo_version": null,
            "version": 1
          },
          "sensitive_attributes": [
            [
              {
                "type": "get_attr",
                "value": "value"
              }
            ],
            [
              {
                "type": "get_attr",
                "value": "value_wo"
              }
            ]
          ],
          "identity_schema_version": 0,
          "private": "bnVsbA=="
        }
      ]
    },
    {
      "mode": "managed",
      "type": "aws_ssm_parameter",
      "name": "db_username",
      "provider": "provider[\"registry.terraform.io/hashicorp/aws\"]",
      "instances": [
        {
          "schema_version": 0,
          "attributes": {
            "allowed_pattern": "",
            "arn": "arn:aws:ssm:us-east-2:167611893883:parameter/app/db/username",
            "data_type": "text",
            "description": "",
            "has_value_wo": false,
            "id": "/app/db/username",
            "insecure_value": null,
            "key_id": "",
            "name": "/app/db/username",
            "overwrite": true,
            "region": "us-east-2",
            "tags": {},
            "tags_all": {},
            "tier": "Standard",
            "type": "String",
            "value": "admin",
            "value_wo": null,
            "value_wo_version": null,
            "version": 1
          },
          "sensitive_attributes": [
            [
              {
                "type": "get_attr",
                "value": "value"
              }
            ],
            [
              {
                "type": "get_attr",
                "value": "value_wo"
              }
            ]
          ],
          "identity_schema_version": 0,
          "private": "bnVsbA=="
        }
      ]
    },
    {
      "mode": "managed",
      "type": "aws_ssm_parameter",
      "name": "rds_endpoint",
      "provider": "provider[\"registry.terraform.io/hashicorp/aws\"]",
      "instances": [
        {
          "schema_version": 0,
          "attributes": {
            "allowed_pattern": "",
            "arn": "arn:aws:ssm:us-east-2:167611893883:parameter/app/db/endpoint",
            "data_type": "text",
            "description": "",
            "has_value_wo": false,
            "id": "/app/db/endpoint",
            "insecure_value": null,
            "key_id": "",
            "name": "/app/db/endpoint",
            "overwrite": true,
            "region": "us-east-2",
            "tags": {},
            "tags_all": {},
            "tier": "Standard",
            "type": "String",
            "value": "mysql-db-project3.cjc8e2a8elx5.us-east-2.rds.amazonaws.com",
            "value_wo": null,
            "value_wo_version": null,
            "version": 1
          },
          "sensitive_attributes": [
            [
              {
                "type": "get_attr",
                "value": "value"
              }
            ],
            [
              {
                "type": "get_attr",
                "value": "value_wo"
              }
            ]
          ],
          "identity_schema_version": 0,
          "private": "bnVsbA==",
          "dependencies": [
            "aws_db_instance.mysql_db",
            "aws_db_subnet_group.mysql_db_subnet_group",
            "aws_security_group.db_tier_sg",
            "aws_subnet.pri_db_az_1",
            "aws_subnet.pri_db_az_2",
            "aws_vpc.dipen_custom-vpc"
          ]
        }
      ]
    },
    {
      "mode": "managed",
      "type": "aws_subnet",
      "name": "pri_app_az_1",
      "provider": "provider[\"registry.terraform.io/hashicorp/aws\"]",
      "instances": [
        {
          "schema_version": 1,
          "attributes": {
            "arn": "arn:aws:ec2:us-east-2:167611893883:subnet/subnet-052490c3ab5512fd9",
            "assign_ipv6_address_on_creation": false,
            "availability_zone": "us-east-2a",
            "availability_zone_id": "use2-az1",
            "cidr_block": "10.0.3.0/24",
            "customer_owned_ipv4_pool": "",
            "enable_dns64": false,
            "enable_lni_at_device_index": 0,
            "enable_resource_name_dns_a_record_on_launch": false,
            "enable_resource_name_dns_aaaa_record_on_launch": false,
            "id": "subnet-052490c3ab5512fd9",
            "ipv6_cidr_block": "",
            "ipv6_cidr_block_association_id": "",
            "ipv6_native": false,
            "map_customer_owned_ip_on_launch": false,
            "map_public_ip_on_launch": false,
            "outpost_arn": "",
            "owner_id": "167611893883",
            "private_dns_hostname_type_on_launch": "ip-name",
            "region": "us-east-2",
            "tags": {
              "Name": "Private_App_1"
            },
            "tags_all": {
              "Name": "Private_App_1"
            },
            "timeouts": null,
            "vpc_id": "vpc-0f17d625902075d96"
          },
          "sensitive_attributes": [],
          "identity_schema_version": 0,
          "private": "eyJlMmJmYjczMC1lY2FhLTExZTYtOGY4OC0zNDM2M2JjN2M0YzAiOnsiY3JlYXRlIjo2MDAwMDAwMDAwMDAsImRlbGV0ZSI6MTIwMDAwMDAwMDAwMH0sInNjaGVtYV92ZXJzaW9uIjoiMSJ9",
          "dependencies": [
            "aws_vpc.dipen_custom-vpc"
          ],
          "create_before_destroy": true
        }
      ]
    },
    {
      "mode": "managed",
      "type": "aws_subnet",
      "name": "pri_app_az_2",
      "provider": "provider[\"registry.terraform.io/hashicorp/aws\"]",
      "instances": [
        {
          "schema_version": 1,
          "attributes": {
            "arn": "arn:aws:ec2:us-east-2:167611893883:subnet/subnet-046cd5acf6612dac6",
            "assign_ipv6_address_on_creation": false,
            "availability_zone": "us-east-2b",
            "availability_zone_id": "use2-az2",
            "cidr_block": "10.0.4.0/24",
            "customer_owned_ipv4_pool": "",
            "enable_dns64": false,
            "enable_lni_at_device_index": 0,
            "enable_resource_name_dns_a_record_on_launch": false,
            "enable_resource_name_dns_aaaa_record_on_launch": false,
            "id": "subnet-046cd5acf6612dac6",
            "ipv6_cidr_block": "",
            "ipv6_cidr_block_association_id": "",
            "ipv6_native": false,
            "map_customer_owned_ip_on_launch": false,
            "map_public_ip_on_launch": false,
            "outpost_arn": "",
            "owner_id": "167611893883",
            "private_dns_hostname_type_on_launch": "ip-name",
            "region": "us-east-2",
            "tags": {
              "Name": "Private_App_2"
            },
            "tags_all": {
              "Name": "Private_App_2"
            },
            "timeouts": null,
            "vpc_id": "vpc-0f17d625902075d96"
          },
          "sensitive_attributes": [],
          "identity_schema_version": 0,
          "private": "eyJlMmJmYjczMC1lY2FhLTExZTYtOGY4OC0zNDM2M2JjN2M0YzAiOnsiY3JlYXRlIjo2MDAwMDAwMDAwMDAsImRlbGV0ZSI6MTIwMDAwMDAwMDAwMH0sInNjaGVtYV92ZXJzaW9uIjoiMSJ9",
          "dependencies": [
            "aws_vpc.dipen_custom-vpc"
          ],
          "create_before_destroy": true
        }
      ]
    },
    {
      "mode": "managed",
      "type": "aws_subnet",
      "name": "pri_db_az_1",
      "provider": "provider[\"registry.terraform.io/hashicorp/aws\"]",
      "instances": [
        {
          "schema_version": 1,
          "attributes": {
            "arn": "arn:aws:ec2:us-east-2:167611893883:subnet/subnet-0e534e13fd4fbbd36",
            "assign_ipv6_address_on_creation": false,
            "availability_zone": "us-east-2a",
            "availability_zone_id": "use2-az1",
            "cidr_block": "10.0.5.0/24",
            "customer_owned_ipv4_pool": "",
            "enable_dns64": false,
            "enable_lni_at_device_index": 0,
            "enable_resource_name_dns_a_record_on_launch": false,
            "enable_resource_name_dns_aaaa_record_on_launch": false,
            "id": "subnet-0e534e13fd4fbbd36",
            "ipv6_cidr_block": "",
            "ipv6_cidr_block_association_id": "",
            "ipv6_native": false,
            "map_customer_owned_ip_on_launch": false,
            "map_public_ip_on_launch": false,
            "outpost_arn": "",
            "owner_id": "167611893883",
            "private_dns_hostname_type_on_launch": "ip-name",
            "region": "us-east-2",
            "tags": {
              "Name": "Private_Database_1"
            },
            "tags_all": {
              "Name": "Private_Database_1"
            },
            "timeouts": null,
            "vpc_id": "vpc-0f17d625902075d96"
          },
          "sensitive_attributes": [],
          "identity_schema_version": 0,
          "private": "eyJlMmJmYjczMC1lY2FhLTExZTYtOGY4OC0zNDM2M2JjN2M0YzAiOnsiY3JlYXRlIjo2MDAwMDAwMDAwMDAsImRlbGV0ZSI6MTIwMDAwMDAwMDAwMH0sInNjaGVtYV92ZXJzaW9uIjoiMSJ9",
          "dependencies": [
            "aws_vpc.dipen_custom-vpc"
          ]
        }
      ]
    },
    {
      "mode": "managed",
      "type": "aws_subnet",
      "name": "pri_db_az_2",
      "provider": "provider[\"registry.terraform.io/hashicorp/aws\"]",
      "instances": [
        {
          "schema_version": 1,
          "attributes": {
            "arn": "arn:aws:ec2:us-east-2:167611893883:subnet/subnet-0a71137c79461f5b9",
            "assign_ipv6_address_on_creation": false,
            "availability_zone": "us-east-2b",
            "availability_zone_id": "use2-az2",
            "cidr_block": "10.0.6.0/24",
            "customer_owned_ipv4_pool": "",
            "enable_dns64": false,
            "enable_lni_at_device_index": 0,
            "enable_resource_name_dns_a_record_on_launch": false,
            "enable_resource_name_dns_aaaa_record_on_launch": false,
            "id": "subnet-0a71137c79461f5b9",
            "ipv6_cidr_block": "",
            "ipv6_cidr_block_association_id": "",
            "ipv6_native": false,
            "map_customer_owned_ip_on_launch": false,
            "map_public_ip_on_launch": false,
            "outpost_arn": "",
            "owner_id": "167611893883",
            "private_dns_hostname_type_on_launch": "ip-name",
            "region": "us-east-2",
            "tags": {
              "Name": "Private_Database_2"
            },
            "tags_all": {
              "Name": "Private_Database_2"
            },
            "timeouts": null,
            "vpc_id": "vpc-0f17d625902075d96"
          },
          "sensitive_attributes": [],
          "identity_schema_version": 0,
          "private": "eyJlMmJmYjczMC1lY2FhLTExZTYtOGY4OC0zNDM2M2JjN2M0YzAiOnsiY3JlYXRlIjo2MDAwMDAwMDAwMDAsImRlbGV0ZSI6MTIwMDAwMDAwMDAwMH0sInNjaGVtYV92ZXJzaW9uIjoiMSJ9",
          "dependencies": [
            "aws_vpc.dipen_custom-vpc"
          ]
        }
      ]
    },
    {
      "mode": "managed",
      "type": "aws_subnet",
      "name": "pub_web_az_1",
      "provider": "provider[\"registry.terraform.io/hashicorp/aws\"]",
      "instances": [
        {
          "schema_version": 1,
          "attributes": {
            "arn": "arn:aws:ec2:us-east-2:167611893883:subnet/subnet-06abc7ddcd0cb0a2b",
            "assign_ipv6_address_on_creation": false,
            "availability_zone": "us-east-2a",
            "availability_zone_id": "use2-az1",
            "cidr_block": "10.0.1.0/24",
            "customer_owned_ipv4_pool": "",
            "enable_dns64": false,
            "enable_lni_at_device_index": 0,
            "enable_resource_name_dns_a_record_on_launch": false,
            "enable_resource_name_dns_aaaa_record_on_launch": false,
            "id": "subnet-06abc7ddcd0cb0a2b",
            "ipv6_cidr_block": "",
            "ipv6_cidr_block_association_id": "",
            "ipv6_native": false,
            "map_customer_owned_ip_on_launch": false,
            "map_public_ip_on_launch": true,
            "outpost_arn": "",
            "owner_id": "167611893883",
            "private_dns_hostname_type_on_launch": "ip-name",
            "region": "us-east-2",
            "tags": {
              "Name": "Public_Web_1"
            },
            "tags_all": {
              "Name": "Public_Web_1"
            },
            "timeouts": null,
            "vpc_id": "vpc-0f17d625902075d96"
          },
          "sensitive_attributes": [],
          "identity_schema_version": 0,
          "private": "eyJlMmJmYjczMC1lY2FhLTExZTYtOGY4OC0zNDM2M2JjN2M0YzAiOnsiY3JlYXRlIjo2MDAwMDAwMDAwMDAsImRlbGV0ZSI6MTIwMDAwMDAwMDAwMH0sInNjaGVtYV92ZXJzaW9uIjoiMSJ9",
          "dependencies": [
            "aws_vpc.dipen_custom-vpc"
          ]
        }
      ]
    },
    {
      "mode": "managed",
      "type": "aws_subnet",
      "name": "pub_web_az_2",
      "provider": "provider[\"registry.terraform.io/hashicorp/aws\"]",
      "instances": [
        {
          "schema_version": 1,
          "attributes": {
            "arn": "arn:aws:ec2:us-east-2:167611893883:subnet/subnet-03bcb333bcbba6e5c",
            "assign_ipv6_address_on_creation": false,
            "availability_zone": "us-east-2b",
            "availability_zone_id": "use2-az2",
            "cidr_block": "10.0.2.0/24",
            "customer_owned_ipv4_pool": "",
            "enable_dns64": false,
            "enable_lni_at_device_index": 0,
            "enable_resource_name_dns_a_record_on_launch": false,
            "enable_resource_name_dns_aaaa_record_on_launch": false,
            "id": "subnet-03bcb333bcbba6e5c",
            "ipv6_cidr_block": "",
            "ipv6_cidr_block_association_id": "",
            "ipv6_native": false,
            "map_customer_owned_ip_on_launch": false,
            "map_public_ip_on_launch": true,
            "outpost_arn": "",
            "owner_id": "167611893883",
            "private_dns_hostname_type_on_launch": "ip-name",
            "region": "us-east-2",
            "tags": {
              "Name": "Public_Web_2"
            },
            "tags_all": {
              "Name": "Public_Web_2"
            },
            "timeouts": null,
            "vpc_id": "vpc-0f17d625902075d96"
          },
          "sensitive_attributes": [],
          "identity_schema_version": 0,
          "private": "eyJlMmJmYjczMC1lY2FhLTExZTYtOGY4OC0zNDM2M2JjN2M0YzAiOnsiY3JlYXRlIjo2MDAwMDAwMDAwMDAsImRlbGV0ZSI6MTIwMDAwMDAwMDAwMH0sInNjaGVtYV92ZXJzaW9uIjoiMSJ9",
          "dependencies": [
            "aws_vpc.dipen_custom-vpc"
          ]
        }
      ]
    },
    {
      "mode": "managed",
      "type": "aws_vpc",
      "name": "dipen_custom-vpc",
      "provider": "provider[\"registry.terraform.io/hashicorp/aws\"]",
      "instances": [
        {
          "schema_version": 1,
          "attributes": {
            "arn": "arn:aws:ec2:us-east-2:167611893883:vpc/vpc-0f17d625902075d96",
            "assign_generated_ipv6_cidr_block": false,
            "cidr_block": "10.0.0.0/16",
            "default_network_acl_id": "acl-079cd90f958bb5947",
            "default_route_table_id": "rtb-0ffbf8507486a8aba",
            "default_security_group_id": "sg-0ea68430be8fcc8f3",
            "dhcp_options_id": "dopt-09ed745a1a19ab299",
            "enable_dns_hostnames": true,
            "enable_dns_support": true,
            "enable_network_address_usage_metrics": false,
            "id": "vpc-0f17d625902075d96",
            "instance_tenancy": "default",
            "ipv4_ipam_pool_id": null,
            "ipv4_netmask_length": null,
            "ipv6_association_id": "",
            "ipv6_cidr_block": "",
            "ipv6_cidr_block_network_border_group": "",
            "ipv6_ipam_pool_id": "",
            "ipv6_netmask_length": 0,
            "main_route_table_id": "rtb-0ffbf8507486a8aba",
            "owner_id": "167611893883",
            "region": "us-east-2",
            "tags": {
              "Name": "Dipen Custom VPC"
            },
            "tags_all": {
              "Name": "Dipen Custom VPC"
            }
          },
          "sensitive_attributes": [],
          "identity_schema_version": 0,
          "private": "eyJzY2hlbWFfdmVyc2lvbiI6IjEifQ==",
          "create_before_destroy": true
        }
      ]
    },
    {
      "mode": "managed",
      "type": "aws_vpc_security_group_egress_rule",
      "name": "alb_all_egress",
      "provider": "provider[\"registry.terraform.io/hashicorp/aws\"]",
      "instances": [
        {
          "schema_version": 0,
          "attributes": {
            "arn": "arn:aws:ec2:us-east-2:167611893883:security-group-rule/sgr-0e02ca4f57f38e543",
            "cidr_ipv4": "0.0.0.0/0",
            "cidr_ipv6": null,
            "description": null,
            "from_port": null,
            "id": "sgr-0e02ca4f57f38e543",
            "ip_protocol": "-1",
            "prefix_list_id": null,
            "referenced_security_group_id": null,
            "region": "us-east-2",
            "security_group_id": "sg-04b452bdfa3e5054d",
            "security_group_rule_id": "sgr-0e02ca4f57f38e543",
            "tags": null,
            "tags_all": {},
            "to_port": null
          },
          "sensitive_attributes": [],
          "identity_schema_version": 0,
          "dependencies": [
            "aws_security_group.alb_internal_sg",
            "aws_vpc.dipen_custom-vpc"
          ]
        }
      ]
    },
    {
      "mode": "managed",
      "type": "aws_vpc_security_group_egress_rule",
      "name": "allow_all_traffic_ipv4_app",
      "provider": "provider[\"registry.terraform.io/hashicorp/aws\"]",
      "instances": [
        {
          "schema_version": 0,
          "attributes": {
            "arn": "arn:aws:ec2:us-east-2:167611893883:security-group-rule/sgr-0399634da32d23080",
            "cidr_ipv4": "0.0.0.0/0",
            "cidr_ipv6": null,
            "description": null,
            "from_port": null,
            "id": "sgr-0399634da32d23080",
            "ip_protocol": "-1",
            "prefix_list_id": null,
            "referenced_security_group_id": null,
            "region": "us-east-2",
            "security_group_id": "sg-0edf5ca058f20a5de",
            "security_group_rule_id": "sgr-0399634da32d23080",
            "tags": null,
            "tags_all": {},
            "to_port": null
          },
          "sensitive_attributes": [],
          "identity_schema_version": 0,
          "dependencies": [
            "aws_security_group.app_tier_sg",
            "aws_vpc.dipen_custom-vpc"
          ]
        }
      ]
    },
    {
      "mode": "managed",
      "type": "aws_vpc_security_group_egress_rule",
      "name": "allow_all_web_traffic_ipv4",
      "provider": "provider[\"registry.terraform.io/hashicorp/aws\"]",
      "instances": [
        {
          "schema_version": 0,
          "attributes": {
            "arn": "arn:aws:ec2:us-east-2:167611893883:security-group-rule/sgr-05d0950d55e618b59",
            "cidr_ipv4": "0.0.0.0/0",
            "cidr_ipv6": null,
            "description": null,
            "from_port": null,
            "id": "sgr-05d0950d55e618b59",
            "ip_protocol": "-1",
            "prefix_list_id": null,
            "referenced_security_group_id": null,
            "region": "us-east-2",
            "security_group_id": "sg-05510a9051275acc2",
            "security_group_rule_id": "sgr-05d0950d55e618b59",
            "tags": null,
            "tags_all": {},
            "to_port": null
          },
          "sensitive_attributes": [],
          "identity_schema_version": 0,
          "dependencies": [
            "aws_security_group.web_tier_sg",
            "aws_vpc.dipen_custom-vpc"
          ]
        }
      ]
    },
    {
      "mode": "managed",
      "type": "aws_vpc_security_group_egress_rule",
      "name": "db_all_egress",
      "provider": "provider[\"registry.terraform.io/hashicorp/aws\"]",
      "instances": [
        {
          "schema_version": 0,
          "attributes": {
            "arn": "arn:aws:ec2:us-east-2:167611893883:security-group-rule/sgr-038b23e2ffe12f188",
            "cidr_ipv4": "0.0.0.0/0",
            "cidr_ipv6": null,
            "description": null,
            "from_port": null,
            "id": "sgr-038b23e2ffe12f188",
            "ip_protocol": "-1",
            "prefix_list_id": null,
            "referenced_security_group_id": null,
            "region": "us-east-2",
            "security_group_id": "sg-0a3da14c6f4ac282b",
            "security_group_rule_id": "sgr-038b23e2ffe12f188",
            "tags": null,
            "tags_all": {},
            "to_port": null
          },
          "sensitive_attributes": [],
          "identity_schema_version": 0,
          "dependencies": [
            "aws_security_group.db_tier_sg",
            "aws_vpc.dipen_custom-vpc"
          ]
        }
      ]
    },
    {
      "mode": "managed",
      "type": "aws_vpc_security_group_ingress_rule",
      "name": "alb_in_from_web",
      "provider": "provider[\"registry.terraform.io/hashicorp/aws\"]",
      "instances": [
        {
          "schema_version": 0,
          "attributes": {
            "arn": "arn:aws:ec2:us-east-2:167611893883:security-group-rule/sgr-087e9f5742df2280e",
            "cidr_ipv4": null,
            "cidr_ipv6": null,
            "description": null,
            "from_port": 80,
            "id": "sgr-087e9f5742df2280e",
            "ip_protocol": "tcp",
            "prefix_list_id": null,
            "referenced_security_group_id": "sg-05510a9051275acc2",
            "region": "us-east-2",
            "security_group_id": "sg-04b452bdfa3e5054d",
            "security_group_rule_id": "sgr-087e9f5742df2280e",
            "tags": null,
            "tags_all": {},
            "to_port": 80
          },
          "sensitive_attributes": [],
          "identity_schema_version": 0,
          "dependencies": [
            "aws_security_group.alb_internal_sg",
            "aws_security_group.web_tier_sg",
            "aws_vpc.dipen_custom-vpc"
          ]
        }
      ]
    },
    {
      "mode": "managed",
      "type": "aws_vpc_security_group_ingress_rule",
      "name": "allow_http_from_web_sg",
      "provider": "provider[\"registry.terraform.io/hashicorp/aws\"]",
      "instances": [
        {
          "schema_version": 0,
          "attributes": {
            "arn": "arn:aws:ec2:us-east-2:167611893883:security-group-rule/sgr-02a4c7bd7ffb2d58a",
            "cidr_ipv4": null,
            "cidr_ipv6": null,
            "description": null,
            "from_port": 80,
            "id": "sgr-02a4c7bd7ffb2d58a",
            "ip_protocol": "tcp",
            "prefix_list_id": null,
            "referenced_security_group_id": "sg-05510a9051275acc2",
            "region": "us-east-2",
            "security_group_id": "sg-0edf5ca058f20a5de",
            "security_group_rule_id": "sgr-02a4c7bd7ffb2d58a",
            "tags": null,
            "tags_all": {},
            "to_port": 80
          },
          "sensitive_attributes": [],
          "identity_schema_version": 0,
          "dependencies": [
            "aws_security_group.app_tier_sg",
            "aws_security_group.web_tier_sg",
            "aws_vpc.dipen_custom-vpc"
          ]
        }
      ]
    },
    {
      "mode": "managed",
      "type": "aws_vpc_security_group_ingress_rule",
      "name": "allow_http_ipv4_web",
      "provider": "provider[\"registry.terraform.io/hashicorp/aws\"]",
      "instances": [
        {
          "schema_version": 0,
          "attributes": {
            "arn": "arn:aws:ec2:us-east-2:167611893883:security-group-rule/sgr-0306ad1f142963b63",
            "cidr_ipv4": "0.0.0.0/0",
            "cidr_ipv6": null,
            "description": null,
            "from_port": 80,
            "id": "sgr-0306ad1f142963b63",
            "ip_protocol": "tcp",
            "prefix_list_id": null,
            "referenced_security_group_id": null,
            "region": "us-east-2",
            "security_group_id": "sg-05510a9051275acc2",
            "security_group_rule_id": "sgr-0306ad1f142963b63",
            "tags": null,
            "tags_all": {},
            "to_port": 80
          },
          "sensitive_attributes": [],
          "identity_schema_version": 0,
          "dependencies": [
            "aws_security_group.web_tier_sg",
            "aws_vpc.dipen_custom-vpc"
          ]
        }
      ]
    },
    {
      "mode": "managed",
      "type": "aws_vpc_security_group_ingress_rule",
      "name": "allow_https_ipv4_web",
      "provider": "provider[\"registry.terraform.io/hashicorp/aws\"]",
      "instances": [
        {
          "schema_version": 0,
          "attributes": {
            "arn": "arn:aws:ec2:us-east-2:167611893883:security-group-rule/sgr-0c6bc3ffb723a051a",
            "cidr_ipv4": "0.0.0.0/0",
            "cidr_ipv6": null,
            "description": null,
            "from_port": 443,
            "id": "sgr-0c6bc3ffb723a051a",
            "ip_protocol": "tcp",
            "prefix_list_id": null,
            "referenced_security_group_id": null,
            "region": "us-east-2",
            "security_group_id": "sg-05510a9051275acc2",
            "security_group_rule_id": "sgr-0c6bc3ffb723a051a",
            "tags": null,
            "tags_all": {},
            "to_port": 443
          },
          "sensitive_attributes": [],
          "identity_schema_version": 0,
          "dependencies": [
            "aws_security_group.web_tier_sg",
            "aws_vpc.dipen_custom-vpc"
          ]
        }
      ]
    },
    {
      "mode": "managed",
      "type": "aws_vpc_security_group_ingress_rule",
      "name": "allow_mysql_from_app_sg",
      "provider": "provider[\"registry.terraform.io/hashicorp/aws\"]",
      "instances": [
        {
          "schema_version": 0,
          "attributes": {
            "arn": "arn:aws:ec2:us-east-2:167611893883:security-group-rule/sgr-004aa6cf2b08045af",
            "cidr_ipv4": null,
            "cidr_ipv6": null,
            "description": null,
            "from_port": 3306,
            "id": "sgr-004aa6cf2b08045af",
            "ip_protocol": "tcp",
            "prefix_list_id": null,
            "referenced_security_group_id": "sg-0edf5ca058f20a5de",
            "region": "us-east-2",
            "security_group_id": "sg-0a3da14c6f4ac282b",
            "security_group_rule_id": "sgr-004aa6cf2b08045af",
            "tags": null,
            "tags_all": {},
            "to_port": 3306
          },
          "sensitive_attributes": [],
          "identity_schema_version": 0,
          "dependencies": [
            "aws_security_group.app_tier_sg",
            "aws_security_group.db_tier_sg",
            "aws_vpc.dipen_custom-vpc"
          ]
        }
      ]
    },
    {
      "mode": "managed",
      "type": "aws_vpc_security_group_ingress_rule",
      "name": "allow_ssh_ipv4_web",
      "provider": "provider[\"registry.terraform.io/hashicorp/aws\"]",
      "instances": [
        {
          "schema_version": 0,
          "attributes": {
            "arn": "arn:aws:ec2:us-east-2:167611893883:security-group-rule/sgr-0bf8b3411c24540e7",
            "cidr_ipv4": "0.0.0.0/0",
            "cidr_ipv6": null,
            "description": null,
            "from_port": 22,
            "id": "sgr-0bf8b3411c24540e7",
            "ip_protocol": "tcp",
            "prefix_list_id": null,
            "referenced_security_group_id": null,
            "region": "us-east-2",
            "security_group_id": "sg-05510a9051275acc2",
            "security_group_rule_id": "sgr-0bf8b3411c24540e7",
            "tags": null,
            "tags_all": {},
            "to_port": 22
          },
          "sensitive_attributes": [],
          "identity_schema_version": 0,
          "dependencies": [
            "aws_security_group.web_tier_sg",
            "aws_vpc.dipen_custom-vpc"
          ]
        }
      ]
    },
    {
      "mode": "managed",
      "type": "aws_vpc_security_group_ingress_rule",
      "name": "app_http_from_alb",
      "provider": "provider[\"registry.terraform.io/hashicorp/aws\"]",
      "instances": [
        {
          "schema_version": 0,
          "attributes": {
            "arn": "arn:aws:ec2:us-east-2:167611893883:security-group-rule/sgr-09bb2e2e51e25e1fd",
            "cidr_ipv4": null,
            "cidr_ipv6": null,
            "description": null,
            "from_port": 80,
            "id": "sgr-09bb2e2e51e25e1fd",
            "ip_protocol": "tcp",
            "prefix_list_id": null,
            "referenced_security_group_id": "sg-04b452bdfa3e5054d",
            "region": "us-east-2",
            "security_group_id": "sg-0edf5ca058f20a5de",
            "security_group_rule_id": "sgr-09bb2e2e51e25e1fd",
            "tags": null,
            "tags_all": {},
            "to_port": 80
          },
          "sensitive_attributes": [],
          "identity_schema_version": 0,
          "dependencies": [
            "aws_security_group.alb_internal_sg",
            "aws_security_group.app_tier_sg",
            "aws_vpc.dipen_custom-vpc"
          ]
        }
      ]
    },
    {
      "mode": "managed",
      "type": "local_file",
      "name": "save_private_key",
      "provider": "provider[\"registry.terraform.io/hashicorp/local\"]",
      "instances": [
        {
          "schema_version": 0,
          "attributes": {
            "content": "-----BEGIN RSA PRIVATE KEY-----\nMIIJKQIBAAKCAgEA5vol+achl0LrzTzzcTXnaxQGWfqDF5Kk8i0W1WJckzFE10UK\nsHXDwPEIZqU1hUSA0fGSl6qoa7q9h6HyW3APWahQysK1A0y/p9T5sFZIt6jN1ygS\ndYdmoj4JsnDyqsYEjIgoyzoBrxGoAJXWY/k+Zek95lq6jo8ohdkz0UhBiE2ayfka\n6gr0QYOYJ5KAtwLhxgSbuKUgobchnf27xnW25XQaImorkKahb3G/xrAXTpCyIO5Y\n1Jvgm1/RIrtuTygJ+u0ziZuxWU0qRqSO91LbzXqQTQN9HO+J/cZogrQz9F6251Y4\npiHGSvWD8puPbXqXirv+Gt4LyqoVRmCbo0grvwur2B7k/27iQbTay0KXK7jLDqir\nXZhnj+tBltwdHEefFcq7Tm7OjWsGRJEK6fsv83kUVWrH6ZvY4ks9Emop7aiju62o\nQo4l9gM1ppD5RC7ffOR6MX1f1Y7rFxR5JOssaBZNTjvJ3ayLPV26lcvLEfkv81IX\nEs94JbH52+X15OQKnt89NWjwmBXfMvb2Xii1sLfWlcNnZKnn806Ov8kP4dFXlp9U\nwPrJesRR7agp8eSU/6WqZbfVYxIe2BYR6GzOEIr1lHlaR8vaUSsMWLAxVWyQRIku\n+IgYN8DlVENQMT+d+xLxgfJaZQVpvzmZ5b7ug1NW394Dit/wkmgeoZEn7dcCAwEA\nAQKCAgAN4QYbJEHOdwT4RitSqCyJsKBZE8aAyh0DOFZg6BIr/g/m540m4Uyr8U/R\n6yd2JJGhC+UFHAoWvxfYaJDJkcg6WPTR2jVKR3hUu2VthSHFd202+n9xdHtkUFoA\n0Oyj+lYXo67f11J2lJcFwfsp8rYfJY7EorsHCe8ja9PDRZY6fH9Kl59YZOQcc63W\n4uS9Gn06ithYlgOJ9BkfBzobSMN+siVH4B1SCdE1gx5E8BvWardpZykLTXqHm5BT\nh/Ou6fb/jvVD1YkoloxtxkGY9u+iPzUgi48fB/3AtAVfpThh/Lb82593zBvAMVSG\nZXaO24jzmyw/rQwEV4gDvJZdj16hdPU3xdP4qWwTcpguD8S9zwxBSrzShjfiKAAA\n9zTSjLlkw+OC/2qPWA7GHLjm4Hj75i9czc4uhFLZUvEKuJaHG1jO4hXj+T18MbUB\nf8wnZEAIc+J2s4zQLan6lpY9l/gYQNtiPKyFRVZbslIHBEVQ9llBgUuzxY/Mwkuu\n2zBuFCr3efk+XD2rYNvLlLx218WqJdtoODkUi7JaqkExouig+4YiFHfXmmJ+i2DQ\ncNFFB3l5Fis6Z1UX9diBenuNSHcOCdRpO3kbShFlWd7j54QJGikjh/M+/cUKttpq\nISY+sIa2ze8YjyOM9hWcNZAHvyOzGKsVU9XKgGsQKeQhpUVCUQKCAQEA7hFaZfGL\nZGk3dTGpnp0WP6nr9l5FokYDqyGR5IUDc3ME9qyIG66ikuNzD0SVe0Xw6bERYmLQ\n1U8mHryf5x0MKxfYS4BxZXl+3lcU1IXsRQa8HLFzGumleslT1+8yUmJjV4AAB9QB\npVYKho/gfpdvOEXYKPdAG2eJFq2DLz5COMzhZqE05dkfQUGbyzw56ASxUcAgw+KD\nNa5BEwdZM+RmtLTnzZ18Q5vhVxKsii/+KdiCwBuhhURSnGKJL4DrDV/i8VCXQ+0J\nlWu9jJDVXtXrlU7zGhIdSDqVtrzoS0ip311RiV0Wlpn8Scbk1sByR/7vljwZ5+5L\nPnNyxvYxbXdjhQKCAQEA+GARF30bijrWEajUJ6FPmooJJiMli58/jJBKL8ZErGQi\nr+U+AidoqKw7wxtBjt/5g1gmcYNej5UzBXkwOmuuiFfd/qTCAOyZhUNArzYosRFD\nlMI0cAPKxAhDZQy7Mlt9ukZol6IA1OqArO4IwIDqJ1owUTh04VaKAhyOWnPx8Hio\n/2NsdU7iG8mjGQCB2SqRLUzMZHTWvgP59hwlLakVK4PD17OflNkHbYx+xKy7pP24\nE7FQL//A1Fs7Evbv2Z9r0elwJlKrm+3mOfcKxGyqUM3BLST8d6Pf7wqVmiJSiigA\nvErMdurq5uThuIOOTTypKtNlK5OZ+lFFRZupYo7kqwKCAQEApx3NXGSb2ie2A3GS\nRUK2XIh2mKKCtS/64UWWeVkaHA/wuwxQG0aS3xQFMAGQAVIOlK10q6D8QdDmzIrS\noNUWNqXtcsq+T2JjOcbdW3aLbcUVhfrW91xuimwLjDhgFc71N3YmD1i2sw5cIyua\nhqLdMx5saA1wlgwvAplYznAg4miIDZg6XuL0esWIjLlBWOr6Yo3BMmCuhJ9HFQmC\nh9fcdRvM4NydX4RsQchdEEAyZcOTvTFoR/m3GApfjNYtqlzWHVnaZZdes+JG1AbT\nkVgPoOcj5fgzUAG4GOgxFK/0d1S1qPyMn7mGjW+uMkYzsvB11PtpoBL6BOPb/WjT\nN6moVQKCAQBZWH1tfKSmgem1qoy+wMlY5yTJYkVER4Hdt53oN6NGfDL6ITXAIpsE\nagiJc8mOcsVX2SLjHIWsktgqtOCDc27yPuFtk6jyGipThNDE9m+G2pX78ixYyxRq\nlipgNEc2ozDEDEXdnfo8nSqyimH9laIli8zruqpY0P+OKOWQZjr27QCl9gby3/B4\nXH1eJg+Ppj9ZE1JHJLyG1/lX7eH13efuolSVyFi0e6mvX6XOa/CINni8JMGasp6U\nBUln1gqLt0xa02Vzc7OlwNtbqKFn7UsLDCjca3yiMQICBEWyj3wvlJpHIYURlgnw\nCw+jhzduU07rR+YR2eO+5vNLSeaRvKNHAoIBAQDXXkBRYg0dSv6LqIwTg23BqGAJ\nscyc8XWThkM3xhRKJy4jyDmBnhNx5UGmat7vKT3bBR8jyzRxIgV3TKZcKtt5EXPK\nvZOKNEMAnsx2VSRiE/0WZRtCNC/1HfCpb6go3736FZer0WspJWBCR4XvVleo+lkQ\nh5RL8rwigxqjX9YptNFNxaP/cPH2jRzEuS+qomu6yNqZZ40dvEW19tGlw+z1H7nE\n07bbjGIdLOQ6fa6X9F+x71jNyW+o3oOHb6RGchwPX0VzI3xc4Zb34CY6VQLUcxIc\nIOMK/24b3xKKN25FfOSSp8F46p+DbcvUTnsXRkG8J9xLaFkP0+PSC1qpYhqM\n-----END RSA PRIVATE KEY-----\n",
            "content_base64": null,
            "content_base64sha256": "OwyICx+vlb3+DC/MxLgqfVdYvmRIp5b1ku6v48Z1R2A=",
            "content_base64sha512": "tZAchQLYeFSOko4iCSD2hpx5oRTF6C+vMVG59TkqPzOy4K435l9NHm4mQA35GHZ8BS0mkNy43RERcaHLNR43Vg==",
            "content_md5": "8ae4cbaccb3de39b0c57a98461c8722e",
            "content_sha1": "ecb944fa4011984e7be38bf2619482035bcbe3b0",
            "content_sha256": "3b0c880b1faf95bdfe0c2fccc4b82a7d5758be6448a796f592eeafe3c6754760",
            "content_sha512": "b5901c8502d878548e928e220920f6869c79a114c5e82faf3151b9f5392a3f33b2e0ae37e65f4d1e6e26400df918767c052d2690dcb8dd111171a1cb351e3756",
            "directory_permission": "0777",
            "file_permission": "0600",
            "filename": "./dipen-keypair.pem",
            "id": "ecb944fa4011984e7be38bf2619482035bcbe3b0",
            "sensitive_content": null,
            "source": null
          },
          "sensitive_attributes": [
            [
              {
                "type": "get_attr",
                "value": "content"
              }
            ],
            [
              {
                "type": "get_attr",
                "value": "sensitive_content"
              }
            ]
          ],
          "identity_schema_version": 0,
          "dependencies": [
            "tls_private_key.dipen_key"
          ]
        }
      ]
    },
    {
      "mode": "managed",
      "type": "tls_private_key",
      "name": "dipen_key",
      "provider": "provider[\"registry.terraform.io/hashicorp/tls\"]",
      "instances": [
        {
          "schema_version": 1,
          "attributes": {
            "algorithm": "RSA",
            "ecdsa_curve": "P224",
            "id": "3fa9204c84e5a072a4d6d3f32e9b30426c150aae",
            "private_key_openssh": "-----BEGIN OPENSSH PRIVATE KEY-----\nb3BlbnNzaC1rZXktdjEAAAAABG5vbmUAAAAEbm9uZQAAAAAAAAABAAACFwAAAAdz\nc2gtcnNhAAAAAwEAAQAAAgEA5vol+achl0LrzTzzcTXnaxQGWfqDF5Kk8i0W1WJc\nkzFE10UKsHXDwPEIZqU1hUSA0fGSl6qoa7q9h6HyW3APWahQysK1A0y/p9T5sFZI\nt6jN1ygSdYdmoj4JsnDyqsYEjIgoyzoBrxGoAJXWY/k+Zek95lq6jo8ohdkz0UhB\niE2ayfka6gr0QYOYJ5KAtwLhxgSbuKUgobchnf27xnW25XQaImorkKahb3G/xrAX\nTpCyIO5Y1Jvgm1/RIrtuTygJ+u0ziZuxWU0qRqSO91LbzXqQTQN9HO+J/cZogrQz\n9F6251Y4piHGSvWD8puPbXqXirv+Gt4LyqoVRmCbo0grvwur2B7k/27iQbTay0KX\nK7jLDqirXZhnj+tBltwdHEefFcq7Tm7OjWsGRJEK6fsv83kUVWrH6ZvY4ks9Emop\n7aiju62oQo4l9gM1ppD5RC7ffOR6MX1f1Y7rFxR5JOssaBZNTjvJ3ayLPV26lcvL\nEfkv81IXEs94JbH52+X15OQKnt89NWjwmBXfMvb2Xii1sLfWlcNnZKnn806Ov8kP\n4dFXlp9UwPrJesRR7agp8eSU/6WqZbfVYxIe2BYR6GzOEIr1lHlaR8vaUSsMWLAx\nVWyQRIku+IgYN8DlVENQMT+d+xLxgfJaZQVpvzmZ5b7ug1NW394Dit/wkmgeoZEn\n7dcAAAc4KjLf+yoy3/sAAAAHc3NoLXJzYQAAAgEA5vol+achl0LrzTzzcTXnaxQG\nWfqDF5Kk8i0W1WJckzFE10UKsHXDwPEIZqU1hUSA0fGSl6qoa7q9h6HyW3APWahQ\nysK1A0y/p9T5sFZIt6jN1ygSdYdmoj4JsnDyqsYEjIgoyzoBrxGoAJXWY/k+Zek9\n5lq6jo8ohdkz0UhBiE2ayfka6gr0QYOYJ5KAtwLhxgSbuKUgobchnf27xnW25XQa\nImorkKahb3G/xrAXTpCyIO5Y1Jvgm1/RIrtuTygJ+u0ziZuxWU0qRqSO91LbzXqQ\nTQN9HO+J/cZogrQz9F6251Y4piHGSvWD8puPbXqXirv+Gt4LyqoVRmCbo0grvwur\n2B7k/27iQbTay0KXK7jLDqirXZhnj+tBltwdHEefFcq7Tm7OjWsGRJEK6fsv83kU\nVWrH6ZvY4ks9Emop7aiju62oQo4l9gM1ppD5RC7ffOR6MX1f1Y7rFxR5JOssaBZN\nTjvJ3ayLPV26lcvLEfkv81IXEs94JbH52+X15OQKnt89NWjwmBXfMvb2Xii1sLfW\nlcNnZKnn806Ov8kP4dFXlp9UwPrJesRR7agp8eSU/6WqZbfVYxIe2BYR6GzOEIr1\nlHlaR8vaUSsMWLAxVWyQRIku+IgYN8DlVENQMT+d+xLxgfJaZQVpvzmZ5b7ug1NW\n394Dit/wkmgeoZEn7dcAAAADAQABAAACAA3hBhskQc53BPhGK1KoLImwoFkTxoDK\nHQM4VmDoEiv+D+bnjSbhTKvxT9HrJ3YkkaEL5QUcCha/F9hokMmRyDpY9NHaNUpH\neFS7ZW2FIcV3bTb6f3F0e2RQWgDQ7KP6Vhejrt/XUnaUlwXB+ynyth8ljsSiuwcJ\n7yNr08NFljp8f0qXn1hk5Bxzrdbi5L0afTqK2FiWA4n0GR8HOhtIw36yJUfgHVIJ\n0TWDHkTwG9Zqt2lnKQtNeoebkFOH867p9v+O9UPViSiWjG3GQZj276I/NSCLjx8H\n/cC0BV+lOGH8tvzbn3fMG8AxVIZldo7biPObLD+tDARXiAO8ll2PXqF09TfF0/ip\nbBNymC4PxL3PDEFKvNKGN+IoAAD3NNKMuWTD44L/ao9YDsYcuObgePvmL1zNzi6E\nUtlS8Qq4locbWM7iFeP5PXwxtQF/zCdkQAhz4nazjNAtqfqWlj2X+BhA22I8rIVF\nVluyUgcERVD2WUGBS7PFj8zCS67bMG4UKvd5+T5cPatg28uUvHbXxaol22g4ORSL\nslqqQTGi6KD7hiIUd9eaYn6LYNBw0UUHeXkWKzpnVRf12IF6e41Idw4J1Gk7eRtK\nEWVZ3uPnhAkaKSOH8z79xQq22mohJj6whrbN7xiPI4z2FZw1kAe/I7MYqxVT1cqA\naxAp5CGlRUJRAAABAQDXXkBRYg0dSv6LqIwTg23BqGAJscyc8XWThkM3xhRKJy4j\nyDmBnhNx5UGmat7vKT3bBR8jyzRxIgV3TKZcKtt5EXPKvZOKNEMAnsx2VSRiE/0W\nZRtCNC/1HfCpb6go3736FZer0WspJWBCR4XvVleo+lkQh5RL8rwigxqjX9YptNFN\nxaP/cPH2jRzEuS+qomu6yNqZZ40dvEW19tGlw+z1H7nE07bbjGIdLOQ6fa6X9F+x\n71jNyW+o3oOHb6RGchwPX0VzI3xc4Zb34CY6VQLUcxIcIOMK/24b3xKKN25FfOSS\np8F46p+DbcvUTnsXRkG8J9xLaFkP0+PSC1qpYhqMAAABAQDuEVpl8YtkaTd1Mame\nnRY/qev2XkWiRgOrIZHkhQNzcwT2rIgbrqKS43MPRJV7RfDpsRFiYtDVTyYevJ/n\nHQwrF9hLgHFleX7eVxTUhexFBrwcsXMa6aV6yVPX7zJSYmNXgAAH1AGlVgqGj+B+\nl284Rdgo90AbZ4kWrYMvPkI4zOFmoTTl2R9BQZvLPDnoBLFRwCDD4oM1rkETB1kz\n5Ga0tOfNnXxDm+FXEqyKL/4p2ILAG6GFRFKcYokvgOsNX+LxUJdD7QmVa72MkNVe\n1euVTvMaEh1IOpW2vOhLSKnfXVGJXRaWmfxJxuTWwHJH/u+WPBnn7ks+c3LG9jFt\nd2OFAAABAQD4YBEXfRuKOtYRqNQnoU+aigkmIyWLnz+MkEovxkSsZCKv5T4CJ2io\nrDvDG0GO3/mDWCZxg16PlTMFeTA6a66IV93+pMIA7JmFQ0CvNiixEUOUwjRwA8rE\nCENlDLsyW326RmiXogDU6oCs7gjAgOonWjBROHThVooCHI5ac/HweKj/Y2x1TuIb\nyaMZAIHZKpEtTMxkdNa+A/n2HCUtqRUrg8PXs5+U2QdtjH7ErLuk/bgTsVAv/8DU\nWzsS9u/Zn2vR6XAmUqub7eY59wrEbKpQzcEtJPx3o9/vCpWaIlKKKAC8Ssx26urm\n5OG4g45NPKkq02Urk5n6UUVFm6lijuSrAAAAAAEC\n-----END OPENSSH PRIVATE KEY-----\n",
            "private_key_pem": "-----BEGIN RSA PRIVATE KEY-----\nMIIJKQIBAAKCAgEA5vol+achl0LrzTzzcTXnaxQGWfqDF5Kk8i0W1WJckzFE10UK\nsHXDwPEIZqU1hUSA0fGSl6qoa7q9h6HyW3APWahQysK1A0y/p9T5sFZIt6jN1ygS\ndYdmoj4JsnDyqsYEjIgoyzoBrxGoAJXWY/k+Zek95lq6jo8ohdkz0UhBiE2ayfka\n6gr0QYOYJ5KAtwLhxgSbuKUgobchnf27xnW25XQaImorkKahb3G/xrAXTpCyIO5Y\n1Jvgm1/RIrtuTygJ+u0ziZuxWU0qRqSO91LbzXqQTQN9HO+J/cZogrQz9F6251Y4\npiHGSvWD8puPbXqXirv+Gt4LyqoVRmCbo0grvwur2B7k/27iQbTay0KXK7jLDqir\nXZhnj+tBltwdHEefFcq7Tm7OjWsGRJEK6fsv83kUVWrH6ZvY4ks9Emop7aiju62o\nQo4l9gM1ppD5RC7ffOR6MX1f1Y7rFxR5JOssaBZNTjvJ3ayLPV26lcvLEfkv81IX\nEs94JbH52+X15OQKnt89NWjwmBXfMvb2Xii1sLfWlcNnZKnn806Ov8kP4dFXlp9U\nwPrJesRR7agp8eSU/6WqZbfVYxIe2BYR6GzOEIr1lHlaR8vaUSsMWLAxVWyQRIku\n+IgYN8DlVENQMT+d+xLxgfJaZQVpvzmZ5b7ug1NW394Dit/wkmgeoZEn7dcCAwEA\nAQKCAgAN4QYbJEHOdwT4RitSqCyJsKBZE8aAyh0DOFZg6BIr/g/m540m4Uyr8U/R\n6yd2JJGhC+UFHAoWvxfYaJDJkcg6WPTR2jVKR3hUu2VthSHFd202+n9xdHtkUFoA\n0Oyj+lYXo67f11J2lJcFwfsp8rYfJY7EorsHCe8ja9PDRZY6fH9Kl59YZOQcc63W\n4uS9Gn06ithYlgOJ9BkfBzobSMN+siVH4B1SCdE1gx5E8BvWardpZykLTXqHm5BT\nh/Ou6fb/jvVD1YkoloxtxkGY9u+iPzUgi48fB/3AtAVfpThh/Lb82593zBvAMVSG\nZXaO24jzmyw/rQwEV4gDvJZdj16hdPU3xdP4qWwTcpguD8S9zwxBSrzShjfiKAAA\n9zTSjLlkw+OC/2qPWA7GHLjm4Hj75i9czc4uhFLZUvEKuJaHG1jO4hXj+T18MbUB\nf8wnZEAIc+J2s4zQLan6lpY9l/gYQNtiPKyFRVZbslIHBEVQ9llBgUuzxY/Mwkuu\n2zBuFCr3efk+XD2rYNvLlLx218WqJdtoODkUi7JaqkExouig+4YiFHfXmmJ+i2DQ\ncNFFB3l5Fis6Z1UX9diBenuNSHcOCdRpO3kbShFlWd7j54QJGikjh/M+/cUKttpq\nISY+sIa2ze8YjyOM9hWcNZAHvyOzGKsVU9XKgGsQKeQhpUVCUQKCAQEA7hFaZfGL\nZGk3dTGpnp0WP6nr9l5FokYDqyGR5IUDc3ME9qyIG66ikuNzD0SVe0Xw6bERYmLQ\n1U8mHryf5x0MKxfYS4BxZXl+3lcU1IXsRQa8HLFzGumleslT1+8yUmJjV4AAB9QB\npVYKho/gfpdvOEXYKPdAG2eJFq2DLz5COMzhZqE05dkfQUGbyzw56ASxUcAgw+KD\nNa5BEwdZM+RmtLTnzZ18Q5vhVxKsii/+KdiCwBuhhURSnGKJL4DrDV/i8VCXQ+0J\nlWu9jJDVXtXrlU7zGhIdSDqVtrzoS0ip311RiV0Wlpn8Scbk1sByR/7vljwZ5+5L\nPnNyxvYxbXdjhQKCAQEA+GARF30bijrWEajUJ6FPmooJJiMli58/jJBKL8ZErGQi\nr+U+AidoqKw7wxtBjt/5g1gmcYNej5UzBXkwOmuuiFfd/qTCAOyZhUNArzYosRFD\nlMI0cAPKxAhDZQy7Mlt9ukZol6IA1OqArO4IwIDqJ1owUTh04VaKAhyOWnPx8Hio\n/2NsdU7iG8mjGQCB2SqRLUzMZHTWvgP59hwlLakVK4PD17OflNkHbYx+xKy7pP24\nE7FQL//A1Fs7Evbv2Z9r0elwJlKrm+3mOfcKxGyqUM3BLST8d6Pf7wqVmiJSiigA\nvErMdurq5uThuIOOTTypKtNlK5OZ+lFFRZupYo7kqwKCAQEApx3NXGSb2ie2A3GS\nRUK2XIh2mKKCtS/64UWWeVkaHA/wuwxQG0aS3xQFMAGQAVIOlK10q6D8QdDmzIrS\noNUWNqXtcsq+T2JjOcbdW3aLbcUVhfrW91xuimwLjDhgFc71N3YmD1i2sw5cIyua\nhqLdMx5saA1wlgwvAplYznAg4miIDZg6XuL0esWIjLlBWOr6Yo3BMmCuhJ9HFQmC\nh9fcdRvM4NydX4RsQchdEEAyZcOTvTFoR/m3GApfjNYtqlzWHVnaZZdes+JG1AbT\nkVgPoOcj5fgzUAG4GOgxFK/0d1S1qPyMn7mGjW+uMkYzsvB11PtpoBL6BOPb/WjT\nN6moVQKCAQBZWH1tfKSmgem1qoy+wMlY5yTJYkVER4Hdt53oN6NGfDL6ITXAIpsE\nagiJc8mOcsVX2SLjHIWsktgqtOCDc27yPuFtk6jyGipThNDE9m+G2pX78ixYyxRq\nlipgNEc2ozDEDEXdnfo8nSqyimH9laIli8zruqpY0P+OKOWQZjr27QCl9gby3/B4\nXH1eJg+Ppj9ZE1JHJLyG1/lX7eH13efuolSVyFi0e6mvX6XOa/CINni8JMGasp6U\nBUln1gqLt0xa02Vzc7OlwNtbqKFn7UsLDCjca3yiMQICBEWyj3wvlJpHIYURlgnw\nCw+jhzduU07rR+YR2eO+5vNLSeaRvKNHAoIBAQDXXkBRYg0dSv6LqIwTg23BqGAJ\nscyc8XWThkM3xhRKJy4jyDmBnhNx5UGmat7vKT3bBR8jyzRxIgV3TKZcKtt5EXPK\nvZOKNEMAnsx2VSRiE/0WZRtCNC/1HfCpb6go3736FZer0WspJWBCR4XvVleo+lkQ\nh5RL8rwigxqjX9YptNFNxaP/cPH2jRzEuS+qomu6yNqZZ40dvEW19tGlw+z1H7nE\n07bbjGIdLOQ6fa6X9F+x71jNyW+o3oOHb6RGchwPX0VzI3xc4Zb34CY6VQLUcxIc\nIOMK/24b3xKKN25FfOSSp8F46p+DbcvUTnsXRkG8J9xLaFkP0+PSC1qpYhqM\n-----END RSA PRIVATE KEY-----\n",
            "private_key_pem_pkcs8": "-----BEGIN PRIVATE KEY-----\nMIIJQwIBADANBgkqhkiG9w0BAQEFAASCCS0wggkpAgEAAoICAQDm+iX5pyGXQuvN\nPPNxNedrFAZZ+oMXkqTyLRbVYlyTMUTXRQqwdcPA8QhmpTWFRIDR8ZKXqqhrur2H\nofJbcA9ZqFDKwrUDTL+n1PmwVki3qM3XKBJ1h2aiPgmycPKqxgSMiCjLOgGvEagA\nldZj+T5l6T3mWrqOjyiF2TPRSEGITZrJ+RrqCvRBg5gnkoC3AuHGBJu4pSChtyGd\n/bvGdbbldBoiaiuQpqFvcb/GsBdOkLIg7ljUm+CbX9Eiu25PKAn67TOJm7FZTSpG\npI73UtvNepBNA30c74n9xmiCtDP0XrbnVjimIcZK9YPym49tepeKu/4a3gvKqhVG\nYJujSCu/C6vYHuT/buJBtNrLQpcruMsOqKtdmGeP60GW3B0cR58VyrtObs6NawZE\nkQrp+y/zeRRVasfpm9jiSz0SaintqKO7rahCjiX2AzWmkPlELt985HoxfV/VjusX\nFHkk6yxoFk1OO8ndrIs9XbqVy8sR+S/zUhcSz3glsfnb5fXk5Aqe3z01aPCYFd8y\n9vZeKLWwt9aVw2dkqefzTo6/yQ/h0VeWn1TA+sl6xFHtqCnx5JT/paplt9VjEh7Y\nFhHobM4QivWUeVpHy9pRKwxYsDFVbJBEiS74iBg3wOVUQ1AxP537EvGB8lplBWm/\nOZnlvu6DU1bf3gOK3/CSaB6hkSft1wIDAQABAoICAA3hBhskQc53BPhGK1KoLImw\noFkTxoDKHQM4VmDoEiv+D+bnjSbhTKvxT9HrJ3YkkaEL5QUcCha/F9hokMmRyDpY\n9NHaNUpHeFS7ZW2FIcV3bTb6f3F0e2RQWgDQ7KP6Vhejrt/XUnaUlwXB+ynyth8l\njsSiuwcJ7yNr08NFljp8f0qXn1hk5Bxzrdbi5L0afTqK2FiWA4n0GR8HOhtIw36y\nJUfgHVIJ0TWDHkTwG9Zqt2lnKQtNeoebkFOH867p9v+O9UPViSiWjG3GQZj276I/\nNSCLjx8H/cC0BV+lOGH8tvzbn3fMG8AxVIZldo7biPObLD+tDARXiAO8ll2PXqF0\n9TfF0/ipbBNymC4PxL3PDEFKvNKGN+IoAAD3NNKMuWTD44L/ao9YDsYcuObgePvm\nL1zNzi6EUtlS8Qq4locbWM7iFeP5PXwxtQF/zCdkQAhz4nazjNAtqfqWlj2X+BhA\n22I8rIVFVluyUgcERVD2WUGBS7PFj8zCS67bMG4UKvd5+T5cPatg28uUvHbXxaol\n22g4ORSLslqqQTGi6KD7hiIUd9eaYn6LYNBw0UUHeXkWKzpnVRf12IF6e41Idw4J\n1Gk7eRtKEWVZ3uPnhAkaKSOH8z79xQq22mohJj6whrbN7xiPI4z2FZw1kAe/I7MY\nqxVT1cqAaxAp5CGlRUJRAoIBAQDuEVpl8YtkaTd1MamenRY/qev2XkWiRgOrIZHk\nhQNzcwT2rIgbrqKS43MPRJV7RfDpsRFiYtDVTyYevJ/nHQwrF9hLgHFleX7eVxTU\nhexFBrwcsXMa6aV6yVPX7zJSYmNXgAAH1AGlVgqGj+B+l284Rdgo90AbZ4kWrYMv\nPkI4zOFmoTTl2R9BQZvLPDnoBLFRwCDD4oM1rkETB1kz5Ga0tOfNnXxDm+FXEqyK\nL/4p2ILAG6GFRFKcYokvgOsNX+LxUJdD7QmVa72MkNVe1euVTvMaEh1IOpW2vOhL\nSKnfXVGJXRaWmfxJxuTWwHJH/u+WPBnn7ks+c3LG9jFtd2OFAoIBAQD4YBEXfRuK\nOtYRqNQnoU+aigkmIyWLnz+MkEovxkSsZCKv5T4CJ2iorDvDG0GO3/mDWCZxg16P\nlTMFeTA6a66IV93+pMIA7JmFQ0CvNiixEUOUwjRwA8rECENlDLsyW326RmiXogDU\n6oCs7gjAgOonWjBROHThVooCHI5ac/HweKj/Y2x1TuIbyaMZAIHZKpEtTMxkdNa+\nA/n2HCUtqRUrg8PXs5+U2QdtjH7ErLuk/bgTsVAv/8DUWzsS9u/Zn2vR6XAmUqub\n7eY59wrEbKpQzcEtJPx3o9/vCpWaIlKKKAC8Ssx26urm5OG4g45NPKkq02Urk5n6\nUUVFm6lijuSrAoIBAQCnHc1cZJvaJ7YDcZJFQrZciHaYooK1L/rhRZZ5WRocD/C7\nDFAbRpLfFAUwAZABUg6UrXSroPxB0ObMitKg1RY2pe1yyr5PYmM5xt1bdottxRWF\n+tb3XG6KbAuMOGAVzvU3diYPWLazDlwjK5qGot0zHmxoDXCWDC8CmVjOcCDiaIgN\nmDpe4vR6xYiMuUFY6vpijcEyYK6En0cVCYKH19x1G8zg3J1fhGxByF0QQDJlw5O9\nMWhH+bcYCl+M1i2qXNYdWdpll16z4kbUBtORWA+g5yPl+DNQAbgY6DEUr/R3VLWo\n/IyfuYaNb64yRjOy8HXU+2mgEvoE49v9aNM3qahVAoIBAFlYfW18pKaB6bWqjL7A\nyVjnJMliRURHgd23neg3o0Z8MvohNcAimwRqCIlzyY5yxVfZIuMchayS2Cq04INz\nbvI+4W2TqPIaKlOE0MT2b4balfvyLFjLFGqWKmA0RzajMMQMRd2d+jydKrKKYf2V\noiWLzOu6qljQ/44o5ZBmOvbtAKX2BvLf8HhcfV4mD4+mP1kTUkckvIbX+Vft4fXd\n5+6iVJXIWLR7qa9fpc5r8Ig2eLwkwZqynpQFSWfWCou3TFrTZXNzs6XA21uooWft\nSwsMKNxrfKIxAgIERbKPfC+UmkchhRGWCfALD6OHN25TTutH5hHZ477m80tJ5pG8\no0cCggEBANdeQFFiDR1K/ouojBODbcGoYAmxzJzxdZOGQzfGFEonLiPIOYGeE3Hl\nQaZq3u8pPdsFHyPLNHEiBXdMplwq23kRc8q9k4o0QwCezHZVJGIT/RZlG0I0L/Ud\n8KlvqCjfvfoVl6vRayklYEJHhe9WV6j6WRCHlEvyvCKDGqNf1im00U3Fo/9w8faN\nHMS5L6qia7rI2plnjR28RbX20aXD7PUfucTTttuMYh0s5Dp9rpf0X7HvWM3Jb6je\ng4dvpEZyHA9fRXMjfFzhlvfgJjpVAtRzEhwg4wr/bhvfEoo3bkV85JKnwXjqn4Nt\ny9ROexdGQbwn3EtoWQ/T49ILWqliGow=\n-----END PRIVATE KEY-----\n",
            "public_key_fingerprint_md5": "3d:62:79:89:c0:97:8c:98:7f:87:64:d3:95:61:b4:6c",
            "public_key_fingerprint_sha256": "SHA256:JQzHM5OSfgmvuvYWmQwq8RtQNI9f8t/juTwCQ8Cz2zE",
            "public_key_openssh": "ssh-rsa AAAAB3NzaC1yc2EAAAADAQABAAACAQDm+iX5pyGXQuvNPPNxNedrFAZZ+oMXkqTyLRbVYlyTMUTXRQqwdcPA8QhmpTWFRIDR8ZKXqqhrur2HofJbcA9ZqFDKwrUDTL+n1PmwVki3qM3XKBJ1h2aiPgmycPKqxgSMiCjLOgGvEagAldZj+T5l6T3mWrqOjyiF2TPRSEGITZrJ+RrqCvRBg5gnkoC3AuHGBJu4pSChtyGd/bvGdbbldBoiaiuQpqFvcb/GsBdOkLIg7ljUm+CbX9Eiu25PKAn67TOJm7FZTSpGpI73UtvNepBNA30c74n9xmiCtDP0XrbnVjimIcZK9YPym49tepeKu/4a3gvKqhVGYJujSCu/C6vYHuT/buJBtNrLQpcruMsOqKtdmGeP60GW3B0cR58VyrtObs6NawZEkQrp+y/zeRRVasfpm9jiSz0SaintqKO7rahCjiX2AzWmkPlELt985HoxfV/VjusXFHkk6yxoFk1OO8ndrIs9XbqVy8sR+S/zUhcSz3glsfnb5fXk5Aqe3z01aPCYFd8y9vZeKLWwt9aVw2dkqefzTo6/yQ/h0VeWn1TA+sl6xFHtqCnx5JT/paplt9VjEh7YFhHobM4QivWUeVpHy9pRKwxYsDFVbJBEiS74iBg3wOVUQ1AxP537EvGB8lplBWm/OZnlvu6DU1bf3gOK3/CSaB6hkSft1w==\n",
            "public_key_pem": "-----BEGIN PUBLIC KEY-----\nMIICIjANBgkqhkiG9w0BAQEFAAOCAg8AMIICCgKCAgEA5vol+achl0LrzTzzcTXn\naxQGWfqDF5Kk8i0W1WJckzFE10UKsHXDwPEIZqU1hUSA0fGSl6qoa7q9h6HyW3AP\nWahQysK1A0y/p9T5sFZIt6jN1ygSdYdmoj4JsnDyqsYEjIgoyzoBrxGoAJXWY/k+\nZek95lq6jo8ohdkz0UhBiE2ayfka6gr0QYOYJ5KAtwLhxgSbuKUgobchnf27xnW2\n5XQaImorkKahb3G/xrAXTpCyIO5Y1Jvgm1/RIrtuTygJ+u0ziZuxWU0qRqSO91Lb\nzXqQTQN9HO+J/cZogrQz9F6251Y4piHGSvWD8puPbXqXirv+Gt4LyqoVRmCbo0gr\nvwur2B7k/27iQbTay0KXK7jLDqirXZhnj+tBltwdHEefFcq7Tm7OjWsGRJEK6fsv\n83kUVWrH6ZvY4ks9Emop7aiju62oQo4l9gM1ppD5RC7ffOR6MX1f1Y7rFxR5JOss\naBZNTjvJ3ayLPV26lcvLEfkv81IXEs94JbH52+X15OQKnt89NWjwmBXfMvb2Xii1\nsLfWlcNnZKnn806Ov8kP4dFXlp9UwPrJesRR7agp8eSU/6WqZbfVYxIe2BYR6GzO\nEIr1lHlaR8vaUSsMWLAxVWyQRIku+IgYN8DlVENQMT+d+xLxgfJaZQVpvzmZ5b7u\ng1NW394Dit/wkmgeoZEn7dcCAwEAAQ==\n-----END PUBLIC KEY-----\n",
            "rsa_bits": 4096
          },
          "sensitive_attributes": [
            [
              {
                "type": "get_attr",
                "value": "private_key_openssh"
              }
            ],
            [
              {
                "type": "get_attr",
                "value": "private_key_pem"
              }
            ],
            [
              {
                "type": "get_attr",
                "value": "private_key_pem_pkcs8"
              }
            ]
          ],
          "identity_schema_version": 0,
          "create_before_destroy": true
        }
      ]
    }
  ],
  "check_results": null
}
