{
  "version": 4,
  "terraform_version": "1.12.2",
  "serial": 351,
  "lineage": "0db92712-bbea-3260-8822-2c094d12f3b9",
  "outputs": {
    "app_instance_private_ip": {
      "value": "10.0.3.63",
      "type": "string"
    },
    "private_key_pem": {
      "value": "-----BEGIN RSA PRIVATE KEY-----\nMIIJKQIBAAKCAgEA83sXsEW1btUga8f/TUTgEDdKH/lMejWUJf7fBlYCcD7H25ex\nRVIV4M/CsSUzMqqy4PkXfdZMDI1h7WnKKXw374efp9GKK5Xgz/O/SID1bRQkBEOZ\nV3oPggPcznDTXOqm5kSDRmy9tdtc6jpIKUvL8Wz6IR+LgE18wtCBVPVDaPgfARQ7\nHxmbq4MfOPocJ5HQkfAOK0RjXSTowRwQjNd1MukoSsNJq70icRkrNYWhzduXSF4G\nWsEyRGtHpTpmWis/pWBmgE9Kek3NpEsMXCe71kuTW6sGRNtV2Cph65ekomo9FVNg\nQJLaPkY0UJ6/s4vsnjbG77w1bepqQjWvFlufVAp/aiDZvg3KuKiix+T/fiZe5cmv\npmy0NUalkOmz2bQBkXZcTG2rrPdCBhvUYh00wFOPiHCs+vuQAPYU/iay9PHeNODS\ntBY3HUriuFuGTf1cbeOveGU2xc6yDNGei2Q2q5AWVol8JqvkD9QrHtVPJzeyE9yf\nECCAMkeO5A4PqyqXUlBT3R4fv/ZaxdkKckGuoN7CokZjQvDGLCDH3EDgVpR4efl9\np9eYOmZR84SePf0Q2JG2okqQDZu46bzUaNn/ekfT22z2zuXDnebGWUU+EK2O53ow\nPUyDu1XmHvuIGkWAqnmxlST25ZBISU/b6ofji14SuvDbEuGEp33BjlglW5cCAwEA\nAQKCAgAP3ZkFEP3KG5QxwcYGlHLfS6MGY1nS6tPdB/cjdA5Tnxup2QAhqsAnNpKS\ntYBZEFt4onKf7gtlk/7qGAcm3ePNNXK3XkWZInqUQmdYA6M6eOIB7x+6XgdNqw/D\n2gFD4DyA67z8JVDVXVZ4ItUZ78j50eaYqvQNp771+N08moDKgcSPbvCNTb9hlTk/\nHrkf8PX81H4v3pR0+Nc74ibH7rBB4YSRHpmZ2ci5QvEYWz1YazM38XyLhGRQpgb0\notIRlRjgH2B+guww/Qnl50gGZ0Zrp+ARzJqrePlmjRh1YBvHw5F4ZsbyXj9faHa3\nPCj0u6zvAFXFQGfg4jILX3EpzU2b7UsJRLmfbygymBzQ825FWyVUR9lys0eYkFJi\nnfdCqJdckzT3gFPOEjHr51jkWFIoxMp8eTOi4MwL/haDoUAT0go1gxJA4M8GVWH4\n9HBNly3NvygH+gu/dz8ddcpdwXKgCmt8kxf+mocdl8ufb3Z3NvPWyT8FoDsGXueU\n4Qax3RMNSg/b/wD02bGBvfAKvJrVdihcuZqWHxLcNoTrrfBSmePWucMfZmAt/OJP\nLPZJRotrUknGRNnQ/jLaG1iekIDwoDxu5GeelaRuAegDIWCzLpsaENW5/GCcPUbJ\nzV4vayQBmZFy8aV0j+mjN5AYnEoa3R3eDH8kNd2PQKP1/rcQWQKCAQEA/LYj5+h+\nw0UKB4swAMVxxp2NbQ3LsyudzjjBIR2iabBLPQFXTPWacQtcW69mxxXfS/BiRmNV\nOEPrOM2v3S3kqzKd9d0433OZTnJiNzUnG8ApvIjLndkCHLw6MZba8ZE7gxzl+RlB\n8ht2NoV8xVEf38teqO+CV6HNnUoEdqQhG/eSgC5MDQLTJ2vxlAsgWlRVmaW/00v9\nd4hvCIu4Tu7A7NDPXnDhT7e5MLxIEiSeU1Q1Dc2wyU1zT/3hmsBF8fGOYXVeZ2T5\npby15nVHrjxMyKhBsiTj+oB1Dt57wZXzfovsHfBXyRfDZYPoW5A0q8oc/iwbz8uL\nq2UleFfrZV6L3wKCAQEA9qYzvkyQzRO1n9aypIVLJIRxvQMN2Fur4xKBpxWQaL0q\n2sH+EnSlsSpWltLna+kpcpw50PYbl00d2p8sfd7MeE3M+PC/o4MI88Ic3l/WQTsZ\nFYKf02bn0CNmP4bzv5/NrxEtv8yvww/mFRtSzvyUT8Z4829b9Epo/Ec5ahD/S68p\n4YWv09ImpbqABL9/Lyn5NEdNsfxXkVcy1gvfMf7669E7bfMUMOuaWlgC88f9MGyW\ntE+Jq7JpYP2kwrDXRus8IJLA81C7bXcd0A8Q2N4u/+PCh4ZW04z2vFfAOx2YYrNb\nn2awuDHYva7hWM6AomsRkJAzBkDZ93aSlZIAiy+nSQKCAQEAlSmBOhJeOC4ZBGjg\nlaP1SzGV16fL816sT5vqSvyt78oyLrkK6Y8ScOUux6NZe+tqGO2zZC6fj41vWuD1\njAzZqz8+Q3AncKVP+SDE3idOhS/AstrfrLT5bTKg+sI7S1jZEsPM7mI9LYWOGhJi\nmikPMk5c+kQc4FLOBag5yDmKnXJdE7HAC/H95oftWN/UYdzjhcRy3Go/Gv3548Zs\nrJJ6Z428yNbB9wbPlXec5rCcjzzl79bYIYnIpY+KSYhyAKP+0YGwjkDopi4kA/p3\nq91FyS6fUGI7+pE2BufFjndO+QPoA6foePbAy7u3O8x7embbBB/O7rELKMiT/FuQ\nww2yawKCAQEA8RRIdROvYNOH7gBTQh2K8dmGtmFa0gPgQSVglqisKsPjNEjzBqT/\nIuioE+l3C3Gt8nkixc0X8M4OhRaZzTnNDzW0SApAthio0mEECJMR/1Y9UVoIz//A\nSx+enC9S5hTTXO9kkRkHHpjWogC/8tLMQCFVLVPGREPK0/Ll+nc8oYRHYkhiMJ8y\n6UAeSwXF0ZqsGt4q4fIswUHCzZZzBRIdvgsXlINIU/ylNPLbh94M6pzovLsVbD4J\nZCTnOujQsl/QuGHYuLpLSFZqTGe9Zsvckn7TL9Yt3b7ll/gJS37E6Iw43NfpmVAX\ncmeRmVTWRGp0k6FuTglrQsahxhIb9++PCQKCAQAO0OntYW3JPEpMyGb+9/vWqT3R\nPGI0ICf3v35jEne5I5w94NSMo1iQrxngEBZspVry7fy/5R2CYC+YH6GAk/o0GQYs\nw4Xf3BZBUfeu5hTJRQ2QwHmqvqUlBAj0EU6wEnxQJeCcIyRyfhWEzbFZRe1Myx+u\n72ADN7EAfYtnO41mqubpRbkTq6m1DHrzHGom3KIcMiFUi9XAN0zzJQMLjZCsx5l9\nG8jWZ4JE0vXtBBHrvXaeQlkgfmiIEjOxO8E0a95ik3E11cxfy2IXp63tTr4h9Jgt\n3wbZPnxy/DGjHUt897zrIzyzFlfgTd9fYwiBIY0h4LwpPzhfF2EmRiPQ1LKN\n-----END RSA PRIVATE KEY-----\n",
      "type": "string",
      "sensitive": true
    },
    "rds_endpoint": {
      "value": "mysql-db-project3.cjc8e2a8elx5.us-east-2.rds.amazonaws.com:3306",
      "type": "string"
    },
    "rds_mysql_db_name": {
      "value": "mydb1",
      "type": "string"
    },
    "rds_mysql_endpoint": {
      "value": "mysql-db-project3.cjc8e2a8elx5.us-east-2.rds.amazonaws.com:3306",
      "type": "string"
    },
    "rds_mysql_port": {
      "value": 3306,
      "type": "number"
    }
  },
  "resources": [
    {
      "mode": "managed",
      "type": "aws_db_instance",
      "name": "mysql_db",
      "provider": "provider[\"registry.terraform.io/hashicorp/aws\"]",
      "instances": [
        {
          "schema_version": 2,
          "attributes": {
            "address": "mysql-db-project3.cjc8e2a8elx5.us-east-2.rds.amazonaws.com",
            "allocated_storage": 20,
            "allow_major_version_upgrade": null,
            "apply_immediately": false,
            "arn": "arn:aws:rds:us-east-2:167611893883:db:mysql-db-project3",
            "auto_minor_version_upgrade": true,
            "availability_zone": "us-east-2b",
            "backup_retention_period": 0,
            "backup_target": "region",
            "backup_window": "04:11-04:41",
            "blue_green_update": [],
            "ca_cert_identifier": "rds-ca-rsa2048-g1",
            "character_set_name": "",
            "copy_tags_to_snapshot": false,
            "custom_iam_instance_profile": "",
            "customer_owned_ip_enabled": false,
            "database_insights_mode": "standard",
            "db_name": "mydb1",
            "db_subnet_group_name": "mysql-db-subnet-group",
            "dedicated_log_volume": false,
            "delete_automated_backups": true,
            "deletion_protection": false,
            "domain": "",
            "domain_auth_secret_arn": "",
            "domain_dns_ips": null,
            "domain_fqdn": "",
            "domain_iam_role_name": "",
            "domain_ou": "",
            "enabled_cloudwatch_logs_exports": null,
            "endpoint": "mysql-db-project3.cjc8e2a8elx5.us-east-2.rds.amazonaws.com:3306",
            "engine": "mysql",
            "engine_lifecycle_support": "open-source-rds-extended-support",
            "engine_version": "8.0.41",
            "engine_version_actual": "8.0.41",
            "final_snapshot_identifier": null,
            "hosted_zone_id": "Z2XHWR1WZ565X2",
            "iam_database_authentication_enabled": false,
            "id": "db-VYPODZ723Q3GDCCXU4DT6TDOKI",
            "identifier": "mysql-db-project3",
            "identifier_prefix": "",
            "instance_class": "db.t4g.micro",
            "iops": 0,
            "kms_key_id": "",
            "latest_restorable_time": "",
            "license_model": "general-public-license",
            "listener_endpoint": [],
            "maintenance_window": "sun:09:42-sun:10:12",
            "manage_master_user_password": null,
            "master_user_secret": [],
            "master_user_secret_kms_key_id": null,
            "max_allocated_storage": 0,
            "monitoring_interval": 0,
            "monitoring_role_arn": "",
            "multi_az": false,
            "nchar_character_set_name": "",
            "network_type": "IPV4",
            "option_group_name": "default:mysql-8-0",
            "parameter_group_name": "default.mysql8.0",
            "password": "90166Dipen",
            "password_wo": null,
            "password_wo_version": null,
            "performance_insights_enabled": false,
            "performance_insights_kms_key_id": "",
            "performance_insights_retention_period": 0,
            "port": 3306,
            "publicly_accessible": false,
            "region": "us-east-2",
            "replica_mode": "",
            "replicas": [],
            "replicate_source_db": "",
            "resource_id": "db-VYPODZ723Q3GDCCXU4DT6TDOKI",
            "restore_to_point_in_time": [],
            "s3_import": [],
            "skip_final_snapshot": true,
            "snapshot_identifier": null,
            "status": "available",
            "storage_encrypted": false,
            "storage_throughput": 0,
            "storage_type": "gp2",
            "tags": {
              "Name": "MySQL-DB",
              "Owner": "Dipen",
              "Project": "Three-Tier-Web-App",
              "Tier": "Database"
            },
            "tags_all": {
              "Name": "MySQL-DB",
              "Owner": "Dipen",
              "Project": "Three-Tier-Web-App",
              "Tier": "Database"
            },
            "timeouts": null,
            "timezone": "",
            "upgrade_storage_config": null,
            "username": "admin",
            "vpc_security_group_ids": [
              "sg-000a67729dc73a9f8"
            ]
          },
          "sensitive_attributes": [
            [
              {
                "type": "get_attr",
                "value": "password"
              }
            ],
            [
              {
                "type": "get_attr",
                "value": "password_wo"
              }
            ]
          ],
          "identity_schema_version": 0,
          "private": "eyJlMmJmYjczMC1lY2FhLTExZTYtOGY4OC0zNDM2M2JjN2M0YzAiOnsiY3JlYXRlIjozMDAwMDAwMDAwMDAwLCJkZWxldGUiOjM2MDAwMDAwMDAwMDAsInVwZGF0ZSI6NDgwMDAwMDAwMDAwMH0sInNjaGVtYV92ZXJzaW9uIjoiMiJ9",
          "dependencies": [
            "aws_db_subnet_group.mysql_db_subnet_group",
            "aws_security_group.db_tier_sg",
            "aws_subnet.pri_db_az_1",
            "aws_subnet.pri_db_az_2",
            "aws_vpc.dipen_custom-vpc"
          ]
        }
      ]
    },
    {
      "mode": "managed",
      "type": "aws_db_subnet_group",
      "name": "mysql_db_subnet_group",
      "provider": "provider[\"registry.terraform.io/hashicorp/aws\"]",
      "instances": [
        {
          "schema_version": 0,
          "attributes": {
            "arn": "arn:aws:rds:us-east-2:167611893883:subgrp:mysql-db-subnet-group",
            "description": "Managed by Terraform",
            "id": "mysql-db-subnet-group",
            "name": "mysql-db-subnet-group",
            "name_prefix": "",
            "region": "us-east-2",
            "subnet_ids": [
              "subnet-0289d7e3e73589654",
              "subnet-0fe78b20653a5c403"
            ],
            "supported_network_types": [
              "IPV4"
            ],
            "tags": {
              "Name": "mysql-db-subnet-group",
              "Tier": "Database"
            },
            "tags_all": {
              "Name": "mysql-db-subnet-group",
              "Tier": "Database"
            },
            "vpc_id": "vpc-0813f89ae65a05797"
          },
          "sensitive_attributes": [],
          "identity_schema_version": 0,
          "private": "bnVsbA==",
          "dependencies": [
            "aws_subnet.pri_db_az_1",
            "aws_subnet.pri_db_az_2",
            "aws_vpc.dipen_custom-vpc"
          ]
        }
      ]
    },
    {
      "mode": "managed",
      "type": "aws_eip",
      "name": "nat_gw_ip",
      "provider": "provider[\"registry.terraform.io/hashicorp/aws\"]",
      "instances": [
        {
          "schema_version": 0,
          "attributes": {
            "address": null,
            "allocation_id": "eipalloc-0082749cec0f0100c",
            "arn": "arn:aws:ec2:us-east-2:167611893883:elastic-ip/eipalloc-0082749cec0f0100c",
            "associate_with_private_ip": null,
            "association_id": "",
            "carrier_ip": "",
            "customer_owned_ip": "",
            "customer_owned_ipv4_pool": "",
            "domain": "vpc",
            "id": "eipalloc-0082749cec0f0100c",
            "instance": "",
            "ipam_pool_id": null,
            "network_border_group": "us-east-2",
            "network_interface": "",
            "private_dns": null,
            "private_ip": "",
            "ptr_record": "",
            "public_dns": "ec2-18-221-172-254.us-east-2.compute.amazonaws.com",
            "public_ip": "18.221.172.254",
            "public_ipv4_pool": "amazon",
            "region": "us-east-2",
            "tags": null,
            "tags_all": {},
            "timeouts": null
          },
          "sensitive_attributes": [],
          "identity_schema_version": 0,
          "private": "eyJlMmJmYjczMC1lY2FhLTExZTYtOGY4OC0zNDM2M2JjN2M0YzAiOnsiZGVsZXRlIjoxODAwMDAwMDAwMDAsInJlYWQiOjkwMDAwMDAwMDAwMCwidXBkYXRlIjozMDAwMDAwMDAwMDB9fQ==",
          "dependencies": [
            "aws_internet_gateway.igw",
            "aws_vpc.dipen_custom-vpc"
          ]
        }
      ]
    },
    {
      "mode": "managed",
      "type": "aws_instance",
      "name": "app_server",
      "provider": "provider[\"registry.terraform.io/hashicorp/aws\"]",
      "instances": [
        {
          "schema_version": 2,
          "attributes": {
            "ami": "ami-08221e706f343d7b7",
            "arn": "arn:aws:ec2:us-east-2:167611893883:instance/i-0d06a57faa542c928",
            "associate_public_ip_address": false,
            "availability_zone": "us-east-2a",
            "capacity_reservation_specification": [
              {
                "capacity_reservation_preference": "open",
                "capacity_reservation_target": []
              }
            ],
            "cpu_options": [
              {
                "amd_sev_snp": "",
                "core_count": 1,
                "threads_per_core": 1
              }
            ],
            "credit_specification": [
              {
                "cpu_credits": "standard"
              }
            ],
            "disable_api_stop": false,
            "disable_api_termination": false,
            "ebs_block_device": [],
            "ebs_optimized": false,
            "enable_primary_ipv6": null,
            "enclave_options": [
              {
                "enabled": false
              }
            ],
            "ephemeral_block_device": [],
            "get_password_data": false,
            "hibernation": false,
            "host_id": "",
            "host_resource_group_arn": null,
            "iam_instance_profile": "",
            "id": "i-0d06a57faa542c928",
            "instance_initiated_shutdown_behavior": "stop",
            "instance_lifecycle": "",
            "instance_market_options": [],
            "instance_state": "running",
            "instance_type": "t2.micro",
            "ipv6_address_count": 0,
            "ipv6_addresses": [],
            "key_name": "dipen-keypair",
            "launch_template": [],
            "maintenance_options": [
              {
                "auto_recovery": "default"
              }
            ],
            "metadata_options": [
              {
                "http_endpoint": "enabled",
                "http_protocol_ipv6": "disabled",
                "http_put_response_hop_limit": 2,
                "http_tokens": "required",
                "instance_metadata_tags": "disabled"
              }
            ],
            "monitoring": false,
            "network_interface": [],
            "outpost_arn": "",
            "password_data": "",
            "placement_group": "",
            "placement_partition_number": 0,
            "primary_network_interface_id": "eni-02ba116561edd5944",
            "private_dns": "ip-10-0-3-63.us-east-2.compute.internal",
            "private_dns_name_options": [
              {
                "enable_resource_name_dns_a_record": false,
                "enable_resource_name_dns_aaaa_record": false,
                "hostname_type": "ip-name"
              }
            ],
            "private_ip": "10.0.3.63",
            "public_dns": "",
            "public_ip": "",
            "region": "us-east-2",
            "root_block_device": [
              {
                "delete_on_termination": true,
                "device_name": "/dev/xvda",
                "encrypted": false,
                "iops": 3000,
                "kms_key_id": "",
                "tags": {},
                "tags_all": {},
                "throughput": 125,
                "volume_id": "vol-0411bd37a9d5ea0e0",
                "volume_size": 8,
                "volume_type": "gp3"
              }
            ],
            "secondary_private_ips": [],
            "security_groups": [],
            "source_dest_check": true,
            "spot_instance_request_id": "",
            "subnet_id": "subnet-087cbc88487f27536",
            "tags": {
              "Name": "app-tier-ec2"
            },
            "tags_all": {
              "Name": "app-tier-ec2"
            },
            "tenancy": "default",
            "timeouts": null,
            "user_data": "#!/bin/bash\nyum update -y\nyum install -y httpd php php-mysqlnd\nsystemctl start httpd\nsystemctl enable httpd\n\n# Optional: Add backend files (replace with your logic or S3 pull)\necho \"\u003c?php echo 'App Tier Working'; ?\u003e\" \u003e /var/www/html/index.php\n",
            "user_data_base64": null,
            "user_data_replace_on_change": false,
            "volume_tags": null,
            "vpc_security_group_ids": [
              "sg-0a97e2a1b356b51b8"
            ]
          },
          "sensitive_attributes": [],
          "identity_schema_version": 0,
          "private": "eyJlMmJmYjczMC1lY2FhLTExZTYtOGY4OC0zNDM2M2JjN2M0YzAiOnsiY3JlYXRlIjo2MDAwMDAwMDAwMDAsImRlbGV0ZSI6MTIwMDAwMDAwMDAwMCwicmVhZCI6OTAwMDAwMDAwMDAwLCJ1cGRhdGUiOjYwMDAwMDAwMDAwMH0sInNjaGVtYV92ZXJzaW9uIjoiMiJ9",
          "dependencies": [
            "aws_key_pair.dipen_keypair",
            "aws_security_group.app_tier_sg",
            "aws_subnet.pri_app_az_1",
            "aws_vpc.dipen_custom-vpc",
            "tls_private_key.dipen_key"
          ]
        }
      ]
    },
    {
      "mode": "managed",
      "type": "aws_instance",
      "name": "web_server",
      "provider": "provider[\"registry.terraform.io/hashicorp/aws\"]",
      "instances": [
        {
          "schema_version": 2,
          "attributes": {
            "ami": "ami-08221e706f343d7b7",
            "arn": "arn:aws:ec2:us-east-2:167611893883:instance/i-0962a25241b668706",
            "associate_public_ip_address": true,
            "availability_zone": "us-east-2a",
            "capacity_reservation_specification": [
              {
                "capacity_reservation_preference": "open",
                "capacity_reservation_target": []
              }
            ],
            "cpu_options": [
              {
                "amd_sev_snp": "",
                "core_count": 1,
                "threads_per_core": 1
              }
            ],
            "credit_specification": [
              {
                "cpu_credits": "standard"
              }
            ],
            "disable_api_stop": false,
            "disable_api_termination": false,
            "ebs_block_device": [],
            "ebs_optimized": false,
            "enable_primary_ipv6": null,
            "enclave_options": [
              {
                "enabled": false
              }
            ],
            "ephemeral_block_device": [],
            "get_password_data": false,
            "hibernation": false,
            "host_id": "",
            "host_resource_group_arn": null,
            "iam_instance_profile": "",
            "id": "i-0962a25241b668706",
            "instance_initiated_shutdown_behavior": "stop",
            "instance_lifecycle": "",
            "instance_market_options": [],
            "instance_state": "running",
            "instance_type": "t2.micro",
            "ipv6_address_count": 0,
            "ipv6_addresses": [],
            "key_name": "dipen-keypair",
            "launch_template": [],
            "maintenance_options": [
              {
                "auto_recovery": "default"
              }
            ],
            "metadata_options": [
              {
                "http_endpoint": "enabled",
                "http_protocol_ipv6": "disabled",
                "http_put_response_hop_limit": 2,
                "http_tokens": "required",
                "instance_metadata_tags": "disabled"
              }
            ],
            "monitoring": false,
            "network_interface": [],
            "outpost_arn": "",
            "password_data": "",
            "placement_group": "",
            "placement_partition_number": 0,
            "primary_network_interface_id": "eni-0ae254d4d434aeb5e",
            "private_dns": "ip-10-0-1-225.us-east-2.compute.internal",
            "private_dns_name_options": [
              {
                "enable_resource_name_dns_a_record": false,
                "enable_resource_name_dns_aaaa_record": false,
                "hostname_type": "ip-name"
              }
            ],
            "private_ip": "10.0.1.225",
            "public_dns": "ec2-3-147-205-186.us-east-2.compute.amazonaws.com",
            "public_ip": "3.147.205.186",
            "region": "us-east-2",
            "root_block_device": [
              {
                "delete_on_termination": true,
                "device_name": "/dev/xvda",
                "encrypted": false,
                "iops": 3000,
                "kms_key_id": "",
                "tags": {},
                "tags_all": {},
                "throughput": 125,
                "volume_id": "vol-0db0772de93e625dc",
                "volume_size": 8,
                "volume_type": "gp3"
              }
            ],
            "secondary_private_ips": [],
            "security_groups": [],
            "source_dest_check": true,
            "spot_instance_request_id": "",
            "subnet_id": "subnet-0215465f926f2773c",
            "tags": {
              "Name": "web-server-ec2"
            },
            "tags_all": {
              "Name": "web-server-ec2"
            },
            "tenancy": "default",
            "timeouts": null,
            "user_data": "#!/bin/bash\nyum update -y\nyum install -y httpd php php-mysqlnd\nsystemctl start httpd\nsystemctl enable httpd\n\n# Optional: Add backend files (replace with your logic or S3 pull)\necho \"\u003c?php echo 'App Tier Working'; ?\u003e\" \u003e /var/www/html/index.php\n",
            "user_data_base64": null,
            "user_data_replace_on_change": false,
            "volume_tags": null,
            "vpc_security_group_ids": [
              "sg-09d4f16109033d816"
            ]
          },
          "sensitive_attributes": [],
          "identity_schema_version": 0,
          "private": "eyJlMmJmYjczMC1lY2FhLTExZTYtOGY4OC0zNDM2M2JjN2M0YzAiOnsiY3JlYXRlIjo2MDAwMDAwMDAwMDAsImRlbGV0ZSI6MTIwMDAwMDAwMDAwMCwicmVhZCI6OTAwMDAwMDAwMDAwLCJ1cGRhdGUiOjYwMDAwMDAwMDAwMH0sInNjaGVtYV92ZXJzaW9uIjoiMiJ9",
          "dependencies": [
            "aws_key_pair.dipen_keypair",
            "aws_security_group.web_tier_sg",
            "aws_subnet.pub_web_az_1",
            "aws_vpc.dipen_custom-vpc",
            "tls_private_key.dipen_key"
          ]
        }
      ]
    },
    {
      "mode": "managed",
      "type": "aws_internet_gateway",
      "name": "igw",
      "provider": "provider[\"registry.terraform.io/hashicorp/aws\"]",
      "instances": [
        {
          "schema_version": 0,
          "attributes": {
            "arn": "arn:aws:ec2:us-east-2:167611893883:internet-gateway/igw-0669e4c883c3f7d63",
            "id": "igw-0669e4c883c3f7d63",
            "owner_id": "167611893883",
            "region": "us-east-2",
            "tags": {
              "Name": "dipen_vpc_igw"
            },
            "tags_all": {
              "Name": "dipen_vpc_igw"
            },
            "timeouts": null,
            "vpc_id": "vpc-0813f89ae65a05797"
          },
          "sensitive_attributes": [],
          "identity_schema_version": 0,
          "private": "eyJlMmJmYjczMC1lY2FhLTExZTYtOGY4OC0zNDM2M2JjN2M0YzAiOnsiY3JlYXRlIjoxMjAwMDAwMDAwMDAwLCJkZWxldGUiOjEyMDAwMDAwMDAwMDAsInVwZGF0ZSI6MTIwMDAwMDAwMDAwMH19",
          "dependencies": [
            "aws_vpc.dipen_custom-vpc"
          ]
        }
      ]
    },
    {
      "mode": "managed",
      "type": "aws_key_pair",
      "name": "dipen_keypair",
      "provider": "provider[\"registry.terraform.io/hashicorp/aws\"]",
      "instances": [
        {
          "schema_version": 1,
          "attributes": {
            "arn": "arn:aws:ec2:us-east-2:167611893883:key-pair/dipen-keypair",
            "fingerprint": "f7:20:3e:8d:90:d0:1e:e9:09:02:20:90:84:fc:06:19",
            "id": "dipen-keypair",
            "key_name": "dipen-keypair",
            "key_name_prefix": "",
            "key_pair_id": "key-0c0dc0daaa607532e",
            "key_type": "rsa",
            "public_key": "ssh-rsa AAAAB3NzaC1yc2EAAAADAQABAAACAQDzexewRbVu1SBrx/9NROAQN0of+Ux6NZQl/t8GVgJwPsfbl7FFUhXgz8KxJTMyqrLg+Rd91kwMjWHtacopfDfvh5+n0YorleDP879IgPVtFCQEQ5lXeg+CA9zOcNNc6qbmRINGbL2121zqOkgpS8vxbPohH4uATXzC0IFU9UNo+B8BFDsfGZurgx84+hwnkdCR8A4rRGNdJOjBHBCM13Uy6ShKw0mrvSJxGSs1haHN25dIXgZawTJEa0elOmZaKz+lYGaAT0p6Tc2kSwxcJ7vWS5NbqwZE21XYKmHrl6Siaj0VU2BAkto+RjRQnr+zi+yeNsbvvDVt6mpCNa8WW59UCn9qINm+Dcq4qKLH5P9+Jl7lya+mbLQ1RqWQ6bPZtAGRdlxMbaus90IGG9RiHTTAU4+IcKz6+5AA9hT+JrL08d404NK0FjcdSuK4W4ZN/Vxt4694ZTbFzrIM0Z6LZDarkBZWiXwmq+QP1Cse1U8nN7IT3J8QIIAyR47kDg+rKpdSUFPdHh+/9lrF2QpyQa6g3sKiRmNC8MYsIMfcQOBWlHh5+X2n15g6ZlHzhJ49/RDYkbaiSpANm7jpvNRo2f96R9PbbPbO5cOd5sZZRT4QrY7nejA9TIO7VeYe+4gaRYCqebGVJPblkEhJT9vqh+OLXhK68NsS4YSnfcGOWCVblw==",
            "region": "us-east-2",
            "tags": null,
            "tags_all": {}
          },
          "sensitive_attributes": [],
          "identity_schema_version": 0,
          "private": "eyJzY2hlbWFfdmVyc2lvbiI6IjEifQ==",
          "dependencies": [
            "tls_private_key.dipen_key"
          ]
        }
      ]
    },
    {
      "mode": "managed",
      "type": "aws_nat_gateway",
      "name": "nat_gw",
      "provider": "provider[\"registry.terraform.io/hashicorp/aws\"]",
      "instances": [
        {
          "schema_version": 0,
          "attributes": {
            "allocation_id": "eipalloc-0082749cec0f0100c",
            "association_id": "eipassoc-0f98bc85e876f4a2d",
            "connectivity_type": "public",
            "id": "nat-0c63ff4b681986968",
            "network_interface_id": "eni-051b41ff2603a2815",
            "private_ip": "10.0.1.63",
            "public_ip": "18.221.172.254",
            "region": "us-east-2",
            "secondary_allocation_ids": [],
            "secondary_private_ip_address_count": 0,
            "secondary_private_ip_addresses": [],
            "subnet_id": "subnet-0215465f926f2773c",
            "tags": {
              "Name": "dipen_vpc_Nat_gw"
            },
            "tags_all": {
              "Name": "dipen_vpc_Nat_gw"
            },
            "timeouts": null
          },
          "sensitive_attributes": [],
          "identity_schema_version": 0,
          "private": "eyJlMmJmYjczMC1lY2FhLTExZTYtOGY4OC0zNDM2M2JjN2M0YzAiOnsiY3JlYXRlIjo2MDAwMDAwMDAwMDAsImRlbGV0ZSI6MTgwMDAwMDAwMDAwMCwidXBkYXRlIjo2MDAwMDAwMDAwMDB9fQ==",
          "dependencies": [
            "aws_eip.nat_gw_ip",
            "aws_internet_gateway.igw",
            "aws_subnet.pub_web_az_1",
            "aws_vpc.dipen_custom-vpc"
          ]
        }
      ]
    },
    {
      "mode": "managed",
      "type": "aws_route_table",
      "name": "private_app_rt",
      "provider": "provider[\"registry.terraform.io/hashicorp/aws\"]",
      "instances": [
        {
          "schema_version": 0,
          "attributes": {
            "arn": "arn:aws:ec2:us-east-2:167611893883:route-table/rtb-09bff6f58dff8b90a",
            "id": "rtb-09bff6f58dff8b90a",
            "owner_id": "167611893883",
            "propagating_vgws": [],
            "region": "us-east-2",
            "route": [
              {
                "carrier_gateway_id": "",
                "cidr_block": "0.0.0.0/0",
                "core_network_arn": "",
                "destination_prefix_list_id": "",
                "egress_only_gateway_id": "",
                "gateway_id": "nat-0c63ff4b681986968",
                "ipv6_cidr_block": "",
                "local_gateway_id": "",
                "nat_gateway_id": "",
                "network_interface_id": "",
                "transit_gateway_id": "",
                "vpc_endpoint_id": "",
                "vpc_peering_connection_id": ""
              }
            ],
            "tags": {
              "Name": "Private App RT"
            },
            "tags_all": {
              "Name": "Private App RT"
            },
            "timeouts": null,
            "vpc_id": "vpc-0813f89ae65a05797"
          },
          "sensitive_attributes": [],
          "identity_schema_version": 0,
          "private": "eyJlMmJmYjczMC1lY2FhLTExZTYtOGY4OC0zNDM2M2JjN2M0YzAiOnsiY3JlYXRlIjozMDAwMDAwMDAwMDAsImRlbGV0ZSI6MzAwMDAwMDAwMDAwLCJ1cGRhdGUiOjEyMDAwMDAwMDAwMH19",
          "dependencies": [
            "aws_eip.nat_gw_ip",
            "aws_internet_gateway.igw",
            "aws_nat_gateway.nat_gw",
            "aws_subnet.pub_web_az_1",
            "aws_vpc.dipen_custom-vpc"
          ]
        }
      ]
    },
    {
      "mode": "managed",
      "type": "aws_route_table",
      "name": "public_web_rt",
      "provider": "provider[\"registry.terraform.io/hashicorp/aws\"]",
      "instances": [
        {
          "schema_version": 0,
          "attributes": {
            "arn": "arn:aws:ec2:us-east-2:167611893883:route-table/rtb-059934b298c4f7afa",
            "id": "rtb-059934b298c4f7afa",
            "owner_id": "167611893883",
            "propagating_vgws": [],
            "region": "us-east-2",
            "route": [
              {
                "carrier_gateway_id": "",
                "cidr_block": "0.0.0.0/0",
                "core_network_arn": "",
                "destination_prefix_list_id": "",
                "egress_only_gateway_id": "",
                "gateway_id": "igw-0669e4c883c3f7d63",
                "ipv6_cidr_block": "",
                "local_gateway_id": "",
                "nat_gateway_id": "",
                "network_interface_id": "",
                "transit_gateway_id": "",
                "vpc_endpoint_id": "",
                "vpc_peering_connection_id": ""
              }
            ],
            "tags": {
              "Name": "Public Web RT"
            },
            "tags_all": {
              "Name": "Public Web RT"
            },
            "timeouts": null,
            "vpc_id": "vpc-0813f89ae65a05797"
          },
          "sensitive_attributes": [],
          "identity_schema_version": 0,
          "private": "eyJlMmJmYjczMC1lY2FhLTExZTYtOGY4OC0zNDM2M2JjN2M0YzAiOnsiY3JlYXRlIjozMDAwMDAwMDAwMDAsImRlbGV0ZSI6MzAwMDAwMDAwMDAwLCJ1cGRhdGUiOjEyMDAwMDAwMDAwMH19",
          "dependencies": [
            "aws_internet_gateway.igw",
            "aws_vpc.dipen_custom-vpc"
          ]
        }
      ]
    },
    {
      "mode": "managed",
      "type": "aws_route_table_association",
      "name": "private_app_rt_1",
      "provider": "provider[\"registry.terraform.io/hashicorp/aws\"]",
      "instances": [
        {
          "schema_version": 0,
          "attributes": {
            "gateway_id": "",
            "id": "rtbassoc-0d2612f2ad8cf6c1a",
            "region": "us-east-2",
            "route_table_id": "rtb-09bff6f58dff8b90a",
            "subnet_id": "subnet-087cbc88487f27536",
            "timeouts": null
          },
          "sensitive_attributes": [],
          "identity_schema_version": 0,
          "private": "eyJlMmJmYjczMC1lY2FhLTExZTYtOGY4OC0zNDM2M2JjN2M0YzAiOnsiY3JlYXRlIjozMDAwMDAwMDAwMDAsImRlbGV0ZSI6MzAwMDAwMDAwMDAwLCJ1cGRhdGUiOjEyMDAwMDAwMDAwMH19",
          "dependencies": [
            "aws_eip.nat_gw_ip",
            "aws_internet_gateway.igw",
            "aws_nat_gateway.nat_gw",
            "aws_route_table.private_app_rt",
            "aws_subnet.pri_app_az_1",
            "aws_subnet.pub_web_az_1",
            "aws_vpc.dipen_custom-vpc"
          ]
        }
      ]
    },
    {
      "mode": "managed",
      "type": "aws_route_table_association",
      "name": "private_app_rt_2",
      "provider": "provider[\"registry.terraform.io/hashicorp/aws\"]",
      "instances": [
        {
          "schema_version": 0,
          "attributes": {
            "gateway_id": "",
            "id": "rtbassoc-0095b5a0582e51e09",
            "region": "us-east-2",
            "route_table_id": "rtb-09bff6f58dff8b90a",
            "subnet_id": "subnet-0f66c0bf47b6c5b1c",
            "timeouts": null
          },
          "sensitive_attributes": [],
          "identity_schema_version": 0,
          "private": "eyJlMmJmYjczMC1lY2FhLTExZTYtOGY4OC0zNDM2M2JjN2M0YzAiOnsiY3JlYXRlIjozMDAwMDAwMDAwMDAsImRlbGV0ZSI6MzAwMDAwMDAwMDAwLCJ1cGRhdGUiOjEyMDAwMDAwMDAwMH19",
          "dependencies": [
            "aws_eip.nat_gw_ip",
            "aws_internet_gateway.igw",
            "aws_nat_gateway.nat_gw",
            "aws_route_table.private_app_rt",
            "aws_subnet.pri_app_az_2",
            "aws_subnet.pub_web_az_1",
            "aws_vpc.dipen_custom-vpc"
          ]
        }
      ]
    },
    {
      "mode": "managed",
      "type": "aws_route_table_association",
      "name": "private_db_rt_1",
      "provider": "provider[\"registry.terraform.io/hashicorp/aws\"]",
      "instances": [
        {
          "schema_version": 0,
          "attributes": {
            "gateway_id": "",
            "id": "rtbassoc-02a12f08f05b07c6e",
            "region": "us-east-2",
            "route_table_id": "rtb-09bff6f58dff8b90a",
            "subnet_id": "subnet-0fe78b20653a5c403",
            "timeouts": null
          },
          "sensitive_attributes": [],
          "identity_schema_version": 0,
          "private": "eyJlMmJmYjczMC1lY2FhLTExZTYtOGY4OC0zNDM2M2JjN2M0YzAiOnsiY3JlYXRlIjozMDAwMDAwMDAwMDAsImRlbGV0ZSI6MzAwMDAwMDAwMDAwLCJ1cGRhdGUiOjEyMDAwMDAwMDAwMH19",
          "dependencies": [
            "aws_eip.nat_gw_ip",
            "aws_internet_gateway.igw",
            "aws_nat_gateway.nat_gw",
            "aws_route_table.private_app_rt",
            "aws_subnet.pri_db_az_1",
            "aws_subnet.pub_web_az_1",
            "aws_vpc.dipen_custom-vpc"
          ]
        }
      ]
    },
    {
      "mode": "managed",
      "type": "aws_route_table_association",
      "name": "private_db_rt_2",
      "provider": "provider[\"registry.terraform.io/hashicorp/aws\"]",
      "instances": [
        {
          "schema_version": 0,
          "attributes": {
            "gateway_id": "",
            "id": "rtbassoc-0ba56849c604309a6",
            "region": "us-east-2",
            "route_table_id": "rtb-09bff6f58dff8b90a",
            "subnet_id": "subnet-0289d7e3e73589654",
            "timeouts": null
          },
          "sensitive_attributes": [],
          "identity_schema_version": 0,
          "private": "eyJlMmJmYjczMC1lY2FhLTExZTYtOGY4OC0zNDM2M2JjN2M0YzAiOnsiY3JlYXRlIjozMDAwMDAwMDAwMDAsImRlbGV0ZSI6MzAwMDAwMDAwMDAwLCJ1cGRhdGUiOjEyMDAwMDAwMDAwMH19",
          "dependencies": [
            "aws_eip.nat_gw_ip",
            "aws_internet_gateway.igw",
            "aws_nat_gateway.nat_gw",
            "aws_route_table.private_app_rt",
            "aws_subnet.pri_db_az_2",
            "aws_subnet.pub_web_az_1",
            "aws_vpc.dipen_custom-vpc"
          ]
        }
      ]
    },
    {
      "mode": "managed",
      "type": "aws_route_table_association",
      "name": "public_web_rt_1",
      "provider": "provider[\"registry.terraform.io/hashicorp/aws\"]",
      "instances": [
        {
          "schema_version": 0,
          "attributes": {
            "gateway_id": "",
            "id": "rtbassoc-0027e1cf2d0208d05",
            "region": "us-east-2",
            "route_table_id": "rtb-059934b298c4f7afa",
            "subnet_id": "subnet-0215465f926f2773c",
            "timeouts": null
          },
          "sensitive_attributes": [],
          "identity_schema_version": 0,
          "private": "eyJlMmJmYjczMC1lY2FhLTExZTYtOGY4OC0zNDM2M2JjN2M0YzAiOnsiY3JlYXRlIjozMDAwMDAwMDAwMDAsImRlbGV0ZSI6MzAwMDAwMDAwMDAwLCJ1cGRhdGUiOjEyMDAwMDAwMDAwMH19",
          "dependencies": [
            "aws_internet_gateway.igw",
            "aws_route_table.public_web_rt",
            "aws_subnet.pub_web_az_1",
            "aws_vpc.dipen_custom-vpc"
          ]
        }
      ]
    },
    {
      "mode": "managed",
      "type": "aws_route_table_association",
      "name": "public_web_rt_2",
      "provider": "provider[\"registry.terraform.io/hashicorp/aws\"]",
      "instances": [
        {
          "schema_version": 0,
          "attributes": {
            "gateway_id": "",
            "id": "rtbassoc-0a76f54199ecac35d",
            "region": "us-east-2",
            "route_table_id": "rtb-059934b298c4f7afa",
            "subnet_id": "subnet-0ca88bef89a122fe3",
            "timeouts": null
          },
          "sensitive_attributes": [],
          "identity_schema_version": 0,
          "private": "eyJlMmJmYjczMC1lY2FhLTExZTYtOGY4OC0zNDM2M2JjN2M0YzAiOnsiY3JlYXRlIjozMDAwMDAwMDAwMDAsImRlbGV0ZSI6MzAwMDAwMDAwMDAwLCJ1cGRhdGUiOjEyMDAwMDAwMDAwMH19",
          "dependencies": [
            "aws_internet_gateway.igw",
            "aws_route_table.public_web_rt",
            "aws_subnet.pub_web_az_2",
            "aws_vpc.dipen_custom-vpc"
          ]
        }
      ]
    },
    {
      "mode": "managed",
      "type": "aws_security_group",
      "name": "app_tier_sg",
      "provider": "provider[\"registry.terraform.io/hashicorp/aws\"]",
      "instances": [
        {
          "schema_version": 1,
          "attributes": {
            "arn": "arn:aws:ec2:us-east-2:167611893883:security-group/sg-0a97e2a1b356b51b8",
            "description": "Allow HTTP from web tier and all outbound traffic",
            "egress": [],
            "id": "sg-0a97e2a1b356b51b8",
            "ingress": [],
            "name": "app_tier_sg",
            "name_prefix": "",
            "owner_id": "167611893883",
            "region": "us-east-2",
            "revoke_rules_on_delete": false,
            "tags": {
              "Name": "app_tier_sg"
            },
            "tags_all": {
              "Name": "app_tier_sg"
            },
            "timeouts": null,
            "vpc_id": "vpc-0813f89ae65a05797"
          },
          "sensitive_attributes": [],
          "identity_schema_version": 0,
          "private": "eyJlMmJmYjczMC1lY2FhLTExZTYtOGY4OC0zNDM2M2JjN2M0YzAiOnsiY3JlYXRlIjo2MDAwMDAwMDAwMDAsImRlbGV0ZSI6OTAwMDAwMDAwMDAwfSwic2NoZW1hX3ZlcnNpb24iOiIxIn0=",
          "dependencies": [
            "aws_vpc.dipen_custom-vpc"
          ]
        }
      ]
    },
    {
      "mode": "managed",
      "type": "aws_security_group",
      "name": "db_tier_sg",
      "provider": "provider[\"registry.terraform.io/hashicorp/aws\"]",
      "instances": [
        {
          "schema_version": 1,
          "attributes": {
            "arn": "arn:aws:ec2:us-east-2:167611893883:security-group/sg-000a67729dc73a9f8",
            "description": "Allow mysql from app tier and all outbound traffic",
            "egress": [],
            "id": "sg-000a67729dc73a9f8",
            "ingress": [],
            "name": "db_tier_sg",
            "name_prefix": "",
            "owner_id": "167611893883",
            "region": "us-east-2",
            "revoke_rules_on_delete": false,
            "tags": {
              "Name": "db_tier_sg"
            },
            "tags_all": {
              "Name": "db_tier_sg"
            },
            "timeouts": null,
            "vpc_id": "vpc-0813f89ae65a05797"
          },
          "sensitive_attributes": [],
          "identity_schema_version": 0,
          "private": "eyJlMmJmYjczMC1lY2FhLTExZTYtOGY4OC0zNDM2M2JjN2M0YzAiOnsiY3JlYXRlIjo2MDAwMDAwMDAwMDAsImRlbGV0ZSI6OTAwMDAwMDAwMDAwfSwic2NoZW1hX3ZlcnNpb24iOiIxIn0=",
          "dependencies": [
            "aws_vpc.dipen_custom-vpc"
          ]
        }
      ]
    },
    {
      "mode": "managed",
      "type": "aws_security_group",
      "name": "web_tier_sg",
      "provider": "provider[\"registry.terraform.io/hashicorp/aws\"]",
      "instances": [
        {
          "schema_version": 1,
          "attributes": {
            "arn": "arn:aws:ec2:us-east-2:167611893883:security-group/sg-09d4f16109033d816",
            "description": "Allow HTTP, HTTPS, and SSH inbound; allow all outbound traffic",
            "egress": [],
            "id": "sg-09d4f16109033d816",
            "ingress": [],
            "name": "web_tier_sg",
            "name_prefix": "",
            "owner_id": "167611893883",
            "region": "us-east-2",
            "revoke_rules_on_delete": false,
            "tags": {
              "Name": "web_tier_sg"
            },
            "tags_all": {
              "Name": "web_tier_sg"
            },
            "timeouts": null,
            "vpc_id": "vpc-0813f89ae65a05797"
          },
          "sensitive_attributes": [],
          "identity_schema_version": 0,
          "private": "eyJlMmJmYjczMC1lY2FhLTExZTYtOGY4OC0zNDM2M2JjN2M0YzAiOnsiY3JlYXRlIjo2MDAwMDAwMDAwMDAsImRlbGV0ZSI6OTAwMDAwMDAwMDAwfSwic2NoZW1hX3ZlcnNpb24iOiIxIn0=",
          "dependencies": [
            "aws_vpc.dipen_custom-vpc"
          ]
        }
      ]
    },
    {
      "mode": "managed",
      "type": "aws_subnet",
      "name": "pri_app_az_1",
      "provider": "provider[\"registry.terraform.io/hashicorp/aws\"]",
      "instances": [
        {
          "schema_version": 1,
          "attributes": {
            "arn": "arn:aws:ec2:us-east-2:167611893883:subnet/subnet-087cbc88487f27536",
            "assign_ipv6_address_on_creation": false,
            "availability_zone": "us-east-2a",
            "availability_zone_id": "use2-az1",
            "cidr_block": "10.0.3.0/24",
            "customer_owned_ipv4_pool": "",
            "enable_dns64": false,
            "enable_lni_at_device_index": 0,
            "enable_resource_name_dns_a_record_on_launch": false,
            "enable_resource_name_dns_aaaa_record_on_launch": false,
            "id": "subnet-087cbc88487f27536",
            "ipv6_cidr_block": "",
            "ipv6_cidr_block_association_id": "",
            "ipv6_native": false,
            "map_customer_owned_ip_on_launch": false,
            "map_public_ip_on_launch": false,
            "outpost_arn": "",
            "owner_id": "167611893883",
            "private_dns_hostname_type_on_launch": "ip-name",
            "region": "us-east-2",
            "tags": {
              "Name": "Private_App_1"
            },
            "tags_all": {
              "Name": "Private_App_1"
            },
            "timeouts": null,
            "vpc_id": "vpc-0813f89ae65a05797"
          },
          "sensitive_attributes": [],
          "identity_schema_version": 0,
          "private": "eyJlMmJmYjczMC1lY2FhLTExZTYtOGY4OC0zNDM2M2JjN2M0YzAiOnsiY3JlYXRlIjo2MDAwMDAwMDAwMDAsImRlbGV0ZSI6MTIwMDAwMDAwMDAwMH0sInNjaGVtYV92ZXJzaW9uIjoiMSJ9",
          "dependencies": [
            "aws_vpc.dipen_custom-vpc"
          ]
        }
      ]
    },
    {
      "mode": "managed",
      "type": "aws_subnet",
      "name": "pri_app_az_2",
      "provider": "provider[\"registry.terraform.io/hashicorp/aws\"]",
      "instances": [
        {
          "schema_version": 1,
          "attributes": {
            "arn": "arn:aws:ec2:us-east-2:167611893883:subnet/subnet-0f66c0bf47b6c5b1c",
            "assign_ipv6_address_on_creation": false,
            "availability_zone": "us-east-2b",
            "availability_zone_id": "use2-az2",
            "cidr_block": "10.0.4.0/24",
            "customer_owned_ipv4_pool": "",
            "enable_dns64": false,
            "enable_lni_at_device_index": 0,
            "enable_resource_name_dns_a_record_on_launch": false,
            "enable_resource_name_dns_aaaa_record_on_launch": false,
            "id": "subnet-0f66c0bf47b6c5b1c",
            "ipv6_cidr_block": "",
            "ipv6_cidr_block_association_id": "",
            "ipv6_native": false,
            "map_customer_owned_ip_on_launch": false,
            "map_public_ip_on_launch": false,
            "outpost_arn": "",
            "owner_id": "167611893883",
            "private_dns_hostname_type_on_launch": "ip-name",
            "region": "us-east-2",
            "tags": {
              "Name": "Private_App_2"
            },
            "tags_all": {
              "Name": "Private_App_2"
            },
            "timeouts": null,
            "vpc_id": "vpc-0813f89ae65a05797"
          },
          "sensitive_attributes": [],
          "identity_schema_version": 0,
          "private": "eyJlMmJmYjczMC1lY2FhLTExZTYtOGY4OC0zNDM2M2JjN2M0YzAiOnsiY3JlYXRlIjo2MDAwMDAwMDAwMDAsImRlbGV0ZSI6MTIwMDAwMDAwMDAwMH0sInNjaGVtYV92ZXJzaW9uIjoiMSJ9",
          "dependencies": [
            "aws_vpc.dipen_custom-vpc"
          ]
        }
      ]
    },
    {
      "mode": "managed",
      "type": "aws_subnet",
      "name": "pri_db_az_1",
      "provider": "provider[\"registry.terraform.io/hashicorp/aws\"]",
      "instances": [
        {
          "schema_version": 1,
          "attributes": {
            "arn": "arn:aws:ec2:us-east-2:167611893883:subnet/subnet-0fe78b20653a5c403",
            "assign_ipv6_address_on_creation": false,
            "availability_zone": "us-east-2a",
            "availability_zone_id": "use2-az1",
            "cidr_block": "10.0.5.0/24",
            "customer_owned_ipv4_pool": "",
            "enable_dns64": false,
            "enable_lni_at_device_index": 0,
            "enable_resource_name_dns_a_record_on_launch": false,
            "enable_resource_name_dns_aaaa_record_on_launch": false,
            "id": "subnet-0fe78b20653a5c403",
            "ipv6_cidr_block": "",
            "ipv6_cidr_block_association_id": "",
            "ipv6_native": false,
            "map_customer_owned_ip_on_launch": false,
            "map_public_ip_on_launch": false,
            "outpost_arn": "",
            "owner_id": "167611893883",
            "private_dns_hostname_type_on_launch": "ip-name",
            "region": "us-east-2",
            "tags": {
              "Name": "Private_Database_1"
            },
            "tags_all": {
              "Name": "Private_Database_1"
            },
            "timeouts": null,
            "vpc_id": "vpc-0813f89ae65a05797"
          },
          "sensitive_attributes": [],
          "identity_schema_version": 0,
          "private": "eyJlMmJmYjczMC1lY2FhLTExZTYtOGY4OC0zNDM2M2JjN2M0YzAiOnsiY3JlYXRlIjo2MDAwMDAwMDAwMDAsImRlbGV0ZSI6MTIwMDAwMDAwMDAwMH0sInNjaGVtYV92ZXJzaW9uIjoiMSJ9",
          "dependencies": [
            "aws_vpc.dipen_custom-vpc"
          ]
        }
      ]
    },
    {
      "mode": "managed",
      "type": "aws_subnet",
      "name": "pri_db_az_2",
      "provider": "provider[\"registry.terraform.io/hashicorp/aws\"]",
      "instances": [
        {
          "schema_version": 1,
          "attributes": {
            "arn": "arn:aws:ec2:us-east-2:167611893883:subnet/subnet-0289d7e3e73589654",
            "assign_ipv6_address_on_creation": false,
            "availability_zone": "us-east-2b",
            "availability_zone_id": "use2-az2",
            "cidr_block": "10.0.6.0/24",
            "customer_owned_ipv4_pool": "",
            "enable_dns64": false,
            "enable_lni_at_device_index": 0,
            "enable_resource_name_dns_a_record_on_launch": false,
            "enable_resource_name_dns_aaaa_record_on_launch": false,
            "id": "subnet-0289d7e3e73589654",
            "ipv6_cidr_block": "",
            "ipv6_cidr_block_association_id": "",
            "ipv6_native": false,
            "map_customer_owned_ip_on_launch": false,
            "map_public_ip_on_launch": false,
            "outpost_arn": "",
            "owner_id": "167611893883",
            "private_dns_hostname_type_on_launch": "ip-name",
            "region": "us-east-2",
            "tags": {
              "Name": "Private_Database_2"
            },
            "tags_all": {
              "Name": "Private_Database_2"
            },
            "timeouts": null,
            "vpc_id": "vpc-0813f89ae65a05797"
          },
          "sensitive_attributes": [],
          "identity_schema_version": 0,
          "private": "eyJlMmJmYjczMC1lY2FhLTExZTYtOGY4OC0zNDM2M2JjN2M0YzAiOnsiY3JlYXRlIjo2MDAwMDAwMDAwMDAsImRlbGV0ZSI6MTIwMDAwMDAwMDAwMH0sInNjaGVtYV92ZXJzaW9uIjoiMSJ9",
          "dependencies": [
            "aws_vpc.dipen_custom-vpc"
          ]
        }
      ]
    },
    {
      "mode": "managed",
      "type": "aws_subnet",
      "name": "pub_web_az_1",
      "provider": "provider[\"registry.terraform.io/hashicorp/aws\"]",
      "instances": [
        {
          "schema_version": 1,
          "attributes": {
            "arn": "arn:aws:ec2:us-east-2:167611893883:subnet/subnet-0215465f926f2773c",
            "assign_ipv6_address_on_creation": false,
            "availability_zone": "us-east-2a",
            "availability_zone_id": "use2-az1",
            "cidr_block": "10.0.1.0/24",
            "customer_owned_ipv4_pool": "",
            "enable_dns64": false,
            "enable_lni_at_device_index": 0,
            "enable_resource_name_dns_a_record_on_launch": false,
            "enable_resource_name_dns_aaaa_record_on_launch": false,
            "id": "subnet-0215465f926f2773c",
            "ipv6_cidr_block": "",
            "ipv6_cidr_block_association_id": "",
            "ipv6_native": false,
            "map_customer_owned_ip_on_launch": false,
            "map_public_ip_on_launch": true,
            "outpost_arn": "",
            "owner_id": "167611893883",
            "private_dns_hostname_type_on_launch": "ip-name",
            "region": "us-east-2",
            "tags": {
              "Name": "Public_Web_1"
            },
            "tags_all": {
              "Name": "Public_Web_1"
            },
            "timeouts": null,
            "vpc_id": "vpc-0813f89ae65a05797"
          },
          "sensitive_attributes": [],
          "identity_schema_version": 0,
          "private": "eyJlMmJmYjczMC1lY2FhLTExZTYtOGY4OC0zNDM2M2JjN2M0YzAiOnsiY3JlYXRlIjo2MDAwMDAwMDAwMDAsImRlbGV0ZSI6MTIwMDAwMDAwMDAwMH0sInNjaGVtYV92ZXJzaW9uIjoiMSJ9",
          "dependencies": [
            "aws_vpc.dipen_custom-vpc"
          ]
        }
      ]
    },
    {
      "mode": "managed",
      "type": "aws_subnet",
      "name": "pub_web_az_2",
      "provider": "provider[\"registry.terraform.io/hashicorp/aws\"]",
      "instances": [
        {
          "schema_version": 1,
          "attributes": {
            "arn": "arn:aws:ec2:us-east-2:167611893883:subnet/subnet-0ca88bef89a122fe3",
            "assign_ipv6_address_on_creation": false,
            "availability_zone": "us-east-2b",
            "availability_zone_id": "use2-az2",
            "cidr_block": "10.0.2.0/24",
            "customer_owned_ipv4_pool": "",
            "enable_dns64": false,
            "enable_lni_at_device_index": 0,
            "enable_resource_name_dns_a_record_on_launch": false,
            "enable_resource_name_dns_aaaa_record_on_launch": false,
            "id": "subnet-0ca88bef89a122fe3",
            "ipv6_cidr_block": "",
            "ipv6_cidr_block_association_id": "",
            "ipv6_native": false,
            "map_customer_owned_ip_on_launch": false,
            "map_public_ip_on_launch": true,
            "outpost_arn": "",
            "owner_id": "167611893883",
            "private_dns_hostname_type_on_launch": "ip-name",
            "region": "us-east-2",
            "tags": {
              "Name": "Public_Web_2"
            },
            "tags_all": {
              "Name": "Public_Web_2"
            },
            "timeouts": null,
            "vpc_id": "vpc-0813f89ae65a05797"
          },
          "sensitive_attributes": [],
          "identity_schema_version": 0,
          "private": "eyJlMmJmYjczMC1lY2FhLTExZTYtOGY4OC0zNDM2M2JjN2M0YzAiOnsiY3JlYXRlIjo2MDAwMDAwMDAwMDAsImRlbGV0ZSI6MTIwMDAwMDAwMDAwMH0sInNjaGVtYV92ZXJzaW9uIjoiMSJ9",
          "dependencies": [
            "aws_vpc.dipen_custom-vpc"
          ]
        }
      ]
    },
    {
      "mode": "managed",
      "type": "aws_vpc",
      "name": "dipen_custom-vpc",
      "provider": "provider[\"registry.terraform.io/hashicorp/aws\"]",
      "instances": [
        {
          "schema_version": 1,
          "attributes": {
            "arn": "arn:aws:ec2:us-east-2:167611893883:vpc/vpc-0813f89ae65a05797",
            "assign_generated_ipv6_cidr_block": false,
            "cidr_block": "10.0.0.0/16",
            "default_network_acl_id": "acl-026f87e97b71d14f9",
            "default_route_table_id": "rtb-00a6c9133f841d9ea",
            "default_security_group_id": "sg-0ee9ec8865ccb227b",
            "dhcp_options_id": "dopt-09ed745a1a19ab299",
            "enable_dns_hostnames": true,
            "enable_dns_support": true,
            "enable_network_address_usage_metrics": false,
            "id": "vpc-0813f89ae65a05797",
            "instance_tenancy": "default",
            "ipv4_ipam_pool_id": null,
            "ipv4_netmask_length": null,
            "ipv6_association_id": "",
            "ipv6_cidr_block": "",
            "ipv6_cidr_block_network_border_group": "",
            "ipv6_ipam_pool_id": "",
            "ipv6_netmask_length": 0,
            "main_route_table_id": "rtb-00a6c9133f841d9ea",
            "owner_id": "167611893883",
            "region": "us-east-2",
            "tags": {
              "Name": "Dipen Custom VPC"
            },
            "tags_all": {
              "Name": "Dipen Custom VPC"
            }
          },
          "sensitive_attributes": [],
          "identity_schema_version": 0,
          "private": "eyJzY2hlbWFfdmVyc2lvbiI6IjEifQ=="
        }
      ]
    },
    {
      "mode": "managed",
      "type": "aws_vpc_security_group_egress_rule",
      "name": "allow_all_traffic_ipv4_app",
      "provider": "provider[\"registry.terraform.io/hashicorp/aws\"]",
      "instances": [
        {
          "schema_version": 0,
          "attributes": {
            "arn": "arn:aws:ec2:us-east-2:167611893883:security-group-rule/sgr-0ef57441e7ae82777",
            "cidr_ipv4": "0.0.0.0/0",
            "cidr_ipv6": null,
            "description": null,
            "from_port": null,
            "id": "sgr-0ef57441e7ae82777",
            "ip_protocol": "-1",
            "prefix_list_id": null,
            "referenced_security_group_id": null,
            "region": "us-east-2",
            "security_group_id": "sg-0a97e2a1b356b51b8",
            "security_group_rule_id": "sgr-0ef57441e7ae82777",
            "tags": null,
            "tags_all": {},
            "to_port": null
          },
          "sensitive_attributes": [],
          "identity_schema_version": 0,
          "dependencies": [
            "aws_security_group.app_tier_sg",
            "aws_vpc.dipen_custom-vpc"
          ]
        }
      ]
    },
    {
      "mode": "managed",
      "type": "aws_vpc_security_group_egress_rule",
      "name": "allow_all_traffic_ipv4_db",
      "provider": "provider[\"registry.terraform.io/hashicorp/aws\"]",
      "instances": [
        {
          "schema_version": 0,
          "attributes": {
            "arn": "arn:aws:ec2:us-east-2:167611893883:security-group-rule/sgr-0fd1533171e073afc",
            "cidr_ipv4": "0.0.0.0/0",
            "cidr_ipv6": null,
            "description": null,
            "from_port": null,
            "id": "sgr-0fd1533171e073afc",
            "ip_protocol": "-1",
            "prefix_list_id": null,
            "referenced_security_group_id": null,
            "region": "us-east-2",
            "security_group_id": "sg-000a67729dc73a9f8",
            "security_group_rule_id": "sgr-0fd1533171e073afc",
            "tags": null,
            "tags_all": {},
            "to_port": null
          },
          "sensitive_attributes": [],
          "identity_schema_version": 0,
          "dependencies": [
            "aws_security_group.db_tier_sg",
            "aws_vpc.dipen_custom-vpc"
          ]
        }
      ]
    },
    {
      "mode": "managed",
      "type": "aws_vpc_security_group_egress_rule",
      "name": "allow_all_web_traffic_ipv4",
      "provider": "provider[\"registry.terraform.io/hashicorp/aws\"]",
      "instances": [
        {
          "schema_version": 0,
          "attributes": {
            "arn": "arn:aws:ec2:us-east-2:167611893883:security-group-rule/sgr-05ac14831f06228b6",
            "cidr_ipv4": "0.0.0.0/0",
            "cidr_ipv6": null,
            "description": null,
            "from_port": null,
            "id": "sgr-05ac14831f06228b6",
            "ip_protocol": "-1",
            "prefix_list_id": null,
            "referenced_security_group_id": null,
            "region": "us-east-2",
            "security_group_id": "sg-09d4f16109033d816",
            "security_group_rule_id": "sgr-05ac14831f06228b6",
            "tags": null,
            "tags_all": {},
            "to_port": null
          },
          "sensitive_attributes": [],
          "identity_schema_version": 0,
          "dependencies": [
            "aws_security_group.web_tier_sg",
            "aws_vpc.dipen_custom-vpc"
          ]
        }
      ]
    },
    {
      "mode": "managed",
      "type": "aws_vpc_security_group_ingress_rule",
      "name": "allow_http_from_web_sg",
      "provider": "provider[\"registry.terraform.io/hashicorp/aws\"]",
      "instances": [
        {
          "schema_version": 0,
          "attributes": {
            "arn": "arn:aws:ec2:us-east-2:167611893883:security-group-rule/sgr-0ada36f72c36c8fd0",
            "cidr_ipv4": null,
            "cidr_ipv6": null,
            "description": null,
            "from_port": 80,
            "id": "sgr-0ada36f72c36c8fd0",
            "ip_protocol": "tcp",
            "prefix_list_id": null,
            "referenced_security_group_id": "sg-09d4f16109033d816",
            "region": "us-east-2",
            "security_group_id": "sg-0a97e2a1b356b51b8",
            "security_group_rule_id": "sgr-0ada36f72c36c8fd0",
            "tags": null,
            "tags_all": {},
            "to_port": 80
          },
          "sensitive_attributes": [],
          "identity_schema_version": 0,
          "dependencies": [
            "aws_security_group.app_tier_sg",
            "aws_security_group.web_tier_sg",
            "aws_vpc.dipen_custom-vpc"
          ]
        }
      ]
    },
    {
      "mode": "managed",
      "type": "aws_vpc_security_group_ingress_rule",
      "name": "allow_http_ipv4_web",
      "provider": "provider[\"registry.terraform.io/hashicorp/aws\"]",
      "instances": [
        {
          "schema_version": 0,
          "attributes": {
            "arn": "arn:aws:ec2:us-east-2:167611893883:security-group-rule/sgr-01366ac9e28f33afe",
            "cidr_ipv4": "0.0.0.0/0",
            "cidr_ipv6": null,
            "description": null,
            "from_port": 80,
            "id": "sgr-01366ac9e28f33afe",
            "ip_protocol": "tcp",
            "prefix_list_id": null,
            "referenced_security_group_id": null,
            "region": "us-east-2",
            "security_group_id": "sg-09d4f16109033d816",
            "security_group_rule_id": "sgr-01366ac9e28f33afe",
            "tags": null,
            "tags_all": {},
            "to_port": 80
          },
          "sensitive_attributes": [],
          "identity_schema_version": 0,
          "dependencies": [
            "aws_security_group.web_tier_sg",
            "aws_vpc.dipen_custom-vpc"
          ]
        }
      ]
    },
    {
      "mode": "managed",
      "type": "aws_vpc_security_group_ingress_rule",
      "name": "allow_https_ipv4_web",
      "provider": "provider[\"registry.terraform.io/hashicorp/aws\"]",
      "instances": [
        {
          "schema_version": 0,
          "attributes": {
            "arn": "arn:aws:ec2:us-east-2:167611893883:security-group-rule/sgr-0900fc97fbb54f02e",
            "cidr_ipv4": "0.0.0.0/0",
            "cidr_ipv6": null,
            "description": null,
            "from_port": 443,
            "id": "sgr-0900fc97fbb54f02e",
            "ip_protocol": "tcp",
            "prefix_list_id": null,
            "referenced_security_group_id": null,
            "region": "us-east-2",
            "security_group_id": "sg-09d4f16109033d816",
            "security_group_rule_id": "sgr-0900fc97fbb54f02e",
            "tags": null,
            "tags_all": {},
            "to_port": 443
          },
          "sensitive_attributes": [],
          "identity_schema_version": 0,
          "dependencies": [
            "aws_security_group.web_tier_sg",
            "aws_vpc.dipen_custom-vpc"
          ]
        }
      ]
    },
    {
      "mode": "managed",
      "type": "aws_vpc_security_group_ingress_rule",
      "name": "allow_mysql_from_app_sg",
      "provider": "provider[\"registry.terraform.io/hashicorp/aws\"]",
      "instances": [
        {
          "schema_version": 0,
          "attributes": {
            "arn": "arn:aws:ec2:us-east-2:167611893883:security-group-rule/sgr-0e2058a95b25a1b73",
            "cidr_ipv4": null,
            "cidr_ipv6": null,
            "description": null,
            "from_port": 3306,
            "id": "sgr-0e2058a95b25a1b73",
            "ip_protocol": "tcp",
            "prefix_list_id": null,
            "referenced_security_group_id": "sg-0a97e2a1b356b51b8",
            "region": "us-east-2",
            "security_group_id": "sg-000a67729dc73a9f8",
            "security_group_rule_id": "sgr-0e2058a95b25a1b73",
            "tags": null,
            "tags_all": {},
            "to_port": 3306
          },
          "sensitive_attributes": [],
          "identity_schema_version": 0,
          "dependencies": [
            "aws_security_group.app_tier_sg",
            "aws_security_group.db_tier_sg",
            "aws_vpc.dipen_custom-vpc"
          ]
        }
      ]
    },
    {
      "mode": "managed",
      "type": "aws_vpc_security_group_ingress_rule",
      "name": "allow_ssh_ipv4_web",
      "provider": "provider[\"registry.terraform.io/hashicorp/aws\"]",
      "instances": [
        {
          "schema_version": 0,
          "attributes": {
            "arn": "arn:aws:ec2:us-east-2:167611893883:security-group-rule/sgr-0f36a35d6374bd5ba",
            "cidr_ipv4": "0.0.0.0/0",
            "cidr_ipv6": null,
            "description": null,
            "from_port": 22,
            "id": "sgr-0f36a35d6374bd5ba",
            "ip_protocol": "tcp",
            "prefix_list_id": null,
            "referenced_security_group_id": null,
            "region": "us-east-2",
            "security_group_id": "sg-09d4f16109033d816",
            "security_group_rule_id": "sgr-0f36a35d6374bd5ba",
            "tags": null,
            "tags_all": {},
            "to_port": 22
          },
          "sensitive_attributes": [],
          "identity_schema_version": 0,
          "dependencies": [
            "aws_security_group.web_tier_sg",
            "aws_vpc.dipen_custom-vpc"
          ]
        }
      ]
    },
    {
      "mode": "managed",
      "type": "local_file",
      "name": "save_private_key",
      "provider": "provider[\"registry.terraform.io/hashicorp/local\"]",
      "instances": [
        {
          "schema_version": 0,
          "attributes": {
            "content": "-----BEGIN RSA PRIVATE KEY-----\nMIIJKQIBAAKCAgEA83sXsEW1btUga8f/TUTgEDdKH/lMejWUJf7fBlYCcD7H25ex\nRVIV4M/CsSUzMqqy4PkXfdZMDI1h7WnKKXw374efp9GKK5Xgz/O/SID1bRQkBEOZ\nV3oPggPcznDTXOqm5kSDRmy9tdtc6jpIKUvL8Wz6IR+LgE18wtCBVPVDaPgfARQ7\nHxmbq4MfOPocJ5HQkfAOK0RjXSTowRwQjNd1MukoSsNJq70icRkrNYWhzduXSF4G\nWsEyRGtHpTpmWis/pWBmgE9Kek3NpEsMXCe71kuTW6sGRNtV2Cph65ekomo9FVNg\nQJLaPkY0UJ6/s4vsnjbG77w1bepqQjWvFlufVAp/aiDZvg3KuKiix+T/fiZe5cmv\npmy0NUalkOmz2bQBkXZcTG2rrPdCBhvUYh00wFOPiHCs+vuQAPYU/iay9PHeNODS\ntBY3HUriuFuGTf1cbeOveGU2xc6yDNGei2Q2q5AWVol8JqvkD9QrHtVPJzeyE9yf\nECCAMkeO5A4PqyqXUlBT3R4fv/ZaxdkKckGuoN7CokZjQvDGLCDH3EDgVpR4efl9\np9eYOmZR84SePf0Q2JG2okqQDZu46bzUaNn/ekfT22z2zuXDnebGWUU+EK2O53ow\nPUyDu1XmHvuIGkWAqnmxlST25ZBISU/b6ofji14SuvDbEuGEp33BjlglW5cCAwEA\nAQKCAgAP3ZkFEP3KG5QxwcYGlHLfS6MGY1nS6tPdB/cjdA5Tnxup2QAhqsAnNpKS\ntYBZEFt4onKf7gtlk/7qGAcm3ePNNXK3XkWZInqUQmdYA6M6eOIB7x+6XgdNqw/D\n2gFD4DyA67z8JVDVXVZ4ItUZ78j50eaYqvQNp771+N08moDKgcSPbvCNTb9hlTk/\nHrkf8PX81H4v3pR0+Nc74ibH7rBB4YSRHpmZ2ci5QvEYWz1YazM38XyLhGRQpgb0\notIRlRjgH2B+guww/Qnl50gGZ0Zrp+ARzJqrePlmjRh1YBvHw5F4ZsbyXj9faHa3\nPCj0u6zvAFXFQGfg4jILX3EpzU2b7UsJRLmfbygymBzQ825FWyVUR9lys0eYkFJi\nnfdCqJdckzT3gFPOEjHr51jkWFIoxMp8eTOi4MwL/haDoUAT0go1gxJA4M8GVWH4\n9HBNly3NvygH+gu/dz8ddcpdwXKgCmt8kxf+mocdl8ufb3Z3NvPWyT8FoDsGXueU\n4Qax3RMNSg/b/wD02bGBvfAKvJrVdihcuZqWHxLcNoTrrfBSmePWucMfZmAt/OJP\nLPZJRotrUknGRNnQ/jLaG1iekIDwoDxu5GeelaRuAegDIWCzLpsaENW5/GCcPUbJ\nzV4vayQBmZFy8aV0j+mjN5AYnEoa3R3eDH8kNd2PQKP1/rcQWQKCAQEA/LYj5+h+\nw0UKB4swAMVxxp2NbQ3LsyudzjjBIR2iabBLPQFXTPWacQtcW69mxxXfS/BiRmNV\nOEPrOM2v3S3kqzKd9d0433OZTnJiNzUnG8ApvIjLndkCHLw6MZba8ZE7gxzl+RlB\n8ht2NoV8xVEf38teqO+CV6HNnUoEdqQhG/eSgC5MDQLTJ2vxlAsgWlRVmaW/00v9\nd4hvCIu4Tu7A7NDPXnDhT7e5MLxIEiSeU1Q1Dc2wyU1zT/3hmsBF8fGOYXVeZ2T5\npby15nVHrjxMyKhBsiTj+oB1Dt57wZXzfovsHfBXyRfDZYPoW5A0q8oc/iwbz8uL\nq2UleFfrZV6L3wKCAQEA9qYzvkyQzRO1n9aypIVLJIRxvQMN2Fur4xKBpxWQaL0q\n2sH+EnSlsSpWltLna+kpcpw50PYbl00d2p8sfd7MeE3M+PC/o4MI88Ic3l/WQTsZ\nFYKf02bn0CNmP4bzv5/NrxEtv8yvww/mFRtSzvyUT8Z4829b9Epo/Ec5ahD/S68p\n4YWv09ImpbqABL9/Lyn5NEdNsfxXkVcy1gvfMf7669E7bfMUMOuaWlgC88f9MGyW\ntE+Jq7JpYP2kwrDXRus8IJLA81C7bXcd0A8Q2N4u/+PCh4ZW04z2vFfAOx2YYrNb\nn2awuDHYva7hWM6AomsRkJAzBkDZ93aSlZIAiy+nSQKCAQEAlSmBOhJeOC4ZBGjg\nlaP1SzGV16fL816sT5vqSvyt78oyLrkK6Y8ScOUux6NZe+tqGO2zZC6fj41vWuD1\njAzZqz8+Q3AncKVP+SDE3idOhS/AstrfrLT5bTKg+sI7S1jZEsPM7mI9LYWOGhJi\nmikPMk5c+kQc4FLOBag5yDmKnXJdE7HAC/H95oftWN/UYdzjhcRy3Go/Gv3548Zs\nrJJ6Z428yNbB9wbPlXec5rCcjzzl79bYIYnIpY+KSYhyAKP+0YGwjkDopi4kA/p3\nq91FyS6fUGI7+pE2BufFjndO+QPoA6foePbAy7u3O8x7embbBB/O7rELKMiT/FuQ\nww2yawKCAQEA8RRIdROvYNOH7gBTQh2K8dmGtmFa0gPgQSVglqisKsPjNEjzBqT/\nIuioE+l3C3Gt8nkixc0X8M4OhRaZzTnNDzW0SApAthio0mEECJMR/1Y9UVoIz//A\nSx+enC9S5hTTXO9kkRkHHpjWogC/8tLMQCFVLVPGREPK0/Ll+nc8oYRHYkhiMJ8y\n6UAeSwXF0ZqsGt4q4fIswUHCzZZzBRIdvgsXlINIU/ylNPLbh94M6pzovLsVbD4J\nZCTnOujQsl/QuGHYuLpLSFZqTGe9Zsvckn7TL9Yt3b7ll/gJS37E6Iw43NfpmVAX\ncmeRmVTWRGp0k6FuTglrQsahxhIb9++PCQKCAQAO0OntYW3JPEpMyGb+9/vWqT3R\nPGI0ICf3v35jEne5I5w94NSMo1iQrxngEBZspVry7fy/5R2CYC+YH6GAk/o0GQYs\nw4Xf3BZBUfeu5hTJRQ2QwHmqvqUlBAj0EU6wEnxQJeCcIyRyfhWEzbFZRe1Myx+u\n72ADN7EAfYtnO41mqubpRbkTq6m1DHrzHGom3KIcMiFUi9XAN0zzJQMLjZCsx5l9\nG8jWZ4JE0vXtBBHrvXaeQlkgfmiIEjOxO8E0a95ik3E11cxfy2IXp63tTr4h9Jgt\n3wbZPnxy/DGjHUt897zrIzyzFlfgTd9fYwiBIY0h4LwpPzhfF2EmRiPQ1LKN\n-----END RSA PRIVATE KEY-----\n",
            "content_base64": null,
            "content_base64sha256": "lzFdZ2c5TAxaZb+VY5WaZqC32F4KTsZUo5r0gM0Jf+s=",
            "content_base64sha512": "Ld8S9djtFXdflZWQZMFRbWGXfyDKQs6JcuwiCOf7tc/vVDzNAWYAawswk/KYtpqMnbreFOdeetlaGs4rExyElg==",
            "content_md5": "d3dc565caaf6330768350e60737439b0",
            "content_sha1": "9bdc33a8de3f6185b3c3ae88d69c69c7b7516af6",
            "content_sha256": "97315d6767394c0c5a65bf9563959a66a0b7d85e0a4ec654a39af480cd097feb",
            "content_sha512": "2ddf12f5d8ed15775f95959064c1516d61977f20ca42ce8972ec2208e7fbb5cfef543ccd0166006b0b3093f298b69a8c9dbade14e75e7ad95a1ace2b131c8496",
            "directory_permission": "0777",
            "file_permission": "0600",
            "filename": "./dipen-keypair.pem",
            "id": "9bdc33a8de3f6185b3c3ae88d69c69c7b7516af6",
            "sensitive_content": null,
            "source": null
          },
          "sensitive_attributes": [
            [
              {
                "type": "get_attr",
                "value": "content"
              }
            ],
            [
              {
                "type": "get_attr",
                "value": "sensitive_content"
              }
            ]
          ],
          "identity_schema_version": 0,
          "dependencies": [
            "tls_private_key.dipen_key"
          ]
        }
      ]
    },
    {
      "mode": "managed",
      "type": "tls_private_key",
      "name": "dipen_key",
      "provider": "provider[\"registry.terraform.io/hashicorp/tls\"]",
      "instances": [
        {
          "schema_version": 1,
          "attributes": {
            "algorithm": "RSA",
            "ecdsa_curve": "P224",
            "id": "56bff992c9ec8e8d49b185151ed85c1d292496d7",
            "private_key_openssh": "-----BEGIN OPENSSH PRIVATE KEY-----\nb3BlbnNzaC1rZXktdjEAAAAABG5vbmUAAAAEbm9uZQAAAAAAAAABAAACFwAAAAdz\nc2gtcnNhAAAAAwEAAQAAAgEA83sXsEW1btUga8f/TUTgEDdKH/lMejWUJf7fBlYC\ncD7H25exRVIV4M/CsSUzMqqy4PkXfdZMDI1h7WnKKXw374efp9GKK5Xgz/O/SID1\nbRQkBEOZV3oPggPcznDTXOqm5kSDRmy9tdtc6jpIKUvL8Wz6IR+LgE18wtCBVPVD\naPgfARQ7Hxmbq4MfOPocJ5HQkfAOK0RjXSTowRwQjNd1MukoSsNJq70icRkrNYWh\nzduXSF4GWsEyRGtHpTpmWis/pWBmgE9Kek3NpEsMXCe71kuTW6sGRNtV2Cph65ek\nomo9FVNgQJLaPkY0UJ6/s4vsnjbG77w1bepqQjWvFlufVAp/aiDZvg3KuKiix+T/\nfiZe5cmvpmy0NUalkOmz2bQBkXZcTG2rrPdCBhvUYh00wFOPiHCs+vuQAPYU/iay\n9PHeNODStBY3HUriuFuGTf1cbeOveGU2xc6yDNGei2Q2q5AWVol8JqvkD9QrHtVP\nJzeyE9yfECCAMkeO5A4PqyqXUlBT3R4fv/ZaxdkKckGuoN7CokZjQvDGLCDH3EDg\nVpR4efl9p9eYOmZR84SePf0Q2JG2okqQDZu46bzUaNn/ekfT22z2zuXDnebGWUU+\nEK2O53owPUyDu1XmHvuIGkWAqnmxlST25ZBISU/b6ofji14SuvDbEuGEp33Bjlgl\nW5cAAAc4G0mkDhtJpA4AAAAHc3NoLXJzYQAAAgEA83sXsEW1btUga8f/TUTgEDdK\nH/lMejWUJf7fBlYCcD7H25exRVIV4M/CsSUzMqqy4PkXfdZMDI1h7WnKKXw374ef\np9GKK5Xgz/O/SID1bRQkBEOZV3oPggPcznDTXOqm5kSDRmy9tdtc6jpIKUvL8Wz6\nIR+LgE18wtCBVPVDaPgfARQ7Hxmbq4MfOPocJ5HQkfAOK0RjXSTowRwQjNd1Muko\nSsNJq70icRkrNYWhzduXSF4GWsEyRGtHpTpmWis/pWBmgE9Kek3NpEsMXCe71kuT\nW6sGRNtV2Cph65ekomo9FVNgQJLaPkY0UJ6/s4vsnjbG77w1bepqQjWvFlufVAp/\naiDZvg3KuKiix+T/fiZe5cmvpmy0NUalkOmz2bQBkXZcTG2rrPdCBhvUYh00wFOP\niHCs+vuQAPYU/iay9PHeNODStBY3HUriuFuGTf1cbeOveGU2xc6yDNGei2Q2q5AW\nVol8JqvkD9QrHtVPJzeyE9yfECCAMkeO5A4PqyqXUlBT3R4fv/ZaxdkKckGuoN7C\nokZjQvDGLCDH3EDgVpR4efl9p9eYOmZR84SePf0Q2JG2okqQDZu46bzUaNn/ekfT\n22z2zuXDnebGWUU+EK2O53owPUyDu1XmHvuIGkWAqnmxlST25ZBISU/b6ofji14S\nuvDbEuGEp33BjlglW5cAAAADAQABAAACAA/dmQUQ/coblDHBxgaUct9LowZjWdLq\n090H9yN0DlOfG6nZACGqwCc2kpK1gFkQW3iicp/uC2WT/uoYBybd4801crdeRZki\nepRCZ1gDozp44gHvH7peB02rD8PaAUPgPIDrvPwlUNVdVngi1RnvyPnR5piq9A2n\nvvX43TyagMqBxI9u8I1Nv2GVOT8euR/w9fzUfi/elHT41zviJsfusEHhhJEemZnZ\nyLlC8RhbPVhrMzfxfIuEZFCmBvSi0hGVGOAfYH6C7DD9CeXnSAZnRmun4BHMmqt4\n+WaNGHVgG8fDkXhmxvJeP19odrc8KPS7rO8AVcVAZ+DiMgtfcSnNTZvtSwlEuZ9v\nKDKYHNDzbkVbJVRH2XKzR5iQUmKd90Kol1yTNPeAU84SMevnWORYUijEynx5M6Lg\nzAv+FoOhQBPSCjWDEkDgzwZVYfj0cE2XLc2/KAf6C793Px11yl3BcqAKa3yTF/6a\nhx2Xy59vdnc289bJPwWgOwZe55ThBrHdEw1KD9v/APTZsYG98Aq8mtV2KFy5mpYf\nEtw2hOut8FKZ49a5wx9mYC384k8s9klGi2tSScZE2dD+MtobWJ6QgPCgPG7kZ56V\npG4B6AMhYLMumxoQ1bn8YJw9RsnNXi9rJAGZkXLxpXSP6aM3kBicShrdHd4MfyQ1\n3Y9Ao/X+txBZAAABAA7Q6e1hbck8SkzIZv73+9apPdE8YjQgJ/e/fmMSd7kjnD3g\n1IyjWJCvGeAQFmylWvLt/L/lHYJgL5gfoYCT+jQZBizDhd/cFkFR967mFMlFDZDA\neaq+pSUECPQRTrASfFAl4JwjJHJ+FYTNsVlF7UzLH67vYAM3sQB9i2c7jWaq5ulF\nuROrqbUMevMcaibcohwyIVSL1cA3TPMlAwuNkKzHmX0byNZngkTS9e0EEeu9dp5C\nWSB+aIgSM7E7wTRr3mKTcTXVzF/LYhenre1OviH0mC3fBtk+fHL8MaMdS3z3vOsj\nPLMWV+BN319jCIEhjSHgvCk/OF8XYSZGI9DUso0AAAEBAPy2I+fofsNFCgeLMADF\nccadjW0Ny7Mrnc44wSEdommwSz0BV0z1mnELXFuvZscV30vwYkZjVThD6zjNr90t\n5KsynfXdON9zmU5yYjc1JxvAKbyIy53ZAhy8OjGW2vGRO4Mc5fkZQfIbdjaFfMVR\nH9/LXqjvglehzZ1KBHakIRv3koAuTA0C0ydr8ZQLIFpUVZmlv9NL/XeIbwiLuE7u\nwOzQz15w4U+3uTC8SBIknlNUNQ3NsMlNc0/94ZrARfHxjmF1Xmdk+aW8teZ1R648\nTMioQbIk4/qAdQ7ee8GV836L7B3wV8kXw2WD6FuQNKvKHP4sG8/Li6tlJXhX62Ve\ni98AAAEBAPamM75MkM0TtZ/WsqSFSySEcb0DDdhbq+MSgacVkGi9KtrB/hJ0pbEq\nVpbS52vpKXKcOdD2G5dNHdqfLH3ezHhNzPjwv6ODCPPCHN5f1kE7GRWCn9Nm59Aj\nZj+G87+fza8RLb/Mr8MP5hUbUs78lE/GePNvW/RKaPxHOWoQ/0uvKeGFr9PSJqW6\ngAS/fy8p+TRHTbH8V5FXMtYL3zH++uvRO23zFDDrmlpYAvPH/TBslrRPiauyaWD9\npMKw10brPCCSwPNQu213HdAPENjeLv/jwoeGVtOM9rxXwDsdmGKzW59msLgx2L2u\n4VjOgKJrEZCQMwZA2fd2kpWSAIsvp0kAAAAAAQID\n-----END OPENSSH PRIVATE KEY-----\n",
            "private_key_pem": "-----BEGIN RSA PRIVATE KEY-----\nMIIJKQIBAAKCAgEA83sXsEW1btUga8f/TUTgEDdKH/lMejWUJf7fBlYCcD7H25ex\nRVIV4M/CsSUzMqqy4PkXfdZMDI1h7WnKKXw374efp9GKK5Xgz/O/SID1bRQkBEOZ\nV3oPggPcznDTXOqm5kSDRmy9tdtc6jpIKUvL8Wz6IR+LgE18wtCBVPVDaPgfARQ7\nHxmbq4MfOPocJ5HQkfAOK0RjXSTowRwQjNd1MukoSsNJq70icRkrNYWhzduXSF4G\nWsEyRGtHpTpmWis/pWBmgE9Kek3NpEsMXCe71kuTW6sGRNtV2Cph65ekomo9FVNg\nQJLaPkY0UJ6/s4vsnjbG77w1bepqQjWvFlufVAp/aiDZvg3KuKiix+T/fiZe5cmv\npmy0NUalkOmz2bQBkXZcTG2rrPdCBhvUYh00wFOPiHCs+vuQAPYU/iay9PHeNODS\ntBY3HUriuFuGTf1cbeOveGU2xc6yDNGei2Q2q5AWVol8JqvkD9QrHtVPJzeyE9yf\nECCAMkeO5A4PqyqXUlBT3R4fv/ZaxdkKckGuoN7CokZjQvDGLCDH3EDgVpR4efl9\np9eYOmZR84SePf0Q2JG2okqQDZu46bzUaNn/ekfT22z2zuXDnebGWUU+EK2O53ow\nPUyDu1XmHvuIGkWAqnmxlST25ZBISU/b6ofji14SuvDbEuGEp33BjlglW5cCAwEA\nAQKCAgAP3ZkFEP3KG5QxwcYGlHLfS6MGY1nS6tPdB/cjdA5Tnxup2QAhqsAnNpKS\ntYBZEFt4onKf7gtlk/7qGAcm3ePNNXK3XkWZInqUQmdYA6M6eOIB7x+6XgdNqw/D\n2gFD4DyA67z8JVDVXVZ4ItUZ78j50eaYqvQNp771+N08moDKgcSPbvCNTb9hlTk/\nHrkf8PX81H4v3pR0+Nc74ibH7rBB4YSRHpmZ2ci5QvEYWz1YazM38XyLhGRQpgb0\notIRlRjgH2B+guww/Qnl50gGZ0Zrp+ARzJqrePlmjRh1YBvHw5F4ZsbyXj9faHa3\nPCj0u6zvAFXFQGfg4jILX3EpzU2b7UsJRLmfbygymBzQ825FWyVUR9lys0eYkFJi\nnfdCqJdckzT3gFPOEjHr51jkWFIoxMp8eTOi4MwL/haDoUAT0go1gxJA4M8GVWH4\n9HBNly3NvygH+gu/dz8ddcpdwXKgCmt8kxf+mocdl8ufb3Z3NvPWyT8FoDsGXueU\n4Qax3RMNSg/b/wD02bGBvfAKvJrVdihcuZqWHxLcNoTrrfBSmePWucMfZmAt/OJP\nLPZJRotrUknGRNnQ/jLaG1iekIDwoDxu5GeelaRuAegDIWCzLpsaENW5/GCcPUbJ\nzV4vayQBmZFy8aV0j+mjN5AYnEoa3R3eDH8kNd2PQKP1/rcQWQKCAQEA/LYj5+h+\nw0UKB4swAMVxxp2NbQ3LsyudzjjBIR2iabBLPQFXTPWacQtcW69mxxXfS/BiRmNV\nOEPrOM2v3S3kqzKd9d0433OZTnJiNzUnG8ApvIjLndkCHLw6MZba8ZE7gxzl+RlB\n8ht2NoV8xVEf38teqO+CV6HNnUoEdqQhG/eSgC5MDQLTJ2vxlAsgWlRVmaW/00v9\nd4hvCIu4Tu7A7NDPXnDhT7e5MLxIEiSeU1Q1Dc2wyU1zT/3hmsBF8fGOYXVeZ2T5\npby15nVHrjxMyKhBsiTj+oB1Dt57wZXzfovsHfBXyRfDZYPoW5A0q8oc/iwbz8uL\nq2UleFfrZV6L3wKCAQEA9qYzvkyQzRO1n9aypIVLJIRxvQMN2Fur4xKBpxWQaL0q\n2sH+EnSlsSpWltLna+kpcpw50PYbl00d2p8sfd7MeE3M+PC/o4MI88Ic3l/WQTsZ\nFYKf02bn0CNmP4bzv5/NrxEtv8yvww/mFRtSzvyUT8Z4829b9Epo/Ec5ahD/S68p\n4YWv09ImpbqABL9/Lyn5NEdNsfxXkVcy1gvfMf7669E7bfMUMOuaWlgC88f9MGyW\ntE+Jq7JpYP2kwrDXRus8IJLA81C7bXcd0A8Q2N4u/+PCh4ZW04z2vFfAOx2YYrNb\nn2awuDHYva7hWM6AomsRkJAzBkDZ93aSlZIAiy+nSQKCAQEAlSmBOhJeOC4ZBGjg\nlaP1SzGV16fL816sT5vqSvyt78oyLrkK6Y8ScOUux6NZe+tqGO2zZC6fj41vWuD1\njAzZqz8+Q3AncKVP+SDE3idOhS/AstrfrLT5bTKg+sI7S1jZEsPM7mI9LYWOGhJi\nmikPMk5c+kQc4FLOBag5yDmKnXJdE7HAC/H95oftWN/UYdzjhcRy3Go/Gv3548Zs\nrJJ6Z428yNbB9wbPlXec5rCcjzzl79bYIYnIpY+KSYhyAKP+0YGwjkDopi4kA/p3\nq91FyS6fUGI7+pE2BufFjndO+QPoA6foePbAy7u3O8x7embbBB/O7rELKMiT/FuQ\nww2yawKCAQEA8RRIdROvYNOH7gBTQh2K8dmGtmFa0gPgQSVglqisKsPjNEjzBqT/\nIuioE+l3C3Gt8nkixc0X8M4OhRaZzTnNDzW0SApAthio0mEECJMR/1Y9UVoIz//A\nSx+enC9S5hTTXO9kkRkHHpjWogC/8tLMQCFVLVPGREPK0/Ll+nc8oYRHYkhiMJ8y\n6UAeSwXF0ZqsGt4q4fIswUHCzZZzBRIdvgsXlINIU/ylNPLbh94M6pzovLsVbD4J\nZCTnOujQsl/QuGHYuLpLSFZqTGe9Zsvckn7TL9Yt3b7ll/gJS37E6Iw43NfpmVAX\ncmeRmVTWRGp0k6FuTglrQsahxhIb9++PCQKCAQAO0OntYW3JPEpMyGb+9/vWqT3R\nPGI0ICf3v35jEne5I5w94NSMo1iQrxngEBZspVry7fy/5R2CYC+YH6GAk/o0GQYs\nw4Xf3BZBUfeu5hTJRQ2QwHmqvqUlBAj0EU6wEnxQJeCcIyRyfhWEzbFZRe1Myx+u\n72ADN7EAfYtnO41mqubpRbkTq6m1DHrzHGom3KIcMiFUi9XAN0zzJQMLjZCsx5l9\nG8jWZ4JE0vXtBBHrvXaeQlkgfmiIEjOxO8E0a95ik3E11cxfy2IXp63tTr4h9Jgt\n3wbZPnxy/DGjHUt897zrIzyzFlfgTd9fYwiBIY0h4LwpPzhfF2EmRiPQ1LKN\n-----END RSA PRIVATE KEY-----\n",
            "private_key_pem_pkcs8": "-----BEGIN PRIVATE KEY-----\nMIIJQwIBADANBgkqhkiG9w0BAQEFAASCCS0wggkpAgEAAoICAQDzexewRbVu1SBr\nx/9NROAQN0of+Ux6NZQl/t8GVgJwPsfbl7FFUhXgz8KxJTMyqrLg+Rd91kwMjWHt\nacopfDfvh5+n0YorleDP879IgPVtFCQEQ5lXeg+CA9zOcNNc6qbmRINGbL2121zq\nOkgpS8vxbPohH4uATXzC0IFU9UNo+B8BFDsfGZurgx84+hwnkdCR8A4rRGNdJOjB\nHBCM13Uy6ShKw0mrvSJxGSs1haHN25dIXgZawTJEa0elOmZaKz+lYGaAT0p6Tc2k\nSwxcJ7vWS5NbqwZE21XYKmHrl6Siaj0VU2BAkto+RjRQnr+zi+yeNsbvvDVt6mpC\nNa8WW59UCn9qINm+Dcq4qKLH5P9+Jl7lya+mbLQ1RqWQ6bPZtAGRdlxMbaus90IG\nG9RiHTTAU4+IcKz6+5AA9hT+JrL08d404NK0FjcdSuK4W4ZN/Vxt4694ZTbFzrIM\n0Z6LZDarkBZWiXwmq+QP1Cse1U8nN7IT3J8QIIAyR47kDg+rKpdSUFPdHh+/9lrF\n2QpyQa6g3sKiRmNC8MYsIMfcQOBWlHh5+X2n15g6ZlHzhJ49/RDYkbaiSpANm7jp\nvNRo2f96R9PbbPbO5cOd5sZZRT4QrY7nejA9TIO7VeYe+4gaRYCqebGVJPblkEhJ\nT9vqh+OLXhK68NsS4YSnfcGOWCVblwIDAQABAoICAA/dmQUQ/coblDHBxgaUct9L\nowZjWdLq090H9yN0DlOfG6nZACGqwCc2kpK1gFkQW3iicp/uC2WT/uoYBybd4801\ncrdeRZkiepRCZ1gDozp44gHvH7peB02rD8PaAUPgPIDrvPwlUNVdVngi1RnvyPnR\n5piq9A2nvvX43TyagMqBxI9u8I1Nv2GVOT8euR/w9fzUfi/elHT41zviJsfusEHh\nhJEemZnZyLlC8RhbPVhrMzfxfIuEZFCmBvSi0hGVGOAfYH6C7DD9CeXnSAZnRmun\n4BHMmqt4+WaNGHVgG8fDkXhmxvJeP19odrc8KPS7rO8AVcVAZ+DiMgtfcSnNTZvt\nSwlEuZ9vKDKYHNDzbkVbJVRH2XKzR5iQUmKd90Kol1yTNPeAU84SMevnWORYUijE\nynx5M6LgzAv+FoOhQBPSCjWDEkDgzwZVYfj0cE2XLc2/KAf6C793Px11yl3BcqAK\na3yTF/6ahx2Xy59vdnc289bJPwWgOwZe55ThBrHdEw1KD9v/APTZsYG98Aq8mtV2\nKFy5mpYfEtw2hOut8FKZ49a5wx9mYC384k8s9klGi2tSScZE2dD+MtobWJ6QgPCg\nPG7kZ56VpG4B6AMhYLMumxoQ1bn8YJw9RsnNXi9rJAGZkXLxpXSP6aM3kBicShrd\nHd4MfyQ13Y9Ao/X+txBZAoIBAQD8tiPn6H7DRQoHizAAxXHGnY1tDcuzK53OOMEh\nHaJpsEs9AVdM9ZpxC1xbr2bHFd9L8GJGY1U4Q+s4za/dLeSrMp313Tjfc5lOcmI3\nNScbwCm8iMud2QIcvDoxltrxkTuDHOX5GUHyG3Y2hXzFUR/fy16o74JXoc2dSgR2\npCEb95KALkwNAtMna/GUCyBaVFWZpb/TS/13iG8Ii7hO7sDs0M9ecOFPt7kwvEgS\nJJ5TVDUNzbDJTXNP/eGawEXx8Y5hdV5nZPmlvLXmdUeuPEzIqEGyJOP6gHUO3nvB\nlfN+i+wd8FfJF8Nlg+hbkDSryhz+LBvPy4urZSV4V+tlXovfAoIBAQD2pjO+TJDN\nE7Wf1rKkhUskhHG9Aw3YW6vjEoGnFZBovSrawf4SdKWxKlaW0udr6SlynDnQ9huX\nTR3anyx93sx4Tcz48L+jgwjzwhzeX9ZBOxkVgp/TZufQI2Y/hvO/n82vES2/zK/D\nD+YVG1LO/JRPxnjzb1v0Smj8RzlqEP9Lrynhha/T0ialuoAEv38vKfk0R02x/FeR\nVzLWC98x/vrr0Ttt8xQw65paWALzx/0wbJa0T4mrsmlg/aTCsNdG6zwgksDzULtt\ndx3QDxDY3i7/48KHhlbTjPa8V8A7HZhis1ufZrC4Mdi9ruFYzoCiaxGQkDMGQNn3\ndpKVkgCLL6dJAoIBAQCVKYE6El44LhkEaOCVo/VLMZXXp8vzXqxPm+pK/K3vyjIu\nuQrpjxJw5S7Ho1l762oY7bNkLp+PjW9a4PWMDNmrPz5DcCdwpU/5IMTeJ06FL8Cy\n2t+stPltMqD6wjtLWNkSw8zuYj0thY4aEmKaKQ8yTlz6RBzgUs4FqDnIOYqdcl0T\nscAL8f3mh+1Y39Rh3OOFxHLcaj8a/fnjxmysknpnjbzI1sH3Bs+Vd5zmsJyPPOXv\n1tghicilj4pJiHIAo/7RgbCOQOimLiQD+ner3UXJLp9QYjv6kTYG58WOd075A+gD\np+h49sDLu7c7zHt6ZtsEH87usQsoyJP8W5DDDbJrAoIBAQDxFEh1E69g04fuAFNC\nHYrx2Ya2YVrSA+BBJWCWqKwqw+M0SPMGpP8i6KgT6XcLca3yeSLFzRfwzg6FFpnN\nOc0PNbRICkC2GKjSYQQIkxH/Vj1RWgjP/8BLH56cL1LmFNNc72SRGQcemNaiAL/y\n0sxAIVUtU8ZEQ8rT8uX6dzyhhEdiSGIwnzLpQB5LBcXRmqwa3irh8izBQcLNlnMF\nEh2+CxeUg0hT/KU08tuH3gzqnOi8uxVsPglkJOc66NCyX9C4Ydi4uktIVmpMZ71m\ny9ySftMv1i3dvuWX+AlLfsTojDjc1+mZUBdyZ5GZVNZEanSToW5OCWtCxqHGEhv3\n748JAoIBAA7Q6e1hbck8SkzIZv73+9apPdE8YjQgJ/e/fmMSd7kjnD3g1IyjWJCv\nGeAQFmylWvLt/L/lHYJgL5gfoYCT+jQZBizDhd/cFkFR967mFMlFDZDAeaq+pSUE\nCPQRTrASfFAl4JwjJHJ+FYTNsVlF7UzLH67vYAM3sQB9i2c7jWaq5ulFuROrqbUM\nevMcaibcohwyIVSL1cA3TPMlAwuNkKzHmX0byNZngkTS9e0EEeu9dp5CWSB+aIgS\nM7E7wTRr3mKTcTXVzF/LYhenre1OviH0mC3fBtk+fHL8MaMdS3z3vOsjPLMWV+BN\n319jCIEhjSHgvCk/OF8XYSZGI9DUso0=\n-----END PRIVATE KEY-----\n",
            "public_key_fingerprint_md5": "0f:49:e3:5e:bf:3f:ae:07:f3:71:12:4d:da:cc:66:fc",
            "public_key_fingerprint_sha256": "SHA256:BL69G1dqGfM0M2BGVc1eWnew/u23K7KQgdfsK6fNmaY",
            "public_key_openssh": "ssh-rsa AAAAB3NzaC1yc2EAAAADAQABAAACAQDzexewRbVu1SBrx/9NROAQN0of+Ux6NZQl/t8GVgJwPsfbl7FFUhXgz8KxJTMyqrLg+Rd91kwMjWHtacopfDfvh5+n0YorleDP879IgPVtFCQEQ5lXeg+CA9zOcNNc6qbmRINGbL2121zqOkgpS8vxbPohH4uATXzC0IFU9UNo+B8BFDsfGZurgx84+hwnkdCR8A4rRGNdJOjBHBCM13Uy6ShKw0mrvSJxGSs1haHN25dIXgZawTJEa0elOmZaKz+lYGaAT0p6Tc2kSwxcJ7vWS5NbqwZE21XYKmHrl6Siaj0VU2BAkto+RjRQnr+zi+yeNsbvvDVt6mpCNa8WW59UCn9qINm+Dcq4qKLH5P9+Jl7lya+mbLQ1RqWQ6bPZtAGRdlxMbaus90IGG9RiHTTAU4+IcKz6+5AA9hT+JrL08d404NK0FjcdSuK4W4ZN/Vxt4694ZTbFzrIM0Z6LZDarkBZWiXwmq+QP1Cse1U8nN7IT3J8QIIAyR47kDg+rKpdSUFPdHh+/9lrF2QpyQa6g3sKiRmNC8MYsIMfcQOBWlHh5+X2n15g6ZlHzhJ49/RDYkbaiSpANm7jpvNRo2f96R9PbbPbO5cOd5sZZRT4QrY7nejA9TIO7VeYe+4gaRYCqebGVJPblkEhJT9vqh+OLXhK68NsS4YSnfcGOWCVblw==\n",
            "public_key_pem": "-----BEGIN PUBLIC KEY-----\nMIICIjANBgkqhkiG9w0BAQEFAAOCAg8AMIICCgKCAgEA83sXsEW1btUga8f/TUTg\nEDdKH/lMejWUJf7fBlYCcD7H25exRVIV4M/CsSUzMqqy4PkXfdZMDI1h7WnKKXw3\n74efp9GKK5Xgz/O/SID1bRQkBEOZV3oPggPcznDTXOqm5kSDRmy9tdtc6jpIKUvL\n8Wz6IR+LgE18wtCBVPVDaPgfARQ7Hxmbq4MfOPocJ5HQkfAOK0RjXSTowRwQjNd1\nMukoSsNJq70icRkrNYWhzduXSF4GWsEyRGtHpTpmWis/pWBmgE9Kek3NpEsMXCe7\n1kuTW6sGRNtV2Cph65ekomo9FVNgQJLaPkY0UJ6/s4vsnjbG77w1bepqQjWvFluf\nVAp/aiDZvg3KuKiix+T/fiZe5cmvpmy0NUalkOmz2bQBkXZcTG2rrPdCBhvUYh00\nwFOPiHCs+vuQAPYU/iay9PHeNODStBY3HUriuFuGTf1cbeOveGU2xc6yDNGei2Q2\nq5AWVol8JqvkD9QrHtVPJzeyE9yfECCAMkeO5A4PqyqXUlBT3R4fv/ZaxdkKckGu\noN7CokZjQvDGLCDH3EDgVpR4efl9p9eYOmZR84SePf0Q2JG2okqQDZu46bzUaNn/\nekfT22z2zuXDnebGWUU+EK2O53owPUyDu1XmHvuIGkWAqnmxlST25ZBISU/b6ofj\ni14SuvDbEuGEp33BjlglW5cCAwEAAQ==\n-----END PUBLIC KEY-----\n",
            "rsa_bits": 4096
          },
          "sensitive_attributes": [
            [
              {
                "type": "get_attr",
                "value": "private_key_openssh"
              }
            ],
            [
              {
                "type": "get_attr",
                "value": "private_key_pem"
              }
            ],
            [
              {
                "type": "get_attr",
                "value": "private_key_pem_pkcs8"
              }
            ]
          ],
          "identity_schema_version": 0
        }
      ]
    }
  ],
  "check_results": null
}
