{
  "version": 4,
  "terraform_version": "1.12.2",
  "serial": 597,
  "lineage": "0db92712-bbea-3260-8822-2c094d12f3b9",
  "outputs": {
    "app_instance_private_ip": {
      "value": "10.0.3.93",
      "type": "string"
    },
    "private_key_pem": {
      "value": "-----BEGIN RSA PRIVATE KEY-----\nMIIJKAIBAAKCAgEAuYVdHu3OIjjI7RfVTk55s6FXq89U0Lh5p4uE+1ETA/pTjsJI\nQMQzikvdl2zre+bJTjA0RPbm9/0k5F8SR3aH926NxHouqkdxVhpzyk52QJXLNdat\nTw6PS4cL9/7MhHe7nyYM4C1DhA3PBGnq0F21K7rd5VfQ8JR1zrpEVMtGORBd0wQN\nTD6lgKOoUulJYm0ms/w9ZSrwfb52rgGLRuL2EYcwaZKeVGV8gyyZrgIAJ0DuEipq\nRI0SLMQPTiRF5TNd1Wu2IghZ7r6hSTUYLsnihpSvoZ5JCEP1Rok66aWYZwKi1K8y\nf1idBefFPEm0AGgna8awdRCuBls6CDe4IY5+qE/x/xBL+PnoaIi+0O53clQp7fU0\nStZ1zbONiSWU94dCyQmOgM/jnXIqNf55p29OybZkiKz8LADsnVAnVevufUp4KQM7\nns5hE3PUjb1UeMBn3Hz5tH+bqfRumHAUZH9FGYhjPEpiN4NVVm/R0Z2sOt3ymWjd\nVMmxUi3JL7hJOEdS/qWaqEvr/AB1zJ2CO9dMp5QWph4aaWrtOPXR0dpHgUUSoe/a\nVyThFM1a0WDg2bLC+aBDYEWfpZnoPpQFvCqjh+JYLeU15yWf9iI9oGTlGSbd84CQ\n4OBlErUBWDACvoMqXvcyVcC4sC9bvwJSfC5EiToqA0Ruf5wQW9eoFPGoL3sCAwEA\nAQKCAgBTTvmNmYE+6dwEZ/bv9pp9GR8q9mwiXCy5GZRqXLJaz271RPY4K0Lvv/iu\ndoladr0AIPJf47W9N854xN6K+8W7zUfZKnrJGVLiNPe5Kbm9b+a0cwYZYbLkWiz8\nPM2vUKsOoQIYKwtOAftsAnog/muMSxo40lHvruMmJYvove13U4umZgPosJsWZKeC\nL+M10UkXetZBF2KuPLjDk8rs1p9kKJ6LUf1KbdZXe1A5jQlvlx8xRh25UdYPBy3O\nS8idT4879uXva2ujI7R+kNqerCbOg3dI7rDiBs5eUeKEKEoDO/JN6qyU9gBxNe5i\nj8BGjH7jTXJQ52AWV6H8LbVAUGI8Q9rWrmCCri7IBbj8QoCYewHB/uDWnhOAFIW7\nnnHHrdRREBq0Fq6bf27NO5uZtiwWvhqMWBKp/fRGm66X6CXkURIQpxy239TZ+eMB\ndYUq8yJi3Bu8FCht3g16XRQY6eJoNEilplZiveLEqY5CoDwjNzxndfPyAKqYOze/\nEH+bdykr8hvm/v539I1PIhp9RimHEOs7dw/voRLq8mnlpp8X7Mqqyf0Pl46yDBsL\nh/2ePqd/0MbsJeE2/c/YWXJxpmKmC3DoV5T08uQBm+HHUsG7bGZtgHo5JcOKc5NN\nuSL0e7Nt40xWx1WUD0HdeAsamIhjUvFhbJfRKF8Z5/ZSQGSCZQKCAQEA49Ij+2nd\n07wnhb8Dc30k0Rl1OEsOKKyylpw6m2mW4ZKIv5K8dGKPQAanGvPM8ZQsjA1ytH1A\nufIFFHlO39MZqhfTca6Lgv9gI7OTQUH0xcIMRAL+WJtQvhp3JpwIwDsSeElKwzKB\n3N6cGO0bZ4hAXQwf0nxXLfVGFP37WD6fwP0jvUIXaJvHzppIn3ODDtN6GFd70atY\nqim0mzytVfpLLKhFF3VrpXJQbsBYBpv7BqLqovwGbVKjJtoQXJYYgI4Mc1sER24R\n/QqpqraL7NZDsyn8lgaESlh1wZnUcl/4i7WqhkP4rGL2MOF3qWGJB1Ek9IE/S7S5\natxAiFzAAVqWNQKCAQEA0HfQHE5SiWiZixLjTAXrjNBGWWYWACYRcbauKMQZua6/\nR0jXNWkbMQKCmSQp528BTcSGerUV7AApTFufmpya6WdD5T9PAbSgmZOwtdXWb7H6\nh2mhECrEir4hIl+6WYa5NRb5Mjd0gvkHzIyQ0ecKMnnCs6IzhbIG9R/tkcv5SZCO\nxyuUVoCkshDtvnJhUfV5/mZBmrTDNlKZKahlkxrRq1P0ODvq6ffaq6f7ZPMltnUM\nzJpOqhXlN4/KYxjQ8n59YrldyYYnBhoKrMK62YkkHRhadPP+cIr+1AM+7gaEO65U\nN8c/vK3DYaYBYBzZ6VnEwX0Twb0e+6xqr3GoGeyk7wKCAQAoRLyXc98BzgAuY9T4\nVOZtD1Lo4FtgVSY7+OFjFwbUWFJTilxFNiab6pEe8nkHOmmlV7suq/UE6QJ82/RV\nG7stlYiKT4/ZV8pmhRdCMaZSTjpcyyqp/soG0Ca/bFUfpVFecZYFaqgJok91GHP/\nmNXHnJ0DV3cRaIk6rKoArxENy7DFgykgFGj828h6ZrCDrl2mb9Ay/1ZsvXJu/gql\nZ9hhzFxqCRc95zbQXK8ye9+jDKjsph98s16jP2gk9WLfVjxdJ3laJtqHH5td0WZq\nNnVA9ervmbdIbNpjng0vKkeEalf544nQ7q0VdsTv642M/YrKrQ3DE+6yNLwzXjGS\nC7EBAoIBAQCKA4hn9QJ3riRZCnwozJKReyHX9doC5zENU6AhpRJS9/nyu6qe1aMG\n416K/IIxkjAOyFkvy8tjnwe4YcBcn+l/NLqifzNTMb5RbpHDEHsTH4V5ONlE1suf\n/xf4pd+9fZAIMdlxAX3FaBFdvoHyNT9vA2V/f5cUoDQy/JxPtfaoWWftPFDMpAZl\nTQfY2ejMVfQaFKDCR4Il6LE1/yKgLVU6VC6PPDveAhVnJ6Mrxj3lecCrhE0oFa7X\nBf87dCaBJHTmc0pALOyRAZSno5QIiN671G+ulgqRf7QNsMhs1SueR1/CPctYosGD\nWF/4vaEW+DNm1ePKk+Z7QD6xQFHGOAFJAoIBABGlo3HX3dHUiWKnl6kW4I/onGX1\nHAx9W3C7RjIp7t6URF6lfgdz+ImYsZis3eyinfi8SoHn7ZEOwaCy26GZFKCyXg8G\nNNselm/2nJAh07RGKWMnNLUFLZhO0j6gcArS2mqNt2EIT8Kdlh27XmK/X98+x+k9\nKwn0qZ15KKXBqoiwdttiOGfxPZxiQ0R6fzQHaa9tXDQAbPEyI33CcfxB+ptlBejG\nPjANqZIgUwBZ9nDGVNc8j4FLfbjYAgrN9z455g4lF/0E4eAy7EdgixmV9wKAKuf7\n8WcJM/QNiGKSLnJrvrEcxkNYPmEZtyMUuOhULpnxm7EVeFvN7nwkW8f44YU=\n-----END RSA PRIVATE KEY-----\n",
      "type": "string",
      "sensitive": true
    },
    "rds_endpoint": {
      "value": "mysql-db-project3.cjc8e2a8elx5.us-east-2.rds.amazonaws.com:3306",
      "type": "string"
    },
    "rds_mysql_db_name": {
      "value": "mydb1",
      "type": "string"
    },
    "rds_mysql_endpoint": {
      "value": "mysql-db-project3.cjc8e2a8elx5.us-east-2.rds.amazonaws.com:3306",
      "type": "string"
    },
    "rds_mysql_port": {
      "value": 3306,
      "type": "number"
    }
  },
  "resources": [
    {
      "mode": "managed",
      "type": "aws_db_instance",
      "name": "mysql_db",
      "provider": "provider[\"registry.terraform.io/hashicorp/aws\"]",
      "instances": [
        {
          "schema_version": 2,
          "attributes": {
            "address": "mysql-db-project3.cjc8e2a8elx5.us-east-2.rds.amazonaws.com",
            "allocated_storage": 20,
            "allow_major_version_upgrade": null,
            "apply_immediately": false,
            "arn": "arn:aws:rds:us-east-2:167611893883:db:mysql-db-project3",
            "auto_minor_version_upgrade": true,
            "availability_zone": "us-east-2b",
            "backup_retention_period": 0,
            "backup_target": "region",
            "backup_window": "05:17-05:47",
            "blue_green_update": [],
            "ca_cert_identifier": "rds-ca-rsa2048-g1",
            "character_set_name": "",
            "copy_tags_to_snapshot": false,
            "custom_iam_instance_profile": "",
            "customer_owned_ip_enabled": false,
            "database_insights_mode": "standard",
            "db_name": "mydb1",
            "db_subnet_group_name": "mysql-db-subnet-group",
            "dedicated_log_volume": false,
            "delete_automated_backups": true,
            "deletion_protection": false,
            "domain": "",
            "domain_auth_secret_arn": "",
            "domain_dns_ips": null,
            "domain_fqdn": "",
            "domain_iam_role_name": "",
            "domain_ou": "",
            "enabled_cloudwatch_logs_exports": null,
            "endpoint": "mysql-db-project3.cjc8e2a8elx5.us-east-2.rds.amazonaws.com:3306",
            "engine": "mysql",
            "engine_lifecycle_support": "open-source-rds-extended-support",
            "engine_version": "8.0.41",
            "engine_version_actual": "8.0.41",
            "final_snapshot_identifier": null,
            "hosted_zone_id": "Z2XHWR1WZ565X2",
            "iam_database_authentication_enabled": false,
            "id": "db-W2KH37R6UVNXPCUMO36LN5L3U4",
            "identifier": "mysql-db-project3",
            "identifier_prefix": "",
            "instance_class": "db.t4g.micro",
            "iops": 0,
            "kms_key_id": "",
            "latest_restorable_time": "",
            "license_model": "general-public-license",
            "listener_endpoint": [],
            "maintenance_window": "thu:09:28-thu:09:58",
            "manage_master_user_password": null,
            "master_user_secret": [],
            "master_user_secret_kms_key_id": null,
            "max_allocated_storage": 0,
            "monitoring_interval": 0,
            "monitoring_role_arn": "",
            "multi_az": false,
            "nchar_character_set_name": "",
            "network_type": "IPV4",
            "option_group_name": "default:mysql-8-0",
            "parameter_group_name": "default.mysql8.0",
            "password": "90166Dipen",
            "password_wo": null,
            "password_wo_version": null,
            "performance_insights_enabled": false,
            "performance_insights_kms_key_id": "",
            "performance_insights_retention_period": 0,
            "port": 3306,
            "publicly_accessible": false,
            "region": "us-east-2",
            "replica_mode": "",
            "replicas": [],
            "replicate_source_db": "",
            "resource_id": "db-W2KH37R6UVNXPCUMO36LN5L3U4",
            "restore_to_point_in_time": [],
            "s3_import": [],
            "skip_final_snapshot": true,
            "snapshot_identifier": null,
            "status": "available",
            "storage_encrypted": false,
            "storage_throughput": 0,
            "storage_type": "gp2",
            "tags": {
              "Name": "MySQL-DB",
              "Owner": "Dipen",
              "Project": "Three-Tier-Web-App",
              "Tier": "Database"
            },
            "tags_all": {
              "Name": "MySQL-DB",
              "Owner": "Dipen",
              "Project": "Three-Tier-Web-App",
              "Tier": "Database"
            },
            "timeouts": null,
            "timezone": "",
            "upgrade_storage_config": null,
            "username": "admin",
            "vpc_security_group_ids": [
              "sg-0d0ab8ce253372133"
            ]
          },
          "sensitive_attributes": [
            [
              {
                "type": "get_attr",
                "value": "password"
              }
            ],
            [
              {
                "type": "get_attr",
                "value": "password_wo"
              }
            ]
          ],
          "identity_schema_version": 0,
          "private": "eyJlMmJmYjczMC1lY2FhLTExZTYtOGY4OC0zNDM2M2JjN2M0YzAiOnsiY3JlYXRlIjozMDAwMDAwMDAwMDAwLCJkZWxldGUiOjM2MDAwMDAwMDAwMDAsInVwZGF0ZSI6NDgwMDAwMDAwMDAwMH0sInNjaGVtYV92ZXJzaW9uIjoiMiJ9",
          "dependencies": [
            "aws_db_subnet_group.mysql_db_subnet_group",
            "aws_security_group.db_tier_sg",
            "aws_subnet.pri_db_az_1",
            "aws_subnet.pri_db_az_2",
            "aws_vpc.dipen_custom-vpc"
          ]
        }
      ]
    },
    {
      "mode": "managed",
      "type": "aws_db_subnet_group",
      "name": "mysql_db_subnet_group",
      "provider": "provider[\"registry.terraform.io/hashicorp/aws\"]",
      "instances": [
        {
          "schema_version": 0,
          "attributes": {
            "arn": "arn:aws:rds:us-east-2:167611893883:subgrp:mysql-db-subnet-group",
            "description": "Managed by Terraform",
            "id": "mysql-db-subnet-group",
            "name": "mysql-db-subnet-group",
            "name_prefix": "",
            "region": "us-east-2",
            "subnet_ids": [
              "subnet-05fd1c9e245dc1dde",
              "subnet-0bd59f40b6bf20b4f"
            ],
            "supported_network_types": [
              "IPV4"
            ],
            "tags": {
              "Name": "mysql-db-subnet-group",
              "Tier": "Database"
            },
            "tags_all": {
              "Name": "mysql-db-subnet-group",
              "Tier": "Database"
            },
            "vpc_id": "vpc-014ebaf2b40786005"
          },
          "sensitive_attributes": [],
          "identity_schema_version": 0,
          "private": "bnVsbA==",
          "dependencies": [
            "aws_subnet.pri_db_az_1",
            "aws_subnet.pri_db_az_2",
            "aws_vpc.dipen_custom-vpc"
          ]
        }
      ]
    },
    {
      "mode": "managed",
      "type": "aws_eip",
      "name": "nat_gw_ip",
      "provider": "provider[\"registry.terraform.io/hashicorp/aws\"]",
      "instances": [
        {
          "schema_version": 0,
          "attributes": {
            "address": null,
            "allocation_id": "eipalloc-04323cd59f4e81fc1",
            "arn": "arn:aws:ec2:us-east-2:167611893883:elastic-ip/eipalloc-04323cd59f4e81fc1",
            "associate_with_private_ip": null,
            "association_id": "",
            "carrier_ip": "",
            "customer_owned_ip": "",
            "customer_owned_ipv4_pool": "",
            "domain": "vpc",
            "id": "eipalloc-04323cd59f4e81fc1",
            "instance": "",
            "ipam_pool_id": null,
            "network_border_group": "us-east-2",
            "network_interface": "",
            "private_dns": null,
            "private_ip": "",
            "ptr_record": "",
            "public_dns": "ec2-3-13-154-52.us-east-2.compute.amazonaws.com",
            "public_ip": "3.13.154.52",
            "public_ipv4_pool": "amazon",
            "region": "us-east-2",
            "tags": null,
            "tags_all": {},
            "timeouts": null
          },
          "sensitive_attributes": [],
          "identity_schema_version": 0,
          "private": "eyJlMmJmYjczMC1lY2FhLTExZTYtOGY4OC0zNDM2M2JjN2M0YzAiOnsiZGVsZXRlIjoxODAwMDAwMDAwMDAsInJlYWQiOjkwMDAwMDAwMDAwMCwidXBkYXRlIjozMDAwMDAwMDAwMDB9fQ==",
          "dependencies": [
            "aws_internet_gateway.igw",
            "aws_vpc.dipen_custom-vpc"
          ]
        }
      ]
    },
    {
      "mode": "managed",
      "type": "aws_iam_instance_profile",
      "name": "ec2_s3_profile",
      "provider": "provider[\"registry.terraform.io/hashicorp/aws\"]",
      "instances": [
        {
          "schema_version": 0,
          "attributes": {
            "arn": "arn:aws:iam::167611893883:instance-profile/ec2-s3-profile",
            "create_date": "2025-08-08T09:42:59Z",
            "id": "ec2-s3-profile",
            "name": "ec2-s3-profile",
            "name_prefix": "",
            "path": "/",
            "role": "ec2-s3-access-role",
            "tags": null,
            "tags_all": {},
            "unique_id": "AIPASOBTSRB5RTOOLTPEB"
          },
          "sensitive_attributes": [],
          "identity_schema_version": 0,
          "private": "bnVsbA==",
          "dependencies": [
            "aws_iam_role.ec2_s3_access_role"
          ]
        }
      ]
    },
    {
      "mode": "managed",
      "type": "aws_iam_role",
      "name": "ec2_s3_access_role",
      "provider": "provider[\"registry.terraform.io/hashicorp/aws\"]",
      "instances": [
        {
          "schema_version": 0,
          "attributes": {
            "arn": "arn:aws:iam::167611893883:role/ec2-s3-access-role",
            "assume_role_policy": "{\"Statement\":[{\"Action\":\"sts:AssumeRole\",\"Effect\":\"Allow\",\"Principal\":{\"Service\":\"ec2.amazonaws.com\"}}],\"Version\":\"2012-10-17\"}",
            "create_date": "2025-08-08T09:42:58Z",
            "description": "",
            "force_detach_policies": false,
            "id": "ec2-s3-access-role",
            "inline_policy": [],
            "managed_policy_arns": [],
            "max_session_duration": 3600,
            "name": "ec2-s3-access-role",
            "name_prefix": "",
            "path": "/",
            "permissions_boundary": "",
            "tags": null,
            "tags_all": {},
            "unique_id": "AROASOBTSRB54X62RT4U3"
          },
          "sensitive_attributes": [],
          "identity_schema_version": 0,
          "identity": {
            "account_id": "167611893883",
            "name": "ec2-s3-access-role"
          },
          "private": "bnVsbA=="
        }
      ]
    },
    {
      "mode": "managed",
      "type": "aws_iam_role_policy_attachment",
      "name": "s3_readonly_policy_attach",
      "provider": "provider[\"registry.terraform.io/hashicorp/aws\"]",
      "instances": [
        {
          "schema_version": 0,
          "attributes": {
            "id": "ec2-s3-access-role/arn:aws:iam::aws:policy/AmazonS3ReadOnlyAccess",
            "policy_arn": "arn:aws:iam::aws:policy/AmazonS3ReadOnlyAccess",
            "role": "ec2-s3-access-role"
          },
          "sensitive_attributes": [],
          "identity_schema_version": 0,
          "identity": {
            "account_id": "167611893883",
            "policy_arn": "arn:aws:iam::aws:policy/AmazonS3ReadOnlyAccess",
            "role": "ec2-s3-access-role"
          },
          "private": "bnVsbA==",
          "dependencies": [
            "aws_iam_role.ec2_s3_access_role"
          ]
        }
      ]
    },
    {
      "mode": "managed",
      "type": "aws_instance",
      "name": "app_server",
      "provider": "provider[\"registry.terraform.io/hashicorp/aws\"]",
      "instances": [
        {
          "schema_version": 2,
          "attributes": {
            "ami": "ami-08221e706f343d7b7",
            "arn": "arn:aws:ec2:us-east-2:167611893883:instance/i-04c539dd8aa8dab45",
            "associate_public_ip_address": false,
            "availability_zone": "us-east-2a",
            "capacity_reservation_specification": [
              {
                "capacity_reservation_preference": "open",
                "capacity_reservation_target": []
              }
            ],
            "cpu_options": [
              {
                "amd_sev_snp": "",
                "core_count": 1,
                "threads_per_core": 1
              }
            ],
            "credit_specification": [
              {
                "cpu_credits": "standard"
              }
            ],
            "disable_api_stop": false,
            "disable_api_termination": false,
            "ebs_block_device": [],
            "ebs_optimized": false,
            "enable_primary_ipv6": null,
            "enclave_options": [
              {
                "enabled": false
              }
            ],
            "ephemeral_block_device": [],
            "get_password_data": false,
            "hibernation": false,
            "host_id": "",
            "host_resource_group_arn": null,
            "iam_instance_profile": "ec2-s3-profile",
            "id": "i-04c539dd8aa8dab45",
            "instance_initiated_shutdown_behavior": "stop",
            "instance_lifecycle": "",
            "instance_market_options": [],
            "instance_state": "running",
            "instance_type": "t2.micro",
            "ipv6_address_count": 0,
            "ipv6_addresses": [],
            "key_name": "dipen-keypair",
            "launch_template": [],
            "maintenance_options": [
              {
                "auto_recovery": "default"
              }
            ],
            "metadata_options": [
              {
                "http_endpoint": "enabled",
                "http_protocol_ipv6": "disabled",
                "http_put_response_hop_limit": 2,
                "http_tokens": "required",
                "instance_metadata_tags": "disabled"
              }
            ],
            "monitoring": false,
            "network_interface": [],
            "outpost_arn": "",
            "password_data": "",
            "placement_group": "",
            "placement_partition_number": 0,
            "primary_network_interface_id": "eni-0029c3c931c07a9a5",
            "private_dns": "ip-10-0-3-93.us-east-2.compute.internal",
            "private_dns_name_options": [
              {
                "enable_resource_name_dns_a_record": false,
                "enable_resource_name_dns_aaaa_record": false,
                "hostname_type": "ip-name"
              }
            ],
            "private_ip": "10.0.3.93",
            "public_dns": "",
            "public_ip": "",
            "region": "us-east-2",
            "root_block_device": [
              {
                "delete_on_termination": true,
                "device_name": "/dev/xvda",
                "encrypted": false,
                "iops": 3000,
                "kms_key_id": "",
                "tags": {},
                "tags_all": {},
                "throughput": 125,
                "volume_id": "vol-01430237edc01dd42",
                "volume_size": 8,
                "volume_type": "gp3"
              }
            ],
            "secondary_private_ips": [],
            "security_groups": [],
            "source_dest_check": true,
            "spot_instance_request_id": "",
            "subnet_id": "subnet-0acea511b42f0d49d",
            "tags": {
              "Name": "app-tier-ec2"
            },
            "tags_all": {
              "Name": "app-tier-ec2"
            },
            "tenancy": "default",
            "timeouts": null,
            "user_data": null,
            "user_data_base64": "IyEvYmluL2Jhc2gKeXVtIHVwZGF0ZSAteQp5dW0gaW5zdGFsbCAteSBodHRwZCBwaHAgcGhwLW15c3FsbmQKeXVtIGluc3RhbGwgLXkgaHR0cGQgcGhwIHBocC1teXNxbG5kIGF3cy1jbGkKc3VkbyBzdQpzeXN0ZW1jdGwgc3RhcnQgaHR0cGQKc3lzdGVtY3RsIGVuYWJsZSBodHRwZAoKIyBGZXRjaCBmaWxlcyBmcm9tIFMzCmF3cyBzMyBjcCBzMzovL2RpcGVuLWFwcC1iYWNrZW5kLWNvZGUvc3VibWl0LWZvcm0ucGhwIC92YXIvd3d3L2h0bWwvc3VibWl0LWZvcm0ucGhwCmF3cyBzMyBjcCBzMzovL2RpcGVuLWFwcC1iYWNrZW5kLWNvZGUvZ2V0LWVtcGxveWVlcy5waHAgL3Zhci93d3cvaHRtbC9nZXQtZW1wbG95ZWVzLnBocAoKCgpzeXN0ZW1jdGwgcmVzdGFydCBodHRwZA==",
            "user_data_replace_on_change": false,
            "volume_tags": null,
            "vpc_security_group_ids": [
              "sg-0bd7668b622a3cb2a"
            ]
          },
          "sensitive_attributes": [],
          "identity_schema_version": 0,
          "private": "eyJlMmJmYjczMC1lY2FhLTExZTYtOGY4OC0zNDM2M2JjN2M0YzAiOnsiY3JlYXRlIjo2MDAwMDAwMDAwMDAsImRlbGV0ZSI6MTIwMDAwMDAwMDAwMCwicmVhZCI6OTAwMDAwMDAwMDAwLCJ1cGRhdGUiOjYwMDAwMDAwMDAwMH0sInNjaGVtYV92ZXJzaW9uIjoiMiJ9",
          "dependencies": [
            "aws_iam_instance_profile.ec2_s3_profile",
            "aws_iam_role.ec2_s3_access_role",
            "aws_key_pair.dipen_keypair",
            "aws_security_group.app_tier_sg",
            "aws_subnet.pri_app_az_1",
            "aws_vpc.dipen_custom-vpc",
            "tls_private_key.dipen_key"
          ]
        }
      ]
    },
    {
      "mode": "managed",
      "type": "aws_instance",
      "name": "web_server",
      "provider": "provider[\"registry.terraform.io/hashicorp/aws\"]",
      "instances": [
        {
          "schema_version": 2,
          "attributes": {
            "ami": "ami-08221e706f343d7b7",
            "arn": "arn:aws:ec2:us-east-2:167611893883:instance/i-07216af7b2cdef4e0",
            "associate_public_ip_address": true,
            "availability_zone": "us-east-2a",
            "capacity_reservation_specification": [
              {
                "capacity_reservation_preference": "open",
                "capacity_reservation_target": []
              }
            ],
            "cpu_options": [
              {
                "amd_sev_snp": "",
                "core_count": 1,
                "threads_per_core": 1
              }
            ],
            "credit_specification": [
              {
                "cpu_credits": "standard"
              }
            ],
            "disable_api_stop": false,
            "disable_api_termination": false,
            "ebs_block_device": [],
            "ebs_optimized": false,
            "enable_primary_ipv6": null,
            "enclave_options": [
              {
                "enabled": false
              }
            ],
            "ephemeral_block_device": [],
            "get_password_data": false,
            "hibernation": false,
            "host_id": "",
            "host_resource_group_arn": null,
            "iam_instance_profile": "ec2-s3-profile",
            "id": "i-07216af7b2cdef4e0",
            "instance_initiated_shutdown_behavior": "stop",
            "instance_lifecycle": "",
            "instance_market_options": [],
            "instance_state": "running",
            "instance_type": "t2.micro",
            "ipv6_address_count": 0,
            "ipv6_addresses": [],
            "key_name": "dipen-keypair",
            "launch_template": [],
            "maintenance_options": [
              {
                "auto_recovery": "default"
              }
            ],
            "metadata_options": [
              {
                "http_endpoint": "enabled",
                "http_protocol_ipv6": "disabled",
                "http_put_response_hop_limit": 2,
                "http_tokens": "required",
                "instance_metadata_tags": "disabled"
              }
            ],
            "monitoring": false,
            "network_interface": [],
            "outpost_arn": "",
            "password_data": "",
            "placement_group": "",
            "placement_partition_number": 0,
            "primary_network_interface_id": "eni-0e68a7eeface7966f",
            "private_dns": "ip-10-0-1-175.us-east-2.compute.internal",
            "private_dns_name_options": [
              {
                "enable_resource_name_dns_a_record": false,
                "enable_resource_name_dns_aaaa_record": false,
                "hostname_type": "ip-name"
              }
            ],
            "private_ip": "10.0.1.175",
            "public_dns": "ec2-3-138-124-29.us-east-2.compute.amazonaws.com",
            "public_ip": "3.138.124.29",
            "region": "us-east-2",
            "root_block_device": [
              {
                "delete_on_termination": true,
                "device_name": "/dev/xvda",
                "encrypted": false,
                "iops": 3000,
                "kms_key_id": "",
                "tags": {},
                "tags_all": {},
                "throughput": 125,
                "volume_id": "vol-099174d05f455ddd1",
                "volume_size": 8,
                "volume_type": "gp3"
              }
            ],
            "secondary_private_ips": [],
            "security_groups": [],
            "source_dest_check": true,
            "spot_instance_request_id": "",
            "subnet_id": "subnet-09fc1527d521f61d9",
            "tags": {
              "Name": "web-server-ec2"
            },
            "tags_all": {
              "Name": "web-server-ec2"
            },
            "tenancy": "default",
            "timeouts": null,
            "user_data": null,
            "user_data_base64": "IyEvYmluL2Jhc2gKeXVtIHVwZGF0ZSAteQp5dW0gaW5zdGFsbCAteSBodHRwZCBwaHAgcGhwLW15c3FsbmQKeXVtIGluc3RhbGwgLXkgaHR0cGQgcGhwIHBocC1teXNxbG5kIGF3cy1jbGkKc3VkbyBzdQpzeXN0ZW1jdGwgc3RhcnQgaHR0cGQKc3lzdGVtY3RsIGVuYWJsZSBodHRwZAoKIyBGZXRjaCBmaWxlcyBmcm9tIFMzCmF3cyBzMyBjcCBzMzovL2RpcGVuLWFwcC1iYWNrZW5kLWNvZGUvc3VibWl0LWZvcm0ucGhwIC92YXIvd3d3L2h0bWwvc3VibWl0LWZvcm0ucGhwCmF3cyBzMyBjcCBzMzovL2RpcGVuLWFwcC1iYWNrZW5kLWNvZGUvZ2V0LWVtcGxveWVlcy5waHAgL3Zhci93d3cvaHRtbC9nZXQtZW1wbG95ZWVzLnBocAoKCgpzeXN0ZW1jdGwgcmVzdGFydCBodHRwZA==",
            "user_data_replace_on_change": false,
            "volume_tags": null,
            "vpc_security_group_ids": [
              "sg-0fb6f6c576eb4ba22"
            ]
          },
          "sensitive_attributes": [],
          "identity_schema_version": 0,
          "private": "eyJlMmJmYjczMC1lY2FhLTExZTYtOGY4OC0zNDM2M2JjN2M0YzAiOnsiY3JlYXRlIjo2MDAwMDAwMDAwMDAsImRlbGV0ZSI6MTIwMDAwMDAwMDAwMCwicmVhZCI6OTAwMDAwMDAwMDAwLCJ1cGRhdGUiOjYwMDAwMDAwMDAwMH0sInNjaGVtYV92ZXJzaW9uIjoiMiJ9",
          "dependencies": [
            "aws_iam_instance_profile.ec2_s3_profile",
            "aws_iam_role.ec2_s3_access_role",
            "aws_key_pair.dipen_keypair",
            "aws_security_group.web_tier_sg",
            "aws_subnet.pub_web_az_1",
            "aws_vpc.dipen_custom-vpc",
            "tls_private_key.dipen_key"
          ]
        }
      ]
    },
    {
      "mode": "managed",
      "type": "aws_internet_gateway",
      "name": "igw",
      "provider": "provider[\"registry.terraform.io/hashicorp/aws\"]",
      "instances": [
        {
          "schema_version": 0,
          "attributes": {
            "arn": "arn:aws:ec2:us-east-2:167611893883:internet-gateway/igw-000f823224c285f32",
            "id": "igw-000f823224c285f32",
            "owner_id": "167611893883",
            "region": "us-east-2",
            "tags": {
              "Name": "dipen_vpc_igw"
            },
            "tags_all": {
              "Name": "dipen_vpc_igw"
            },
            "timeouts": null,
            "vpc_id": "vpc-014ebaf2b40786005"
          },
          "sensitive_attributes": [],
          "identity_schema_version": 0,
          "private": "eyJlMmJmYjczMC1lY2FhLTExZTYtOGY4OC0zNDM2M2JjN2M0YzAiOnsiY3JlYXRlIjoxMjAwMDAwMDAwMDAwLCJkZWxldGUiOjEyMDAwMDAwMDAwMDAsInVwZGF0ZSI6MTIwMDAwMDAwMDAwMH19",
          "dependencies": [
            "aws_vpc.dipen_custom-vpc"
          ]
        }
      ]
    },
    {
      "mode": "managed",
      "type": "aws_key_pair",
      "name": "dipen_keypair",
      "provider": "provider[\"registry.terraform.io/hashicorp/aws\"]",
      "instances": [
        {
          "schema_version": 1,
          "attributes": {
            "arn": "arn:aws:ec2:us-east-2:167611893883:key-pair/dipen-keypair",
            "fingerprint": "a8:bf:21:13:56:21:79:9f:04:31:97:18:b6:d0:74:67",
            "id": "dipen-keypair",
            "key_name": "dipen-keypair",
            "key_name_prefix": "",
            "key_pair_id": "key-00c5ea155728b38e6",
            "key_type": "rsa",
            "public_key": "ssh-rsa AAAAB3NzaC1yc2EAAAADAQABAAACAQC5hV0e7c4iOMjtF9VOTnmzoVerz1TQuHmni4T7URMD+lOOwkhAxDOKS92XbOt75slOMDRE9ub3/STkXxJHdof3bo3Eei6qR3FWGnPKTnZAlcs11q1PDo9Lhwv3/syEd7ufJgzgLUOEDc8EaerQXbUrut3lV9DwlHXOukRUy0Y5EF3TBA1MPqWAo6hS6UlibSaz/D1lKvB9vnauAYtG4vYRhzBpkp5UZXyDLJmuAgAnQO4SKmpEjRIsxA9OJEXlM13Va7YiCFnuvqFJNRguyeKGlK+hnkkIQ/VGiTrppZhnAqLUrzJ/WJ0F58U8SbQAaCdrxrB1EK4GWzoIN7ghjn6oT/H/EEv4+ehoiL7Q7ndyVCnt9TRK1nXNs42JJZT3h0LJCY6Az+Odcio1/nmnb07JtmSIrPwsAOydUCdV6+59SngpAzuezmETc9SNvVR4wGfcfPm0f5up9G6YcBRkf0UZiGM8SmI3g1VWb9HRnaw63fKZaN1UybFSLckvuEk4R1L+pZqoS+v8AHXMnYI710ynlBamHhppau049dHR2keBRRKh79pXJOEUzVrRYODZssL5oENgRZ+lmeg+lAW8KqOH4lgt5TXnJZ/2Ij2gZOUZJt3zgJDg4GUStQFYMAK+gype9zJVwLiwL1u/AlJ8LkSJOioDRG5/nBBb16gU8agvew==",
            "region": "us-east-2",
            "tags": null,
            "tags_all": {}
          },
          "sensitive_attributes": [],
          "identity_schema_version": 0,
          "private": "eyJzY2hlbWFfdmVyc2lvbiI6IjEifQ==",
          "dependencies": [
            "tls_private_key.dipen_key"
          ]
        }
      ]
    },
    {
      "mode": "managed",
      "type": "aws_nat_gateway",
      "name": "nat_gw",
      "provider": "provider[\"registry.terraform.io/hashicorp/aws\"]",
      "instances": [
        {
          "schema_version": 0,
          "attributes": {
            "allocation_id": "eipalloc-04323cd59f4e81fc1",
            "association_id": "eipassoc-0b21bdc0674034833",
            "connectivity_type": "public",
            "id": "nat-0891a7d73f86f5997",
            "network_interface_id": "eni-0cfe96ab0c8f1acad",
            "private_ip": "10.0.1.10",
            "public_ip": "3.13.154.52",
            "region": "us-east-2",
            "secondary_allocation_ids": [],
            "secondary_private_ip_address_count": 0,
            "secondary_private_ip_addresses": [],
            "subnet_id": "subnet-09fc1527d521f61d9",
            "tags": {
              "Name": "dipen_vpc_Nat_gw"
            },
            "tags_all": {
              "Name": "dipen_vpc_Nat_gw"
            },
            "timeouts": null
          },
          "sensitive_attributes": [],
          "identity_schema_version": 0,
          "private": "eyJlMmJmYjczMC1lY2FhLTExZTYtOGY4OC0zNDM2M2JjN2M0YzAiOnsiY3JlYXRlIjo2MDAwMDAwMDAwMDAsImRlbGV0ZSI6MTgwMDAwMDAwMDAwMCwidXBkYXRlIjo2MDAwMDAwMDAwMDB9fQ==",
          "dependencies": [
            "aws_eip.nat_gw_ip",
            "aws_internet_gateway.igw",
            "aws_subnet.pub_web_az_1",
            "aws_vpc.dipen_custom-vpc"
          ]
        }
      ]
    },
    {
      "mode": "managed",
      "type": "aws_route_table",
      "name": "private_app_rt",
      "provider": "provider[\"registry.terraform.io/hashicorp/aws\"]",
      "instances": [
        {
          "schema_version": 0,
          "attributes": {
            "arn": "arn:aws:ec2:us-east-2:167611893883:route-table/rtb-0a46566ef962fa7cf",
            "id": "rtb-0a46566ef962fa7cf",
            "owner_id": "167611893883",
            "propagating_vgws": [],
            "region": "us-east-2",
            "route": [
              {
                "carrier_gateway_id": "",
                "cidr_block": "0.0.0.0/0",
                "core_network_arn": "",
                "destination_prefix_list_id": "",
                "egress_only_gateway_id": "",
                "gateway_id": "nat-0891a7d73f86f5997",
                "ipv6_cidr_block": "",
                "local_gateway_id": "",
                "nat_gateway_id": "",
                "network_interface_id": "",
                "transit_gateway_id": "",
                "vpc_endpoint_id": "",
                "vpc_peering_connection_id": ""
              }
            ],
            "tags": {
              "Name": "Private App RT"
            },
            "tags_all": {
              "Name": "Private App RT"
            },
            "timeouts": null,
            "vpc_id": "vpc-014ebaf2b40786005"
          },
          "sensitive_attributes": [],
          "identity_schema_version": 0,
          "private": "eyJlMmJmYjczMC1lY2FhLTExZTYtOGY4OC0zNDM2M2JjN2M0YzAiOnsiY3JlYXRlIjozMDAwMDAwMDAwMDAsImRlbGV0ZSI6MzAwMDAwMDAwMDAwLCJ1cGRhdGUiOjEyMDAwMDAwMDAwMH19",
          "dependencies": [
            "aws_eip.nat_gw_ip",
            "aws_internet_gateway.igw",
            "aws_nat_gateway.nat_gw",
            "aws_subnet.pub_web_az_1",
            "aws_vpc.dipen_custom-vpc"
          ]
        }
      ]
    },
    {
      "mode": "managed",
      "type": "aws_route_table",
      "name": "public_web_rt",
      "provider": "provider[\"registry.terraform.io/hashicorp/aws\"]",
      "instances": [
        {
          "schema_version": 0,
          "attributes": {
            "arn": "arn:aws:ec2:us-east-2:167611893883:route-table/rtb-0b60d7a59ebf9d8c2",
            "id": "rtb-0b60d7a59ebf9d8c2",
            "owner_id": "167611893883",
            "propagating_vgws": [],
            "region": "us-east-2",
            "route": [
              {
                "carrier_gateway_id": "",
                "cidr_block": "0.0.0.0/0",
                "core_network_arn": "",
                "destination_prefix_list_id": "",
                "egress_only_gateway_id": "",
                "gateway_id": "igw-000f823224c285f32",
                "ipv6_cidr_block": "",
                "local_gateway_id": "",
                "nat_gateway_id": "",
                "network_interface_id": "",
                "transit_gateway_id": "",
                "vpc_endpoint_id": "",
                "vpc_peering_connection_id": ""
              }
            ],
            "tags": {
              "Name": "Public Web RT"
            },
            "tags_all": {
              "Name": "Public Web RT"
            },
            "timeouts": null,
            "vpc_id": "vpc-014ebaf2b40786005"
          },
          "sensitive_attributes": [],
          "identity_schema_version": 0,
          "private": "eyJlMmJmYjczMC1lY2FhLTExZTYtOGY4OC0zNDM2M2JjN2M0YzAiOnsiY3JlYXRlIjozMDAwMDAwMDAwMDAsImRlbGV0ZSI6MzAwMDAwMDAwMDAwLCJ1cGRhdGUiOjEyMDAwMDAwMDAwMH19",
          "dependencies": [
            "aws_internet_gateway.igw",
            "aws_vpc.dipen_custom-vpc"
          ]
        }
      ]
    },
    {
      "mode": "managed",
      "type": "aws_route_table_association",
      "name": "private_app_rt_1",
      "provider": "provider[\"registry.terraform.io/hashicorp/aws\"]",
      "instances": [
        {
          "schema_version": 0,
          "attributes": {
            "gateway_id": "",
            "id": "rtbassoc-05f5b24ad60f6a008",
            "region": "us-east-2",
            "route_table_id": "rtb-0a46566ef962fa7cf",
            "subnet_id": "subnet-0acea511b42f0d49d",
            "timeouts": null
          },
          "sensitive_attributes": [],
          "identity_schema_version": 0,
          "private": "eyJlMmJmYjczMC1lY2FhLTExZTYtOGY4OC0zNDM2M2JjN2M0YzAiOnsiY3JlYXRlIjozMDAwMDAwMDAwMDAsImRlbGV0ZSI6MzAwMDAwMDAwMDAwLCJ1cGRhdGUiOjEyMDAwMDAwMDAwMH19",
          "dependencies": [
            "aws_eip.nat_gw_ip",
            "aws_internet_gateway.igw",
            "aws_nat_gateway.nat_gw",
            "aws_route_table.private_app_rt",
            "aws_subnet.pri_app_az_1",
            "aws_subnet.pub_web_az_1",
            "aws_vpc.dipen_custom-vpc"
          ]
        }
      ]
    },
    {
      "mode": "managed",
      "type": "aws_route_table_association",
      "name": "private_app_rt_2",
      "provider": "provider[\"registry.terraform.io/hashicorp/aws\"]",
      "instances": [
        {
          "schema_version": 0,
          "attributes": {
            "gateway_id": "",
            "id": "rtbassoc-011ecec930816c43f",
            "region": "us-east-2",
            "route_table_id": "rtb-0a46566ef962fa7cf",
            "subnet_id": "subnet-0c3c07e1f0fbb66a3",
            "timeouts": null
          },
          "sensitive_attributes": [],
          "identity_schema_version": 0,
          "private": "eyJlMmJmYjczMC1lY2FhLTExZTYtOGY4OC0zNDM2M2JjN2M0YzAiOnsiY3JlYXRlIjozMDAwMDAwMDAwMDAsImRlbGV0ZSI6MzAwMDAwMDAwMDAwLCJ1cGRhdGUiOjEyMDAwMDAwMDAwMH19",
          "dependencies": [
            "aws_eip.nat_gw_ip",
            "aws_internet_gateway.igw",
            "aws_nat_gateway.nat_gw",
            "aws_route_table.private_app_rt",
            "aws_subnet.pri_app_az_2",
            "aws_subnet.pub_web_az_1",
            "aws_vpc.dipen_custom-vpc"
          ]
        }
      ]
    },
    {
      "mode": "managed",
      "type": "aws_route_table_association",
      "name": "private_db_rt_1",
      "provider": "provider[\"registry.terraform.io/hashicorp/aws\"]",
      "instances": [
        {
          "schema_version": 0,
          "attributes": {
            "gateway_id": "",
            "id": "rtbassoc-031312d491a569664",
            "region": "us-east-2",
            "route_table_id": "rtb-0a46566ef962fa7cf",
            "subnet_id": "subnet-05fd1c9e245dc1dde",
            "timeouts": null
          },
          "sensitive_attributes": [],
          "identity_schema_version": 0,
          "private": "eyJlMmJmYjczMC1lY2FhLTExZTYtOGY4OC0zNDM2M2JjN2M0YzAiOnsiY3JlYXRlIjozMDAwMDAwMDAwMDAsImRlbGV0ZSI6MzAwMDAwMDAwMDAwLCJ1cGRhdGUiOjEyMDAwMDAwMDAwMH19",
          "dependencies": [
            "aws_eip.nat_gw_ip",
            "aws_internet_gateway.igw",
            "aws_nat_gateway.nat_gw",
            "aws_route_table.private_app_rt",
            "aws_subnet.pri_db_az_1",
            "aws_subnet.pub_web_az_1",
            "aws_vpc.dipen_custom-vpc"
          ]
        }
      ]
    },
    {
      "mode": "managed",
      "type": "aws_route_table_association",
      "name": "private_db_rt_2",
      "provider": "provider[\"registry.terraform.io/hashicorp/aws\"]",
      "instances": [
        {
          "schema_version": 0,
          "attributes": {
            "gateway_id": "",
            "id": "rtbassoc-074f77acacec78588",
            "region": "us-east-2",
            "route_table_id": "rtb-0a46566ef962fa7cf",
            "subnet_id": "subnet-0bd59f40b6bf20b4f",
            "timeouts": null
          },
          "sensitive_attributes": [],
          "identity_schema_version": 0,
          "private": "eyJlMmJmYjczMC1lY2FhLTExZTYtOGY4OC0zNDM2M2JjN2M0YzAiOnsiY3JlYXRlIjozMDAwMDAwMDAwMDAsImRlbGV0ZSI6MzAwMDAwMDAwMDAwLCJ1cGRhdGUiOjEyMDAwMDAwMDAwMH19",
          "dependencies": [
            "aws_eip.nat_gw_ip",
            "aws_internet_gateway.igw",
            "aws_nat_gateway.nat_gw",
            "aws_route_table.private_app_rt",
            "aws_subnet.pri_db_az_2",
            "aws_subnet.pub_web_az_1",
            "aws_vpc.dipen_custom-vpc"
          ]
        }
      ]
    },
    {
      "mode": "managed",
      "type": "aws_route_table_association",
      "name": "public_web_rt_1",
      "provider": "provider[\"registry.terraform.io/hashicorp/aws\"]",
      "instances": [
        {
          "schema_version": 0,
          "attributes": {
            "gateway_id": "",
            "id": "rtbassoc-06c3fa5c875ee7cf0",
            "region": "us-east-2",
            "route_table_id": "rtb-0b60d7a59ebf9d8c2",
            "subnet_id": "subnet-09fc1527d521f61d9",
            "timeouts": null
          },
          "sensitive_attributes": [],
          "identity_schema_version": 0,
          "private": "eyJlMmJmYjczMC1lY2FhLTExZTYtOGY4OC0zNDM2M2JjN2M0YzAiOnsiY3JlYXRlIjozMDAwMDAwMDAwMDAsImRlbGV0ZSI6MzAwMDAwMDAwMDAwLCJ1cGRhdGUiOjEyMDAwMDAwMDAwMH19",
          "dependencies": [
            "aws_internet_gateway.igw",
            "aws_route_table.public_web_rt",
            "aws_subnet.pub_web_az_1",
            "aws_vpc.dipen_custom-vpc"
          ]
        }
      ]
    },
    {
      "mode": "managed",
      "type": "aws_route_table_association",
      "name": "public_web_rt_2",
      "provider": "provider[\"registry.terraform.io/hashicorp/aws\"]",
      "instances": [
        {
          "schema_version": 0,
          "attributes": {
            "gateway_id": "",
            "id": "rtbassoc-031b7c92890388e23",
            "region": "us-east-2",
            "route_table_id": "rtb-0b60d7a59ebf9d8c2",
            "subnet_id": "subnet-0668b671c9cd14815",
            "timeouts": null
          },
          "sensitive_attributes": [],
          "identity_schema_version": 0,
          "private": "eyJlMmJmYjczMC1lY2FhLTExZTYtOGY4OC0zNDM2M2JjN2M0YzAiOnsiY3JlYXRlIjozMDAwMDAwMDAwMDAsImRlbGV0ZSI6MzAwMDAwMDAwMDAwLCJ1cGRhdGUiOjEyMDAwMDAwMDAwMH19",
          "dependencies": [
            "aws_internet_gateway.igw",
            "aws_route_table.public_web_rt",
            "aws_subnet.pub_web_az_2",
            "aws_vpc.dipen_custom-vpc"
          ]
        }
      ]
    },
    {
      "mode": "managed",
      "type": "aws_s3_bucket",
      "name": "app_code_bucket",
      "provider": "provider[\"registry.terraform.io/hashicorp/aws\"]",
      "instances": [
        {
          "schema_version": 0,
          "attributes": {
            "acceleration_status": "",
            "acl": null,
            "arn": "arn:aws:s3:::dipen-app-backend-code",
            "bucket": "dipen-app-backend-code",
            "bucket_domain_name": "dipen-app-backend-code.s3.amazonaws.com",
            "bucket_prefix": "",
            "bucket_region": "us-east-2",
            "bucket_regional_domain_name": "dipen-app-backend-code.s3.us-east-2.amazonaws.com",
            "cors_rule": [],
            "force_destroy": true,
            "grant": [
              {
                "id": "9a625570953ae00ddddce7be53f4094d03e5217e4979ee3454418ce0b85e9bec",
                "permissions": [
                  "FULL_CONTROL"
                ],
                "type": "CanonicalUser",
                "uri": ""
              }
            ],
            "hosted_zone_id": "Z2O1EMRO9K5GLX",
            "id": "dipen-app-backend-code",
            "lifecycle_rule": [],
            "logging": [],
            "object_lock_configuration": [],
            "object_lock_enabled": false,
            "policy": "",
            "region": "us-east-2",
            "replication_configuration": [],
            "request_payer": "BucketOwner",
            "server_side_encryption_configuration": [
              {
                "rule": [
                  {
                    "apply_server_side_encryption_by_default": [
                      {
                        "kms_master_key_id": "",
                        "sse_algorithm": "AES256"
                      }
                    ],
                    "bucket_key_enabled": false
                  }
                ]
              }
            ],
            "tags": {
              "Environment": "Dev",
              "Name": "app-code"
            },
            "tags_all": {
              "Environment": "Dev",
              "Name": "app-code"
            },
            "timeouts": null,
            "versioning": [
              {
                "enabled": false,
                "mfa_delete": false
              }
            ],
            "website": [],
            "website_domain": null,
            "website_endpoint": null
          },
          "sensitive_attributes": [],
          "identity_schema_version": 0,
          "identity": {
            "account_id": "167611893883",
            "bucket": "dipen-app-backend-code",
            "region": "us-east-2"
          },
          "private": "eyJlMmJmYjczMC1lY2FhLTExZTYtOGY4OC0zNDM2M2JjN2M0YzAiOnsiY3JlYXRlIjoxMjAwMDAwMDAwMDAwLCJkZWxldGUiOjM2MDAwMDAwMDAwMDAsInJlYWQiOjEyMDAwMDAwMDAwMDAsInVwZGF0ZSI6MTIwMDAwMDAwMDAwMH19"
        }
      ]
    },
    {
      "mode": "managed",
      "type": "aws_s3_object",
      "name": "get_employees",
      "provider": "provider[\"registry.terraform.io/hashicorp/aws\"]",
      "instances": [
        {
          "schema_version": 0,
          "attributes": {
            "acl": null,
            "arn": "arn:aws:s3:::dipen-app-backend-code/get-employees.php",
            "bucket": "dipen-app-backend-code",
            "bucket_key_enabled": false,
            "cache_control": "",
            "checksum_algorithm": null,
            "checksum_crc32": "",
            "checksum_crc32c": "",
            "checksum_crc64nvme": "",
            "checksum_sha1": "",
            "checksum_sha256": "",
            "content": null,
            "content_base64": null,
            "content_disposition": "",
            "content_encoding": "",
            "content_language": "",
            "content_type": "text/x-php",
            "etag": "24a05ddae47c5a38a9ea59cd0c07cffe",
            "force_destroy": false,
            "id": "dipen-app-backend-code/get-employees.php",
            "key": "get-employees.php",
            "kms_key_id": null,
            "metadata": null,
            "object_lock_legal_hold_status": "",
            "object_lock_mode": "",
            "object_lock_retain_until_date": "",
            "override_provider": [],
            "region": "us-east-2",
            "server_side_encryption": "AES256",
            "source": "./userdata/get-employees.php",
            "source_hash": null,
            "storage_class": "STANDARD",
            "tags": null,
            "tags_all": {},
            "version_id": "",
            "website_redirect": ""
          },
          "sensitive_attributes": [],
          "identity_schema_version": 0,
          "identity": {
            "account_id": "167611893883",
            "bucket": "dipen-app-backend-code",
            "key": "get-employees.php",
            "region": "us-east-2"
          },
          "private": "bnVsbA==",
          "dependencies": [
            "aws_s3_bucket.app_code_bucket"
          ]
        }
      ]
    },
    {
      "mode": "managed",
      "type": "aws_s3_object",
      "name": "submit_form",
      "provider": "provider[\"registry.terraform.io/hashicorp/aws\"]",
      "instances": [
        {
          "schema_version": 0,
          "attributes": {
            "acl": null,
            "arn": "arn:aws:s3:::dipen-app-backend-code/submit-form.php",
            "bucket": "dipen-app-backend-code",
            "bucket_key_enabled": false,
            "cache_control": "",
            "checksum_algorithm": null,
            "checksum_crc32": "",
            "checksum_crc32c": "",
            "checksum_crc64nvme": "",
            "checksum_sha1": "",
            "checksum_sha256": "",
            "content": null,
            "content_base64": null,
            "content_disposition": "",
            "content_encoding": "",
            "content_language": "",
            "content_type": "text/x-php",
            "etag": "ff24ce6f6da4191d334e6a343e6af0d4",
            "force_destroy": false,
            "id": "dipen-app-backend-code/submit-form.php",
            "key": "submit-form.php",
            "kms_key_id": null,
            "metadata": null,
            "object_lock_legal_hold_status": "",
            "object_lock_mode": "",
            "object_lock_retain_until_date": "",
            "override_provider": [],
            "region": "us-east-2",
            "server_side_encryption": "AES256",
            "source": "./userdata/submit-form.php",
            "source_hash": null,
            "storage_class": "STANDARD",
            "tags": null,
            "tags_all": {},
            "version_id": "",
            "website_redirect": ""
          },
          "sensitive_attributes": [],
          "identity_schema_version": 0,
          "identity": {
            "account_id": "167611893883",
            "bucket": "dipen-app-backend-code",
            "key": "submit-form.php",
            "region": "us-east-2"
          },
          "private": "bnVsbA==",
          "dependencies": [
            "aws_s3_bucket.app_code_bucket"
          ]
        }
      ]
    },
    {
      "mode": "managed",
      "type": "aws_security_group",
      "name": "app_tier_sg",
      "provider": "provider[\"registry.terraform.io/hashicorp/aws\"]",
      "instances": [
        {
          "schema_version": 1,
          "attributes": {
            "arn": "arn:aws:ec2:us-east-2:167611893883:security-group/sg-0bd7668b622a3cb2a",
            "description": "Allow HTTP from web tier and all outbound traffic",
            "egress": [],
            "id": "sg-0bd7668b622a3cb2a",
            "ingress": [],
            "name": "app_tier_sg",
            "name_prefix": "",
            "owner_id": "167611893883",
            "region": "us-east-2",
            "revoke_rules_on_delete": false,
            "tags": {
              "Name": "app_tier_sg"
            },
            "tags_all": {
              "Name": "app_tier_sg"
            },
            "timeouts": null,
            "vpc_id": "vpc-014ebaf2b40786005"
          },
          "sensitive_attributes": [],
          "identity_schema_version": 0,
          "private": "eyJlMmJmYjczMC1lY2FhLTExZTYtOGY4OC0zNDM2M2JjN2M0YzAiOnsiY3JlYXRlIjo2MDAwMDAwMDAwMDAsImRlbGV0ZSI6OTAwMDAwMDAwMDAwfSwic2NoZW1hX3ZlcnNpb24iOiIxIn0=",
          "dependencies": [
            "aws_vpc.dipen_custom-vpc"
          ]
        }
      ]
    },
    {
      "mode": "managed",
      "type": "aws_security_group",
      "name": "db_tier_sg",
      "provider": "provider[\"registry.terraform.io/hashicorp/aws\"]",
      "instances": [
        {
          "schema_version": 1,
          "attributes": {
            "arn": "arn:aws:ec2:us-east-2:167611893883:security-group/sg-0d0ab8ce253372133",
            "description": "Allow mysql from app tier and all outbound traffic",
            "egress": [],
            "id": "sg-0d0ab8ce253372133",
            "ingress": [],
            "name": "db_tier_sg",
            "name_prefix": "",
            "owner_id": "167611893883",
            "region": "us-east-2",
            "revoke_rules_on_delete": false,
            "tags": {
              "Name": "db_tier_sg"
            },
            "tags_all": {
              "Name": "db_tier_sg"
            },
            "timeouts": null,
            "vpc_id": "vpc-014ebaf2b40786005"
          },
          "sensitive_attributes": [],
          "identity_schema_version": 0,
          "private": "eyJlMmJmYjczMC1lY2FhLTExZTYtOGY4OC0zNDM2M2JjN2M0YzAiOnsiY3JlYXRlIjo2MDAwMDAwMDAwMDAsImRlbGV0ZSI6OTAwMDAwMDAwMDAwfSwic2NoZW1hX3ZlcnNpb24iOiIxIn0=",
          "dependencies": [
            "aws_vpc.dipen_custom-vpc"
          ]
        }
      ]
    },
    {
      "mode": "managed",
      "type": "aws_security_group",
      "name": "web_tier_sg",
      "provider": "provider[\"registry.terraform.io/hashicorp/aws\"]",
      "instances": [
        {
          "schema_version": 1,
          "attributes": {
            "arn": "arn:aws:ec2:us-east-2:167611893883:security-group/sg-0fb6f6c576eb4ba22",
            "description": "Allow HTTP, HTTPS, and SSH inbound; allow all outbound traffic",
            "egress": [],
            "id": "sg-0fb6f6c576eb4ba22",
            "ingress": [],
            "name": "web_tier_sg",
            "name_prefix": "",
            "owner_id": "167611893883",
            "region": "us-east-2",
            "revoke_rules_on_delete": false,
            "tags": {
              "Name": "web_tier_sg"
            },
            "tags_all": {
              "Name": "web_tier_sg"
            },
            "timeouts": null,
            "vpc_id": "vpc-014ebaf2b40786005"
          },
          "sensitive_attributes": [],
          "identity_schema_version": 0,
          "private": "eyJlMmJmYjczMC1lY2FhLTExZTYtOGY4OC0zNDM2M2JjN2M0YzAiOnsiY3JlYXRlIjo2MDAwMDAwMDAwMDAsImRlbGV0ZSI6OTAwMDAwMDAwMDAwfSwic2NoZW1hX3ZlcnNpb24iOiIxIn0=",
          "dependencies": [
            "aws_vpc.dipen_custom-vpc"
          ]
        }
      ]
    },
    {
      "mode": "managed",
      "type": "aws_subnet",
      "name": "pri_app_az_1",
      "provider": "provider[\"registry.terraform.io/hashicorp/aws\"]",
      "instances": [
        {
          "schema_version": 1,
          "attributes": {
            "arn": "arn:aws:ec2:us-east-2:167611893883:subnet/subnet-0acea511b42f0d49d",
            "assign_ipv6_address_on_creation": false,
            "availability_zone": "us-east-2a",
            "availability_zone_id": "use2-az1",
            "cidr_block": "10.0.3.0/24",
            "customer_owned_ipv4_pool": "",
            "enable_dns64": false,
            "enable_lni_at_device_index": 0,
            "enable_resource_name_dns_a_record_on_launch": false,
            "enable_resource_name_dns_aaaa_record_on_launch": false,
            "id": "subnet-0acea511b42f0d49d",
            "ipv6_cidr_block": "",
            "ipv6_cidr_block_association_id": "",
            "ipv6_native": false,
            "map_customer_owned_ip_on_launch": false,
            "map_public_ip_on_launch": false,
            "outpost_arn": "",
            "owner_id": "167611893883",
            "private_dns_hostname_type_on_launch": "ip-name",
            "region": "us-east-2",
            "tags": {
              "Name": "Private_App_1"
            },
            "tags_all": {
              "Name": "Private_App_1"
            },
            "timeouts": null,
            "vpc_id": "vpc-014ebaf2b40786005"
          },
          "sensitive_attributes": [],
          "identity_schema_version": 0,
          "private": "eyJlMmJmYjczMC1lY2FhLTExZTYtOGY4OC0zNDM2M2JjN2M0YzAiOnsiY3JlYXRlIjo2MDAwMDAwMDAwMDAsImRlbGV0ZSI6MTIwMDAwMDAwMDAwMH0sInNjaGVtYV92ZXJzaW9uIjoiMSJ9",
          "dependencies": [
            "aws_vpc.dipen_custom-vpc"
          ]
        }
      ]
    },
    {
      "mode": "managed",
      "type": "aws_subnet",
      "name": "pri_app_az_2",
      "provider": "provider[\"registry.terraform.io/hashicorp/aws\"]",
      "instances": [
        {
          "schema_version": 1,
          "attributes": {
            "arn": "arn:aws:ec2:us-east-2:167611893883:subnet/subnet-0c3c07e1f0fbb66a3",
            "assign_ipv6_address_on_creation": false,
            "availability_zone": "us-east-2b",
            "availability_zone_id": "use2-az2",
            "cidr_block": "10.0.4.0/24",
            "customer_owned_ipv4_pool": "",
            "enable_dns64": false,
            "enable_lni_at_device_index": 0,
            "enable_resource_name_dns_a_record_on_launch": false,
            "enable_resource_name_dns_aaaa_record_on_launch": false,
            "id": "subnet-0c3c07e1f0fbb66a3",
            "ipv6_cidr_block": "",
            "ipv6_cidr_block_association_id": "",
            "ipv6_native": false,
            "map_customer_owned_ip_on_launch": false,
            "map_public_ip_on_launch": false,
            "outpost_arn": "",
            "owner_id": "167611893883",
            "private_dns_hostname_type_on_launch": "ip-name",
            "region": "us-east-2",
            "tags": {
              "Name": "Private_App_2"
            },
            "tags_all": {
              "Name": "Private_App_2"
            },
            "timeouts": null,
            "vpc_id": "vpc-014ebaf2b40786005"
          },
          "sensitive_attributes": [],
          "identity_schema_version": 0,
          "private": "eyJlMmJmYjczMC1lY2FhLTExZTYtOGY4OC0zNDM2M2JjN2M0YzAiOnsiY3JlYXRlIjo2MDAwMDAwMDAwMDAsImRlbGV0ZSI6MTIwMDAwMDAwMDAwMH0sInNjaGVtYV92ZXJzaW9uIjoiMSJ9",
          "dependencies": [
            "aws_vpc.dipen_custom-vpc"
          ]
        }
      ]
    },
    {
      "mode": "managed",
      "type": "aws_subnet",
      "name": "pri_db_az_1",
      "provider": "provider[\"registry.terraform.io/hashicorp/aws\"]",
      "instances": [
        {
          "schema_version": 1,
          "attributes": {
            "arn": "arn:aws:ec2:us-east-2:167611893883:subnet/subnet-05fd1c9e245dc1dde",
            "assign_ipv6_address_on_creation": false,
            "availability_zone": "us-east-2a",
            "availability_zone_id": "use2-az1",
            "cidr_block": "10.0.5.0/24",
            "customer_owned_ipv4_pool": "",
            "enable_dns64": false,
            "enable_lni_at_device_index": 0,
            "enable_resource_name_dns_a_record_on_launch": false,
            "enable_resource_name_dns_aaaa_record_on_launch": false,
            "id": "subnet-05fd1c9e245dc1dde",
            "ipv6_cidr_block": "",
            "ipv6_cidr_block_association_id": "",
            "ipv6_native": false,
            "map_customer_owned_ip_on_launch": false,
            "map_public_ip_on_launch": false,
            "outpost_arn": "",
            "owner_id": "167611893883",
            "private_dns_hostname_type_on_launch": "ip-name",
            "region": "us-east-2",
            "tags": {
              "Name": "Private_Database_1"
            },
            "tags_all": {
              "Name": "Private_Database_1"
            },
            "timeouts": null,
            "vpc_id": "vpc-014ebaf2b40786005"
          },
          "sensitive_attributes": [],
          "identity_schema_version": 0,
          "private": "eyJlMmJmYjczMC1lY2FhLTExZTYtOGY4OC0zNDM2M2JjN2M0YzAiOnsiY3JlYXRlIjo2MDAwMDAwMDAwMDAsImRlbGV0ZSI6MTIwMDAwMDAwMDAwMH0sInNjaGVtYV92ZXJzaW9uIjoiMSJ9",
          "dependencies": [
            "aws_vpc.dipen_custom-vpc"
          ]
        }
      ]
    },
    {
      "mode": "managed",
      "type": "aws_subnet",
      "name": "pri_db_az_2",
      "provider": "provider[\"registry.terraform.io/hashicorp/aws\"]",
      "instances": [
        {
          "schema_version": 1,
          "attributes": {
            "arn": "arn:aws:ec2:us-east-2:167611893883:subnet/subnet-0bd59f40b6bf20b4f",
            "assign_ipv6_address_on_creation": false,
            "availability_zone": "us-east-2b",
            "availability_zone_id": "use2-az2",
            "cidr_block": "10.0.6.0/24",
            "customer_owned_ipv4_pool": "",
            "enable_dns64": false,
            "enable_lni_at_device_index": 0,
            "enable_resource_name_dns_a_record_on_launch": false,
            "enable_resource_name_dns_aaaa_record_on_launch": false,
            "id": "subnet-0bd59f40b6bf20b4f",
            "ipv6_cidr_block": "",
            "ipv6_cidr_block_association_id": "",
            "ipv6_native": false,
            "map_customer_owned_ip_on_launch": false,
            "map_public_ip_on_launch": false,
            "outpost_arn": "",
            "owner_id": "167611893883",
            "private_dns_hostname_type_on_launch": "ip-name",
            "region": "us-east-2",
            "tags": {
              "Name": "Private_Database_2"
            },
            "tags_all": {
              "Name": "Private_Database_2"
            },
            "timeouts": null,
            "vpc_id": "vpc-014ebaf2b40786005"
          },
          "sensitive_attributes": [],
          "identity_schema_version": 0,
          "private": "eyJlMmJmYjczMC1lY2FhLTExZTYtOGY4OC0zNDM2M2JjN2M0YzAiOnsiY3JlYXRlIjo2MDAwMDAwMDAwMDAsImRlbGV0ZSI6MTIwMDAwMDAwMDAwMH0sInNjaGVtYV92ZXJzaW9uIjoiMSJ9",
          "dependencies": [
            "aws_vpc.dipen_custom-vpc"
          ]
        }
      ]
    },
    {
      "mode": "managed",
      "type": "aws_subnet",
      "name": "pub_web_az_1",
      "provider": "provider[\"registry.terraform.io/hashicorp/aws\"]",
      "instances": [
        {
          "schema_version": 1,
          "attributes": {
            "arn": "arn:aws:ec2:us-east-2:167611893883:subnet/subnet-09fc1527d521f61d9",
            "assign_ipv6_address_on_creation": false,
            "availability_zone": "us-east-2a",
            "availability_zone_id": "use2-az1",
            "cidr_block": "10.0.1.0/24",
            "customer_owned_ipv4_pool": "",
            "enable_dns64": false,
            "enable_lni_at_device_index": 0,
            "enable_resource_name_dns_a_record_on_launch": false,
            "enable_resource_name_dns_aaaa_record_on_launch": false,
            "id": "subnet-09fc1527d521f61d9",
            "ipv6_cidr_block": "",
            "ipv6_cidr_block_association_id": "",
            "ipv6_native": false,
            "map_customer_owned_ip_on_launch": false,
            "map_public_ip_on_launch": true,
            "outpost_arn": "",
            "owner_id": "167611893883",
            "private_dns_hostname_type_on_launch": "ip-name",
            "region": "us-east-2",
            "tags": {
              "Name": "Public_Web_1"
            },
            "tags_all": {
              "Name": "Public_Web_1"
            },
            "timeouts": null,
            "vpc_id": "vpc-014ebaf2b40786005"
          },
          "sensitive_attributes": [],
          "identity_schema_version": 0,
          "private": "eyJlMmJmYjczMC1lY2FhLTExZTYtOGY4OC0zNDM2M2JjN2M0YzAiOnsiY3JlYXRlIjo2MDAwMDAwMDAwMDAsImRlbGV0ZSI6MTIwMDAwMDAwMDAwMH0sInNjaGVtYV92ZXJzaW9uIjoiMSJ9",
          "dependencies": [
            "aws_vpc.dipen_custom-vpc"
          ]
        }
      ]
    },
    {
      "mode": "managed",
      "type": "aws_subnet",
      "name": "pub_web_az_2",
      "provider": "provider[\"registry.terraform.io/hashicorp/aws\"]",
      "instances": [
        {
          "schema_version": 1,
          "attributes": {
            "arn": "arn:aws:ec2:us-east-2:167611893883:subnet/subnet-0668b671c9cd14815",
            "assign_ipv6_address_on_creation": false,
            "availability_zone": "us-east-2b",
            "availability_zone_id": "use2-az2",
            "cidr_block": "10.0.2.0/24",
            "customer_owned_ipv4_pool": "",
            "enable_dns64": false,
            "enable_lni_at_device_index": 0,
            "enable_resource_name_dns_a_record_on_launch": false,
            "enable_resource_name_dns_aaaa_record_on_launch": false,
            "id": "subnet-0668b671c9cd14815",
            "ipv6_cidr_block": "",
            "ipv6_cidr_block_association_id": "",
            "ipv6_native": false,
            "map_customer_owned_ip_on_launch": false,
            "map_public_ip_on_launch": true,
            "outpost_arn": "",
            "owner_id": "167611893883",
            "private_dns_hostname_type_on_launch": "ip-name",
            "region": "us-east-2",
            "tags": {
              "Name": "Public_Web_2"
            },
            "tags_all": {
              "Name": "Public_Web_2"
            },
            "timeouts": null,
            "vpc_id": "vpc-014ebaf2b40786005"
          },
          "sensitive_attributes": [],
          "identity_schema_version": 0,
          "private": "eyJlMmJmYjczMC1lY2FhLTExZTYtOGY4OC0zNDM2M2JjN2M0YzAiOnsiY3JlYXRlIjo2MDAwMDAwMDAwMDAsImRlbGV0ZSI6MTIwMDAwMDAwMDAwMH0sInNjaGVtYV92ZXJzaW9uIjoiMSJ9",
          "dependencies": [
            "aws_vpc.dipen_custom-vpc"
          ]
        }
      ]
    },
    {
      "mode": "managed",
      "type": "aws_vpc",
      "name": "dipen_custom-vpc",
      "provider": "provider[\"registry.terraform.io/hashicorp/aws\"]",
      "instances": [
        {
          "schema_version": 1,
          "attributes": {
            "arn": "arn:aws:ec2:us-east-2:167611893883:vpc/vpc-014ebaf2b40786005",
            "assign_generated_ipv6_cidr_block": false,
            "cidr_block": "10.0.0.0/16",
            "default_network_acl_id": "acl-0f2ea53081fef3746",
            "default_route_table_id": "rtb-002bc5b6d8a805d8e",
            "default_security_group_id": "sg-0f749f0a227cedd58",
            "dhcp_options_id": "dopt-09ed745a1a19ab299",
            "enable_dns_hostnames": true,
            "enable_dns_support": true,
            "enable_network_address_usage_metrics": false,
            "id": "vpc-014ebaf2b40786005",
            "instance_tenancy": "default",
            "ipv4_ipam_pool_id": null,
            "ipv4_netmask_length": null,
            "ipv6_association_id": "",
            "ipv6_cidr_block": "",
            "ipv6_cidr_block_network_border_group": "",
            "ipv6_ipam_pool_id": "",
            "ipv6_netmask_length": 0,
            "main_route_table_id": "rtb-002bc5b6d8a805d8e",
            "owner_id": "167611893883",
            "region": "us-east-2",
            "tags": {
              "Name": "Dipen Custom VPC"
            },
            "tags_all": {
              "Name": "Dipen Custom VPC"
            }
          },
          "sensitive_attributes": [],
          "identity_schema_version": 0,
          "private": "eyJzY2hlbWFfdmVyc2lvbiI6IjEifQ=="
        }
      ]
    },
    {
      "mode": "managed",
      "type": "aws_vpc_security_group_egress_rule",
      "name": "allow_all_traffic_ipv4_app",
      "provider": "provider[\"registry.terraform.io/hashicorp/aws\"]",
      "instances": [
        {
          "schema_version": 0,
          "attributes": {
            "arn": "arn:aws:ec2:us-east-2:167611893883:security-group-rule/sgr-05f0352b5791ccc19",
            "cidr_ipv4": "0.0.0.0/0",
            "cidr_ipv6": null,
            "description": null,
            "from_port": null,
            "id": "sgr-05f0352b5791ccc19",
            "ip_protocol": "-1",
            "prefix_list_id": null,
            "referenced_security_group_id": null,
            "region": "us-east-2",
            "security_group_id": "sg-0bd7668b622a3cb2a",
            "security_group_rule_id": "sgr-05f0352b5791ccc19",
            "tags": null,
            "tags_all": {},
            "to_port": null
          },
          "sensitive_attributes": [],
          "identity_schema_version": 0,
          "dependencies": [
            "aws_security_group.app_tier_sg",
            "aws_vpc.dipen_custom-vpc"
          ]
        }
      ]
    },
    {
      "mode": "managed",
      "type": "aws_vpc_security_group_egress_rule",
      "name": "allow_all_traffic_ipv4_db",
      "provider": "provider[\"registry.terraform.io/hashicorp/aws\"]",
      "instances": [
        {
          "schema_version": 0,
          "attributes": {
            "arn": "arn:aws:ec2:us-east-2:167611893883:security-group-rule/sgr-00affae6e76f2da77",
            "cidr_ipv4": "0.0.0.0/0",
            "cidr_ipv6": null,
            "description": null,
            "from_port": null,
            "id": "sgr-00affae6e76f2da77",
            "ip_protocol": "-1",
            "prefix_list_id": null,
            "referenced_security_group_id": null,
            "region": "us-east-2",
            "security_group_id": "sg-0d0ab8ce253372133",
            "security_group_rule_id": "sgr-00affae6e76f2da77",
            "tags": null,
            "tags_all": {},
            "to_port": null
          },
          "sensitive_attributes": [],
          "identity_schema_version": 0,
          "dependencies": [
            "aws_security_group.db_tier_sg",
            "aws_vpc.dipen_custom-vpc"
          ]
        }
      ]
    },
    {
      "mode": "managed",
      "type": "aws_vpc_security_group_egress_rule",
      "name": "allow_all_web_traffic_ipv4",
      "provider": "provider[\"registry.terraform.io/hashicorp/aws\"]",
      "instances": [
        {
          "schema_version": 0,
          "attributes": {
            "arn": "arn:aws:ec2:us-east-2:167611893883:security-group-rule/sgr-0e652e3797e622661",
            "cidr_ipv4": "0.0.0.0/0",
            "cidr_ipv6": null,
            "description": null,
            "from_port": null,
            "id": "sgr-0e652e3797e622661",
            "ip_protocol": "-1",
            "prefix_list_id": null,
            "referenced_security_group_id": null,
            "region": "us-east-2",
            "security_group_id": "sg-0fb6f6c576eb4ba22",
            "security_group_rule_id": "sgr-0e652e3797e622661",
            "tags": null,
            "tags_all": {},
            "to_port": null
          },
          "sensitive_attributes": [],
          "identity_schema_version": 0,
          "dependencies": [
            "aws_security_group.web_tier_sg",
            "aws_vpc.dipen_custom-vpc"
          ]
        }
      ]
    },
    {
      "mode": "managed",
      "type": "aws_vpc_security_group_ingress_rule",
      "name": "allow_http_from_web_sg",
      "provider": "provider[\"registry.terraform.io/hashicorp/aws\"]",
      "instances": [
        {
          "schema_version": 0,
          "attributes": {
            "arn": "arn:aws:ec2:us-east-2:167611893883:security-group-rule/sgr-01b1a76a9ddaca237",
            "cidr_ipv4": null,
            "cidr_ipv6": null,
            "description": null,
            "from_port": 80,
            "id": "sgr-01b1a76a9ddaca237",
            "ip_protocol": "tcp",
            "prefix_list_id": null,
            "referenced_security_group_id": "sg-0fb6f6c576eb4ba22",
            "region": "us-east-2",
            "security_group_id": "sg-0bd7668b622a3cb2a",
            "security_group_rule_id": "sgr-01b1a76a9ddaca237",
            "tags": null,
            "tags_all": {},
            "to_port": 80
          },
          "sensitive_attributes": [],
          "identity_schema_version": 0,
          "dependencies": [
            "aws_security_group.app_tier_sg",
            "aws_security_group.web_tier_sg",
            "aws_vpc.dipen_custom-vpc"
          ]
        }
      ]
    },
    {
      "mode": "managed",
      "type": "aws_vpc_security_group_ingress_rule",
      "name": "allow_http_ipv4_web",
      "provider": "provider[\"registry.terraform.io/hashicorp/aws\"]",
      "instances": [
        {
          "schema_version": 0,
          "attributes": {
            "arn": "arn:aws:ec2:us-east-2:167611893883:security-group-rule/sgr-019be7796b1c9b4f7",
            "cidr_ipv4": "0.0.0.0/0",
            "cidr_ipv6": null,
            "description": null,
            "from_port": 80,
            "id": "sgr-019be7796b1c9b4f7",
            "ip_protocol": "tcp",
            "prefix_list_id": null,
            "referenced_security_group_id": null,
            "region": "us-east-2",
            "security_group_id": "sg-0fb6f6c576eb4ba22",
            "security_group_rule_id": "sgr-019be7796b1c9b4f7",
            "tags": null,
            "tags_all": {},
            "to_port": 80
          },
          "sensitive_attributes": [],
          "identity_schema_version": 0,
          "dependencies": [
            "aws_security_group.web_tier_sg",
            "aws_vpc.dipen_custom-vpc"
          ]
        }
      ]
    },
    {
      "mode": "managed",
      "type": "aws_vpc_security_group_ingress_rule",
      "name": "allow_https_ipv4_web",
      "provider": "provider[\"registry.terraform.io/hashicorp/aws\"]",
      "instances": [
        {
          "schema_version": 0,
          "attributes": {
            "arn": "arn:aws:ec2:us-east-2:167611893883:security-group-rule/sgr-08b4d1ca34ba52207",
            "cidr_ipv4": "0.0.0.0/0",
            "cidr_ipv6": null,
            "description": null,
            "from_port": 443,
            "id": "sgr-08b4d1ca34ba52207",
            "ip_protocol": "tcp",
            "prefix_list_id": null,
            "referenced_security_group_id": null,
            "region": "us-east-2",
            "security_group_id": "sg-0fb6f6c576eb4ba22",
            "security_group_rule_id": "sgr-08b4d1ca34ba52207",
            "tags": null,
            "tags_all": {},
            "to_port": 443
          },
          "sensitive_attributes": [],
          "identity_schema_version": 0,
          "dependencies": [
            "aws_security_group.web_tier_sg",
            "aws_vpc.dipen_custom-vpc"
          ]
        }
      ]
    },
    {
      "mode": "managed",
      "type": "aws_vpc_security_group_ingress_rule",
      "name": "allow_mysql_from_app_sg",
      "provider": "provider[\"registry.terraform.io/hashicorp/aws\"]",
      "instances": [
        {
          "schema_version": 0,
          "attributes": {
            "arn": "arn:aws:ec2:us-east-2:167611893883:security-group-rule/sgr-022963686f4c7c09d",
            "cidr_ipv4": null,
            "cidr_ipv6": null,
            "description": null,
            "from_port": 3306,
            "id": "sgr-022963686f4c7c09d",
            "ip_protocol": "tcp",
            "prefix_list_id": null,
            "referenced_security_group_id": "sg-0bd7668b622a3cb2a",
            "region": "us-east-2",
            "security_group_id": "sg-0d0ab8ce253372133",
            "security_group_rule_id": "sgr-022963686f4c7c09d",
            "tags": null,
            "tags_all": {},
            "to_port": 3306
          },
          "sensitive_attributes": [],
          "identity_schema_version": 0,
          "dependencies": [
            "aws_security_group.app_tier_sg",
            "aws_security_group.db_tier_sg",
            "aws_vpc.dipen_custom-vpc"
          ]
        }
      ]
    },
    {
      "mode": "managed",
      "type": "aws_vpc_security_group_ingress_rule",
      "name": "allow_ssh_ipv4_web",
      "provider": "provider[\"registry.terraform.io/hashicorp/aws\"]",
      "instances": [
        {
          "schema_version": 0,
          "attributes": {
            "arn": "arn:aws:ec2:us-east-2:167611893883:security-group-rule/sgr-00e71f5862ff7cb55",
            "cidr_ipv4": "0.0.0.0/0",
            "cidr_ipv6": null,
            "description": null,
            "from_port": 22,
            "id": "sgr-00e71f5862ff7cb55",
            "ip_protocol": "tcp",
            "prefix_list_id": null,
            "referenced_security_group_id": null,
            "region": "us-east-2",
            "security_group_id": "sg-0fb6f6c576eb4ba22",
            "security_group_rule_id": "sgr-00e71f5862ff7cb55",
            "tags": null,
            "tags_all": {},
            "to_port": 22
          },
          "sensitive_attributes": [],
          "identity_schema_version": 0,
          "dependencies": [
            "aws_security_group.web_tier_sg",
            "aws_vpc.dipen_custom-vpc"
          ]
        }
      ]
    },
    {
      "mode": "managed",
      "type": "local_file",
      "name": "save_private_key",
      "provider": "provider[\"registry.terraform.io/hashicorp/local\"]",
      "instances": [
        {
          "schema_version": 0,
          "attributes": {
            "content": "-----BEGIN RSA PRIVATE KEY-----\nMIIJKAIBAAKCAgEAuYVdHu3OIjjI7RfVTk55s6FXq89U0Lh5p4uE+1ETA/pTjsJI\nQMQzikvdl2zre+bJTjA0RPbm9/0k5F8SR3aH926NxHouqkdxVhpzyk52QJXLNdat\nTw6PS4cL9/7MhHe7nyYM4C1DhA3PBGnq0F21K7rd5VfQ8JR1zrpEVMtGORBd0wQN\nTD6lgKOoUulJYm0ms/w9ZSrwfb52rgGLRuL2EYcwaZKeVGV8gyyZrgIAJ0DuEipq\nRI0SLMQPTiRF5TNd1Wu2IghZ7r6hSTUYLsnihpSvoZ5JCEP1Rok66aWYZwKi1K8y\nf1idBefFPEm0AGgna8awdRCuBls6CDe4IY5+qE/x/xBL+PnoaIi+0O53clQp7fU0\nStZ1zbONiSWU94dCyQmOgM/jnXIqNf55p29OybZkiKz8LADsnVAnVevufUp4KQM7\nns5hE3PUjb1UeMBn3Hz5tH+bqfRumHAUZH9FGYhjPEpiN4NVVm/R0Z2sOt3ymWjd\nVMmxUi3JL7hJOEdS/qWaqEvr/AB1zJ2CO9dMp5QWph4aaWrtOPXR0dpHgUUSoe/a\nVyThFM1a0WDg2bLC+aBDYEWfpZnoPpQFvCqjh+JYLeU15yWf9iI9oGTlGSbd84CQ\n4OBlErUBWDACvoMqXvcyVcC4sC9bvwJSfC5EiToqA0Ruf5wQW9eoFPGoL3sCAwEA\nAQKCAgBTTvmNmYE+6dwEZ/bv9pp9GR8q9mwiXCy5GZRqXLJaz271RPY4K0Lvv/iu\ndoladr0AIPJf47W9N854xN6K+8W7zUfZKnrJGVLiNPe5Kbm9b+a0cwYZYbLkWiz8\nPM2vUKsOoQIYKwtOAftsAnog/muMSxo40lHvruMmJYvove13U4umZgPosJsWZKeC\nL+M10UkXetZBF2KuPLjDk8rs1p9kKJ6LUf1KbdZXe1A5jQlvlx8xRh25UdYPBy3O\nS8idT4879uXva2ujI7R+kNqerCbOg3dI7rDiBs5eUeKEKEoDO/JN6qyU9gBxNe5i\nj8BGjH7jTXJQ52AWV6H8LbVAUGI8Q9rWrmCCri7IBbj8QoCYewHB/uDWnhOAFIW7\nnnHHrdRREBq0Fq6bf27NO5uZtiwWvhqMWBKp/fRGm66X6CXkURIQpxy239TZ+eMB\ndYUq8yJi3Bu8FCht3g16XRQY6eJoNEilplZiveLEqY5CoDwjNzxndfPyAKqYOze/\nEH+bdykr8hvm/v539I1PIhp9RimHEOs7dw/voRLq8mnlpp8X7Mqqyf0Pl46yDBsL\nh/2ePqd/0MbsJeE2/c/YWXJxpmKmC3DoV5T08uQBm+HHUsG7bGZtgHo5JcOKc5NN\nuSL0e7Nt40xWx1WUD0HdeAsamIhjUvFhbJfRKF8Z5/ZSQGSCZQKCAQEA49Ij+2nd\n07wnhb8Dc30k0Rl1OEsOKKyylpw6m2mW4ZKIv5K8dGKPQAanGvPM8ZQsjA1ytH1A\nufIFFHlO39MZqhfTca6Lgv9gI7OTQUH0xcIMRAL+WJtQvhp3JpwIwDsSeElKwzKB\n3N6cGO0bZ4hAXQwf0nxXLfVGFP37WD6fwP0jvUIXaJvHzppIn3ODDtN6GFd70atY\nqim0mzytVfpLLKhFF3VrpXJQbsBYBpv7BqLqovwGbVKjJtoQXJYYgI4Mc1sER24R\n/QqpqraL7NZDsyn8lgaESlh1wZnUcl/4i7WqhkP4rGL2MOF3qWGJB1Ek9IE/S7S5\natxAiFzAAVqWNQKCAQEA0HfQHE5SiWiZixLjTAXrjNBGWWYWACYRcbauKMQZua6/\nR0jXNWkbMQKCmSQp528BTcSGerUV7AApTFufmpya6WdD5T9PAbSgmZOwtdXWb7H6\nh2mhECrEir4hIl+6WYa5NRb5Mjd0gvkHzIyQ0ecKMnnCs6IzhbIG9R/tkcv5SZCO\nxyuUVoCkshDtvnJhUfV5/mZBmrTDNlKZKahlkxrRq1P0ODvq6ffaq6f7ZPMltnUM\nzJpOqhXlN4/KYxjQ8n59YrldyYYnBhoKrMK62YkkHRhadPP+cIr+1AM+7gaEO65U\nN8c/vK3DYaYBYBzZ6VnEwX0Twb0e+6xqr3GoGeyk7wKCAQAoRLyXc98BzgAuY9T4\nVOZtD1Lo4FtgVSY7+OFjFwbUWFJTilxFNiab6pEe8nkHOmmlV7suq/UE6QJ82/RV\nG7stlYiKT4/ZV8pmhRdCMaZSTjpcyyqp/soG0Ca/bFUfpVFecZYFaqgJok91GHP/\nmNXHnJ0DV3cRaIk6rKoArxENy7DFgykgFGj828h6ZrCDrl2mb9Ay/1ZsvXJu/gql\nZ9hhzFxqCRc95zbQXK8ye9+jDKjsph98s16jP2gk9WLfVjxdJ3laJtqHH5td0WZq\nNnVA9ervmbdIbNpjng0vKkeEalf544nQ7q0VdsTv642M/YrKrQ3DE+6yNLwzXjGS\nC7EBAoIBAQCKA4hn9QJ3riRZCnwozJKReyHX9doC5zENU6AhpRJS9/nyu6qe1aMG\n416K/IIxkjAOyFkvy8tjnwe4YcBcn+l/NLqifzNTMb5RbpHDEHsTH4V5ONlE1suf\n/xf4pd+9fZAIMdlxAX3FaBFdvoHyNT9vA2V/f5cUoDQy/JxPtfaoWWftPFDMpAZl\nTQfY2ejMVfQaFKDCR4Il6LE1/yKgLVU6VC6PPDveAhVnJ6Mrxj3lecCrhE0oFa7X\nBf87dCaBJHTmc0pALOyRAZSno5QIiN671G+ulgqRf7QNsMhs1SueR1/CPctYosGD\nWF/4vaEW+DNm1ePKk+Z7QD6xQFHGOAFJAoIBABGlo3HX3dHUiWKnl6kW4I/onGX1\nHAx9W3C7RjIp7t6URF6lfgdz+ImYsZis3eyinfi8SoHn7ZEOwaCy26GZFKCyXg8G\nNNselm/2nJAh07RGKWMnNLUFLZhO0j6gcArS2mqNt2EIT8Kdlh27XmK/X98+x+k9\nKwn0qZ15KKXBqoiwdttiOGfxPZxiQ0R6fzQHaa9tXDQAbPEyI33CcfxB+ptlBejG\nPjANqZIgUwBZ9nDGVNc8j4FLfbjYAgrN9z455g4lF/0E4eAy7EdgixmV9wKAKuf7\n8WcJM/QNiGKSLnJrvrEcxkNYPmEZtyMUuOhULpnxm7EVeFvN7nwkW8f44YU=\n-----END RSA PRIVATE KEY-----\n",
            "content_base64": null,
            "content_base64sha256": "6/eGoIW3J6CYf5/+mDFuW7Blm5fawrbVjRiQ7YyPhxo=",
            "content_base64sha512": "Mq87TDTYTnoUCXRATu2J3TVHjl518Ujlkpz5NLG5TUs/msQNKM3RaSJx44SFhzqsfCbKaN63NHFsQuBTb5minw==",
            "content_md5": "7eebf398a3dffad90d5e6f01f0fa058b",
            "content_sha1": "a7bfb9b48b7ef61eb51cb979a01aec394331f55d",
            "content_sha256": "ebf786a085b727a0987f9ffe98316e5bb0659b97dac2b6d58d1890ed8c8f871a",
            "content_sha512": "32af3b4c34d84e7a140974404eed89dd35478e5e75f148e5929cf934b1b94d4b3f9ac40d28cdd1692271e38485873aac7c26ca68deb734716c42e0536f99a29f",
            "directory_permission": "0777",
            "file_permission": "0600",
            "filename": "./dipen-keypair.pem",
            "id": "a7bfb9b48b7ef61eb51cb979a01aec394331f55d",
            "sensitive_content": null,
            "source": null
          },
          "sensitive_attributes": [
            [
              {
                "type": "get_attr",
                "value": "content"
              }
            ],
            [
              {
                "type": "get_attr",
                "value": "sensitive_content"
              }
            ]
          ],
          "identity_schema_version": 0,
          "dependencies": [
            "tls_private_key.dipen_key"
          ]
        }
      ]
    },
    {
      "mode": "managed",
      "type": "tls_private_key",
      "name": "dipen_key",
      "provider": "provider[\"registry.terraform.io/hashicorp/tls\"]",
      "instances": [
        {
          "schema_version": 1,
          "attributes": {
            "algorithm": "RSA",
            "ecdsa_curve": "P224",
            "id": "dec7fe0feaab15f6f2a39babbd1856b2c376e75d",
            "private_key_openssh": "-----BEGIN OPENSSH PRIVATE KEY-----\nb3BlbnNzaC1rZXktdjEAAAAABG5vbmUAAAAEbm9uZQAAAAAAAAABAAACFwAAAAdz\nc2gtcnNhAAAAAwEAAQAAAgEAuYVdHu3OIjjI7RfVTk55s6FXq89U0Lh5p4uE+1ET\nA/pTjsJIQMQzikvdl2zre+bJTjA0RPbm9/0k5F8SR3aH926NxHouqkdxVhpzyk52\nQJXLNdatTw6PS4cL9/7MhHe7nyYM4C1DhA3PBGnq0F21K7rd5VfQ8JR1zrpEVMtG\nORBd0wQNTD6lgKOoUulJYm0ms/w9ZSrwfb52rgGLRuL2EYcwaZKeVGV8gyyZrgIA\nJ0DuEipqRI0SLMQPTiRF5TNd1Wu2IghZ7r6hSTUYLsnihpSvoZ5JCEP1Rok66aWY\nZwKi1K8yf1idBefFPEm0AGgna8awdRCuBls6CDe4IY5+qE/x/xBL+PnoaIi+0O53\nclQp7fU0StZ1zbONiSWU94dCyQmOgM/jnXIqNf55p29OybZkiKz8LADsnVAnVevu\nfUp4KQM7ns5hE3PUjb1UeMBn3Hz5tH+bqfRumHAUZH9FGYhjPEpiN4NVVm/R0Z2s\nOt3ymWjdVMmxUi3JL7hJOEdS/qWaqEvr/AB1zJ2CO9dMp5QWph4aaWrtOPXR0dpH\ngUUSoe/aVyThFM1a0WDg2bLC+aBDYEWfpZnoPpQFvCqjh+JYLeU15yWf9iI9oGTl\nGSbd84CQ4OBlErUBWDACvoMqXvcyVcC4sC9bvwJSfC5EiToqA0Ruf5wQW9eoFPGo\nL3sAAAc4DnXvGw517xsAAAAHc3NoLXJzYQAAAgEAuYVdHu3OIjjI7RfVTk55s6FX\nq89U0Lh5p4uE+1ETA/pTjsJIQMQzikvdl2zre+bJTjA0RPbm9/0k5F8SR3aH926N\nxHouqkdxVhpzyk52QJXLNdatTw6PS4cL9/7MhHe7nyYM4C1DhA3PBGnq0F21K7rd\n5VfQ8JR1zrpEVMtGORBd0wQNTD6lgKOoUulJYm0ms/w9ZSrwfb52rgGLRuL2EYcw\naZKeVGV8gyyZrgIAJ0DuEipqRI0SLMQPTiRF5TNd1Wu2IghZ7r6hSTUYLsnihpSv\noZ5JCEP1Rok66aWYZwKi1K8yf1idBefFPEm0AGgna8awdRCuBls6CDe4IY5+qE/x\n/xBL+PnoaIi+0O53clQp7fU0StZ1zbONiSWU94dCyQmOgM/jnXIqNf55p29OybZk\niKz8LADsnVAnVevufUp4KQM7ns5hE3PUjb1UeMBn3Hz5tH+bqfRumHAUZH9FGYhj\nPEpiN4NVVm/R0Z2sOt3ymWjdVMmxUi3JL7hJOEdS/qWaqEvr/AB1zJ2CO9dMp5QW\nph4aaWrtOPXR0dpHgUUSoe/aVyThFM1a0WDg2bLC+aBDYEWfpZnoPpQFvCqjh+JY\nLeU15yWf9iI9oGTlGSbd84CQ4OBlErUBWDACvoMqXvcyVcC4sC9bvwJSfC5EiToq\nA0Ruf5wQW9eoFPGoL3sAAAADAQABAAACAFNO+Y2ZgT7p3ARn9u/2mn0ZHyr2bCJc\nLLkZlGpcslrPbvVE9jgrQu+/+K52iVp2vQAg8l/jtb03znjE3or7xbvNR9kqeskZ\nUuI097kpub1v5rRzBhlhsuRaLPw8za9Qqw6hAhgrC04B+2wCeiD+a4xLGjjSUe+u\n4yYli+i97XdTi6ZmA+iwmxZkp4Iv4zXRSRd61kEXYq48uMOTyuzWn2QonotR/Upt\n1ld7UDmNCW+XHzFGHblR1g8HLc5LyJ1Pjzv25e9ra6MjtH6Q2p6sJs6Dd0jusOIG\nzl5R4oQoSgM78k3qrJT2AHE17mKPwEaMfuNNclDnYBZXofwttUBQYjxD2tauYIKu\nLsgFuPxCgJh7AcH+4NaeE4AUhbueccet1FEQGrQWrpt/bs07m5m2LBa+GoxYEqn9\n9EabrpfoJeRREhCnHLbf1Nn54wF1hSrzImLcG7wUKG3eDXpdFBjp4mg0SKWmVmK9\n4sSpjkKgPCM3PGd18/IAqpg7N78Qf5t3KSvyG+b+/nf0jU8iGn1GKYcQ6zt3D++h\nEuryaeWmnxfsyqrJ/Q+XjrIMGwuH/Z4+p3/Qxuwl4Tb9z9hZcnGmYqYLcOhXlPTy\n5AGb4cdSwbtsZm2Aejklw4pzk025IvR7s23jTFbHVZQPQd14CxqYiGNS8WFsl9Eo\nXxnn9lJAZIJlAAABABGlo3HX3dHUiWKnl6kW4I/onGX1HAx9W3C7RjIp7t6URF6l\nfgdz+ImYsZis3eyinfi8SoHn7ZEOwaCy26GZFKCyXg8GNNselm/2nJAh07RGKWMn\nNLUFLZhO0j6gcArS2mqNt2EIT8Kdlh27XmK/X98+x+k9Kwn0qZ15KKXBqoiwdtti\nOGfxPZxiQ0R6fzQHaa9tXDQAbPEyI33CcfxB+ptlBejGPjANqZIgUwBZ9nDGVNc8\nj4FLfbjYAgrN9z455g4lF/0E4eAy7EdgixmV9wKAKuf78WcJM/QNiGKSLnJrvrEc\nxkNYPmEZtyMUuOhULpnxm7EVeFvN7nwkW8f44YUAAAEBAOPSI/tp3dO8J4W/A3N9\nJNEZdThLDiisspacOptpluGSiL+SvHRij0AGpxrzzPGULIwNcrR9QLnyBRR5Tt/T\nGaoX03Gui4L/YCOzk0FB9MXCDEQC/libUL4adyacCMA7EnhJSsMygdzenBjtG2eI\nQF0MH9J8Vy31RhT9+1g+n8D9I71CF2ibx86aSJ9zgw7TehhXe9GrWKoptJs8rVX6\nSyyoRRd1a6VyUG7AWAab+wai6qL8Bm1SoybaEFyWGICODHNbBEduEf0Kqaq2i+zW\nQ7Mp/JYGhEpYdcGZ1HJf+Iu1qoZD+Kxi9jDhd6lhiQdRJPSBP0u0uWrcQIhcwAFa\nljUAAAEBANB30BxOUolomYsS40wF64zQRllmFgAmEXG2rijEGbmuv0dI1zVpGzEC\ngpkkKedvAU3Ehnq1FewAKUxbn5qcmulnQ+U/TwG0oJmTsLXV1m+x+odpoRAqxIq+\nISJfulmGuTUW+TI3dIL5B8yMkNHnCjJ5wrOiM4WyBvUf7ZHL+UmQjscrlFaApLIQ\n7b5yYVH1ef5mQZq0wzZSmSmoZZMa0atT9Dg76un32qun+2TzJbZ1DMyaTqoV5TeP\nymMY0PJ+fWK5XcmGJwYaCqzCutmJJB0YWnTz/nCK/tQDPu4GhDuuVDfHP7ytw2Gm\nAWAc2elZxMF9E8G9Hvusaq9xqBnspO8AAAAAAQID\n-----END OPENSSH PRIVATE KEY-----\n",
            "private_key_pem": "-----BEGIN RSA PRIVATE KEY-----\nMIIJKAIBAAKCAgEAuYVdHu3OIjjI7RfVTk55s6FXq89U0Lh5p4uE+1ETA/pTjsJI\nQMQzikvdl2zre+bJTjA0RPbm9/0k5F8SR3aH926NxHouqkdxVhpzyk52QJXLNdat\nTw6PS4cL9/7MhHe7nyYM4C1DhA3PBGnq0F21K7rd5VfQ8JR1zrpEVMtGORBd0wQN\nTD6lgKOoUulJYm0ms/w9ZSrwfb52rgGLRuL2EYcwaZKeVGV8gyyZrgIAJ0DuEipq\nRI0SLMQPTiRF5TNd1Wu2IghZ7r6hSTUYLsnihpSvoZ5JCEP1Rok66aWYZwKi1K8y\nf1idBefFPEm0AGgna8awdRCuBls6CDe4IY5+qE/x/xBL+PnoaIi+0O53clQp7fU0\nStZ1zbONiSWU94dCyQmOgM/jnXIqNf55p29OybZkiKz8LADsnVAnVevufUp4KQM7\nns5hE3PUjb1UeMBn3Hz5tH+bqfRumHAUZH9FGYhjPEpiN4NVVm/R0Z2sOt3ymWjd\nVMmxUi3JL7hJOEdS/qWaqEvr/AB1zJ2CO9dMp5QWph4aaWrtOPXR0dpHgUUSoe/a\nVyThFM1a0WDg2bLC+aBDYEWfpZnoPpQFvCqjh+JYLeU15yWf9iI9oGTlGSbd84CQ\n4OBlErUBWDACvoMqXvcyVcC4sC9bvwJSfC5EiToqA0Ruf5wQW9eoFPGoL3sCAwEA\nAQKCAgBTTvmNmYE+6dwEZ/bv9pp9GR8q9mwiXCy5GZRqXLJaz271RPY4K0Lvv/iu\ndoladr0AIPJf47W9N854xN6K+8W7zUfZKnrJGVLiNPe5Kbm9b+a0cwYZYbLkWiz8\nPM2vUKsOoQIYKwtOAftsAnog/muMSxo40lHvruMmJYvove13U4umZgPosJsWZKeC\nL+M10UkXetZBF2KuPLjDk8rs1p9kKJ6LUf1KbdZXe1A5jQlvlx8xRh25UdYPBy3O\nS8idT4879uXva2ujI7R+kNqerCbOg3dI7rDiBs5eUeKEKEoDO/JN6qyU9gBxNe5i\nj8BGjH7jTXJQ52AWV6H8LbVAUGI8Q9rWrmCCri7IBbj8QoCYewHB/uDWnhOAFIW7\nnnHHrdRREBq0Fq6bf27NO5uZtiwWvhqMWBKp/fRGm66X6CXkURIQpxy239TZ+eMB\ndYUq8yJi3Bu8FCht3g16XRQY6eJoNEilplZiveLEqY5CoDwjNzxndfPyAKqYOze/\nEH+bdykr8hvm/v539I1PIhp9RimHEOs7dw/voRLq8mnlpp8X7Mqqyf0Pl46yDBsL\nh/2ePqd/0MbsJeE2/c/YWXJxpmKmC3DoV5T08uQBm+HHUsG7bGZtgHo5JcOKc5NN\nuSL0e7Nt40xWx1WUD0HdeAsamIhjUvFhbJfRKF8Z5/ZSQGSCZQKCAQEA49Ij+2nd\n07wnhb8Dc30k0Rl1OEsOKKyylpw6m2mW4ZKIv5K8dGKPQAanGvPM8ZQsjA1ytH1A\nufIFFHlO39MZqhfTca6Lgv9gI7OTQUH0xcIMRAL+WJtQvhp3JpwIwDsSeElKwzKB\n3N6cGO0bZ4hAXQwf0nxXLfVGFP37WD6fwP0jvUIXaJvHzppIn3ODDtN6GFd70atY\nqim0mzytVfpLLKhFF3VrpXJQbsBYBpv7BqLqovwGbVKjJtoQXJYYgI4Mc1sER24R\n/QqpqraL7NZDsyn8lgaESlh1wZnUcl/4i7WqhkP4rGL2MOF3qWGJB1Ek9IE/S7S5\natxAiFzAAVqWNQKCAQEA0HfQHE5SiWiZixLjTAXrjNBGWWYWACYRcbauKMQZua6/\nR0jXNWkbMQKCmSQp528BTcSGerUV7AApTFufmpya6WdD5T9PAbSgmZOwtdXWb7H6\nh2mhECrEir4hIl+6WYa5NRb5Mjd0gvkHzIyQ0ecKMnnCs6IzhbIG9R/tkcv5SZCO\nxyuUVoCkshDtvnJhUfV5/mZBmrTDNlKZKahlkxrRq1P0ODvq6ffaq6f7ZPMltnUM\nzJpOqhXlN4/KYxjQ8n59YrldyYYnBhoKrMK62YkkHRhadPP+cIr+1AM+7gaEO65U\nN8c/vK3DYaYBYBzZ6VnEwX0Twb0e+6xqr3GoGeyk7wKCAQAoRLyXc98BzgAuY9T4\nVOZtD1Lo4FtgVSY7+OFjFwbUWFJTilxFNiab6pEe8nkHOmmlV7suq/UE6QJ82/RV\nG7stlYiKT4/ZV8pmhRdCMaZSTjpcyyqp/soG0Ca/bFUfpVFecZYFaqgJok91GHP/\nmNXHnJ0DV3cRaIk6rKoArxENy7DFgykgFGj828h6ZrCDrl2mb9Ay/1ZsvXJu/gql\nZ9hhzFxqCRc95zbQXK8ye9+jDKjsph98s16jP2gk9WLfVjxdJ3laJtqHH5td0WZq\nNnVA9ervmbdIbNpjng0vKkeEalf544nQ7q0VdsTv642M/YrKrQ3DE+6yNLwzXjGS\nC7EBAoIBAQCKA4hn9QJ3riRZCnwozJKReyHX9doC5zENU6AhpRJS9/nyu6qe1aMG\n416K/IIxkjAOyFkvy8tjnwe4YcBcn+l/NLqifzNTMb5RbpHDEHsTH4V5ONlE1suf\n/xf4pd+9fZAIMdlxAX3FaBFdvoHyNT9vA2V/f5cUoDQy/JxPtfaoWWftPFDMpAZl\nTQfY2ejMVfQaFKDCR4Il6LE1/yKgLVU6VC6PPDveAhVnJ6Mrxj3lecCrhE0oFa7X\nBf87dCaBJHTmc0pALOyRAZSno5QIiN671G+ulgqRf7QNsMhs1SueR1/CPctYosGD\nWF/4vaEW+DNm1ePKk+Z7QD6xQFHGOAFJAoIBABGlo3HX3dHUiWKnl6kW4I/onGX1\nHAx9W3C7RjIp7t6URF6lfgdz+ImYsZis3eyinfi8SoHn7ZEOwaCy26GZFKCyXg8G\nNNselm/2nJAh07RGKWMnNLUFLZhO0j6gcArS2mqNt2EIT8Kdlh27XmK/X98+x+k9\nKwn0qZ15KKXBqoiwdttiOGfxPZxiQ0R6fzQHaa9tXDQAbPEyI33CcfxB+ptlBejG\nPjANqZIgUwBZ9nDGVNc8j4FLfbjYAgrN9z455g4lF/0E4eAy7EdgixmV9wKAKuf7\n8WcJM/QNiGKSLnJrvrEcxkNYPmEZtyMUuOhULpnxm7EVeFvN7nwkW8f44YU=\n-----END RSA PRIVATE KEY-----\n",
            "private_key_pem_pkcs8": "-----BEGIN PRIVATE KEY-----\nMIIJQgIBADANBgkqhkiG9w0BAQEFAASCCSwwggkoAgEAAoICAQC5hV0e7c4iOMjt\nF9VOTnmzoVerz1TQuHmni4T7URMD+lOOwkhAxDOKS92XbOt75slOMDRE9ub3/STk\nXxJHdof3bo3Eei6qR3FWGnPKTnZAlcs11q1PDo9Lhwv3/syEd7ufJgzgLUOEDc8E\naerQXbUrut3lV9DwlHXOukRUy0Y5EF3TBA1MPqWAo6hS6UlibSaz/D1lKvB9vnau\nAYtG4vYRhzBpkp5UZXyDLJmuAgAnQO4SKmpEjRIsxA9OJEXlM13Va7YiCFnuvqFJ\nNRguyeKGlK+hnkkIQ/VGiTrppZhnAqLUrzJ/WJ0F58U8SbQAaCdrxrB1EK4GWzoI\nN7ghjn6oT/H/EEv4+ehoiL7Q7ndyVCnt9TRK1nXNs42JJZT3h0LJCY6Az+Odcio1\n/nmnb07JtmSIrPwsAOydUCdV6+59SngpAzuezmETc9SNvVR4wGfcfPm0f5up9G6Y\ncBRkf0UZiGM8SmI3g1VWb9HRnaw63fKZaN1UybFSLckvuEk4R1L+pZqoS+v8AHXM\nnYI710ynlBamHhppau049dHR2keBRRKh79pXJOEUzVrRYODZssL5oENgRZ+lmeg+\nlAW8KqOH4lgt5TXnJZ/2Ij2gZOUZJt3zgJDg4GUStQFYMAK+gype9zJVwLiwL1u/\nAlJ8LkSJOioDRG5/nBBb16gU8agvewIDAQABAoICAFNO+Y2ZgT7p3ARn9u/2mn0Z\nHyr2bCJcLLkZlGpcslrPbvVE9jgrQu+/+K52iVp2vQAg8l/jtb03znjE3or7xbvN\nR9kqeskZUuI097kpub1v5rRzBhlhsuRaLPw8za9Qqw6hAhgrC04B+2wCeiD+a4xL\nGjjSUe+u4yYli+i97XdTi6ZmA+iwmxZkp4Iv4zXRSRd61kEXYq48uMOTyuzWn2Qo\nnotR/Upt1ld7UDmNCW+XHzFGHblR1g8HLc5LyJ1Pjzv25e9ra6MjtH6Q2p6sJs6D\nd0jusOIGzl5R4oQoSgM78k3qrJT2AHE17mKPwEaMfuNNclDnYBZXofwttUBQYjxD\n2tauYIKuLsgFuPxCgJh7AcH+4NaeE4AUhbueccet1FEQGrQWrpt/bs07m5m2LBa+\nGoxYEqn99EabrpfoJeRREhCnHLbf1Nn54wF1hSrzImLcG7wUKG3eDXpdFBjp4mg0\nSKWmVmK94sSpjkKgPCM3PGd18/IAqpg7N78Qf5t3KSvyG+b+/nf0jU8iGn1GKYcQ\n6zt3D++hEuryaeWmnxfsyqrJ/Q+XjrIMGwuH/Z4+p3/Qxuwl4Tb9z9hZcnGmYqYL\ncOhXlPTy5AGb4cdSwbtsZm2Aejklw4pzk025IvR7s23jTFbHVZQPQd14CxqYiGNS\n8WFsl9EoXxnn9lJAZIJlAoIBAQDj0iP7ad3TvCeFvwNzfSTRGXU4Sw4orLKWnDqb\naZbhkoi/krx0Yo9ABqca88zxlCyMDXK0fUC58gUUeU7f0xmqF9NxrouC/2Ajs5NB\nQfTFwgxEAv5Ym1C+GncmnAjAOxJ4SUrDMoHc3pwY7RtniEBdDB/SfFct9UYU/ftY\nPp/A/SO9Qhdom8fOmkifc4MO03oYV3vRq1iqKbSbPK1V+kssqEUXdWulclBuwFgG\nm/sGouqi/AZtUqMm2hBclhiAjgxzWwRHbhH9Cqmqtovs1kOzKfyWBoRKWHXBmdRy\nX/iLtaqGQ/isYvYw4XepYYkHUST0gT9LtLlq3ECIXMABWpY1AoIBAQDQd9AcTlKJ\naJmLEuNMBeuM0EZZZhYAJhFxtq4oxBm5rr9HSNc1aRsxAoKZJCnnbwFNxIZ6tRXs\nAClMW5+anJrpZ0PlP08BtKCZk7C11dZvsfqHaaEQKsSKviEiX7pZhrk1FvkyN3SC\n+QfMjJDR5woyecKzojOFsgb1H+2Ry/lJkI7HK5RWgKSyEO2+cmFR9Xn+ZkGatMM2\nUpkpqGWTGtGrU/Q4O+rp99qrp/tk8yW2dQzMmk6qFeU3j8pjGNDyfn1iuV3JhicG\nGgqswrrZiSQdGFp08/5wiv7UAz7uBoQ7rlQ3xz+8rcNhpgFgHNnpWcTBfRPBvR77\nrGqvcagZ7KTvAoIBAChEvJdz3wHOAC5j1PhU5m0PUujgW2BVJjv44WMXBtRYUlOK\nXEU2JpvqkR7yeQc6aaVXuy6r9QTpAnzb9FUbuy2ViIpPj9lXymaFF0IxplJOOlzL\nKqn+ygbQJr9sVR+lUV5xlgVqqAmiT3UYc/+Y1cecnQNXdxFoiTqsqgCvEQ3LsMWD\nKSAUaPzbyHpmsIOuXaZv0DL/Vmy9cm7+CqVn2GHMXGoJFz3nNtBcrzJ736MMqOym\nH3yzXqM/aCT1Yt9WPF0neVom2ocfm13RZmo2dUD16u+Zt0hs2mOeDS8qR4RqV/nj\nidDurRV2xO/rjYz9isqtDcMT7rI0vDNeMZILsQECggEBAIoDiGf1AneuJFkKfCjM\nkpF7Idf12gLnMQ1ToCGlElL3+fK7qp7VowbjXor8gjGSMA7IWS/Ly2OfB7hhwFyf\n6X80uqJ/M1MxvlFukcMQexMfhXk42UTWy5//F/il3719kAgx2XEBfcVoEV2+gfI1\nP28DZX9/lxSgNDL8nE+19qhZZ+08UMykBmVNB9jZ6MxV9BoUoMJHgiXosTX/IqAt\nVTpULo88O94CFWcnoyvGPeV5wKuETSgVrtcF/zt0JoEkdOZzSkAs7JEBlKejlAiI\n3rvUb66WCpF/tA2wyGzVK55HX8I9y1iiwYNYX/i9oRb4M2bV48qT5ntAPrFAUcY4\nAUkCggEAEaWjcdfd0dSJYqeXqRbgj+icZfUcDH1bcLtGMinu3pREXqV+B3P4iZix\nmKzd7KKd+LxKgeftkQ7BoLLboZkUoLJeDwY02x6Wb/ackCHTtEYpYyc0tQUtmE7S\nPqBwCtLaao23YQhPwp2WHbteYr9f3z7H6T0rCfSpnXkopcGqiLB222I4Z/E9nGJD\nRHp/NAdpr21cNABs8TIjfcJx/EH6m2UF6MY+MA2pkiBTAFn2cMZU1zyPgUt9uNgC\nCs33PjnmDiUX/QTh4DLsR2CLGZX3AoAq5/vxZwkz9A2IYpIucmu+sRzGQ1g+YRm3\nIxS46FQumfGbsRV4W83ufCRbx/jhhQ==\n-----END PRIVATE KEY-----\n",
            "public_key_fingerprint_md5": "8f:62:62:96:d9:23:bb:1c:0f:fc:13:33:2f:85:57:27",
            "public_key_fingerprint_sha256": "SHA256:alCo15J3VBM9WQpHnITkyLgq7UeGm+uLJI8z7BSPSWU",
            "public_key_openssh": "ssh-rsa AAAAB3NzaC1yc2EAAAADAQABAAACAQC5hV0e7c4iOMjtF9VOTnmzoVerz1TQuHmni4T7URMD+lOOwkhAxDOKS92XbOt75slOMDRE9ub3/STkXxJHdof3bo3Eei6qR3FWGnPKTnZAlcs11q1PDo9Lhwv3/syEd7ufJgzgLUOEDc8EaerQXbUrut3lV9DwlHXOukRUy0Y5EF3TBA1MPqWAo6hS6UlibSaz/D1lKvB9vnauAYtG4vYRhzBpkp5UZXyDLJmuAgAnQO4SKmpEjRIsxA9OJEXlM13Va7YiCFnuvqFJNRguyeKGlK+hnkkIQ/VGiTrppZhnAqLUrzJ/WJ0F58U8SbQAaCdrxrB1EK4GWzoIN7ghjn6oT/H/EEv4+ehoiL7Q7ndyVCnt9TRK1nXNs42JJZT3h0LJCY6Az+Odcio1/nmnb07JtmSIrPwsAOydUCdV6+59SngpAzuezmETc9SNvVR4wGfcfPm0f5up9G6YcBRkf0UZiGM8SmI3g1VWb9HRnaw63fKZaN1UybFSLckvuEk4R1L+pZqoS+v8AHXMnYI710ynlBamHhppau049dHR2keBRRKh79pXJOEUzVrRYODZssL5oENgRZ+lmeg+lAW8KqOH4lgt5TXnJZ/2Ij2gZOUZJt3zgJDg4GUStQFYMAK+gype9zJVwLiwL1u/AlJ8LkSJOioDRG5/nBBb16gU8agvew==\n",
            "public_key_pem": "-----BEGIN PUBLIC KEY-----\nMIICIjANBgkqhkiG9w0BAQEFAAOCAg8AMIICCgKCAgEAuYVdHu3OIjjI7RfVTk55\ns6FXq89U0Lh5p4uE+1ETA/pTjsJIQMQzikvdl2zre+bJTjA0RPbm9/0k5F8SR3aH\n926NxHouqkdxVhpzyk52QJXLNdatTw6PS4cL9/7MhHe7nyYM4C1DhA3PBGnq0F21\nK7rd5VfQ8JR1zrpEVMtGORBd0wQNTD6lgKOoUulJYm0ms/w9ZSrwfb52rgGLRuL2\nEYcwaZKeVGV8gyyZrgIAJ0DuEipqRI0SLMQPTiRF5TNd1Wu2IghZ7r6hSTUYLsni\nhpSvoZ5JCEP1Rok66aWYZwKi1K8yf1idBefFPEm0AGgna8awdRCuBls6CDe4IY5+\nqE/x/xBL+PnoaIi+0O53clQp7fU0StZ1zbONiSWU94dCyQmOgM/jnXIqNf55p29O\nybZkiKz8LADsnVAnVevufUp4KQM7ns5hE3PUjb1UeMBn3Hz5tH+bqfRumHAUZH9F\nGYhjPEpiN4NVVm/R0Z2sOt3ymWjdVMmxUi3JL7hJOEdS/qWaqEvr/AB1zJ2CO9dM\np5QWph4aaWrtOPXR0dpHgUUSoe/aVyThFM1a0WDg2bLC+aBDYEWfpZnoPpQFvCqj\nh+JYLeU15yWf9iI9oGTlGSbd84CQ4OBlErUBWDACvoMqXvcyVcC4sC9bvwJSfC5E\niToqA0Ruf5wQW9eoFPGoL3sCAwEAAQ==\n-----END PUBLIC KEY-----\n",
            "rsa_bits": 4096
          },
          "sensitive_attributes": [
            [
              {
                "type": "get_attr",
                "value": "private_key_openssh"
              }
            ],
            [
              {
                "type": "get_attr",
                "value": "private_key_pem"
              }
            ],
            [
              {
                "type": "get_attr",
                "value": "private_key_pem_pkcs8"
              }
            ]
          ],
          "identity_schema_version": 0
        }
      ]
    }
  ],
  "check_results": null
}
