{
  "version": 4,
  "terraform_version": "1.12.2",
  "serial": 1974,
  "lineage": "0db92712-bbea-3260-8822-2c094d12f3b9",
  "outputs": {
    "app_instance_private_ip": {
      "value": "10.0.3.191",
      "type": "string"
    },
    "app_instance_public_ip": {
      "value": "18.116.85.32",
      "type": "string"
    },
    "internal_alb_dns": {
      "value": "internal-app-internal-alb-1704628964.us-east-2.elb.amazonaws.com",
      "type": "string"
    },
    "internal_alb_dns_1": {
      "value": "internal-app-internal-alb-1704628964.us-east-2.elb.amazonaws.com",
      "type": "string"
    },
    "private_key_pem": {
      "value": "-----BEGIN RSA PRIVATE KEY-----\nMIIJJwIBAAKCAgEAzElLf+H5WT8aRo+lbuu0n1/mKSl9Y49YqLW9k/oSW5xjMV3n\ndGhsNAM5NKF4zmNCA26NTr4AJsnY6BmYYmZkPrkwrpP4OxngdPDCULTW+vFqV4g7\nOxl/t06v7Svjp2FptayjDkpqjlbkil6Hxt0lJIL1X/AfT5fNIWrxKGcapgSmBD4l\nU+XKtC/lmc7IOuxQwSKAcoQlQLRNCwk5/UEasGjmZ9kvr3vwAywc43IIJGJ9knaN\nieG7QDylSfshfZh45kNmDuHMncgAD1JaQen+iUrbpU4W+pJ0UWnZNLTmLTOnssFU\nSzrgxZUAfKphq3nqFOKnbtKON9NCI6KQPv18A9p7PI3Bf19iHJt9Wk0ErhpCD2Wl\nyi/ZtUYsutb1FZbHB12DV0xrinm7/Yf9z1O4ddEq6HRGKra5I/0HZiu/zHXORH6h\nQL+KotaGJSI61ageZyF/OvPr96llGv6WKqU5zxmxuDF3Wqny1h3DoA+XSzty87lE\nWl7EWjOhr7/7qH0g88miLzVH0OaxGl/aHmC7vVQOXAQED7+PCI0sJJSGUmijWmqT\nhSdbEPXLdwu1GyDN/UaL02LC+0fDghqESluAdGG+K+GswAZ74A5oZvbnLxqVakkv\nMEqtElzYvqCHjtyOH+J/SD3j/U1vc+xuCx9xD8VEqdIR9jM37C2fbAGCbGkCAwEA\nAQKCAgAU5PfECxnA/TVrq2hTL6hMJ0fAJMpahyg9LEaJRrn/NQAHxfglFcOgb8Z3\neb8ElA4l0fZBzCjxjrJg7fJCOUEOUcx3BLMuX1OP/mqPjOmSpePXs1tEjJN9rR6N\nGnC411uzrWZJkUa0C5LpTKkkR8zzXrIod4PKVSdR4FFtbZtCCQZud2lDuySIGMCK\nAmaEMVTCpkvfOqEhTLe3FeDgpHqtebM8QrBwCVQHjQjg4hJPX2QC2Z2ZMVWAyNsq\nlZUrto9CFPlwsvtl1XWdG5IX/Q4P3pBX6GRtCVL8m0AQNiL3U1nXDJNZtPpVtytj\nNN2Tx37P101jBkXt042nnapViQF4qBA0tGJuRpaoBDqtKU/YyI2n/Gh0zwZvwYbI\nWgGWIaMKaLPAPBIWzdkxDitCnROKSWfA0luO5KXOOly5TBlP+EPc1zhY0okccqHh\nScG7S/iR6dV7TCT/31KkCiDlmsgI+WpPVge1k4eyAz07bqrRRmBDN+43aTQUVHWB\nF+8Yg4PWgN84hwC38X4KqM09J80GXLwDARCYN6j57A8dxAMAtGKA79BJ6d0coB0K\n0rpAhrb5H8jVuwwYwSdnhY2dqozFIpgXOhdRJAggTApWPvFADIB/6oQv52+GKwS4\niN9/Nyb2+m14GsqXoCXpVXAIxO7oiXHpDTyl6JTTfaaevYxIEQKCAQEA8sPvfqDP\ntFnCy7RiKls/gNJ/JhPsqb/p/wYKBFWe/DDJdcfZGMD1yfNkQEQC0EAQKer8eJdV\nR2QaF1unojLchwi8If2TZh1FtWK6xqgEmvBwVc+8YW6CA7b4CnW6IBfAy0u44T8b\nTKcNRT3qjgM8wtlxSlZCAiHMEqvlYqfQTaojBxDLvZtf+ktYbBtBIOvlz5kweRx6\n13mEKqtnSxD82rRACadZlaQ8ZzlHI9boZ3bvCkMie50G/+ktWgUJ8MlP4tLH31UH\nJCn9EVYt1hIFrFv/uVEI5FT+JNCXu0wHrSGBHwg3FHLK16/abP4uj9N5F7ji1y2B\nnDvF2yQYsBUbeQKCAQEA12xXNa+etxu/d26YGDw/3Ks4p4wg3XVZ8ncwHzQKagUw\nqt+cIaMl2oPOTLFhmovTyMofQpM3e5fvaPMy10PsNfxC5M/wZfr1RNWkaZ4XKt5j\nPjmKdFOrEubQC3Cn6NSYMA3j6tW3D4dLVUYcA9ks1wkNfBM33ipWdrSf9d66gu1O\nvCwBI/8483ajGEspOqFN89tFD5dYeny3TAfckLyTh1QZ/7esLUQHND9TBskcmSeN\nToHpCytKGdYEr5K5ur4a+iACtJuRyDhpASSZ7C56GE6CrJ8sy1uLrxUopNTd7QvF\nocSpIPmuXKfK+u2kFkttHzvGyJFkyMIWPCyDPJyscQKCAQBOsl+n3/+VCmgQWwhb\njLr4SsR3FoxottLnHhEPOKZSQIp+SOvCj4LeFa2Q+7shwTK8M/XmLcCyZOvkWIzu\nEqjUiWtbZXVr699WHoxHq93aUElKOA5sU0OIar7bvTA6CRkxjfl/41I5NgoiQSER\nKlF/JLgKDg5V3JjoEJtKsPXgx1+VgcdaTsz9OYGPggJJ5s7XzmQdTrMvuK+0mV3h\nwr8FMttzhbGPxe7i03mRT7CFIdP5squyAMRtHyzZerqvOMNR11x9tHWdLpNgFFzF\ngZAfQK+UZoWIZ1j/nDMjv1DZufu+kI4ybcf9xX78SCXV8ArYOtImSRU0DVhlYr0y\nD5WZAoIBAFMTqwY/NhwzjUFH20vtYEt/lJe4yKvfJ9MD+ADwltuQKNac6Z9nRZ/h\nmNumxJdPOVuD505La+g0DdYRhBfUT/H52OpY7sLFZ3UmVwOMPi8AGJHUqvp1kdH2\nRWFEDt0Rr6dIlA7qYHCSopC+OuuZA1viV9rzpmX9Od8JhW7SeGcpkWWsKrxxHst1\ngyxJQBsmPeO/OgDrQunp0t51YbBHqTVVT7l4YeQLCiQyD5jcUjUWNb6DBxaRmUAh\ncykqkonb6pdvZNu16yCl8IjKTrnwqpFZJbfgouvB4DqjFEuM9BEIqyzZpMfcwktl\nQjhHETKv3+NdsCmFOLLbdqu6Ftp3KWECggEAKKIGBLq1iKC4qTWTL8sIWsCasWkw\netQ+N4sO3VOtuqJJBtwEV4DI06lj8fABO8p/0s4lnZ9gzpHtkOZmsA7qs3bHkVwa\nab2uPmGG5OsaJGxv8reBMsPy+zmr5VJrPJrO3HYzqUOMVpQ+mc/zAXNwRsi1sWoF\nVpEknlbR8H3+oz5w7Yaw0ouyAObf7ZviXoYh8P6MP8cSj1vp/SV4TA+DfEhzSzIW\nMFSXdKYVRbeiDUyygpL06KuxuEIye06DvR4E1p9ijOfEV4cJY4wwxBq6VaVGi+WD\nvT4GPH2ilKEOVNZHjyRHt6x8p8bojFBkX2hgBTXEeldcgQ5jA6vn/yqznQ==\n-----END RSA PRIVATE KEY-----\n",
      "type": "string",
      "sensitive": true
    },
    "rds_endpoint": {
      "value": "mysql-db-project3.cjc8e2a8elx5.us-east-2.rds.amazonaws.com:3306",
      "type": "string"
    },
    "rds_mysql_db_name": {
      "value": "mydb1",
      "type": "string"
    },
    "rds_mysql_endpoint": {
      "value": "mysql-db-project3.cjc8e2a8elx5.us-east-2.rds.amazonaws.com:3306",
      "type": "string"
    },
    "rds_mysql_port": {
      "value": 3306,
      "type": "number"
    },
    "web_alb_dns": {
      "value": "web-alb-660562188.us-east-2.elb.amazonaws.com",
      "type": "string"
    },
    "web_alb_dns_name": {
      "value": "web-alb-660562188.us-east-2.elb.amazonaws.com",
      "type": "string"
    }
  },
  "resources": [
    {
      "mode": "managed",
      "type": "aws_autoscaling_group",
      "name": "app_asg",
      "provider": "provider[\"registry.terraform.io/hashicorp/aws\"]",
      "instances": [
        {
          "schema_version": 1,
          "attributes": {
            "arn": "arn:aws:autoscaling:us-east-2:167611893883:autoScalingGroup:0cff3169-6195-4541-9f0f-27e9278cef0f:autoScalingGroupName/app-asg",
            "availability_zone_distribution": [
              {
                "capacity_distribution_strategy": "balanced-best-effort"
              }
            ],
            "availability_zones": [
              "us-east-2a",
              "us-east-2b"
            ],
            "capacity_rebalance": false,
            "capacity_reservation_specification": [
              {
                "capacity_reservation_preference": "default",
                "capacity_reservation_target": []
              }
            ],
            "context": "",
            "default_cooldown": 300,
            "default_instance_warmup": 0,
            "desired_capacity": 1,
            "desired_capacity_type": "",
            "enabled_metrics": [],
            "force_delete": false,
            "force_delete_warm_pool": false,
            "health_check_grace_period": 90,
            "health_check_type": "ELB",
            "id": "app-asg",
            "ignore_failed_scaling_activities": false,
            "initial_lifecycle_hook": [],
            "instance_maintenance_policy": [],
            "instance_refresh": [
              {
                "preferences": [
                  {
                    "alarm_specification": [],
                    "auto_rollback": false,
                    "checkpoint_delay": "",
                    "checkpoint_percentages": [],
                    "instance_warmup": "60",
                    "max_healthy_percentage": 100,
                    "min_healthy_percentage": 90,
                    "scale_in_protected_instances": "Ignore",
                    "skip_matching": false,
                    "standby_instances": "Ignore"
                  }
                ],
                "strategy": "Rolling",
                "triggers": [
                  "launch_template"
                ]
              }
            ],
            "launch_configuration": "",
            "launch_template": [
              {
                "id": "lt-05ba76859a479332c",
                "name": "app-lt-20250812025123751500000005",
                "version": "$Latest"
              }
            ],
            "load_balancers": [],
            "max_instance_lifetime": 0,
            "max_size": 4,
            "metrics_granularity": "1Minute",
            "min_elb_capacity": null,
            "min_size": 1,
            "mixed_instances_policy": [],
            "name": "app-asg",
            "name_prefix": "",
            "placement_group": "",
            "predicted_capacity": 0,
            "protect_from_scale_in": false,
            "region": "us-east-2",
            "service_linked_role_arn": "arn:aws:iam::167611893883:role/aws-service-role/autoscaling.amazonaws.com/AWSServiceRoleForAutoScaling",
            "suspended_processes": [],
            "tag": [
              {
                "key": "Name",
                "propagate_at_launch": true,
                "value": "app-tier-ec2"
              }
            ],
            "target_group_arns": [
              "arn:aws:elasticloadbalancing:us-east-2:167611893883:targetgroup/app-tg/04316b703bb997e8"
            ],
            "termination_policies": [],
            "timeouts": null,
            "traffic_source": [
              {
                "identifier": "arn:aws:elasticloadbalancing:us-east-2:167611893883:targetgroup/app-tg/04316b703bb997e8",
                "type": "elbv2"
              }
            ],
            "vpc_zone_identifier": [
              "subnet-00c9ec570987b3498",
              "subnet-0cc4347aa93e98f48"
            ],
            "wait_for_capacity_timeout": "10m",
            "wait_for_elb_capacity": null,
            "warm_pool": [],
            "warm_pool_size": 0
          },
          "sensitive_attributes": [],
          "identity_schema_version": 0,
          "private": "eyJlMmJmYjczMC1lY2FhLTExZTYtOGY4OC0zNDM2M2JjN2M0YzAiOnsiZGVsZXRlIjo2MDAwMDAwMDAwMDAsInVwZGF0ZSI6NjAwMDAwMDAwMDAwfSwic2NoZW1hX3ZlcnNpb24iOiIxIn0=",
          "dependencies": [
            "aws_iam_instance_profile.ec2_s3_profile",
            "aws_iam_role.ec2_role",
            "aws_key_pair.dipen_keypair",
            "aws_launch_template.app_lt",
            "aws_lb_target_group.app_tg",
            "aws_security_group.app_tier_sg",
            "aws_subnet.pri_app_az_1",
            "aws_subnet.pri_app_az_2",
            "aws_vpc.dipen_custom_vpc",
            "tls_private_key.dipen_key"
          ],
          "create_before_destroy": true
        }
      ]
    },
    {
      "mode": "managed",
      "type": "aws_autoscaling_group",
      "name": "web_asg",
      "provider": "provider[\"registry.terraform.io/hashicorp/aws\"]",
      "instances": [
        {
          "schema_version": 1,
          "attributes": {
            "arn": "arn:aws:autoscaling:us-east-2:167611893883:autoScalingGroup:865895a3-bfdd-4d90-bbba-11eaccc32afa:autoScalingGroupName/web-asg",
            "availability_zone_distribution": [
              {
                "capacity_distribution_strategy": "balanced-best-effort"
              }
            ],
            "availability_zones": [
              "us-east-2a",
              "us-east-2b"
            ],
            "capacity_rebalance": false,
            "capacity_reservation_specification": [
              {
                "capacity_reservation_preference": "default",
                "capacity_reservation_target": []
              }
            ],
            "context": "",
            "default_cooldown": 300,
            "default_instance_warmup": 0,
            "desired_capacity": 1,
            "desired_capacity_type": "",
            "enabled_metrics": [],
            "force_delete": false,
            "force_delete_warm_pool": false,
            "health_check_grace_period": 300,
            "health_check_type": "EC2",
            "id": "web-asg",
            "ignore_failed_scaling_activities": false,
            "initial_lifecycle_hook": [],
            "instance_maintenance_policy": [],
            "instance_refresh": [
              {
                "preferences": [
                  {
                    "alarm_specification": [],
                    "auto_rollback": false,
                    "checkpoint_delay": "",
                    "checkpoint_percentages": [],
                    "instance_warmup": "60",
                    "max_healthy_percentage": 100,
                    "min_healthy_percentage": 90,
                    "scale_in_protected_instances": "Ignore",
                    "skip_matching": false,
                    "standby_instances": "Ignore"
                  }
                ],
                "strategy": "Rolling",
                "triggers": [
                  "launch_template"
                ]
              }
            ],
            "launch_configuration": "",
            "launch_template": [
              {
                "id": "lt-08dce078ea9ec0c1a",
                "name": "web-lt-20250812025123276700000002",
                "version": "$Latest"
              }
            ],
            "load_balancers": [],
            "max_instance_lifetime": 0,
            "max_size": 3,
            "metrics_granularity": "1Minute",
            "min_elb_capacity": null,
            "min_size": 1,
            "mixed_instances_policy": [],
            "name": "web-asg",
            "name_prefix": "",
            "placement_group": "",
            "predicted_capacity": 0,
            "protect_from_scale_in": false,
            "region": "us-east-2",
            "service_linked_role_arn": "arn:aws:iam::167611893883:role/aws-service-role/autoscaling.amazonaws.com/AWSServiceRoleForAutoScaling",
            "suspended_processes": [],
            "tag": [
              {
                "key": "Name",
                "propagate_at_launch": true,
                "value": "web-tier-ec2"
              }
            ],
            "target_group_arns": [
              "arn:aws:elasticloadbalancing:us-east-2:167611893883:targetgroup/web-target-group/8a02c7d2e61922b1"
            ],
            "termination_policies": [],
            "timeouts": null,
            "traffic_source": [
              {
                "identifier": "arn:aws:elasticloadbalancing:us-east-2:167611893883:targetgroup/web-target-group/8a02c7d2e61922b1",
                "type": "elbv2"
              }
            ],
            "vpc_zone_identifier": [
              "subnet-04754e38c35b30e5f",
              "subnet-050d1dbf91f1f5d65"
            ],
            "wait_for_capacity_timeout": "10m",
            "wait_for_elb_capacity": null,
            "warm_pool": [],
            "warm_pool_size": 0
          },
          "sensitive_attributes": [],
          "identity_schema_version": 0,
          "private": "eyJlMmJmYjczMC1lY2FhLTExZTYtOGY4OC0zNDM2M2JjN2M0YzAiOnsiZGVsZXRlIjo2MDAwMDAwMDAwMDAsInVwZGF0ZSI6NjAwMDAwMDAwMDAwfSwic2NoZW1hX3ZlcnNpb24iOiIxIn0=",
          "dependencies": [
            "aws_iam_instance_profile.ec2_s3_profile",
            "aws_iam_role.ec2_role",
            "aws_key_pair.dipen_keypair",
            "aws_launch_template.web_lt",
            "aws_lb.app_internal_alb",
            "aws_lb_target_group.web_tg",
            "aws_security_group.alb_internal_sg",
            "aws_security_group.web_tier_sg",
            "aws_subnet.pri_app_az_1",
            "aws_subnet.pri_app_az_2",
            "aws_subnet.pub_web_az_1",
            "aws_subnet.pub_web_az_2",
            "aws_vpc.dipen_custom_vpc",
            "tls_private_key.dipen_key"
          ],
          "create_before_destroy": true
        }
      ]
    },
    {
      "mode": "managed",
      "type": "aws_db_instance",
      "name": "mysql_db",
      "provider": "provider[\"registry.terraform.io/hashicorp/aws\"]",
      "instances": [
        {
          "schema_version": 2,
          "attributes": {
            "address": "mysql-db-project3.cjc8e2a8elx5.us-east-2.rds.amazonaws.com",
            "allocated_storage": 20,
            "allow_major_version_upgrade": null,
            "apply_immediately": false,
            "arn": "arn:aws:rds:us-east-2:167611893883:db:mysql-db-project3",
            "auto_minor_version_upgrade": true,
            "availability_zone": "us-east-2a",
            "backup_retention_period": 0,
            "backup_target": "region",
            "backup_window": "03:13-03:43",
            "blue_green_update": [],
            "ca_cert_identifier": "rds-ca-rsa2048-g1",
            "character_set_name": "",
            "copy_tags_to_snapshot": false,
            "custom_iam_instance_profile": "",
            "customer_owned_ip_enabled": false,
            "database_insights_mode": "standard",
            "db_name": "mydb1",
            "db_subnet_group_name": "mysql-db-subnet-group",
            "dedicated_log_volume": false,
            "delete_automated_backups": true,
            "deletion_protection": false,
            "domain": "",
            "domain_auth_secret_arn": "",
            "domain_dns_ips": [],
            "domain_fqdn": "",
            "domain_iam_role_name": "",
            "domain_ou": "",
            "enabled_cloudwatch_logs_exports": [],
            "endpoint": "mysql-db-project3.cjc8e2a8elx5.us-east-2.rds.amazonaws.com:3306",
            "engine": "mysql",
            "engine_lifecycle_support": "open-source-rds-extended-support",
            "engine_version": "8.0.41",
            "engine_version_actual": "8.0.41",
            "final_snapshot_identifier": null,
            "hosted_zone_id": "Z2XHWR1WZ565X2",
            "iam_database_authentication_enabled": false,
            "id": "db-NCDGO7VHZCOW3UH3NZJ5IHOIXQ",
            "identifier": "mysql-db-project3",
            "identifier_prefix": "",
            "instance_class": "db.t4g.micro",
            "iops": 0,
            "kms_key_id": "",
            "latest_restorable_time": "",
            "license_model": "general-public-license",
            "listener_endpoint": [],
            "maintenance_window": "mon:07:48-mon:08:18",
            "manage_master_user_password": null,
            "master_user_secret": [],
            "master_user_secret_kms_key_id": null,
            "max_allocated_storage": 0,
            "monitoring_interval": 0,
            "monitoring_role_arn": "",
            "multi_az": false,
            "nchar_character_set_name": "",
            "network_type": "IPV4",
            "option_group_name": "default:mysql-8-0",
            "parameter_group_name": "default.mysql8.0",
            "password": "90166Dipen",
            "password_wo": null,
            "password_wo_version": null,
            "performance_insights_enabled": false,
            "performance_insights_kms_key_id": "",
            "performance_insights_retention_period": 0,
            "port": 3306,
            "publicly_accessible": false,
            "region": "us-east-2",
            "replica_mode": "",
            "replicas": [],
            "replicate_source_db": "",
            "resource_id": "db-NCDGO7VHZCOW3UH3NZJ5IHOIXQ",
            "restore_to_point_in_time": [],
            "s3_import": [],
            "skip_final_snapshot": true,
            "snapshot_identifier": null,
            "status": "available",
            "storage_encrypted": false,
            "storage_throughput": 0,
            "storage_type": "gp2",
            "tags": {
              "Name": "MySQL-DB",
              "Owner": "Dipen",
              "Project": "Three-Tier-Web-App",
              "Tier": "Database"
            },
            "tags_all": {
              "Name": "MySQL-DB",
              "Owner": "Dipen",
              "Project": "Three-Tier-Web-App",
              "Tier": "Database"
            },
            "timeouts": null,
            "timezone": "",
            "upgrade_storage_config": null,
            "username": "admin",
            "vpc_security_group_ids": [
              "sg-007e07aa1e30b2aa3"
            ]
          },
          "sensitive_attributes": [
            [
              {
                "type": "get_attr",
                "value": "password"
              }
            ],
            [
              {
                "type": "get_attr",
                "value": "password_wo"
              }
            ]
          ],
          "identity_schema_version": 0,
          "private": "eyJlMmJmYjczMC1lY2FhLTExZTYtOGY4OC0zNDM2M2JjN2M0YzAiOnsiY3JlYXRlIjozMDAwMDAwMDAwMDAwLCJkZWxldGUiOjM2MDAwMDAwMDAwMDAsInVwZGF0ZSI6NDgwMDAwMDAwMDAwMH0sInNjaGVtYV92ZXJzaW9uIjoiMiJ9",
          "dependencies": [
            "aws_db_subnet_group.mysql_db_subnet_group",
            "aws_security_group.db_tier_sg",
            "aws_subnet.pri_db_az_1",
            "aws_subnet.pri_db_az_2",
            "aws_vpc.dipen_custom_vpc"
          ]
        }
      ]
    },
    {
      "mode": "managed",
      "type": "aws_db_subnet_group",
      "name": "mysql_db_subnet_group",
      "provider": "provider[\"registry.terraform.io/hashicorp/aws\"]",
      "instances": [
        {
          "schema_version": 0,
          "attributes": {
            "arn": "arn:aws:rds:us-east-2:167611893883:subgrp:mysql-db-subnet-group",
            "description": "Managed by Terraform",
            "id": "mysql-db-subnet-group",
            "name": "mysql-db-subnet-group",
            "name_prefix": "",
            "region": "us-east-2",
            "subnet_ids": [
              "subnet-0478754191ceae059",
              "subnet-0dcac80002d6c2d86"
            ],
            "supported_network_types": [
              "IPV4"
            ],
            "tags": {
              "Name": "mysql-db-subnet-group",
              "Tier": "Database"
            },
            "tags_all": {
              "Name": "mysql-db-subnet-group",
              "Tier": "Database"
            },
            "vpc_id": "vpc-0afc389f0b4995dea"
          },
          "sensitive_attributes": [],
          "identity_schema_version": 0,
          "private": "bnVsbA==",
          "dependencies": [
            "aws_subnet.pri_db_az_1",
            "aws_subnet.pri_db_az_2",
            "aws_vpc.dipen_custom_vpc"
          ]
        }
      ]
    },
    {
      "mode": "managed",
      "type": "aws_eip",
      "name": "nat_gw_ip",
      "provider": "provider[\"registry.terraform.io/hashicorp/aws\"]",
      "instances": [
        {
          "schema_version": 0,
          "attributes": {
            "address": null,
            "allocation_id": "eipalloc-00c6f351a45d7ba1e",
            "arn": "arn:aws:ec2:us-east-2:167611893883:elastic-ip/eipalloc-00c6f351a45d7ba1e",
            "associate_with_private_ip": null,
            "association_id": "eipassoc-07241bc42d57a1999",
            "carrier_ip": "",
            "customer_owned_ip": "",
            "customer_owned_ipv4_pool": "",
            "domain": "vpc",
            "id": "eipalloc-00c6f351a45d7ba1e",
            "instance": "",
            "ipam_pool_id": null,
            "network_border_group": "us-east-2",
            "network_interface": "eni-010fd6744eeb6ddb8",
            "private_dns": "ip-10-0-1-18.us-east-2.compute.internal",
            "private_ip": "10.0.1.18",
            "ptr_record": "",
            "public_dns": "ec2-3-129-76-58.us-east-2.compute.amazonaws.com",
            "public_ip": "3.129.76.58",
            "public_ipv4_pool": "amazon",
            "region": "us-east-2",
            "tags": {},
            "tags_all": {},
            "timeouts": null
          },
          "sensitive_attributes": [],
          "identity_schema_version": 0,
          "private": "eyJlMmJmYjczMC1lY2FhLTExZTYtOGY4OC0zNDM2M2JjN2M0YzAiOnsiZGVsZXRlIjoxODAwMDAwMDAwMDAsInJlYWQiOjkwMDAwMDAwMDAwMCwidXBkYXRlIjozMDAwMDAwMDAwMDB9fQ==",
          "dependencies": [
            "aws_internet_gateway.igw",
            "aws_vpc.dipen_custom_vpc"
          ]
        }
      ]
    },
    {
      "mode": "managed",
      "type": "aws_iam_instance_profile",
      "name": "ec2_s3_profile",
      "provider": "provider[\"registry.terraform.io/hashicorp/aws\"]",
      "instances": [
        {
          "schema_version": 0,
          "attributes": {
            "arn": "arn:aws:iam::167611893883:instance-profile/ec2-s3-ssm-instance-profile",
            "create_date": "2025-08-12T02:51:09Z",
            "id": "ec2-s3-ssm-instance-profile",
            "name": "ec2-s3-ssm-instance-profile",
            "name_prefix": "",
            "path": "/",
            "role": "ec2-s3-ssm-role",
            "tags": {},
            "tags_all": {},
            "unique_id": "AIPASOBTSRB5ZBURMLHZA"
          },
          "sensitive_attributes": [],
          "identity_schema_version": 0,
          "private": "bnVsbA==",
          "dependencies": [
            "aws_iam_role.ec2_role"
          ],
          "create_before_destroy": true
        }
      ]
    },
    {
      "mode": "managed",
      "type": "aws_iam_policy",
      "name": "ec2_s3_ssm_policy",
      "provider": "provider[\"registry.terraform.io/hashicorp/aws\"]",
      "instances": [
        {
          "schema_version": 0,
          "attributes": {
            "arn": "arn:aws:iam::167611893883:policy/ec2-s3-ssm-policy",
            "attachment_count": 1,
            "description": "Allow EC2 to access S3 and SSM",
            "id": "arn:aws:iam::167611893883:policy/ec2-s3-ssm-policy",
            "name": "ec2-s3-ssm-policy",
            "name_prefix": "",
            "path": "/",
            "policy": "{\"Statement\":[{\"Action\":[\"s3:ListBucket\"],\"Effect\":\"Allow\",\"Resource\":\"arn:aws:s3:::dipen-app-backend-code\"},{\"Action\":[\"s3:GetObject\"],\"Effect\":\"Allow\",\"Resource\":\"arn:aws:s3:::dipen-app-backend-code/*\"},{\"Action\":[\"ssm:GetParameter\",\"ssm:GetParameters\",\"ssm:GetParametersByPath\"],\"Effect\":\"Allow\",\"Resource\":\"*\"}],\"Version\":\"2012-10-17\"}",
            "policy_id": "ANPASOBTSRB5ZGMMSU4LY",
            "tags": {},
            "tags_all": {}
          },
          "sensitive_attributes": [],
          "identity_schema_version": 0,
          "identity": {
            "arn": "arn:aws:iam::167611893883:policy/ec2-s3-ssm-policy"
          },
          "private": "bnVsbA=="
        }
      ]
    },
    {
      "mode": "managed",
      "type": "aws_iam_role",
      "name": "ec2_role",
      "provider": "provider[\"registry.terraform.io/hashicorp/aws\"]",
      "instances": [
        {
          "schema_version": 0,
          "attributes": {
            "arn": "arn:aws:iam::167611893883:role/ec2-s3-ssm-role",
            "assume_role_policy": "{\"Statement\":[{\"Action\":\"sts:AssumeRole\",\"Effect\":\"Allow\",\"Principal\":{\"Service\":\"ec2.amazonaws.com\"}}],\"Version\":\"2012-10-17\"}",
            "create_date": "2025-08-12T02:51:09Z",
            "description": "",
            "force_detach_policies": false,
            "id": "ec2-s3-ssm-role",
            "inline_policy": [],
            "managed_policy_arns": [
              "arn:aws:iam::167611893883:policy/ec2-s3-ssm-policy"
            ],
            "max_session_duration": 3600,
            "name": "ec2-s3-ssm-role",
            "name_prefix": "",
            "path": "/",
            "permissions_boundary": "",
            "tags": {},
            "tags_all": {},
            "unique_id": "AROASOBTSRB54NG7MSAGM"
          },
          "sensitive_attributes": [],
          "identity_schema_version": 0,
          "identity": {
            "account_id": "167611893883",
            "name": "ec2-s3-ssm-role"
          },
          "private": "bnVsbA==",
          "create_before_destroy": true
        }
      ]
    },
    {
      "mode": "managed",
      "type": "aws_iam_role_policy_attachment",
      "name": "ec2_s3_ssm_attach",
      "provider": "provider[\"registry.terraform.io/hashicorp/aws\"]",
      "instances": [
        {
          "schema_version": 0,
          "attributes": {
            "id": "ec2-s3-ssm-role/arn:aws:iam::167611893883:policy/ec2-s3-ssm-policy",
            "policy_arn": "arn:aws:iam::167611893883:policy/ec2-s3-ssm-policy",
            "role": "ec2-s3-ssm-role"
          },
          "sensitive_attributes": [],
          "identity_schema_version": 0,
          "identity": {
            "account_id": "167611893883",
            "policy_arn": "arn:aws:iam::167611893883:policy/ec2-s3-ssm-policy",
            "role": "ec2-s3-ssm-role"
          },
          "private": "bnVsbA==",
          "dependencies": [
            "aws_iam_policy.ec2_s3_ssm_policy",
            "aws_iam_role.ec2_role"
          ]
        }
      ]
    },
    {
      "mode": "managed",
      "type": "aws_instance",
      "name": "app_server",
      "provider": "provider[\"registry.terraform.io/hashicorp/aws\"]",
      "instances": [
        {
          "schema_version": 2,
          "attributes": {
            "ami": "ami-08221e706f343d7b7",
            "arn": "arn:aws:ec2:us-east-2:167611893883:instance/i-0ca5f5e19b33b5c90",
            "associate_public_ip_address": false,
            "availability_zone": "us-east-2a",
            "capacity_reservation_specification": [
              {
                "capacity_reservation_preference": "open",
                "capacity_reservation_target": []
              }
            ],
            "cpu_options": [
              {
                "amd_sev_snp": "",
                "core_count": 1,
                "threads_per_core": 1
              }
            ],
            "credit_specification": [
              {
                "cpu_credits": "standard"
              }
            ],
            "disable_api_stop": false,
            "disable_api_termination": false,
            "ebs_block_device": [],
            "ebs_optimized": false,
            "enable_primary_ipv6": null,
            "enclave_options": [
              {
                "enabled": false
              }
            ],
            "ephemeral_block_device": [],
            "force_destroy": false,
            "get_password_data": false,
            "hibernation": false,
            "host_id": "",
            "host_resource_group_arn": null,
            "iam_instance_profile": "ec2-s3-ssm-instance-profile",
            "id": "i-0ca5f5e19b33b5c90",
            "instance_initiated_shutdown_behavior": "stop",
            "instance_lifecycle": "",
            "instance_market_options": [],
            "instance_state": "running",
            "instance_type": "t2.micro",
            "ipv6_address_count": 0,
            "ipv6_addresses": [],
            "key_name": "dipen-keypair",
            "launch_template": [],
            "maintenance_options": [
              {
                "auto_recovery": "default"
              }
            ],
            "metadata_options": [
              {
                "http_endpoint": "enabled",
                "http_protocol_ipv6": "disabled",
                "http_put_response_hop_limit": 2,
                "http_tokens": "required",
                "instance_metadata_tags": "disabled"
              }
            ],
            "monitoring": false,
            "network_interface": [],
            "outpost_arn": "",
            "password_data": "",
            "placement_group": "",
            "placement_partition_number": 0,
            "primary_network_interface_id": "eni-029da57a5b41bcac2",
            "private_dns": "ip-10-0-3-191.us-east-2.compute.internal",
            "private_dns_name_options": [
              {
                "enable_resource_name_dns_a_record": false,
                "enable_resource_name_dns_aaaa_record": false,
                "hostname_type": "ip-name"
              }
            ],
            "private_ip": "10.0.3.191",
            "public_dns": "",
            "public_ip": "",
            "region": "us-east-2",
            "root_block_device": [
              {
                "delete_on_termination": true,
                "device_name": "/dev/xvda",
                "encrypted": false,
                "iops": 3000,
                "kms_key_id": "",
                "tags": {},
                "tags_all": {},
                "throughput": 125,
                "volume_id": "vol-0b3aed99c21b2103c",
                "volume_size": 8,
                "volume_type": "gp3"
              }
            ],
            "secondary_private_ips": [],
            "security_groups": [],
            "source_dest_check": true,
            "spot_instance_request_id": "",
            "subnet_id": "subnet-00c9ec570987b3498",
            "tags": {
              "Name": "app-tier-ec2"
            },
            "tags_all": {
              "Name": "app-tier-ec2"
            },
            "tenancy": "default",
            "timeouts": null,
            "user_data": null,
            "user_data_base64": "IyEvYmluL2Jhc2gKc2V0IC1ldXgKc3VkbyBzdQpkbmYgLXkgdXBkYXRlCmRuZiAteSBpbnN0YWxsIGh0dHBkIHBocC1mcG0gcGhwLWNsaSBwaHAtbXlzcWxuZCBhd3NjbGkKCnN5c3RlbWN0bCBlbmFibGUgLS1ub3cgcGhwLWZwbQpzeXN0ZW1jdGwgZW5hYmxlIC0tbm93IGh0dHBkCgojIFBIUC1GUE0gaGFuZGxlciBmb3IgQXBhY2hlCmNhdCA+L2V0Yy9odHRwZC9jb25mLmQvcGhwLWZwbS5jb25mIDw8J0NPTkYnCkFkZFR5cGUgYXBwbGljYXRpb24veC1odHRwZC1waHAgLnBocApEaXJlY3RvcnlJbmRleCBpbmRleC5waHAgaW5kZXguaHRtbAo8RmlsZXNNYXRjaCBcLnBocCQ+CiAgU2V0SGFuZGxlciAicHJveHk6dW5peDovcnVuL3BocC1mcG0vd3d3LnNvY2t8ZmNnaTovL2xvY2FsaG9zdC8iCjwvRmlsZXNNYXRjaD4KQ09ORgoKIyBwdWxsIE9OTFkgYmFja2VuZCBjb2RlICh5b3UgY2FuIGtlZXAgZXZlcnl0aGluZyBpbiBzYW1lIGJ1Y2tldCkKQlVDS0VUPSJkaXBlbi1hcHAtYmFja2VuZC1jb2RlIgphd3MgczMgc3luYyAiczM6Ly8ke0JVQ0tFVH0vIiAvdmFyL3d3dy9odG1sLyAtLWRlbGV0ZQoKY2hvd24gLVIgYXBhY2hlOmFwYWNoZSAvdmFyL3d3dy9odG1sCmZpbmQgL3Zhci93d3cvaHRtbCAtdHlwZSBmIC1leGVjIGNobW9kIDA2NDQge30gXDsKCnN5c3RlbWN0bCByZXN0YXJ0IHBocC1mcG0gaHR0cGQK",
            "user_data_replace_on_change": false,
            "volume_tags": null,
            "vpc_security_group_ids": [
              "sg-0030cc3727b72d955"
            ]
          },
          "sensitive_attributes": [],
          "identity_schema_version": 0,
          "private": "eyJlMmJmYjczMC1lY2FhLTExZTYtOGY4OC0zNDM2M2JjN2M0YzAiOnsiY3JlYXRlIjo2MDAwMDAwMDAwMDAsImRlbGV0ZSI6MTIwMDAwMDAwMDAwMCwicmVhZCI6OTAwMDAwMDAwMDAwLCJ1cGRhdGUiOjYwMDAwMDAwMDAwMH0sInNjaGVtYV92ZXJzaW9uIjoiMiJ9",
          "dependencies": [
            "aws_iam_instance_profile.ec2_s3_profile",
            "aws_iam_role.ec2_role",
            "aws_key_pair.dipen_keypair",
            "aws_security_group.app_tier_sg",
            "aws_subnet.pri_app_az_1",
            "aws_vpc.dipen_custom_vpc",
            "tls_private_key.dipen_key"
          ]
        }
      ]
    },
    {
      "mode": "managed",
      "type": "aws_instance",
      "name": "web_server",
      "provider": "provider[\"registry.terraform.io/hashicorp/aws\"]",
      "instances": [
        {
          "schema_version": 2,
          "attributes": {
            "ami": "ami-08221e706f343d7b7",
            "arn": "arn:aws:ec2:us-east-2:167611893883:instance/i-0c2f9a953eb5ee86d",
            "associate_public_ip_address": true,
            "availability_zone": "us-east-2a",
            "capacity_reservation_specification": [
              {
                "capacity_reservation_preference": "open",
                "capacity_reservation_target": []
              }
            ],
            "cpu_options": [
              {
                "amd_sev_snp": "",
                "core_count": 1,
                "threads_per_core": 1
              }
            ],
            "credit_specification": [
              {
                "cpu_credits": "standard"
              }
            ],
            "disable_api_stop": false,
            "disable_api_termination": false,
            "ebs_block_device": [],
            "ebs_optimized": false,
            "enable_primary_ipv6": null,
            "enclave_options": [
              {
                "enabled": false
              }
            ],
            "ephemeral_block_device": [],
            "force_destroy": false,
            "get_password_data": false,
            "hibernation": false,
            "host_id": "",
            "host_resource_group_arn": null,
            "iam_instance_profile": "ec2-s3-ssm-instance-profile",
            "id": "i-0c2f9a953eb5ee86d",
            "instance_initiated_shutdown_behavior": "stop",
            "instance_lifecycle": "",
            "instance_market_options": [],
            "instance_state": "running",
            "instance_type": "t2.micro",
            "ipv6_address_count": 0,
            "ipv6_addresses": [],
            "key_name": "dipen-keypair",
            "launch_template": [],
            "maintenance_options": [
              {
                "auto_recovery": "default"
              }
            ],
            "metadata_options": [
              {
                "http_endpoint": "enabled",
                "http_protocol_ipv6": "disabled",
                "http_put_response_hop_limit": 2,
                "http_tokens": "required",
                "instance_metadata_tags": "disabled"
              }
            ],
            "monitoring": false,
            "network_interface": [],
            "outpost_arn": "",
            "password_data": "",
            "placement_group": "",
            "placement_partition_number": 0,
            "primary_network_interface_id": "eni-017b365aaeb7dfd4f",
            "private_dns": "ip-10-0-1-193.us-east-2.compute.internal",
            "private_dns_name_options": [
              {
                "enable_resource_name_dns_a_record": false,
                "enable_resource_name_dns_aaaa_record": false,
                "hostname_type": "ip-name"
              }
            ],
            "private_ip": "10.0.1.193",
            "public_dns": "ec2-18-116-85-32.us-east-2.compute.amazonaws.com",
            "public_ip": "18.116.85.32",
            "region": "us-east-2",
            "root_block_device": [
              {
                "delete_on_termination": true,
                "device_name": "/dev/xvda",
                "encrypted": false,
                "iops": 3000,
                "kms_key_id": "",
                "tags": {},
                "tags_all": {},
                "throughput": 125,
                "volume_id": "vol-040905be1e0b3d0c7",
                "volume_size": 8,
                "volume_type": "gp3"
              }
            ],
            "secondary_private_ips": [],
            "security_groups": [],
            "source_dest_check": true,
            "spot_instance_request_id": "",
            "subnet_id": "subnet-050d1dbf91f1f5d65",
            "tags": {
              "Name": "web-server-ec2"
            },
            "tags_all": {
              "Name": "web-server-ec2"
            },
            "tenancy": "default",
            "timeouts": null,
            "user_data": null,
            "user_data_base64": "IyEvYmluL2Jhc2gKc2V0IC1ldXgKc3VkbyBzdQpkbmYgLXkgdXBkYXRlCmRuZiAteSBpbnN0YWxsIGh0dHBkIGF3c2NsaQpzeXN0ZW1jdGwgZW5hYmxlIC0tbm93IGh0dHBkCgojIFNUQVRJQyBPTkxZIChodG1sL2Nzcy9qcy9pbWFnZXMpCkJVQ0tFVD0iZGlwZW4tYXBwLWJhY2tlbmQtY29kZSIKIyBJZiB5b3Ugd2FudCwgcGxhY2Ugb25seSBzdGF0aWMgZmlsZXMgdW5kZXIgYSBwcmVmaXggKGUuZy4sIC9zdGF0aWMpCmF3cyBzMyBzeW5jICJzMzovLyR7QlVDS0VUfS8iIC92YXIvd3d3L2h0bWwvIC0tZGVsZXRlCgojIFJldmVyc2UgcHJveHkgL2FwaS8qIHRvIHRoZSBpbnRlcm5hbCBBTEIKSU5URVJOQUxfQVBQX0FMQj0iJHtpbnRlcm5hbF9hbGJfZG5zfSIgICMgPC0gcmVwbGFjZSB2aWEgVGVycmFmb3JtIHRlbXBsYXRlZmlsZSBvciBzZWQKCmNhdCA+L2V0Yy9odHRwZC9jb25mLmQvcmV2ZXJzZS1wcm94eS5jb25mIDw8Q09ORgpQcm94eVByZXNlcnZlSG9zdCBPbgpQcm94eVJlcXVlc3RzIE9mZgoKIyByZXF1aXJlZCBtb2R1bGVzIGFyZSBpbiBodHRwZDsgZW5zdXJlIHRoZXkgbG9hZApMb2FkTW9kdWxlIHByb3h5X21vZHVsZSBtb2R1bGVzL21vZF9wcm94eS5zbwpMb2FkTW9kdWxlIHByb3h5X2h0dHBfbW9kdWxlIG1vZHVsZXMvbW9kX3Byb3h5X2h0dHAuc28KCiMgZm9yd2FyZCBhbGwgL2FwaS8qIHRvIHRoZSBhcHAgdGllcgpQcm94eVBhc3MgICAgICAgIC9hcGkvIGh0dHA6Ly8ke0lOVEVSTkFMX0FQUF9BTEJ9LwpQcm94eVBhc3NSZXZlcnNlIC9hcGkvIGh0dHA6Ly8ke0lOVEVSTkFMX0FQUF9BTEJ9LwpDT05GCgpzeXN0ZW1jdGwgcmVzdGFydCBodHRwZAo=",
            "user_data_replace_on_change": false,
            "volume_tags": null,
            "vpc_security_group_ids": [
              "sg-09a5db4eae92e0219"
            ]
          },
          "sensitive_attributes": [],
          "identity_schema_version": 0,
          "private": "eyJlMmJmYjczMC1lY2FhLTExZTYtOGY4OC0zNDM2M2JjN2M0YzAiOnsiY3JlYXRlIjo2MDAwMDAwMDAwMDAsImRlbGV0ZSI6MTIwMDAwMDAwMDAwMCwicmVhZCI6OTAwMDAwMDAwMDAwLCJ1cGRhdGUiOjYwMDAwMDAwMDAwMH0sInNjaGVtYV92ZXJzaW9uIjoiMiJ9",
          "dependencies": [
            "aws_iam_instance_profile.ec2_s3_profile",
            "aws_iam_role.ec2_role",
            "aws_key_pair.dipen_keypair",
            "aws_security_group.web_tier_sg",
            "aws_subnet.pub_web_az_1",
            "aws_vpc.dipen_custom_vpc",
            "tls_private_key.dipen_key"
          ]
        }
      ]
    },
    {
      "mode": "managed",
      "type": "aws_internet_gateway",
      "name": "igw",
      "provider": "provider[\"registry.terraform.io/hashicorp/aws\"]",
      "instances": [
        {
          "schema_version": 0,
          "attributes": {
            "arn": "arn:aws:ec2:us-east-2:167611893883:internet-gateway/igw-0d40884271a19e953",
            "id": "igw-0d40884271a19e953",
            "owner_id": "167611893883",
            "region": "us-east-2",
            "tags": {
              "Name": "dipen_vpc_igw"
            },
            "tags_all": {
              "Name": "dipen_vpc_igw"
            },
            "timeouts": null,
            "vpc_id": "vpc-0afc389f0b4995dea"
          },
          "sensitive_attributes": [],
          "identity_schema_version": 0,
          "private": "eyJlMmJmYjczMC1lY2FhLTExZTYtOGY4OC0zNDM2M2JjN2M0YzAiOnsiY3JlYXRlIjoxMjAwMDAwMDAwMDAwLCJkZWxldGUiOjEyMDAwMDAwMDAwMDAsInVwZGF0ZSI6MTIwMDAwMDAwMDAwMH19",
          "dependencies": [
            "aws_vpc.dipen_custom_vpc"
          ]
        }
      ]
    },
    {
      "mode": "managed",
      "type": "aws_key_pair",
      "name": "dipen_keypair",
      "provider": "provider[\"registry.terraform.io/hashicorp/aws\"]",
      "instances": [
        {
          "schema_version": 1,
          "attributes": {
            "arn": "arn:aws:ec2:us-east-2:167611893883:key-pair/dipen-keypair",
            "fingerprint": "2b:73:e1:84:6f:cc:d3:4e:49:8d:76:f5:88:5c:55:d9",
            "id": "dipen-keypair",
            "key_name": "dipen-keypair",
            "key_name_prefix": "",
            "key_pair_id": "key-0c2ff1232de181c71",
            "key_type": "rsa",
            "public_key": "ssh-rsa AAAAB3NzaC1yc2EAAAADAQABAAACAQDMSUt/4flZPxpGj6Vu67SfX+YpKX1jj1iotb2T+hJbnGMxXed0aGw0Azk0oXjOY0IDbo1OvgAmydjoGZhiZmQ+uTCuk/g7GeB08MJQtNb68WpXiDs7GX+3Tq/tK+OnYWm1rKMOSmqOVuSKXofG3SUkgvVf8B9Pl80havEoZxqmBKYEPiVT5cq0L+WZzsg67FDBIoByhCVAtE0LCTn9QRqwaOZn2S+ve/ADLBzjcggkYn2Sdo2J4btAPKVJ+yF9mHjmQ2YO4cydyAAPUlpB6f6JStulThb6knRRadk0tOYtM6eywVRLOuDFlQB8qmGreeoU4qdu0o4300IjopA+/XwD2ns8jcF/X2Icm31aTQSuGkIPZaXKL9m1Riy61vUVlscHXYNXTGuKebv9h/3PU7h10SrodEYqtrkj/QdmK7/Mdc5EfqFAv4qi1oYlIjrVqB5nIX868+v3qWUa/pYqpTnPGbG4MXdaqfLWHcOgD5dLO3LzuURaXsRaM6Gvv/uofSDzyaIvNUfQ5rEaX9oeYLu9VA5cBAQPv48IjSwklIZSaKNaapOFJ1sQ9ct3C7UbIM39RovTYsL7R8OCGoRKW4B0Yb4r4azABnvgDmhm9ucvGpVqSS8wSq0SXNi+oIeO3I4f4n9IPeP9TW9z7G4LH3EPxUSp0hH2MzfsLZ9sAYJsaQ==",
            "region": "us-east-2",
            "tags": {},
            "tags_all": {}
          },
          "sensitive_attributes": [],
          "identity_schema_version": 0,
          "private": "eyJzY2hlbWFfdmVyc2lvbiI6IjEifQ==",
          "dependencies": [
            "tls_private_key.dipen_key"
          ],
          "create_before_destroy": true
        }
      ]
    },
    {
      "mode": "managed",
      "type": "aws_launch_template",
      "name": "app_lt",
      "provider": "provider[\"registry.terraform.io/hashicorp/aws\"]",
      "instances": [
        {
          "schema_version": 0,
          "attributes": {
            "arn": "arn:aws:ec2:us-east-2:167611893883:launch-template/lt-05ba76859a479332c",
            "block_device_mappings": [],
            "capacity_reservation_specification": [],
            "cpu_options": [],
            "credit_specification": [],
            "default_version": 1,
            "description": "",
            "disable_api_stop": false,
            "disable_api_termination": false,
            "ebs_optimized": "",
            "enclave_options": [],
            "hibernation_options": [],
            "iam_instance_profile": [
              {
                "arn": "",
                "name": "ec2-s3-ssm-instance-profile"
              }
            ],
            "id": "lt-05ba76859a479332c",
            "image_id": "ami-08221e706f343d7b7",
            "instance_initiated_shutdown_behavior": "",
            "instance_market_options": [],
            "instance_requirements": [],
            "instance_type": "t2.micro",
            "kernel_id": "",
            "key_name": "dipen-keypair",
            "latest_version": 2,
            "license_specification": [],
            "maintenance_options": [],
            "metadata_options": [],
            "monitoring": [],
            "name": "app-lt-20250812025123751500000005",
            "name_prefix": "app-lt-",
            "network_interfaces": [],
            "placement": [],
            "private_dns_name_options": [],
            "ram_disk_id": "",
            "region": "us-east-2",
            "security_group_names": [],
            "tag_specifications": [
              {
                "resource_type": "instance",
                "tags": {
                  "Name": "app-tier-ec2"
                }
              }
            ],
            "tags": {},
            "tags_all": {},
            "update_default_version": null,
            "user_data": "IyEvYmluL2Jhc2gKc2V0IC1ldXgKc3VkbyBzdQpkbmYgLXkgdXBkYXRlCmRuZiAteSBpbnN0YWxsIGh0dHBkIHBocC1mcG0gcGhwLWNsaSBwaHAtbXlzcWxuZCBhd3NjbGkKCnN5c3RlbWN0bCBlbmFibGUgLS1ub3cgcGhwLWZwbQpzeXN0ZW1jdGwgZW5hYmxlIC0tbm93IGh0dHBkCgojIFBIUC1GUE0gaGFuZGxlciBmb3IgQXBhY2hlCmNhdCA+L2V0Yy9odHRwZC9jb25mLmQvcGhwLWZwbS5jb25mIDw8J0NPTkYnCkFkZFR5cGUgYXBwbGljYXRpb24veC1odHRwZC1waHAgLnBocApEaXJlY3RvcnlJbmRleCBpbmRleC5waHAgaW5kZXguaHRtbAo8RmlsZXNNYXRjaCBcLnBocCQ+CiAgU2V0SGFuZGxlciAicHJveHk6dW5peDovcnVuL3BocC1mcG0vd3d3LnNvY2t8ZmNnaTovL2xvY2FsaG9zdC8iCjwvRmlsZXNNYXRjaD4KQ09ORgoKIyBwdWxsIE9OTFkgYmFja2VuZCBjb2RlICh5b3UgY2FuIGtlZXAgZXZlcnl0aGluZyBpbiBzYW1lIGJ1Y2tldCkKQlVDS0VUPSJkaXBlbi1hcHAtYmFja2VuZC1jb2RlIgphd3MgczMgc3luYyAiczM6Ly8ke0JVQ0tFVH0vIiAvdmFyL3d3dy9odG1sLyAtLWRlbGV0ZQoKY2hvd24gLVIgYXBhY2hlOmFwYWNoZSAvdmFyL3d3dy9odG1sCmZpbmQgL3Zhci93d3cvaHRtbCAtdHlwZSBmIC1leGVjIGNobW9kIDA2NDQge30gXDsKCnN5c3RlbWN0bCByZXN0YXJ0IHBocC1mcG0gaHR0cGQK",
            "vpc_security_group_ids": [
              "sg-0030cc3727b72d955"
            ]
          },
          "sensitive_attributes": [],
          "identity_schema_version": 0,
          "private": "bnVsbA==",
          "dependencies": [
            "aws_iam_instance_profile.ec2_s3_profile",
            "aws_iam_role.ec2_role",
            "aws_key_pair.dipen_keypair",
            "aws_security_group.app_tier_sg",
            "aws_vpc.dipen_custom_vpc",
            "tls_private_key.dipen_key"
          ],
          "create_before_destroy": true
        }
      ]
    },
    {
      "mode": "managed",
      "type": "aws_launch_template",
      "name": "web_lt",
      "provider": "provider[\"registry.terraform.io/hashicorp/aws\"]",
      "instances": [
        {
          "schema_version": 0,
          "attributes": {
            "arn": "arn:aws:ec2:us-east-2:167611893883:launch-template/lt-08dce078ea9ec0c1a",
            "block_device_mappings": [],
            "capacity_reservation_specification": [],
            "cpu_options": [],
            "credit_specification": [],
            "default_version": 1,
            "description": "",
            "disable_api_stop": false,
            "disable_api_termination": false,
            "ebs_optimized": "",
            "enclave_options": [],
            "hibernation_options": [],
            "iam_instance_profile": [
              {
                "arn": "",
                "name": "ec2-s3-ssm-instance-profile"
              }
            ],
            "id": "lt-08dce078ea9ec0c1a",
            "image_id": "ami-08221e706f343d7b7",
            "instance_initiated_shutdown_behavior": "",
            "instance_market_options": [],
            "instance_requirements": [],
            "instance_type": "t2.micro",
            "kernel_id": "",
            "key_name": "dipen-keypair",
            "latest_version": 5,
            "license_specification": [],
            "maintenance_options": [],
            "metadata_options": [],
            "monitoring": [],
            "name": "web-lt-20250812025123276700000002",
            "name_prefix": "web-lt-",
            "network_interfaces": [],
            "placement": [],
            "private_dns_name_options": [],
            "ram_disk_id": "",
            "region": "us-east-2",
            "security_group_names": [],
            "tag_specifications": [
              {
                "resource_type": "instance",
                "tags": {
                  "Name": "web-tier-ec2"
                }
              }
            ],
            "tags": {},
            "tags_all": {},
            "update_default_version": null,
            "user_data": "IyEvYmluL2Jhc2gNCnNldCAtZXV4DQpzdWRvIHN1DQpkbmYgLXkgdXBkYXRlDQpkbmYgLXkgaW5zdGFsbCBodHRwZCBhd3NjbGkNCnN5c3RlbWN0bCBlbmFibGUgLS1ub3cgaHR0cGQNCg0KIyBTdGF0aWMgc2l0ZSBmcm9tIFMzDQphd3MgczMgc3luYyBzMzovL2RpcGVuLWFwcC1iYWNrZW5kLWNvZGUgL3Zhci93d3cvaHRtbCAtLWRlbGV0ZSB8fCB0cnVlDQoNCiMgaW5qZWN0IGZyb20gVGVycmFmb3JtDQpJTlRFUk5BTF9BUFBfQUxCX0ROUz0iaW50ZXJuYWwtYXBwLWludGVybmFsLWFsYi0xNzA0NjI4OTY0LnVzLWVhc3QtMi5lbGIuYW1hem9uYXdzLmNvbSINCg0KY2F0ID4vZXRjL2h0dHBkL2NvbmYuZC9yZXZlcnNlLXByb3h5LmNvbmYgPDxDT05GDQpQcm94eVByZXNlcnZlSG9zdCBPbg0KUHJveHlSZXF1ZXN0cyBPZmYNCg0KIyAobW9kdWxlcyB1c3VhbGx5IHByZWxvYWRlZDsgaGFybWxlc3MgaWYgZHVwbGljYXRlZCkNCkxvYWRNb2R1bGUgcHJveHlfbW9kdWxlIG1vZHVsZXMvbW9kX3Byb3h5LnNvDQpMb2FkTW9kdWxlIHByb3h5X2h0dHBfbW9kdWxlIG1vZHVsZXMvbW9kX3Byb3h5X2h0dHAuc28NCg0KIyBJTVBPUlRBTlQ6IGVzY2FwZSBUZXJyYWZvcm0gd2l0aCAkJA0KUHJveHlQYXNzICAgICAgICAvYXBpLyBodHRwOi8vJHtJTlRFUk5BTF9BUFBfQUxCX0ROU30vDQpQcm94eVBhc3NSZXZlcnNlIC9hcGkvIGh0dHA6Ly8ke0lOVEVSTkFMX0FQUF9BTEJfRE5TfS8NCkNPTkYNCg0Kc3lzdGVtY3RsIHJlc3RhcnQgaHR0cGQNCg==",
            "vpc_security_group_ids": [
              "sg-09a5db4eae92e0219"
            ]
          },
          "sensitive_attributes": [],
          "identity_schema_version": 0,
          "private": "bnVsbA==",
          "dependencies": [
            "aws_iam_instance_profile.ec2_s3_profile",
            "aws_iam_role.ec2_role",
            "aws_key_pair.dipen_keypair",
            "aws_lb.app_internal_alb",
            "aws_security_group.alb_internal_sg",
            "aws_security_group.web_tier_sg",
            "aws_subnet.pri_app_az_1",
            "aws_subnet.pri_app_az_2",
            "aws_vpc.dipen_custom_vpc",
            "tls_private_key.dipen_key"
          ],
          "create_before_destroy": true
        }
      ]
    },
    {
      "mode": "managed",
      "type": "aws_lb",
      "name": "app_internal_alb",
      "provider": "provider[\"registry.terraform.io/hashicorp/aws\"]",
      "instances": [
        {
          "schema_version": 0,
          "attributes": {
            "access_logs": [
              {
                "bucket": "",
                "enabled": false,
                "prefix": ""
              }
            ],
            "arn": "arn:aws:elasticloadbalancing:us-east-2:167611893883:loadbalancer/app/app-internal-alb/f79d45a7dc3407b8",
            "arn_suffix": "app/app-internal-alb/f79d45a7dc3407b8",
            "client_keep_alive": 3600,
            "connection_logs": [
              {
                "bucket": "",
                "enabled": false,
                "prefix": ""
              }
            ],
            "customer_owned_ipv4_pool": "",
            "desync_mitigation_mode": "defensive",
            "dns_name": "internal-app-internal-alb-1704628964.us-east-2.elb.amazonaws.com",
            "dns_record_client_routing_policy": null,
            "drop_invalid_header_fields": false,
            "enable_cross_zone_load_balancing": true,
            "enable_deletion_protection": false,
            "enable_http2": true,
            "enable_tls_version_and_cipher_suite_headers": false,
            "enable_waf_fail_open": false,
            "enable_xff_client_port": false,
            "enable_zonal_shift": false,
            "enforce_security_group_inbound_rules_on_private_link_traffic": "",
            "id": "arn:aws:elasticloadbalancing:us-east-2:167611893883:loadbalancer/app/app-internal-alb/f79d45a7dc3407b8",
            "idle_timeout": 60,
            "internal": true,
            "ip_address_type": "ipv4",
            "ipam_pools": [],
            "load_balancer_type": "application",
            "minimum_load_balancer_capacity": [],
            "name": "app-internal-alb",
            "name_prefix": "",
            "preserve_host_header": false,
            "region": "us-east-2",
            "security_groups": [
              "sg-02bdb28f27bf9c546"
            ],
            "subnet_mapping": [
              {
                "allocation_id": "",
                "ipv6_address": "",
                "outpost_id": "",
                "private_ipv4_address": "",
                "subnet_id": "subnet-00c9ec570987b3498"
              },
              {
                "allocation_id": "",
                "ipv6_address": "",
                "outpost_id": "",
                "private_ipv4_address": "",
                "subnet_id": "subnet-0cc4347aa93e98f48"
              }
            ],
            "subnets": [
              "subnet-00c9ec570987b3498",
              "subnet-0cc4347aa93e98f48"
            ],
            "tags": {
              "Name": "app-internal-alb"
            },
            "tags_all": {
              "Name": "app-internal-alb"
            },
            "timeouts": null,
            "vpc_id": "vpc-0afc389f0b4995dea",
            "xff_header_processing_mode": "append",
            "zone_id": "Z3AADJGX6KTTL2"
          },
          "sensitive_attributes": [],
          "identity_schema_version": 0,
          "identity": {
            "arn": "arn:aws:elasticloadbalancing:us-east-2:167611893883:loadbalancer/app/app-internal-alb/f79d45a7dc3407b8"
          },
          "private": "eyJlMmJmYjczMC1lY2FhLTExZTYtOGY4OC0zNDM2M2JjN2M0YzAiOnsiY3JlYXRlIjo2MDAwMDAwMDAwMDAsImRlbGV0ZSI6NjAwMDAwMDAwMDAwLCJ1cGRhdGUiOjYwMDAwMDAwMDAwMH19",
          "dependencies": [
            "aws_security_group.alb_internal_sg",
            "aws_subnet.pri_app_az_1",
            "aws_subnet.pri_app_az_2",
            "aws_vpc.dipen_custom_vpc"
          ],
          "create_before_destroy": true
        }
      ]
    },
    {
      "mode": "managed",
      "type": "aws_lb",
      "name": "web_alb",
      "provider": "provider[\"registry.terraform.io/hashicorp/aws\"]",
      "instances": [
        {
          "schema_version": 0,
          "attributes": {
            "access_logs": [
              {
                "bucket": "",
                "enabled": false,
                "prefix": ""
              }
            ],
            "arn": "arn:aws:elasticloadbalancing:us-east-2:167611893883:loadbalancer/app/web-alb/1345012c14b95ee8",
            "arn_suffix": "app/web-alb/1345012c14b95ee8",
            "client_keep_alive": 3600,
            "connection_logs": [
              {
                "bucket": "",
                "enabled": false,
                "prefix": ""
              }
            ],
            "customer_owned_ipv4_pool": "",
            "desync_mitigation_mode": "defensive",
            "dns_name": "web-alb-660562188.us-east-2.elb.amazonaws.com",
            "dns_record_client_routing_policy": null,
            "drop_invalid_header_fields": false,
            "enable_cross_zone_load_balancing": true,
            "enable_deletion_protection": false,
            "enable_http2": true,
            "enable_tls_version_and_cipher_suite_headers": false,
            "enable_waf_fail_open": false,
            "enable_xff_client_port": false,
            "enable_zonal_shift": false,
            "enforce_security_group_inbound_rules_on_private_link_traffic": "",
            "id": "arn:aws:elasticloadbalancing:us-east-2:167611893883:loadbalancer/app/web-alb/1345012c14b95ee8",
            "idle_timeout": 60,
            "internal": false,
            "ip_address_type": "ipv4",
            "ipam_pools": [],
            "load_balancer_type": "application",
            "minimum_load_balancer_capacity": [],
            "name": "web-alb",
            "name_prefix": "",
            "preserve_host_header": false,
            "region": "us-east-2",
            "security_groups": [
              "sg-0cb045b4fb94e2339"
            ],
            "subnet_mapping": [
              {
                "allocation_id": "",
                "ipv6_address": "",
                "outpost_id": "",
                "private_ipv4_address": "",
                "subnet_id": "subnet-04754e38c35b30e5f"
              },
              {
                "allocation_id": "",
                "ipv6_address": "",
                "outpost_id": "",
                "private_ipv4_address": "",
                "subnet_id": "subnet-050d1dbf91f1f5d65"
              }
            ],
            "subnets": [
              "subnet-04754e38c35b30e5f",
              "subnet-050d1dbf91f1f5d65"
            ],
            "tags": {
              "Name": "web-tier-alb"
            },
            "tags_all": {
              "Name": "web-tier-alb"
            },
            "timeouts": null,
            "vpc_id": "vpc-0afc389f0b4995dea",
            "xff_header_processing_mode": "append",
            "zone_id": "Z3AADJGX6KTTL2"
          },
          "sensitive_attributes": [],
          "identity_schema_version": 0,
          "identity": {
            "arn": "arn:aws:elasticloadbalancing:us-east-2:167611893883:loadbalancer/app/web-alb/1345012c14b95ee8"
          },
          "private": "eyJlMmJmYjczMC1lY2FhLTExZTYtOGY4OC0zNDM2M2JjN2M0YzAiOnsiY3JlYXRlIjo2MDAwMDAwMDAwMDAsImRlbGV0ZSI6NjAwMDAwMDAwMDAwLCJ1cGRhdGUiOjYwMDAwMDAwMDAwMH19",
          "dependencies": [
            "aws_security_group.web_alb_sg",
            "aws_subnet.pub_web_az_1",
            "aws_subnet.pub_web_az_2",
            "aws_vpc.dipen_custom_vpc"
          ]
        }
      ]
    },
    {
      "mode": "managed",
      "type": "aws_lb_listener",
      "name": "app_http",
      "provider": "provider[\"registry.terraform.io/hashicorp/aws\"]",
      "instances": [
        {
          "schema_version": 0,
          "attributes": {
            "alpn_policy": null,
            "arn": "arn:aws:elasticloadbalancing:us-east-2:167611893883:listener/app/app-internal-alb/f79d45a7dc3407b8/d22cbe8976fd975a",
            "certificate_arn": null,
            "default_action": [
              {
                "authenticate_cognito": [],
                "authenticate_oidc": [],
                "fixed_response": [],
                "forward": [],
                "order": 1,
                "redirect": [],
                "target_group_arn": "arn:aws:elasticloadbalancing:us-east-2:167611893883:targetgroup/app-tg/04316b703bb997e8",
                "type": "forward"
              }
            ],
            "id": "arn:aws:elasticloadbalancing:us-east-2:167611893883:listener/app/app-internal-alb/f79d45a7dc3407b8/d22cbe8976fd975a",
            "load_balancer_arn": "arn:aws:elasticloadbalancing:us-east-2:167611893883:loadbalancer/app/app-internal-alb/f79d45a7dc3407b8",
            "mutual_authentication": [],
            "port": 80,
            "protocol": "HTTP",
            "region": "us-east-2",
            "routing_http_request_x_amzn_mtls_clientcert_header_name": null,
            "routing_http_request_x_amzn_mtls_clientcert_issuer_header_name": null,
            "routing_http_request_x_amzn_mtls_clientcert_leaf_header_name": null,
            "routing_http_request_x_amzn_mtls_clientcert_serial_number_header_name": null,
            "routing_http_request_x_amzn_mtls_clientcert_subject_header_name": null,
            "routing_http_request_x_amzn_mtls_clientcert_validity_header_name": null,
            "routing_http_request_x_amzn_tls_cipher_suite_header_name": null,
            "routing_http_request_x_amzn_tls_version_header_name": null,
            "routing_http_response_access_control_allow_credentials_header_value": "",
            "routing_http_response_access_control_allow_headers_header_value": "",
            "routing_http_response_access_control_allow_methods_header_value": "",
            "routing_http_response_access_control_allow_origin_header_value": "",
            "routing_http_response_access_control_expose_headers_header_value": "",
            "routing_http_response_access_control_max_age_header_value": "",
            "routing_http_response_content_security_policy_header_value": "",
            "routing_http_response_server_enabled": true,
            "routing_http_response_strict_transport_security_header_value": "",
            "routing_http_response_x_content_type_options_header_value": "",
            "routing_http_response_x_frame_options_header_value": "",
            "ssl_policy": "",
            "tags": {},
            "tags_all": {},
            "tcp_idle_timeout_seconds": null,
            "timeouts": null
          },
          "sensitive_attributes": [],
          "identity_schema_version": 0,
          "identity": {
            "arn": "arn:aws:elasticloadbalancing:us-east-2:167611893883:listener/app/app-internal-alb/f79d45a7dc3407b8/d22cbe8976fd975a"
          },
          "private": "eyJlMmJmYjczMC1lY2FhLTExZTYtOGY4OC0zNDM2M2JjN2M0YzAiOnsiY3JlYXRlIjozMDAwMDAwMDAwMDAsInVwZGF0ZSI6MzAwMDAwMDAwMDAwfX0=",
          "dependencies": [
            "aws_lb.app_internal_alb",
            "aws_lb_target_group.app_tg",
            "aws_security_group.alb_internal_sg",
            "aws_subnet.pri_app_az_1",
            "aws_subnet.pri_app_az_2",
            "aws_vpc.dipen_custom_vpc"
          ]
        }
      ]
    },
    {
      "mode": "managed",
      "type": "aws_lb_listener",
      "name": "web_listener",
      "provider": "provider[\"registry.terraform.io/hashicorp/aws\"]",
      "instances": [
        {
          "schema_version": 0,
          "attributes": {
            "alpn_policy": null,
            "arn": "arn:aws:elasticloadbalancing:us-east-2:167611893883:listener/app/web-alb/1345012c14b95ee8/196e4d61e8ab3f91",
            "certificate_arn": null,
            "default_action": [
              {
                "authenticate_cognito": [],
                "authenticate_oidc": [],
                "fixed_response": [],
                "forward": [],
                "order": 1,
                "redirect": [],
                "target_group_arn": "arn:aws:elasticloadbalancing:us-east-2:167611893883:targetgroup/web-target-group/8a02c7d2e61922b1",
                "type": "forward"
              }
            ],
            "id": "arn:aws:elasticloadbalancing:us-east-2:167611893883:listener/app/web-alb/1345012c14b95ee8/196e4d61e8ab3f91",
            "load_balancer_arn": "arn:aws:elasticloadbalancing:us-east-2:167611893883:loadbalancer/app/web-alb/1345012c14b95ee8",
            "mutual_authentication": [],
            "port": 80,
            "protocol": "HTTP",
            "region": "us-east-2",
            "routing_http_request_x_amzn_mtls_clientcert_header_name": null,
            "routing_http_request_x_amzn_mtls_clientcert_issuer_header_name": null,
            "routing_http_request_x_amzn_mtls_clientcert_leaf_header_name": null,
            "routing_http_request_x_amzn_mtls_clientcert_serial_number_header_name": null,
            "routing_http_request_x_amzn_mtls_clientcert_subject_header_name": null,
            "routing_http_request_x_amzn_mtls_clientcert_validity_header_name": null,
            "routing_http_request_x_amzn_tls_cipher_suite_header_name": null,
            "routing_http_request_x_amzn_tls_version_header_name": null,
            "routing_http_response_access_control_allow_credentials_header_value": "",
            "routing_http_response_access_control_allow_headers_header_value": "",
            "routing_http_response_access_control_allow_methods_header_value": "",
            "routing_http_response_access_control_allow_origin_header_value": "",
            "routing_http_response_access_control_expose_headers_header_value": "",
            "routing_http_response_access_control_max_age_header_value": "",
            "routing_http_response_content_security_policy_header_value": "",
            "routing_http_response_server_enabled": true,
            "routing_http_response_strict_transport_security_header_value": "",
            "routing_http_response_x_content_type_options_header_value": "",
            "routing_http_response_x_frame_options_header_value": "",
            "ssl_policy": "",
            "tags": {},
            "tags_all": {},
            "tcp_idle_timeout_seconds": null,
            "timeouts": null
          },
          "sensitive_attributes": [],
          "identity_schema_version": 0,
          "identity": {
            "arn": "arn:aws:elasticloadbalancing:us-east-2:167611893883:listener/app/web-alb/1345012c14b95ee8/196e4d61e8ab3f91"
          },
          "private": "eyJlMmJmYjczMC1lY2FhLTExZTYtOGY4OC0zNDM2M2JjN2M0YzAiOnsiY3JlYXRlIjozMDAwMDAwMDAwMDAsInVwZGF0ZSI6MzAwMDAwMDAwMDAwfX0=",
          "dependencies": [
            "aws_lb.web_alb",
            "aws_lb_target_group.web_tg",
            "aws_security_group.web_alb_sg",
            "aws_subnet.pub_web_az_1",
            "aws_subnet.pub_web_az_2",
            "aws_vpc.dipen_custom_vpc"
          ]
        }
      ]
    },
    {
      "mode": "managed",
      "type": "aws_lb_target_group",
      "name": "app_tg",
      "provider": "provider[\"registry.terraform.io/hashicorp/aws\"]",
      "instances": [
        {
          "schema_version": 0,
          "attributes": {
            "arn": "arn:aws:elasticloadbalancing:us-east-2:167611893883:targetgroup/app-tg/04316b703bb997e8",
            "arn_suffix": "targetgroup/app-tg/04316b703bb997e8",
            "connection_termination": null,
            "deregistration_delay": "300",
            "health_check": [
              {
                "enabled": true,
                "healthy_threshold": 2,
                "interval": 30,
                "matcher": "200-399",
                "path": "/health.php",
                "port": "traffic-port",
                "protocol": "HTTP",
                "timeout": 5,
                "unhealthy_threshold": 2
              }
            ],
            "id": "arn:aws:elasticloadbalancing:us-east-2:167611893883:targetgroup/app-tg/04316b703bb997e8",
            "ip_address_type": "ipv4",
            "lambda_multi_value_headers_enabled": false,
            "load_balancer_arns": [
              "arn:aws:elasticloadbalancing:us-east-2:167611893883:loadbalancer/app/app-internal-alb/f79d45a7dc3407b8"
            ],
            "load_balancing_algorithm_type": "round_robin",
            "load_balancing_anomaly_mitigation": "off",
            "load_balancing_cross_zone_enabled": "use_load_balancer_configuration",
            "name": "app-tg",
            "name_prefix": "",
            "port": 80,
            "preserve_client_ip": null,
            "protocol": "HTTP",
            "protocol_version": "HTTP1",
            "proxy_protocol_v2": false,
            "region": "us-east-2",
            "slow_start": 0,
            "stickiness": [
              {
                "cookie_duration": 86400,
                "cookie_name": "",
                "enabled": false,
                "type": "lb_cookie"
              }
            ],
            "tags": {
              "Name": "app-tg"
            },
            "tags_all": {
              "Name": "app-tg"
            },
            "target_failover": [
              {
                "on_deregistration": null,
                "on_unhealthy": null
              }
            ],
            "target_group_health": [
              {
                "dns_failover": [
                  {
                    "minimum_healthy_targets_count": "1",
                    "minimum_healthy_targets_percentage": "off"
                  }
                ],
                "unhealthy_state_routing": [
                  {
                    "minimum_healthy_targets_count": 1,
                    "minimum_healthy_targets_percentage": "off"
                  }
                ]
              }
            ],
            "target_health_state": [
              {
                "enable_unhealthy_connection_termination": null,
                "unhealthy_draining_interval": null
              }
            ],
            "target_type": "instance",
            "vpc_id": "vpc-0afc389f0b4995dea"
          },
          "sensitive_attributes": [],
          "identity_schema_version": 0,
          "identity": {
            "arn": "arn:aws:elasticloadbalancing:us-east-2:167611893883:targetgroup/app-tg/04316b703bb997e8"
          },
          "private": "bnVsbA==",
          "dependencies": [
            "aws_vpc.dipen_custom_vpc"
          ],
          "create_before_destroy": true
        }
      ]
    },
    {
      "mode": "managed",
      "type": "aws_lb_target_group",
      "name": "web_tg",
      "provider": "provider[\"registry.terraform.io/hashicorp/aws\"]",
      "instances": [
        {
          "schema_version": 0,
          "attributes": {
            "arn": "arn:aws:elasticloadbalancing:us-east-2:167611893883:targetgroup/web-target-group/8a02c7d2e61922b1",
            "arn_suffix": "targetgroup/web-target-group/8a02c7d2e61922b1",
            "connection_termination": null,
            "deregistration_delay": "300",
            "health_check": [
              {
                "enabled": true,
                "healthy_threshold": 3,
                "interval": 15,
                "matcher": "200-399",
                "path": "/",
                "port": "traffic-port",
                "protocol": "HTTP",
                "timeout": 5,
                "unhealthy_threshold": 2
              }
            ],
            "id": "arn:aws:elasticloadbalancing:us-east-2:167611893883:targetgroup/web-target-group/8a02c7d2e61922b1",
            "ip_address_type": "ipv4",
            "lambda_multi_value_headers_enabled": false,
            "load_balancer_arns": [
              "arn:aws:elasticloadbalancing:us-east-2:167611893883:loadbalancer/app/web-alb/1345012c14b95ee8"
            ],
            "load_balancing_algorithm_type": "round_robin",
            "load_balancing_anomaly_mitigation": "off",
            "load_balancing_cross_zone_enabled": "use_load_balancer_configuration",
            "name": "web-target-group",
            "name_prefix": "",
            "port": 80,
            "preserve_client_ip": null,
            "protocol": "HTTP",
            "protocol_version": "HTTP1",
            "proxy_protocol_v2": false,
            "region": "us-east-2",
            "slow_start": 0,
            "stickiness": [
              {
                "cookie_duration": 86400,
                "cookie_name": "",
                "enabled": false,
                "type": "lb_cookie"
              }
            ],
            "tags": {
              "Name": "web-tier-tg"
            },
            "tags_all": {
              "Name": "web-tier-tg"
            },
            "target_failover": [
              {
                "on_deregistration": null,
                "on_unhealthy": null
              }
            ],
            "target_group_health": [
              {
                "dns_failover": [
                  {
                    "minimum_healthy_targets_count": "1",
                    "minimum_healthy_targets_percentage": "off"
                  }
                ],
                "unhealthy_state_routing": [
                  {
                    "minimum_healthy_targets_count": 1,
                    "minimum_healthy_targets_percentage": "off"
                  }
                ]
              }
            ],
            "target_health_state": [
              {
                "enable_unhealthy_connection_termination": null,
                "unhealthy_draining_interval": null
              }
            ],
            "target_type": "instance",
            "vpc_id": "vpc-0afc389f0b4995dea"
          },
          "sensitive_attributes": [],
          "identity_schema_version": 0,
          "identity": {
            "arn": "arn:aws:elasticloadbalancing:us-east-2:167611893883:targetgroup/web-target-group/8a02c7d2e61922b1"
          },
          "private": "bnVsbA==",
          "dependencies": [
            "aws_vpc.dipen_custom_vpc"
          ],
          "create_before_destroy": true
        }
      ]
    },
    {
      "mode": "managed",
      "type": "aws_nat_gateway",
      "name": "nat_gw",
      "provider": "provider[\"registry.terraform.io/hashicorp/aws\"]",
      "instances": [
        {
          "schema_version": 0,
          "attributes": {
            "allocation_id": "eipalloc-00c6f351a45d7ba1e",
            "association_id": "eipassoc-07241bc42d57a1999",
            "connectivity_type": "public",
            "id": "nat-0ff6291665b0516cf",
            "network_interface_id": "eni-010fd6744eeb6ddb8",
            "private_ip": "10.0.1.18",
            "public_ip": "3.129.76.58",
            "region": "us-east-2",
            "secondary_allocation_ids": [],
            "secondary_private_ip_address_count": 0,
            "secondary_private_ip_addresses": [],
            "subnet_id": "subnet-050d1dbf91f1f5d65",
            "tags": {
              "Name": "dipen_vpc_Nat_gw"
            },
            "tags_all": {
              "Name": "dipen_vpc_Nat_gw"
            },
            "timeouts": null
          },
          "sensitive_attributes": [],
          "identity_schema_version": 0,
          "private": "eyJlMmJmYjczMC1lY2FhLTExZTYtOGY4OC0zNDM2M2JjN2M0YzAiOnsiY3JlYXRlIjo2MDAwMDAwMDAwMDAsImRlbGV0ZSI6MTgwMDAwMDAwMDAwMCwidXBkYXRlIjo2MDAwMDAwMDAwMDB9fQ==",
          "dependencies": [
            "aws_eip.nat_gw_ip",
            "aws_internet_gateway.igw",
            "aws_subnet.pub_web_az_1",
            "aws_vpc.dipen_custom_vpc"
          ]
        }
      ]
    },
    {
      "mode": "managed",
      "type": "aws_route_table",
      "name": "private_app_rt",
      "provider": "provider[\"registry.terraform.io/hashicorp/aws\"]",
      "instances": [
        {
          "schema_version": 0,
          "attributes": {
            "arn": "arn:aws:ec2:us-east-2:167611893883:route-table/rtb-080ac468da75a8bda",
            "id": "rtb-080ac468da75a8bda",
            "owner_id": "167611893883",
            "propagating_vgws": [],
            "region": "us-east-2",
            "route": [
              {
                "carrier_gateway_id": "",
                "cidr_block": "0.0.0.0/0",
                "core_network_arn": "",
                "destination_prefix_list_id": "",
                "egress_only_gateway_id": "",
                "gateway_id": "nat-0ff6291665b0516cf",
                "ipv6_cidr_block": "",
                "local_gateway_id": "",
                "nat_gateway_id": "",
                "network_interface_id": "",
                "transit_gateway_id": "",
                "vpc_endpoint_id": "",
                "vpc_peering_connection_id": ""
              }
            ],
            "tags": {
              "Name": "Private App RT"
            },
            "tags_all": {
              "Name": "Private App RT"
            },
            "timeouts": null,
            "vpc_id": "vpc-0afc389f0b4995dea"
          },
          "sensitive_attributes": [],
          "identity_schema_version": 0,
          "private": "eyJlMmJmYjczMC1lY2FhLTExZTYtOGY4OC0zNDM2M2JjN2M0YzAiOnsiY3JlYXRlIjozMDAwMDAwMDAwMDAsImRlbGV0ZSI6MzAwMDAwMDAwMDAwLCJ1cGRhdGUiOjEyMDAwMDAwMDAwMH19",
          "dependencies": [
            "aws_eip.nat_gw_ip",
            "aws_internet_gateway.igw",
            "aws_nat_gateway.nat_gw",
            "aws_subnet.pub_web_az_1",
            "aws_vpc.dipen_custom_vpc"
          ]
        }
      ]
    },
    {
      "mode": "managed",
      "type": "aws_route_table",
      "name": "public_web_rt",
      "provider": "provider[\"registry.terraform.io/hashicorp/aws\"]",
      "instances": [
        {
          "schema_version": 0,
          "attributes": {
            "arn": "arn:aws:ec2:us-east-2:167611893883:route-table/rtb-0a78bb9e086acab6f",
            "id": "rtb-0a78bb9e086acab6f",
            "owner_id": "167611893883",
            "propagating_vgws": [],
            "region": "us-east-2",
            "route": [
              {
                "carrier_gateway_id": "",
                "cidr_block": "0.0.0.0/0",
                "core_network_arn": "",
                "destination_prefix_list_id": "",
                "egress_only_gateway_id": "",
                "gateway_id": "igw-0d40884271a19e953",
                "ipv6_cidr_block": "",
                "local_gateway_id": "",
                "nat_gateway_id": "",
                "network_interface_id": "",
                "transit_gateway_id": "",
                "vpc_endpoint_id": "",
                "vpc_peering_connection_id": ""
              }
            ],
            "tags": {
              "Name": "Public Web RT"
            },
            "tags_all": {
              "Name": "Public Web RT"
            },
            "timeouts": null,
            "vpc_id": "vpc-0afc389f0b4995dea"
          },
          "sensitive_attributes": [],
          "identity_schema_version": 0,
          "private": "eyJlMmJmYjczMC1lY2FhLTExZTYtOGY4OC0zNDM2M2JjN2M0YzAiOnsiY3JlYXRlIjozMDAwMDAwMDAwMDAsImRlbGV0ZSI6MzAwMDAwMDAwMDAwLCJ1cGRhdGUiOjEyMDAwMDAwMDAwMH19",
          "dependencies": [
            "aws_internet_gateway.igw",
            "aws_vpc.dipen_custom_vpc"
          ]
        }
      ]
    },
    {
      "mode": "managed",
      "type": "aws_route_table_association",
      "name": "private_app_rt_1",
      "provider": "provider[\"registry.terraform.io/hashicorp/aws\"]",
      "instances": [
        {
          "schema_version": 0,
          "attributes": {
            "gateway_id": "",
            "id": "rtbassoc-064087d6ad6477835",
            "region": "us-east-2",
            "route_table_id": "rtb-080ac468da75a8bda",
            "subnet_id": "subnet-00c9ec570987b3498",
            "timeouts": null
          },
          "sensitive_attributes": [],
          "identity_schema_version": 0,
          "private": "eyJlMmJmYjczMC1lY2FhLTExZTYtOGY4OC0zNDM2M2JjN2M0YzAiOnsiY3JlYXRlIjozMDAwMDAwMDAwMDAsImRlbGV0ZSI6MzAwMDAwMDAwMDAwLCJ1cGRhdGUiOjEyMDAwMDAwMDAwMH19",
          "dependencies": [
            "aws_eip.nat_gw_ip",
            "aws_internet_gateway.igw",
            "aws_nat_gateway.nat_gw",
            "aws_route_table.private_app_rt",
            "aws_subnet.pri_app_az_1",
            "aws_subnet.pub_web_az_1",
            "aws_vpc.dipen_custom_vpc"
          ]
        }
      ]
    },
    {
      "mode": "managed",
      "type": "aws_route_table_association",
      "name": "private_app_rt_2",
      "provider": "provider[\"registry.terraform.io/hashicorp/aws\"]",
      "instances": [
        {
          "schema_version": 0,
          "attributes": {
            "gateway_id": "",
            "id": "rtbassoc-0b5333cc56b51b323",
            "region": "us-east-2",
            "route_table_id": "rtb-080ac468da75a8bda",
            "subnet_id": "subnet-0cc4347aa93e98f48",
            "timeouts": null
          },
          "sensitive_attributes": [],
          "identity_schema_version": 0,
          "private": "eyJlMmJmYjczMC1lY2FhLTExZTYtOGY4OC0zNDM2M2JjN2M0YzAiOnsiY3JlYXRlIjozMDAwMDAwMDAwMDAsImRlbGV0ZSI6MzAwMDAwMDAwMDAwLCJ1cGRhdGUiOjEyMDAwMDAwMDAwMH19",
          "dependencies": [
            "aws_eip.nat_gw_ip",
            "aws_internet_gateway.igw",
            "aws_nat_gateway.nat_gw",
            "aws_route_table.private_app_rt",
            "aws_subnet.pri_app_az_2",
            "aws_subnet.pub_web_az_1",
            "aws_vpc.dipen_custom_vpc"
          ]
        }
      ]
    },
    {
      "mode": "managed",
      "type": "aws_route_table_association",
      "name": "private_db_rt_1",
      "provider": "provider[\"registry.terraform.io/hashicorp/aws\"]",
      "instances": [
        {
          "schema_version": 0,
          "attributes": {
            "gateway_id": "",
            "id": "rtbassoc-0e7abc68d6de8ed35",
            "region": "us-east-2",
            "route_table_id": "rtb-080ac468da75a8bda",
            "subnet_id": "subnet-0478754191ceae059",
            "timeouts": null
          },
          "sensitive_attributes": [],
          "identity_schema_version": 0,
          "private": "eyJlMmJmYjczMC1lY2FhLTExZTYtOGY4OC0zNDM2M2JjN2M0YzAiOnsiY3JlYXRlIjozMDAwMDAwMDAwMDAsImRlbGV0ZSI6MzAwMDAwMDAwMDAwLCJ1cGRhdGUiOjEyMDAwMDAwMDAwMH19",
          "dependencies": [
            "aws_eip.nat_gw_ip",
            "aws_internet_gateway.igw",
            "aws_nat_gateway.nat_gw",
            "aws_route_table.private_app_rt",
            "aws_subnet.pri_db_az_1",
            "aws_subnet.pub_web_az_1",
            "aws_vpc.dipen_custom_vpc"
          ]
        }
      ]
    },
    {
      "mode": "managed",
      "type": "aws_route_table_association",
      "name": "private_db_rt_2",
      "provider": "provider[\"registry.terraform.io/hashicorp/aws\"]",
      "instances": [
        {
          "schema_version": 0,
          "attributes": {
            "gateway_id": "",
            "id": "rtbassoc-0d6a1baa99af1a0a7",
            "region": "us-east-2",
            "route_table_id": "rtb-080ac468da75a8bda",
            "subnet_id": "subnet-0dcac80002d6c2d86",
            "timeouts": null
          },
          "sensitive_attributes": [],
          "identity_schema_version": 0,
          "private": "eyJlMmJmYjczMC1lY2FhLTExZTYtOGY4OC0zNDM2M2JjN2M0YzAiOnsiY3JlYXRlIjozMDAwMDAwMDAwMDAsImRlbGV0ZSI6MzAwMDAwMDAwMDAwLCJ1cGRhdGUiOjEyMDAwMDAwMDAwMH19",
          "dependencies": [
            "aws_eip.nat_gw_ip",
            "aws_internet_gateway.igw",
            "aws_nat_gateway.nat_gw",
            "aws_route_table.private_app_rt",
            "aws_subnet.pri_db_az_2",
            "aws_subnet.pub_web_az_1",
            "aws_vpc.dipen_custom_vpc"
          ]
        }
      ]
    },
    {
      "mode": "managed",
      "type": "aws_route_table_association",
      "name": "public_web_rt_1",
      "provider": "provider[\"registry.terraform.io/hashicorp/aws\"]",
      "instances": [
        {
          "schema_version": 0,
          "attributes": {
            "gateway_id": "",
            "id": "rtbassoc-08884ffaf5da97b4f",
            "region": "us-east-2",
            "route_table_id": "rtb-0a78bb9e086acab6f",
            "subnet_id": "subnet-050d1dbf91f1f5d65",
            "timeouts": null
          },
          "sensitive_attributes": [],
          "identity_schema_version": 0,
          "private": "eyJlMmJmYjczMC1lY2FhLTExZTYtOGY4OC0zNDM2M2JjN2M0YzAiOnsiY3JlYXRlIjozMDAwMDAwMDAwMDAsImRlbGV0ZSI6MzAwMDAwMDAwMDAwLCJ1cGRhdGUiOjEyMDAwMDAwMDAwMH19",
          "dependencies": [
            "aws_internet_gateway.igw",
            "aws_route_table.public_web_rt",
            "aws_subnet.pub_web_az_1",
            "aws_vpc.dipen_custom_vpc"
          ]
        }
      ]
    },
    {
      "mode": "managed",
      "type": "aws_route_table_association",
      "name": "public_web_rt_2",
      "provider": "provider[\"registry.terraform.io/hashicorp/aws\"]",
      "instances": [
        {
          "schema_version": 0,
          "attributes": {
            "gateway_id": "",
            "id": "rtbassoc-00df6a63d4057f4b2",
            "region": "us-east-2",
            "route_table_id": "rtb-0a78bb9e086acab6f",
            "subnet_id": "subnet-04754e38c35b30e5f",
            "timeouts": null
          },
          "sensitive_attributes": [],
          "identity_schema_version": 0,
          "private": "eyJlMmJmYjczMC1lY2FhLTExZTYtOGY4OC0zNDM2M2JjN2M0YzAiOnsiY3JlYXRlIjozMDAwMDAwMDAwMDAsImRlbGV0ZSI6MzAwMDAwMDAwMDAwLCJ1cGRhdGUiOjEyMDAwMDAwMDAwMH19",
          "dependencies": [
            "aws_internet_gateway.igw",
            "aws_route_table.public_web_rt",
            "aws_subnet.pub_web_az_2",
            "aws_vpc.dipen_custom_vpc"
          ]
        }
      ]
    },
    {
      "mode": "managed",
      "type": "aws_s3_bucket",
      "name": "app_code_bucket",
      "provider": "provider[\"registry.terraform.io/hashicorp/aws\"]",
      "instances": [
        {
          "schema_version": 0,
          "attributes": {
            "acceleration_status": "",
            "acl": null,
            "arn": "arn:aws:s3:::dipen-app-backend-code",
            "bucket": "dipen-app-backend-code",
            "bucket_domain_name": "dipen-app-backend-code.s3.amazonaws.com",
            "bucket_prefix": "",
            "bucket_region": "us-east-2",
            "bucket_regional_domain_name": "dipen-app-backend-code.s3.us-east-2.amazonaws.com",
            "cors_rule": [],
            "force_destroy": true,
            "grant": [
              {
                "id": "9a625570953ae00ddddce7be53f4094d03e5217e4979ee3454418ce0b85e9bec",
                "permissions": [
                  "FULL_CONTROL"
                ],
                "type": "CanonicalUser",
                "uri": ""
              }
            ],
            "hosted_zone_id": "Z2O1EMRO9K5GLX",
            "id": "dipen-app-backend-code",
            "lifecycle_rule": [],
            "logging": [],
            "object_lock_configuration": [],
            "object_lock_enabled": false,
            "policy": "",
            "region": "us-east-2",
            "replication_configuration": [],
            "request_payer": "BucketOwner",
            "server_side_encryption_configuration": [
              {
                "rule": [
                  {
                    "apply_server_side_encryption_by_default": [
                      {
                        "kms_master_key_id": "",
                        "sse_algorithm": "AES256"
                      }
                    ],
                    "bucket_key_enabled": false
                  }
                ]
              }
            ],
            "tags": {
              "Environment": "Dev",
              "Name": "app-code"
            },
            "tags_all": {
              "Environment": "Dev",
              "Name": "app-code"
            },
            "timeouts": null,
            "versioning": [
              {
                "enabled": false,
                "mfa_delete": false
              }
            ],
            "website": [],
            "website_domain": null,
            "website_endpoint": null
          },
          "sensitive_attributes": [],
          "identity_schema_version": 0,
          "identity": {
            "account_id": "167611893883",
            "bucket": "dipen-app-backend-code",
            "region": "us-east-2"
          },
          "private": "eyJlMmJmYjczMC1lY2FhLTExZTYtOGY4OC0zNDM2M2JjN2M0YzAiOnsiY3JlYXRlIjoxMjAwMDAwMDAwMDAwLCJkZWxldGUiOjM2MDAwMDAwMDAwMDAsInJlYWQiOjEyMDAwMDAwMDAwMDAsInVwZGF0ZSI6MTIwMDAwMDAwMDAwMH19"
        }
      ]
    },
    {
      "mode": "managed",
      "type": "aws_s3_object",
      "name": "app_files",
      "provider": "provider[\"registry.terraform.io/hashicorp/aws\"]",
      "instances": [
        {
          "index_key": "db-test.php",
          "schema_version": 0,
          "attributes": {
            "acl": null,
            "arn": "arn:aws:s3:::dipen-app-backend-code/db-test.php",
            "bucket": "dipen-app-backend-code",
            "bucket_key_enabled": false,
            "cache_control": "",
            "checksum_algorithm": null,
            "checksum_crc32": "",
            "checksum_crc32c": "",
            "checksum_crc64nvme": "",
            "checksum_sha1": "",
            "checksum_sha256": "",
            "content": null,
            "content_base64": null,
            "content_disposition": "",
            "content_encoding": "",
            "content_language": "",
            "content_type": "text/x-php",
            "etag": "412fcb66e24887c27d101e79508afc6c",
            "force_destroy": false,
            "id": "dipen-app-backend-code/db-test.php",
            "key": "db-test.php",
            "kms_key_id": null,
            "metadata": {},
            "object_lock_legal_hold_status": "",
            "object_lock_mode": "",
            "object_lock_retain_until_date": "",
            "override_provider": [],
            "region": "us-east-2",
            "server_side_encryption": "AES256",
            "source": "./codebase/db-test.php",
            "source_hash": null,
            "storage_class": "STANDARD",
            "tags": {},
            "tags_all": {},
            "version_id": "",
            "website_redirect": ""
          },
          "sensitive_attributes": [],
          "identity_schema_version": 0,
          "identity": {
            "account_id": "167611893883",
            "bucket": "dipen-app-backend-code",
            "key": "db-test.php",
            "region": "us-east-2"
          },
          "private": "bnVsbA==",
          "dependencies": [
            "aws_s3_bucket.app_code_bucket"
          ]
        },
        {
          "index_key": "form.html",
          "schema_version": 0,
          "attributes": {
            "acl": null,
            "arn": "arn:aws:s3:::dipen-app-backend-code/form.html",
            "bucket": "dipen-app-backend-code",
            "bucket_key_enabled": false,
            "cache_control": "",
            "checksum_algorithm": null,
            "checksum_crc32": "",
            "checksum_crc32c": "",
            "checksum_crc64nvme": "",
            "checksum_sha1": "",
            "checksum_sha256": "",
            "content": null,
            "content_base64": null,
            "content_disposition": "",
            "content_encoding": "",
            "content_language": "",
            "content_type": "text/html",
            "etag": "91ba7369c0b0605a5ff8b68c97215a5a",
            "force_destroy": false,
            "id": "dipen-app-backend-code/form.html",
            "key": "form.html",
            "kms_key_id": null,
            "metadata": {},
            "object_lock_legal_hold_status": "",
            "object_lock_mode": "",
            "object_lock_retain_until_date": "",
            "override_provider": [],
            "region": "us-east-2",
            "server_side_encryption": "AES256",
            "source": "./codebase/form.html",
            "source_hash": null,
            "storage_class": "STANDARD",
            "tags": {},
            "tags_all": {},
            "version_id": "",
            "website_redirect": ""
          },
          "sensitive_attributes": [],
          "identity_schema_version": 0,
          "identity": {
            "account_id": "167611893883",
            "bucket": "dipen-app-backend-code",
            "key": "form.html",
            "region": "us-east-2"
          },
          "private": "bnVsbA==",
          "dependencies": [
            "aws_s3_bucket.app_code_bucket"
          ]
        },
        {
          "index_key": "index.html",
          "schema_version": 0,
          "attributes": {
            "acl": null,
            "arn": "arn:aws:s3:::dipen-app-backend-code/index.html",
            "bucket": "dipen-app-backend-code",
            "bucket_key_enabled": false,
            "cache_control": "",
            "checksum_algorithm": null,
            "checksum_crc32": "",
            "checksum_crc32c": "",
            "checksum_crc64nvme": "",
            "checksum_sha1": "",
            "checksum_sha256": "",
            "content": null,
            "content_base64": null,
            "content_disposition": "",
            "content_encoding": "",
            "content_language": "",
            "content_type": "text/html",
            "etag": "35e172022471dd8895a490579b04aeb5",
            "force_destroy": false,
            "id": "dipen-app-backend-code/index.html",
            "key": "index.html",
            "kms_key_id": null,
            "metadata": {},
            "object_lock_legal_hold_status": "",
            "object_lock_mode": "",
            "object_lock_retain_until_date": "",
            "override_provider": [],
            "region": "us-east-2",
            "server_side_encryption": "AES256",
            "source": "./codebase/index.html",
            "source_hash": null,
            "storage_class": "STANDARD",
            "tags": {},
            "tags_all": {},
            "version_id": "",
            "website_redirect": ""
          },
          "sensitive_attributes": [],
          "identity_schema_version": 0,
          "identity": {
            "account_id": "167611893883",
            "bucket": "dipen-app-backend-code",
            "key": "index.html",
            "region": "us-east-2"
          },
          "private": "bnVsbA==",
          "dependencies": [
            "aws_s3_bucket.app_code_bucket"
          ]
        },
        {
          "index_key": "view-employees.html",
          "schema_version": 0,
          "attributes": {
            "acl": null,
            "arn": "arn:aws:s3:::dipen-app-backend-code/view-employees.html",
            "bucket": "dipen-app-backend-code",
            "bucket_key_enabled": false,
            "cache_control": "",
            "checksum_algorithm": null,
            "checksum_crc32": "",
            "checksum_crc32c": "",
            "checksum_crc64nvme": "",
            "checksum_sha1": "",
            "checksum_sha256": "",
            "content": null,
            "content_base64": null,
            "content_disposition": "",
            "content_encoding": "",
            "content_language": "",
            "content_type": "text/html",
            "etag": "15feb5785d7ecd1bc3ceeca0f3a6cb17",
            "force_destroy": false,
            "id": "dipen-app-backend-code/view-employees.html",
            "key": "view-employees.html",
            "kms_key_id": null,
            "metadata": {},
            "object_lock_legal_hold_status": "",
            "object_lock_mode": "",
            "object_lock_retain_until_date": "",
            "override_provider": [],
            "region": "us-east-2",
            "server_side_encryption": "AES256",
            "source": "./codebase/view-employees.html",
            "source_hash": null,
            "storage_class": "STANDARD",
            "tags": {},
            "tags_all": {},
            "version_id": "",
            "website_redirect": ""
          },
          "sensitive_attributes": [],
          "identity_schema_version": 0,
          "identity": {
            "account_id": "167611893883",
            "bucket": "dipen-app-backend-code",
            "key": "view-employees.html",
            "region": "us-east-2"
          },
          "private": "bnVsbA==",
          "dependencies": [
            "aws_s3_bucket.app_code_bucket"
          ]
        }
      ]
    },
    {
      "mode": "managed",
      "type": "aws_s3_object",
      "name": "config_php",
      "provider": "provider[\"registry.terraform.io/hashicorp/aws\"]",
      "instances": [
        {
          "schema_version": 0,
          "attributes": {
            "acl": null,
            "arn": "arn:aws:s3:::dipen-app-backend-code/config.php",
            "bucket": "dipen-app-backend-code",
            "bucket_key_enabled": false,
            "cache_control": "",
            "checksum_algorithm": null,
            "checksum_crc32": "",
            "checksum_crc32c": "",
            "checksum_crc64nvme": "",
            "checksum_sha1": "",
            "checksum_sha256": "",
            "content": "\u003c?php\r\n// Generated by Terraform at apply time\r\n$db_host = \"mysql-db-project3.cjc8e2a8elx5.us-east-2.rds.amazonaws.com\";\r\n$db_name = \"mydb1\";\r\n$db_user = \"admin\";\r\n$db_pass = \"90166Dipen\";\r\n\r\nfunction db_connect() {\r\n  global $db_host, $db_user, $db_pass, $db_name;\r\n  $conn = new mysqli($db_host, $db_user, $db_pass, $db_name);\r\n  if ($conn-\u003econnect_error) {\r\n    http_response_code(500);\r\n    die(\"DB connect failed: \" . $conn-\u003econnect_error);\r\n  }\r\n  return $conn;\r\n}\r\n?\u003e",
            "content_base64": null,
            "content_disposition": "",
            "content_encoding": "",
            "content_language": "",
            "content_type": "text/x-php",
            "etag": "d77787eac56f5a88c42a0cde71a1cfa8",
            "force_destroy": false,
            "id": "dipen-app-backend-code/config.php",
            "key": "config.php",
            "kms_key_id": null,
            "metadata": {},
            "object_lock_legal_hold_status": "",
            "object_lock_mode": "",
            "object_lock_retain_until_date": "",
            "override_provider": [],
            "region": "us-east-2",
            "server_side_encryption": "AES256",
            "source": null,
            "source_hash": null,
            "storage_class": "STANDARD",
            "tags": {},
            "tags_all": {},
            "version_id": "",
            "website_redirect": ""
          },
          "sensitive_attributes": [],
          "identity_schema_version": 0,
          "identity": {
            "account_id": "167611893883",
            "bucket": "dipen-app-backend-code",
            "key": "config.php",
            "region": "us-east-2"
          },
          "private": "bnVsbA==",
          "dependencies": [
            "aws_db_instance.mysql_db",
            "aws_db_subnet_group.mysql_db_subnet_group",
            "aws_s3_bucket.app_code_bucket",
            "aws_security_group.db_tier_sg",
            "aws_subnet.pri_db_az_1",
            "aws_subnet.pri_db_az_2",
            "aws_vpc.dipen_custom_vpc"
          ]
        }
      ]
    },
    {
      "mode": "managed",
      "type": "aws_s3_object",
      "name": "get_employees",
      "provider": "provider[\"registry.terraform.io/hashicorp/aws\"]",
      "instances": [
        {
          "schema_version": 0,
          "attributes": {
            "acl": null,
            "arn": "arn:aws:s3:::dipen-app-backend-code/get-employees.php",
            "bucket": "dipen-app-backend-code",
            "bucket_key_enabled": false,
            "cache_control": "",
            "checksum_algorithm": null,
            "checksum_crc32": "",
            "checksum_crc32c": "",
            "checksum_crc64nvme": "",
            "checksum_sha1": "",
            "checksum_sha256": "",
            "content": "\u003c?php\r\n$host = \"mysql-db-project3.cjc8e2a8elx5.us-east-2.rds.amazonaws.com\";\r\n$username = \"admin\";\r\n$password = \"90166Dipen\";\r\n$database = \"mydb1\";\r\n\r\n$conn = new mysqli($host, $username, $password, $database);\r\nif ($conn-\u003econnect_error) {\r\n    http_response_code(500);\r\n    echo json_encode([\"error\" =\u003e \"Connection failed: \" . $conn-\u003econnect_error]);\r\n    exit;\r\n}\r\n\r\n$sql = \"SELECT * FROM employees ORDER BY created_at DESC\";\r\n$result = $conn-\u003equery($sql);\r\n\r\n$employees = array();\r\nwhile ($row = $result-\u003efetch_assoc()) {\r\n    $employees[] = $row;\r\n}\r\n\r\necho json_encode($employees);\r\n$conn-\u003eclose();\r\n?\u003e\r\n",
            "content_base64": null,
            "content_disposition": "",
            "content_encoding": "",
            "content_language": "",
            "content_type": "text/x-php",
            "etag": "a5f5d5d2385f2a4655d5e19548f37530",
            "force_destroy": false,
            "id": "dipen-app-backend-code/get-employees.php",
            "key": "get-employees.php",
            "kms_key_id": null,
            "metadata": {},
            "object_lock_legal_hold_status": "",
            "object_lock_mode": "",
            "object_lock_retain_until_date": "",
            "override_provider": [],
            "region": "us-east-2",
            "server_side_encryption": "AES256",
            "source": null,
            "source_hash": null,
            "storage_class": "STANDARD",
            "tags": {},
            "tags_all": {},
            "version_id": "",
            "website_redirect": ""
          },
          "sensitive_attributes": [],
          "identity_schema_version": 0,
          "identity": {
            "account_id": "167611893883",
            "bucket": "dipen-app-backend-code",
            "key": "get-employees.php",
            "region": "us-east-2"
          },
          "private": "bnVsbA==",
          "dependencies": [
            "aws_db_instance.mysql_db",
            "aws_db_subnet_group.mysql_db_subnet_group",
            "aws_s3_bucket.app_code_bucket",
            "aws_security_group.db_tier_sg",
            "aws_subnet.pri_db_az_1",
            "aws_subnet.pri_db_az_2",
            "aws_vpc.dipen_custom_vpc"
          ]
        }
      ]
    },
    {
      "mode": "managed",
      "type": "aws_s3_object",
      "name": "submit_form",
      "provider": "provider[\"registry.terraform.io/hashicorp/aws\"]",
      "instances": [
        {
          "schema_version": 0,
          "attributes": {
            "acl": null,
            "arn": "arn:aws:s3:::dipen-app-backend-code/submit-form.php",
            "bucket": "dipen-app-backend-code",
            "bucket_key_enabled": false,
            "cache_control": "",
            "checksum_algorithm": null,
            "checksum_crc32": "",
            "checksum_crc32c": "",
            "checksum_crc64nvme": "",
            "checksum_sha1": "",
            "checksum_sha256": "",
            "content": "\u003c?php\n$host = \"mysql-db-project3.cjc8e2a8elx5.us-east-2.rds.amazonaws.com\";\n$username = \"admin\";\n$password = \"90166Dipen\";\n$database = \"mydb1\";\n\n$conn = new mysqli($host, $username, $password, $database);\n\nif ($conn-\u003econnect_error) {\n    die(\"Connection failed: \" . $conn-\u003econnect_error);\n}\n\n$name = $_POST['name'];\n$email = $_POST['email'];\n$role = $_POST['role'];\n$department = $_POST['department'];\n\n$sql = \"INSERT INTO employees (name, email, role, department) VALUES (?, ?, ?, ?)\";\n$stmt = $conn-\u003eprepare($sql);\n$stmt-\u003ebind_param(\"ssss\", $name, $email, $role, $department);\n\nif ($stmt-\u003eexecute()) {\n    echo \"✅ Employee added successfully!\";\n} else {\n    echo \"❌ Error: \" . $conn-\u003eerror;\n}\n\n$conn-\u003eclose();\n?\u003e\n",
            "content_base64": null,
            "content_disposition": "",
            "content_encoding": "",
            "content_language": "",
            "content_type": "text/x-php",
            "etag": "ca923d9595d3172bb558f9a252588a2c",
            "force_destroy": false,
            "id": "dipen-app-backend-code/submit-form.php",
            "key": "submit-form.php",
            "kms_key_id": null,
            "metadata": {},
            "object_lock_legal_hold_status": "",
            "object_lock_mode": "",
            "object_lock_retain_until_date": "",
            "override_provider": [],
            "region": "us-east-2",
            "server_side_encryption": "AES256",
            "source": null,
            "source_hash": null,
            "storage_class": "STANDARD",
            "tags": {},
            "tags_all": {},
            "version_id": "",
            "website_redirect": ""
          },
          "sensitive_attributes": [],
          "identity_schema_version": 0,
          "identity": {
            "account_id": "167611893883",
            "bucket": "dipen-app-backend-code",
            "key": "submit-form.php",
            "region": "us-east-2"
          },
          "private": "bnVsbA==",
          "dependencies": [
            "aws_db_instance.mysql_db",
            "aws_db_subnet_group.mysql_db_subnet_group",
            "aws_s3_bucket.app_code_bucket",
            "aws_security_group.db_tier_sg",
            "aws_subnet.pri_db_az_1",
            "aws_subnet.pri_db_az_2",
            "aws_vpc.dipen_custom_vpc"
          ]
        }
      ]
    },
    {
      "mode": "managed",
      "type": "aws_security_group",
      "name": "alb_internal_sg",
      "provider": "provider[\"registry.terraform.io/hashicorp/aws\"]",
      "instances": [
        {
          "schema_version": 1,
          "attributes": {
            "arn": "arn:aws:ec2:us-east-2:167611893883:security-group/sg-02bdb28f27bf9c546",
            "description": "Internal ALB SG",
            "egress": [
              {
                "cidr_blocks": [
                  "0.0.0.0/0"
                ],
                "description": "",
                "from_port": 0,
                "ipv6_cidr_blocks": [],
                "prefix_list_ids": [],
                "protocol": "-1",
                "security_groups": [],
                "self": false,
                "to_port": 0
              }
            ],
            "id": "sg-02bdb28f27bf9c546",
            "ingress": [
              {
                "cidr_blocks": [],
                "description": "",
                "from_port": 80,
                "ipv6_cidr_blocks": [],
                "prefix_list_ids": [],
                "protocol": "tcp",
                "security_groups": [
                  "sg-09a5db4eae92e0219"
                ],
                "self": false,
                "to_port": 80
              }
            ],
            "name": "alb-internal-sg",
            "name_prefix": "",
            "owner_id": "167611893883",
            "region": "us-east-2",
            "revoke_rules_on_delete": false,
            "tags": {
              "Name": "alb-internal-sg"
            },
            "tags_all": {
              "Name": "alb-internal-sg"
            },
            "timeouts": null,
            "vpc_id": "vpc-0afc389f0b4995dea"
          },
          "sensitive_attributes": [],
          "identity_schema_version": 0,
          "identity": {
            "account_id": "167611893883",
            "id": "sg-02bdb28f27bf9c546",
            "region": "us-east-2"
          },
          "private": "eyJlMmJmYjczMC1lY2FhLTExZTYtOGY4OC0zNDM2M2JjN2M0YzAiOnsiY3JlYXRlIjo2MDAwMDAwMDAwMDAsImRlbGV0ZSI6OTAwMDAwMDAwMDAwfSwic2NoZW1hX3ZlcnNpb24iOiIxIn0=",
          "dependencies": [
            "aws_vpc.dipen_custom_vpc"
          ],
          "create_before_destroy": true
        }
      ]
    },
    {
      "mode": "managed",
      "type": "aws_security_group",
      "name": "app_tier_sg",
      "provider": "provider[\"registry.terraform.io/hashicorp/aws\"]",
      "instances": [
        {
          "schema_version": 1,
          "attributes": {
            "arn": "arn:aws:ec2:us-east-2:167611893883:security-group/sg-0030cc3727b72d955",
            "description": "Allow HTTP from web tier and all outbound traffic",
            "egress": [
              {
                "cidr_blocks": [
                  "0.0.0.0/0"
                ],
                "description": "",
                "from_port": 0,
                "ipv6_cidr_blocks": [],
                "prefix_list_ids": [],
                "protocol": "-1",
                "security_groups": [],
                "self": false,
                "to_port": 0
              }
            ],
            "id": "sg-0030cc3727b72d955",
            "ingress": [
              {
                "cidr_blocks": [],
                "description": "",
                "from_port": 80,
                "ipv6_cidr_blocks": [],
                "prefix_list_ids": [],
                "protocol": "tcp",
                "security_groups": [
                  "sg-02bdb28f27bf9c546",
                  "sg-09a5db4eae92e0219"
                ],
                "self": false,
                "to_port": 80
              }
            ],
            "name": "app_tier_sg",
            "name_prefix": "",
            "owner_id": "167611893883",
            "region": "us-east-2",
            "revoke_rules_on_delete": false,
            "tags": {
              "Name": "app_tier_sg"
            },
            "tags_all": {
              "Name": "app_tier_sg"
            },
            "timeouts": null,
            "vpc_id": "vpc-0afc389f0b4995dea"
          },
          "sensitive_attributes": [],
          "identity_schema_version": 0,
          "identity": {
            "account_id": "167611893883",
            "id": "sg-0030cc3727b72d955",
            "region": "us-east-2"
          },
          "private": "eyJlMmJmYjczMC1lY2FhLTExZTYtOGY4OC0zNDM2M2JjN2M0YzAiOnsiY3JlYXRlIjo2MDAwMDAwMDAwMDAsImRlbGV0ZSI6OTAwMDAwMDAwMDAwfSwic2NoZW1hX3ZlcnNpb24iOiIxIn0=",
          "dependencies": [
            "aws_vpc.dipen_custom_vpc"
          ],
          "create_before_destroy": true
        }
      ]
    },
    {
      "mode": "managed",
      "type": "aws_security_group",
      "name": "db_tier_sg",
      "provider": "provider[\"registry.terraform.io/hashicorp/aws\"]",
      "instances": [
        {
          "schema_version": 1,
          "attributes": {
            "arn": "arn:aws:ec2:us-east-2:167611893883:security-group/sg-007e07aa1e30b2aa3",
            "description": "Allow mysql from app tier and all outbound traffic",
            "egress": [
              {
                "cidr_blocks": [
                  "0.0.0.0/0"
                ],
                "description": "",
                "from_port": 0,
                "ipv6_cidr_blocks": [],
                "prefix_list_ids": [],
                "protocol": "-1",
                "security_groups": [],
                "self": false,
                "to_port": 0
              }
            ],
            "id": "sg-007e07aa1e30b2aa3",
            "ingress": [
              {
                "cidr_blocks": [],
                "description": "",
                "from_port": 3306,
                "ipv6_cidr_blocks": [],
                "prefix_list_ids": [],
                "protocol": "tcp",
                "security_groups": [
                  "sg-0030cc3727b72d955"
                ],
                "self": false,
                "to_port": 3306
              }
            ],
            "name": "db_tier_sg",
            "name_prefix": "",
            "owner_id": "167611893883",
            "region": "us-east-2",
            "revoke_rules_on_delete": false,
            "tags": {
              "Name": "db_tier_sg"
            },
            "tags_all": {
              "Name": "db_tier_sg"
            },
            "timeouts": null,
            "vpc_id": "vpc-0afc389f0b4995dea"
          },
          "sensitive_attributes": [],
          "identity_schema_version": 0,
          "identity": {
            "account_id": "167611893883",
            "id": "sg-007e07aa1e30b2aa3",
            "region": "us-east-2"
          },
          "private": "eyJlMmJmYjczMC1lY2FhLTExZTYtOGY4OC0zNDM2M2JjN2M0YzAiOnsiY3JlYXRlIjo2MDAwMDAwMDAwMDAsImRlbGV0ZSI6OTAwMDAwMDAwMDAwfSwic2NoZW1hX3ZlcnNpb24iOiIxIn0=",
          "dependencies": [
            "aws_vpc.dipen_custom_vpc"
          ]
        }
      ]
    },
    {
      "mode": "managed",
      "type": "aws_security_group",
      "name": "web_alb_sg",
      "provider": "provider[\"registry.terraform.io/hashicorp/aws\"]",
      "instances": [
        {
          "schema_version": 1,
          "attributes": {
            "arn": "arn:aws:ec2:us-east-2:167611893883:security-group/sg-0cb045b4fb94e2339",
            "description": "Managed by Terraform",
            "egress": [
              {
                "cidr_blocks": [
                  "0.0.0.0/0"
                ],
                "description": "",
                "from_port": 0,
                "ipv6_cidr_blocks": [],
                "prefix_list_ids": [],
                "protocol": "-1",
                "security_groups": [],
                "self": false,
                "to_port": 0
              }
            ],
            "id": "sg-0cb045b4fb94e2339",
            "ingress": [
              {
                "cidr_blocks": [
                  "0.0.0.0/0"
                ],
                "description": "",
                "from_port": 80,
                "ipv6_cidr_blocks": [],
                "prefix_list_ids": [],
                "protocol": "tcp",
                "security_groups": [],
                "self": false,
                "to_port": 80
              }
            ],
            "name": "web-alb-sg",
            "name_prefix": "",
            "owner_id": "167611893883",
            "region": "us-east-2",
            "revoke_rules_on_delete": false,
            "tags": {},
            "tags_all": {},
            "timeouts": null,
            "vpc_id": "vpc-0afc389f0b4995dea"
          },
          "sensitive_attributes": [],
          "identity_schema_version": 0,
          "identity": {
            "account_id": "167611893883",
            "id": "sg-0cb045b4fb94e2339",
            "region": "us-east-2"
          },
          "private": "eyJlMmJmYjczMC1lY2FhLTExZTYtOGY4OC0zNDM2M2JjN2M0YzAiOnsiY3JlYXRlIjo2MDAwMDAwMDAwMDAsImRlbGV0ZSI6OTAwMDAwMDAwMDAwfSwic2NoZW1hX3ZlcnNpb24iOiIxIn0=",
          "dependencies": [
            "aws_vpc.dipen_custom_vpc"
          ]
        }
      ]
    },
    {
      "mode": "managed",
      "type": "aws_security_group",
      "name": "web_sg",
      "provider": "provider[\"registry.terraform.io/hashicorp/aws\"]",
      "instances": [
        {
          "schema_version": 1,
          "attributes": {
            "arn": "arn:aws:ec2:us-east-2:167611893883:security-group/sg-0f061508f22a74c33",
            "description": "Managed by Terraform",
            "egress": [
              {
                "cidr_blocks": [
                  "0.0.0.0/0"
                ],
                "description": "",
                "from_port": 0,
                "ipv6_cidr_blocks": [],
                "prefix_list_ids": [],
                "protocol": "-1",
                "security_groups": [],
                "self": false,
                "to_port": 0
              }
            ],
            "id": "sg-0f061508f22a74c33",
            "ingress": [
              {
                "cidr_blocks": [],
                "description": "",
                "from_port": 80,
                "ipv6_cidr_blocks": [],
                "prefix_list_ids": [],
                "protocol": "tcp",
                "security_groups": [
                  "sg-0cb045b4fb94e2339"
                ],
                "self": false,
                "to_port": 80
              }
            ],
            "name": "web-sg",
            "name_prefix": "",
            "owner_id": "167611893883",
            "region": "us-east-2",
            "revoke_rules_on_delete": false,
            "tags": {},
            "tags_all": {},
            "timeouts": null,
            "vpc_id": "vpc-0afc389f0b4995dea"
          },
          "sensitive_attributes": [],
          "identity_schema_version": 0,
          "identity": {
            "account_id": "167611893883",
            "id": "sg-0f061508f22a74c33",
            "region": "us-east-2"
          },
          "private": "eyJlMmJmYjczMC1lY2FhLTExZTYtOGY4OC0zNDM2M2JjN2M0YzAiOnsiY3JlYXRlIjo2MDAwMDAwMDAwMDAsImRlbGV0ZSI6OTAwMDAwMDAwMDAwfSwic2NoZW1hX3ZlcnNpb24iOiIxIn0=",
          "dependencies": [
            "aws_security_group.web_alb_sg",
            "aws_vpc.dipen_custom_vpc"
          ]
        }
      ]
    },
    {
      "mode": "managed",
      "type": "aws_security_group",
      "name": "web_tier_sg",
      "provider": "provider[\"registry.terraform.io/hashicorp/aws\"]",
      "instances": [
        {
          "schema_version": 1,
          "attributes": {
            "arn": "arn:aws:ec2:us-east-2:167611893883:security-group/sg-09a5db4eae92e0219",
            "description": "Allow HTTP, HTTPS, and SSH inbound; allow all outbound traffic",
            "egress": [
              {
                "cidr_blocks": [
                  "0.0.0.0/0"
                ],
                "description": "",
                "from_port": 0,
                "ipv6_cidr_blocks": [],
                "prefix_list_ids": [],
                "protocol": "-1",
                "security_groups": [],
                "self": false,
                "to_port": 0
              }
            ],
            "id": "sg-09a5db4eae92e0219",
            "ingress": [
              {
                "cidr_blocks": [
                  "0.0.0.0/0"
                ],
                "description": "",
                "from_port": 22,
                "ipv6_cidr_blocks": [],
                "prefix_list_ids": [],
                "protocol": "tcp",
                "security_groups": [],
                "self": false,
                "to_port": 22
              },
              {
                "cidr_blocks": [
                  "0.0.0.0/0"
                ],
                "description": "",
                "from_port": 443,
                "ipv6_cidr_blocks": [],
                "prefix_list_ids": [],
                "protocol": "tcp",
                "security_groups": [],
                "self": false,
                "to_port": 443
              },
              {
                "cidr_blocks": [
                  "0.0.0.0/0"
                ],
                "description": "",
                "from_port": 80,
                "ipv6_cidr_blocks": [],
                "prefix_list_ids": [],
                "protocol": "tcp",
                "security_groups": [],
                "self": false,
                "to_port": 80
              }
            ],
            "name": "web_tier_sg",
            "name_prefix": "",
            "owner_id": "167611893883",
            "region": "us-east-2",
            "revoke_rules_on_delete": false,
            "tags": {
              "Name": "web_tier_sg"
            },
            "tags_all": {
              "Name": "web_tier_sg"
            },
            "timeouts": null,
            "vpc_id": "vpc-0afc389f0b4995dea"
          },
          "sensitive_attributes": [],
          "identity_schema_version": 0,
          "identity": {
            "account_id": "167611893883",
            "id": "sg-09a5db4eae92e0219",
            "region": "us-east-2"
          },
          "private": "eyJlMmJmYjczMC1lY2FhLTExZTYtOGY4OC0zNDM2M2JjN2M0YzAiOnsiY3JlYXRlIjo2MDAwMDAwMDAwMDAsImRlbGV0ZSI6OTAwMDAwMDAwMDAwfSwic2NoZW1hX3ZlcnNpb24iOiIxIn0=",
          "dependencies": [
            "aws_vpc.dipen_custom_vpc"
          ],
          "create_before_destroy": true
        }
      ]
    },
    {
      "mode": "managed",
      "type": "aws_ssm_parameter",
      "name": "db_password",
      "provider": "provider[\"registry.terraform.io/hashicorp/aws\"]",
      "instances": [
        {
          "schema_version": 0,
          "attributes": {
            "allowed_pattern": "",
            "arn": "arn:aws:ssm:us-east-2:167611893883:parameter/app/db/password",
            "data_type": "text",
            "description": "",
            "has_value_wo": false,
            "id": "/app/db/password",
            "insecure_value": null,
            "key_id": "alias/aws/ssm",
            "name": "/app/db/password",
            "overwrite": true,
            "region": "us-east-2",
            "tags": {},
            "tags_all": {},
            "tier": "Standard",
            "type": "SecureString",
            "value": "90166Dipen",
            "value_wo": null,
            "value_wo_version": null,
            "version": 1
          },
          "sensitive_attributes": [
            [
              {
                "type": "get_attr",
                "value": "value"
              }
            ],
            [
              {
                "type": "get_attr",
                "value": "value_wo"
              }
            ]
          ],
          "identity_schema_version": 0,
          "identity": {
            "account_id": "167611893883",
            "name": "/app/db/password",
            "region": "us-east-2"
          },
          "private": "bnVsbA=="
        }
      ]
    },
    {
      "mode": "managed",
      "type": "aws_ssm_parameter",
      "name": "db_username",
      "provider": "provider[\"registry.terraform.io/hashicorp/aws\"]",
      "instances": [
        {
          "schema_version": 0,
          "attributes": {
            "allowed_pattern": "",
            "arn": "arn:aws:ssm:us-east-2:167611893883:parameter/app/db/username",
            "data_type": "text",
            "description": "",
            "has_value_wo": false,
            "id": "/app/db/username",
            "insecure_value": null,
            "key_id": "",
            "name": "/app/db/username",
            "overwrite": true,
            "region": "us-east-2",
            "tags": {},
            "tags_all": {},
            "tier": "Standard",
            "type": "String",
            "value": "admin",
            "value_wo": null,
            "value_wo_version": null,
            "version": 1
          },
          "sensitive_attributes": [
            [
              {
                "type": "get_attr",
                "value": "value"
              }
            ],
            [
              {
                "type": "get_attr",
                "value": "value_wo"
              }
            ]
          ],
          "identity_schema_version": 0,
          "identity": {
            "account_id": "167611893883",
            "name": "/app/db/username",
            "region": "us-east-2"
          },
          "private": "bnVsbA=="
        }
      ]
    },
    {
      "mode": "managed",
      "type": "aws_ssm_parameter",
      "name": "rds_endpoint",
      "provider": "provider[\"registry.terraform.io/hashicorp/aws\"]",
      "instances": [
        {
          "schema_version": 0,
          "attributes": {
            "allowed_pattern": "",
            "arn": "arn:aws:ssm:us-east-2:167611893883:parameter/app/db/endpoint",
            "data_type": "text",
            "description": "",
            "has_value_wo": false,
            "id": "/app/db/endpoint",
            "insecure_value": null,
            "key_id": "",
            "name": "/app/db/endpoint",
            "overwrite": true,
            "region": "us-east-2",
            "tags": {},
            "tags_all": {},
            "tier": "Standard",
            "type": "String",
            "value": "mysql-db-project3.cjc8e2a8elx5.us-east-2.rds.amazonaws.com",
            "value_wo": null,
            "value_wo_version": null,
            "version": 1
          },
          "sensitive_attributes": [
            [
              {
                "type": "get_attr",
                "value": "value"
              }
            ],
            [
              {
                "type": "get_attr",
                "value": "value_wo"
              }
            ]
          ],
          "identity_schema_version": 0,
          "identity": {
            "account_id": "167611893883",
            "name": "/app/db/endpoint",
            "region": "us-east-2"
          },
          "private": "bnVsbA==",
          "dependencies": [
            "aws_db_instance.mysql_db",
            "aws_db_subnet_group.mysql_db_subnet_group",
            "aws_security_group.db_tier_sg",
            "aws_subnet.pri_db_az_1",
            "aws_subnet.pri_db_az_2",
            "aws_vpc.dipen_custom_vpc"
          ]
        }
      ]
    },
    {
      "mode": "managed",
      "type": "aws_subnet",
      "name": "pri_app_az_1",
      "provider": "provider[\"registry.terraform.io/hashicorp/aws\"]",
      "instances": [
        {
          "schema_version": 1,
          "attributes": {
            "arn": "arn:aws:ec2:us-east-2:167611893883:subnet/subnet-00c9ec570987b3498",
            "assign_ipv6_address_on_creation": false,
            "availability_zone": "us-east-2a",
            "availability_zone_id": "use2-az1",
            "cidr_block": "10.0.3.0/24",
            "customer_owned_ipv4_pool": "",
            "enable_dns64": false,
            "enable_lni_at_device_index": 0,
            "enable_resource_name_dns_a_record_on_launch": false,
            "enable_resource_name_dns_aaaa_record_on_launch": false,
            "id": "subnet-00c9ec570987b3498",
            "ipv6_cidr_block": "",
            "ipv6_cidr_block_association_id": "",
            "ipv6_native": false,
            "map_customer_owned_ip_on_launch": false,
            "map_public_ip_on_launch": false,
            "outpost_arn": "",
            "owner_id": "167611893883",
            "private_dns_hostname_type_on_launch": "ip-name",
            "region": "us-east-2",
            "tags": {
              "Name": "Private_App_1"
            },
            "tags_all": {
              "Name": "Private_App_1"
            },
            "timeouts": null,
            "vpc_id": "vpc-0afc389f0b4995dea"
          },
          "sensitive_attributes": [],
          "identity_schema_version": 0,
          "private": "eyJlMmJmYjczMC1lY2FhLTExZTYtOGY4OC0zNDM2M2JjN2M0YzAiOnsiY3JlYXRlIjo2MDAwMDAwMDAwMDAsImRlbGV0ZSI6MTIwMDAwMDAwMDAwMH0sInNjaGVtYV92ZXJzaW9uIjoiMSJ9",
          "dependencies": [
            "aws_vpc.dipen_custom_vpc"
          ],
          "create_before_destroy": true
        }
      ]
    },
    {
      "mode": "managed",
      "type": "aws_subnet",
      "name": "pri_app_az_2",
      "provider": "provider[\"registry.terraform.io/hashicorp/aws\"]",
      "instances": [
        {
          "schema_version": 1,
          "attributes": {
            "arn": "arn:aws:ec2:us-east-2:167611893883:subnet/subnet-0cc4347aa93e98f48",
            "assign_ipv6_address_on_creation": false,
            "availability_zone": "us-east-2b",
            "availability_zone_id": "use2-az2",
            "cidr_block": "10.0.4.0/24",
            "customer_owned_ipv4_pool": "",
            "enable_dns64": false,
            "enable_lni_at_device_index": 0,
            "enable_resource_name_dns_a_record_on_launch": false,
            "enable_resource_name_dns_aaaa_record_on_launch": false,
            "id": "subnet-0cc4347aa93e98f48",
            "ipv6_cidr_block": "",
            "ipv6_cidr_block_association_id": "",
            "ipv6_native": false,
            "map_customer_owned_ip_on_launch": false,
            "map_public_ip_on_launch": false,
            "outpost_arn": "",
            "owner_id": "167611893883",
            "private_dns_hostname_type_on_launch": "ip-name",
            "region": "us-east-2",
            "tags": {
              "Name": "Private_App_2"
            },
            "tags_all": {
              "Name": "Private_App_2"
            },
            "timeouts": null,
            "vpc_id": "vpc-0afc389f0b4995dea"
          },
          "sensitive_attributes": [],
          "identity_schema_version": 0,
          "private": "eyJlMmJmYjczMC1lY2FhLTExZTYtOGY4OC0zNDM2M2JjN2M0YzAiOnsiY3JlYXRlIjo2MDAwMDAwMDAwMDAsImRlbGV0ZSI6MTIwMDAwMDAwMDAwMH0sInNjaGVtYV92ZXJzaW9uIjoiMSJ9",
          "dependencies": [
            "aws_vpc.dipen_custom_vpc"
          ],
          "create_before_destroy": true
        }
      ]
    },
    {
      "mode": "managed",
      "type": "aws_subnet",
      "name": "pri_db_az_1",
      "provider": "provider[\"registry.terraform.io/hashicorp/aws\"]",
      "instances": [
        {
          "schema_version": 1,
          "attributes": {
            "arn": "arn:aws:ec2:us-east-2:167611893883:subnet/subnet-0478754191ceae059",
            "assign_ipv6_address_on_creation": false,
            "availability_zone": "us-east-2a",
            "availability_zone_id": "use2-az1",
            "cidr_block": "10.0.5.0/24",
            "customer_owned_ipv4_pool": "",
            "enable_dns64": false,
            "enable_lni_at_device_index": 0,
            "enable_resource_name_dns_a_record_on_launch": false,
            "enable_resource_name_dns_aaaa_record_on_launch": false,
            "id": "subnet-0478754191ceae059",
            "ipv6_cidr_block": "",
            "ipv6_cidr_block_association_id": "",
            "ipv6_native": false,
            "map_customer_owned_ip_on_launch": false,
            "map_public_ip_on_launch": false,
            "outpost_arn": "",
            "owner_id": "167611893883",
            "private_dns_hostname_type_on_launch": "ip-name",
            "region": "us-east-2",
            "tags": {
              "Name": "Private_Database_1"
            },
            "tags_all": {
              "Name": "Private_Database_1"
            },
            "timeouts": null,
            "vpc_id": "vpc-0afc389f0b4995dea"
          },
          "sensitive_attributes": [],
          "identity_schema_version": 0,
          "private": "eyJlMmJmYjczMC1lY2FhLTExZTYtOGY4OC0zNDM2M2JjN2M0YzAiOnsiY3JlYXRlIjo2MDAwMDAwMDAwMDAsImRlbGV0ZSI6MTIwMDAwMDAwMDAwMH0sInNjaGVtYV92ZXJzaW9uIjoiMSJ9",
          "dependencies": [
            "aws_vpc.dipen_custom_vpc"
          ]
        }
      ]
    },
    {
      "mode": "managed",
      "type": "aws_subnet",
      "name": "pri_db_az_2",
      "provider": "provider[\"registry.terraform.io/hashicorp/aws\"]",
      "instances": [
        {
          "schema_version": 1,
          "attributes": {
            "arn": "arn:aws:ec2:us-east-2:167611893883:subnet/subnet-0dcac80002d6c2d86",
            "assign_ipv6_address_on_creation": false,
            "availability_zone": "us-east-2b",
            "availability_zone_id": "use2-az2",
            "cidr_block": "10.0.6.0/24",
            "customer_owned_ipv4_pool": "",
            "enable_dns64": false,
            "enable_lni_at_device_index": 0,
            "enable_resource_name_dns_a_record_on_launch": false,
            "enable_resource_name_dns_aaaa_record_on_launch": false,
            "id": "subnet-0dcac80002d6c2d86",
            "ipv6_cidr_block": "",
            "ipv6_cidr_block_association_id": "",
            "ipv6_native": false,
            "map_customer_owned_ip_on_launch": false,
            "map_public_ip_on_launch": false,
            "outpost_arn": "",
            "owner_id": "167611893883",
            "private_dns_hostname_type_on_launch": "ip-name",
            "region": "us-east-2",
            "tags": {
              "Name": "Private_Database_2"
            },
            "tags_all": {
              "Name": "Private_Database_2"
            },
            "timeouts": null,
            "vpc_id": "vpc-0afc389f0b4995dea"
          },
          "sensitive_attributes": [],
          "identity_schema_version": 0,
          "private": "eyJlMmJmYjczMC1lY2FhLTExZTYtOGY4OC0zNDM2M2JjN2M0YzAiOnsiY3JlYXRlIjo2MDAwMDAwMDAwMDAsImRlbGV0ZSI6MTIwMDAwMDAwMDAwMH0sInNjaGVtYV92ZXJzaW9uIjoiMSJ9",
          "dependencies": [
            "aws_vpc.dipen_custom_vpc"
          ]
        }
      ]
    },
    {
      "mode": "managed",
      "type": "aws_subnet",
      "name": "pub_web_az_1",
      "provider": "provider[\"registry.terraform.io/hashicorp/aws\"]",
      "instances": [
        {
          "schema_version": 1,
          "attributes": {
            "arn": "arn:aws:ec2:us-east-2:167611893883:subnet/subnet-050d1dbf91f1f5d65",
            "assign_ipv6_address_on_creation": false,
            "availability_zone": "us-east-2a",
            "availability_zone_id": "use2-az1",
            "cidr_block": "10.0.1.0/24",
            "customer_owned_ipv4_pool": "",
            "enable_dns64": false,
            "enable_lni_at_device_index": 0,
            "enable_resource_name_dns_a_record_on_launch": false,
            "enable_resource_name_dns_aaaa_record_on_launch": false,
            "id": "subnet-050d1dbf91f1f5d65",
            "ipv6_cidr_block": "",
            "ipv6_cidr_block_association_id": "",
            "ipv6_native": false,
            "map_customer_owned_ip_on_launch": false,
            "map_public_ip_on_launch": true,
            "outpost_arn": "",
            "owner_id": "167611893883",
            "private_dns_hostname_type_on_launch": "ip-name",
            "region": "us-east-2",
            "tags": {
              "Name": "Public_Web_1"
            },
            "tags_all": {
              "Name": "Public_Web_1"
            },
            "timeouts": null,
            "vpc_id": "vpc-0afc389f0b4995dea"
          },
          "sensitive_attributes": [],
          "identity_schema_version": 0,
          "private": "eyJlMmJmYjczMC1lY2FhLTExZTYtOGY4OC0zNDM2M2JjN2M0YzAiOnsiY3JlYXRlIjo2MDAwMDAwMDAwMDAsImRlbGV0ZSI6MTIwMDAwMDAwMDAwMH0sInNjaGVtYV92ZXJzaW9uIjoiMSJ9",
          "dependencies": [
            "aws_vpc.dipen_custom_vpc"
          ],
          "create_before_destroy": true
        }
      ]
    },
    {
      "mode": "managed",
      "type": "aws_subnet",
      "name": "pub_web_az_2",
      "provider": "provider[\"registry.terraform.io/hashicorp/aws\"]",
      "instances": [
        {
          "schema_version": 1,
          "attributes": {
            "arn": "arn:aws:ec2:us-east-2:167611893883:subnet/subnet-04754e38c35b30e5f",
            "assign_ipv6_address_on_creation": false,
            "availability_zone": "us-east-2b",
            "availability_zone_id": "use2-az2",
            "cidr_block": "10.0.2.0/24",
            "customer_owned_ipv4_pool": "",
            "enable_dns64": false,
            "enable_lni_at_device_index": 0,
            "enable_resource_name_dns_a_record_on_launch": false,
            "enable_resource_name_dns_aaaa_record_on_launch": false,
            "id": "subnet-04754e38c35b30e5f",
            "ipv6_cidr_block": "",
            "ipv6_cidr_block_association_id": "",
            "ipv6_native": false,
            "map_customer_owned_ip_on_launch": false,
            "map_public_ip_on_launch": true,
            "outpost_arn": "",
            "owner_id": "167611893883",
            "private_dns_hostname_type_on_launch": "ip-name",
            "region": "us-east-2",
            "tags": {
              "Name": "Public_Web_2"
            },
            "tags_all": {
              "Name": "Public_Web_2"
            },
            "timeouts": null,
            "vpc_id": "vpc-0afc389f0b4995dea"
          },
          "sensitive_attributes": [],
          "identity_schema_version": 0,
          "private": "eyJlMmJmYjczMC1lY2FhLTExZTYtOGY4OC0zNDM2M2JjN2M0YzAiOnsiY3JlYXRlIjo2MDAwMDAwMDAwMDAsImRlbGV0ZSI6MTIwMDAwMDAwMDAwMH0sInNjaGVtYV92ZXJzaW9uIjoiMSJ9",
          "dependencies": [
            "aws_vpc.dipen_custom_vpc"
          ],
          "create_before_destroy": true
        }
      ]
    },
    {
      "mode": "managed",
      "type": "aws_vpc",
      "name": "dipen_custom_vpc",
      "provider": "provider[\"registry.terraform.io/hashicorp/aws\"]",
      "instances": [
        {
          "schema_version": 1,
          "attributes": {
            "arn": "arn:aws:ec2:us-east-2:167611893883:vpc/vpc-0afc389f0b4995dea",
            "assign_generated_ipv6_cidr_block": false,
            "cidr_block": "10.0.0.0/16",
            "default_network_acl_id": "acl-0ff41469d21da393f",
            "default_route_table_id": "rtb-0ef770014f4df4ede",
            "default_security_group_id": "sg-0a4a42ff31141bbc2",
            "dhcp_options_id": "dopt-09ed745a1a19ab299",
            "enable_dns_hostnames": true,
            "enable_dns_support": true,
            "enable_network_address_usage_metrics": false,
            "id": "vpc-0afc389f0b4995dea",
            "instance_tenancy": "default",
            "ipv4_ipam_pool_id": null,
            "ipv4_netmask_length": null,
            "ipv6_association_id": "",
            "ipv6_cidr_block": "",
            "ipv6_cidr_block_network_border_group": "",
            "ipv6_ipam_pool_id": "",
            "ipv6_netmask_length": 0,
            "main_route_table_id": "rtb-0ef770014f4df4ede",
            "owner_id": "167611893883",
            "region": "us-east-2",
            "tags": {
              "Name": "Dipen Custom VPC"
            },
            "tags_all": {
              "Name": "Dipen Custom VPC"
            }
          },
          "sensitive_attributes": [],
          "identity_schema_version": 0,
          "private": "eyJzY2hlbWFfdmVyc2lvbiI6IjEifQ==",
          "create_before_destroy": true
        }
      ]
    },
    {
      "mode": "managed",
      "type": "aws_vpc_security_group_egress_rule",
      "name": "alb_all_egress",
      "provider": "provider[\"registry.terraform.io/hashicorp/aws\"]",
      "instances": [
        {
          "schema_version": 0,
          "attributes": {
            "arn": "arn:aws:ec2:us-east-2:167611893883:security-group-rule/sgr-0a079c5e6e4bfcb83",
            "cidr_ipv4": "0.0.0.0/0",
            "cidr_ipv6": null,
            "description": null,
            "from_port": null,
            "id": "sgr-0a079c5e6e4bfcb83",
            "ip_protocol": "-1",
            "prefix_list_id": null,
            "referenced_security_group_id": null,
            "region": "us-east-2",
            "security_group_id": "sg-02bdb28f27bf9c546",
            "security_group_rule_id": "sgr-0a079c5e6e4bfcb83",
            "tags": null,
            "tags_all": {},
            "to_port": null
          },
          "sensitive_attributes": [],
          "identity_schema_version": 0,
          "dependencies": [
            "aws_security_group.alb_internal_sg",
            "aws_vpc.dipen_custom_vpc"
          ]
        }
      ]
    },
    {
      "mode": "managed",
      "type": "aws_vpc_security_group_egress_rule",
      "name": "allow_all_traffic_ipv4_app",
      "provider": "provider[\"registry.terraform.io/hashicorp/aws\"]",
      "instances": [
        {
          "schema_version": 0,
          "attributes": {
            "arn": "arn:aws:ec2:us-east-2:167611893883:security-group-rule/sgr-04163a220c5dedd26",
            "cidr_ipv4": "0.0.0.0/0",
            "cidr_ipv6": null,
            "description": null,
            "from_port": null,
            "id": "sgr-04163a220c5dedd26",
            "ip_protocol": "-1",
            "prefix_list_id": null,
            "referenced_security_group_id": null,
            "region": "us-east-2",
            "security_group_id": "sg-0030cc3727b72d955",
            "security_group_rule_id": "sgr-04163a220c5dedd26",
            "tags": null,
            "tags_all": {},
            "to_port": null
          },
          "sensitive_attributes": [],
          "identity_schema_version": 0,
          "dependencies": [
            "aws_security_group.app_tier_sg",
            "aws_vpc.dipen_custom_vpc"
          ]
        }
      ]
    },
    {
      "mode": "managed",
      "type": "aws_vpc_security_group_egress_rule",
      "name": "allow_all_web_traffic_ipv4",
      "provider": "provider[\"registry.terraform.io/hashicorp/aws\"]",
      "instances": [
        {
          "schema_version": 0,
          "attributes": {
            "arn": "arn:aws:ec2:us-east-2:167611893883:security-group-rule/sgr-0672c0b4f7c65511f",
            "cidr_ipv4": "0.0.0.0/0",
            "cidr_ipv6": null,
            "description": null,
            "from_port": null,
            "id": "sgr-0672c0b4f7c65511f",
            "ip_protocol": "-1",
            "prefix_list_id": null,
            "referenced_security_group_id": null,
            "region": "us-east-2",
            "security_group_id": "sg-09a5db4eae92e0219",
            "security_group_rule_id": "sgr-0672c0b4f7c65511f",
            "tags": null,
            "tags_all": {},
            "to_port": null
          },
          "sensitive_attributes": [],
          "identity_schema_version": 0,
          "dependencies": [
            "aws_security_group.web_tier_sg",
            "aws_vpc.dipen_custom_vpc"
          ]
        }
      ]
    },
    {
      "mode": "managed",
      "type": "aws_vpc_security_group_egress_rule",
      "name": "db_all_egress",
      "provider": "provider[\"registry.terraform.io/hashicorp/aws\"]",
      "instances": [
        {
          "schema_version": 0,
          "attributes": {
            "arn": "arn:aws:ec2:us-east-2:167611893883:security-group-rule/sgr-01141c985fe3a662b",
            "cidr_ipv4": "0.0.0.0/0",
            "cidr_ipv6": null,
            "description": null,
            "from_port": null,
            "id": "sgr-01141c985fe3a662b",
            "ip_protocol": "-1",
            "prefix_list_id": null,
            "referenced_security_group_id": null,
            "region": "us-east-2",
            "security_group_id": "sg-007e07aa1e30b2aa3",
            "security_group_rule_id": "sgr-01141c985fe3a662b",
            "tags": null,
            "tags_all": {},
            "to_port": null
          },
          "sensitive_attributes": [],
          "identity_schema_version": 0,
          "dependencies": [
            "aws_security_group.db_tier_sg",
            "aws_vpc.dipen_custom_vpc"
          ]
        }
      ]
    },
    {
      "mode": "managed",
      "type": "aws_vpc_security_group_ingress_rule",
      "name": "alb_in_from_web",
      "provider": "provider[\"registry.terraform.io/hashicorp/aws\"]",
      "instances": [
        {
          "schema_version": 0,
          "attributes": {
            "arn": "arn:aws:ec2:us-east-2:167611893883:security-group-rule/sgr-0235a33b44ca629da",
            "cidr_ipv4": null,
            "cidr_ipv6": null,
            "description": null,
            "from_port": 80,
            "id": "sgr-0235a33b44ca629da",
            "ip_protocol": "tcp",
            "prefix_list_id": null,
            "referenced_security_group_id": "sg-09a5db4eae92e0219",
            "region": "us-east-2",
            "security_group_id": "sg-02bdb28f27bf9c546",
            "security_group_rule_id": "sgr-0235a33b44ca629da",
            "tags": null,
            "tags_all": {},
            "to_port": 80
          },
          "sensitive_attributes": [],
          "identity_schema_version": 0,
          "dependencies": [
            "aws_security_group.alb_internal_sg",
            "aws_security_group.web_tier_sg",
            "aws_vpc.dipen_custom_vpc"
          ]
        }
      ]
    },
    {
      "mode": "managed",
      "type": "aws_vpc_security_group_ingress_rule",
      "name": "allow_http_from_web_sg",
      "provider": "provider[\"registry.terraform.io/hashicorp/aws\"]",
      "instances": [
        {
          "schema_version": 0,
          "attributes": {
            "arn": "arn:aws:ec2:us-east-2:167611893883:security-group-rule/sgr-002a30f854469db6b",
            "cidr_ipv4": null,
            "cidr_ipv6": null,
            "description": null,
            "from_port": 80,
            "id": "sgr-002a30f854469db6b",
            "ip_protocol": "tcp",
            "prefix_list_id": null,
            "referenced_security_group_id": "sg-09a5db4eae92e0219",
            "region": "us-east-2",
            "security_group_id": "sg-0030cc3727b72d955",
            "security_group_rule_id": "sgr-002a30f854469db6b",
            "tags": null,
            "tags_all": {},
            "to_port": 80
          },
          "sensitive_attributes": [],
          "identity_schema_version": 0,
          "dependencies": [
            "aws_security_group.app_tier_sg",
            "aws_security_group.web_tier_sg",
            "aws_vpc.dipen_custom_vpc"
          ]
        }
      ]
    },
    {
      "mode": "managed",
      "type": "aws_vpc_security_group_ingress_rule",
      "name": "allow_http_ipv4_web",
      "provider": "provider[\"registry.terraform.io/hashicorp/aws\"]",
      "instances": [
        {
          "schema_version": 0,
          "attributes": {
            "arn": "arn:aws:ec2:us-east-2:167611893883:security-group-rule/sgr-00f4de8098c6a5fef",
            "cidr_ipv4": "0.0.0.0/0",
            "cidr_ipv6": null,
            "description": null,
            "from_port": 80,
            "id": "sgr-00f4de8098c6a5fef",
            "ip_protocol": "tcp",
            "prefix_list_id": null,
            "referenced_security_group_id": null,
            "region": "us-east-2",
            "security_group_id": "sg-09a5db4eae92e0219",
            "security_group_rule_id": "sgr-00f4de8098c6a5fef",
            "tags": null,
            "tags_all": {},
            "to_port": 80
          },
          "sensitive_attributes": [],
          "identity_schema_version": 0,
          "dependencies": [
            "aws_security_group.web_tier_sg",
            "aws_vpc.dipen_custom_vpc"
          ]
        }
      ]
    },
    {
      "mode": "managed",
      "type": "aws_vpc_security_group_ingress_rule",
      "name": "allow_https_ipv4_web",
      "provider": "provider[\"registry.terraform.io/hashicorp/aws\"]",
      "instances": [
        {
          "schema_version": 0,
          "attributes": {
            "arn": "arn:aws:ec2:us-east-2:167611893883:security-group-rule/sgr-030b2c080a1d0ea8c",
            "cidr_ipv4": "0.0.0.0/0",
            "cidr_ipv6": null,
            "description": null,
            "from_port": 443,
            "id": "sgr-030b2c080a1d0ea8c",
            "ip_protocol": "tcp",
            "prefix_list_id": null,
            "referenced_security_group_id": null,
            "region": "us-east-2",
            "security_group_id": "sg-09a5db4eae92e0219",
            "security_group_rule_id": "sgr-030b2c080a1d0ea8c",
            "tags": null,
            "tags_all": {},
            "to_port": 443
          },
          "sensitive_attributes": [],
          "identity_schema_version": 0,
          "dependencies": [
            "aws_security_group.web_tier_sg",
            "aws_vpc.dipen_custom_vpc"
          ]
        }
      ]
    },
    {
      "mode": "managed",
      "type": "aws_vpc_security_group_ingress_rule",
      "name": "allow_mysql_from_app_sg",
      "provider": "provider[\"registry.terraform.io/hashicorp/aws\"]",
      "instances": [
        {
          "schema_version": 0,
          "attributes": {
            "arn": "arn:aws:ec2:us-east-2:167611893883:security-group-rule/sgr-053074399da5bbaa5",
            "cidr_ipv4": null,
            "cidr_ipv6": null,
            "description": null,
            "from_port": 3306,
            "id": "sgr-053074399da5bbaa5",
            "ip_protocol": "tcp",
            "prefix_list_id": null,
            "referenced_security_group_id": "sg-0030cc3727b72d955",
            "region": "us-east-2",
            "security_group_id": "sg-007e07aa1e30b2aa3",
            "security_group_rule_id": "sgr-053074399da5bbaa5",
            "tags": null,
            "tags_all": {},
            "to_port": 3306
          },
          "sensitive_attributes": [],
          "identity_schema_version": 0,
          "dependencies": [
            "aws_security_group.app_tier_sg",
            "aws_security_group.db_tier_sg",
            "aws_vpc.dipen_custom_vpc"
          ]
        }
      ]
    },
    {
      "mode": "managed",
      "type": "aws_vpc_security_group_ingress_rule",
      "name": "allow_ssh_ipv4_web",
      "provider": "provider[\"registry.terraform.io/hashicorp/aws\"]",
      "instances": [
        {
          "schema_version": 0,
          "attributes": {
            "arn": "arn:aws:ec2:us-east-2:167611893883:security-group-rule/sgr-0cc68d8ccc603af8e",
            "cidr_ipv4": "0.0.0.0/0",
            "cidr_ipv6": null,
            "description": null,
            "from_port": 22,
            "id": "sgr-0cc68d8ccc603af8e",
            "ip_protocol": "tcp",
            "prefix_list_id": null,
            "referenced_security_group_id": null,
            "region": "us-east-2",
            "security_group_id": "sg-09a5db4eae92e0219",
            "security_group_rule_id": "sgr-0cc68d8ccc603af8e",
            "tags": null,
            "tags_all": {},
            "to_port": 22
          },
          "sensitive_attributes": [],
          "identity_schema_version": 0,
          "dependencies": [
            "aws_security_group.web_tier_sg",
            "aws_vpc.dipen_custom_vpc"
          ]
        }
      ]
    },
    {
      "mode": "managed",
      "type": "aws_vpc_security_group_ingress_rule",
      "name": "app_http_from_alb",
      "provider": "provider[\"registry.terraform.io/hashicorp/aws\"]",
      "instances": [
        {
          "schema_version": 0,
          "attributes": {
            "arn": "arn:aws:ec2:us-east-2:167611893883:security-group-rule/sgr-08661ced5e5bd0264",
            "cidr_ipv4": null,
            "cidr_ipv6": null,
            "description": null,
            "from_port": 80,
            "id": "sgr-08661ced5e5bd0264",
            "ip_protocol": "tcp",
            "prefix_list_id": null,
            "referenced_security_group_id": "sg-02bdb28f27bf9c546",
            "region": "us-east-2",
            "security_group_id": "sg-0030cc3727b72d955",
            "security_group_rule_id": "sgr-08661ced5e5bd0264",
            "tags": null,
            "tags_all": {},
            "to_port": 80
          },
          "sensitive_attributes": [],
          "identity_schema_version": 0,
          "dependencies": [
            "aws_security_group.alb_internal_sg",
            "aws_security_group.app_tier_sg",
            "aws_vpc.dipen_custom_vpc"
          ]
        }
      ]
    },
    {
      "mode": "managed",
      "type": "local_file",
      "name": "save_private_key",
      "provider": "provider[\"registry.terraform.io/hashicorp/local\"]",
      "instances": [
        {
          "schema_version": 0,
          "attributes": {
            "content": "-----BEGIN RSA PRIVATE KEY-----\nMIIJJwIBAAKCAgEAzElLf+H5WT8aRo+lbuu0n1/mKSl9Y49YqLW9k/oSW5xjMV3n\ndGhsNAM5NKF4zmNCA26NTr4AJsnY6BmYYmZkPrkwrpP4OxngdPDCULTW+vFqV4g7\nOxl/t06v7Svjp2FptayjDkpqjlbkil6Hxt0lJIL1X/AfT5fNIWrxKGcapgSmBD4l\nU+XKtC/lmc7IOuxQwSKAcoQlQLRNCwk5/UEasGjmZ9kvr3vwAywc43IIJGJ9knaN\nieG7QDylSfshfZh45kNmDuHMncgAD1JaQen+iUrbpU4W+pJ0UWnZNLTmLTOnssFU\nSzrgxZUAfKphq3nqFOKnbtKON9NCI6KQPv18A9p7PI3Bf19iHJt9Wk0ErhpCD2Wl\nyi/ZtUYsutb1FZbHB12DV0xrinm7/Yf9z1O4ddEq6HRGKra5I/0HZiu/zHXORH6h\nQL+KotaGJSI61ageZyF/OvPr96llGv6WKqU5zxmxuDF3Wqny1h3DoA+XSzty87lE\nWl7EWjOhr7/7qH0g88miLzVH0OaxGl/aHmC7vVQOXAQED7+PCI0sJJSGUmijWmqT\nhSdbEPXLdwu1GyDN/UaL02LC+0fDghqESluAdGG+K+GswAZ74A5oZvbnLxqVakkv\nMEqtElzYvqCHjtyOH+J/SD3j/U1vc+xuCx9xD8VEqdIR9jM37C2fbAGCbGkCAwEA\nAQKCAgAU5PfECxnA/TVrq2hTL6hMJ0fAJMpahyg9LEaJRrn/NQAHxfglFcOgb8Z3\neb8ElA4l0fZBzCjxjrJg7fJCOUEOUcx3BLMuX1OP/mqPjOmSpePXs1tEjJN9rR6N\nGnC411uzrWZJkUa0C5LpTKkkR8zzXrIod4PKVSdR4FFtbZtCCQZud2lDuySIGMCK\nAmaEMVTCpkvfOqEhTLe3FeDgpHqtebM8QrBwCVQHjQjg4hJPX2QC2Z2ZMVWAyNsq\nlZUrto9CFPlwsvtl1XWdG5IX/Q4P3pBX6GRtCVL8m0AQNiL3U1nXDJNZtPpVtytj\nNN2Tx37P101jBkXt042nnapViQF4qBA0tGJuRpaoBDqtKU/YyI2n/Gh0zwZvwYbI\nWgGWIaMKaLPAPBIWzdkxDitCnROKSWfA0luO5KXOOly5TBlP+EPc1zhY0okccqHh\nScG7S/iR6dV7TCT/31KkCiDlmsgI+WpPVge1k4eyAz07bqrRRmBDN+43aTQUVHWB\nF+8Yg4PWgN84hwC38X4KqM09J80GXLwDARCYN6j57A8dxAMAtGKA79BJ6d0coB0K\n0rpAhrb5H8jVuwwYwSdnhY2dqozFIpgXOhdRJAggTApWPvFADIB/6oQv52+GKwS4\niN9/Nyb2+m14GsqXoCXpVXAIxO7oiXHpDTyl6JTTfaaevYxIEQKCAQEA8sPvfqDP\ntFnCy7RiKls/gNJ/JhPsqb/p/wYKBFWe/DDJdcfZGMD1yfNkQEQC0EAQKer8eJdV\nR2QaF1unojLchwi8If2TZh1FtWK6xqgEmvBwVc+8YW6CA7b4CnW6IBfAy0u44T8b\nTKcNRT3qjgM8wtlxSlZCAiHMEqvlYqfQTaojBxDLvZtf+ktYbBtBIOvlz5kweRx6\n13mEKqtnSxD82rRACadZlaQ8ZzlHI9boZ3bvCkMie50G/+ktWgUJ8MlP4tLH31UH\nJCn9EVYt1hIFrFv/uVEI5FT+JNCXu0wHrSGBHwg3FHLK16/abP4uj9N5F7ji1y2B\nnDvF2yQYsBUbeQKCAQEA12xXNa+etxu/d26YGDw/3Ks4p4wg3XVZ8ncwHzQKagUw\nqt+cIaMl2oPOTLFhmovTyMofQpM3e5fvaPMy10PsNfxC5M/wZfr1RNWkaZ4XKt5j\nPjmKdFOrEubQC3Cn6NSYMA3j6tW3D4dLVUYcA9ks1wkNfBM33ipWdrSf9d66gu1O\nvCwBI/8483ajGEspOqFN89tFD5dYeny3TAfckLyTh1QZ/7esLUQHND9TBskcmSeN\nToHpCytKGdYEr5K5ur4a+iACtJuRyDhpASSZ7C56GE6CrJ8sy1uLrxUopNTd7QvF\nocSpIPmuXKfK+u2kFkttHzvGyJFkyMIWPCyDPJyscQKCAQBOsl+n3/+VCmgQWwhb\njLr4SsR3FoxottLnHhEPOKZSQIp+SOvCj4LeFa2Q+7shwTK8M/XmLcCyZOvkWIzu\nEqjUiWtbZXVr699WHoxHq93aUElKOA5sU0OIar7bvTA6CRkxjfl/41I5NgoiQSER\nKlF/JLgKDg5V3JjoEJtKsPXgx1+VgcdaTsz9OYGPggJJ5s7XzmQdTrMvuK+0mV3h\nwr8FMttzhbGPxe7i03mRT7CFIdP5squyAMRtHyzZerqvOMNR11x9tHWdLpNgFFzF\ngZAfQK+UZoWIZ1j/nDMjv1DZufu+kI4ybcf9xX78SCXV8ArYOtImSRU0DVhlYr0y\nD5WZAoIBAFMTqwY/NhwzjUFH20vtYEt/lJe4yKvfJ9MD+ADwltuQKNac6Z9nRZ/h\nmNumxJdPOVuD505La+g0DdYRhBfUT/H52OpY7sLFZ3UmVwOMPi8AGJHUqvp1kdH2\nRWFEDt0Rr6dIlA7qYHCSopC+OuuZA1viV9rzpmX9Od8JhW7SeGcpkWWsKrxxHst1\ngyxJQBsmPeO/OgDrQunp0t51YbBHqTVVT7l4YeQLCiQyD5jcUjUWNb6DBxaRmUAh\ncykqkonb6pdvZNu16yCl8IjKTrnwqpFZJbfgouvB4DqjFEuM9BEIqyzZpMfcwktl\nQjhHETKv3+NdsCmFOLLbdqu6Ftp3KWECggEAKKIGBLq1iKC4qTWTL8sIWsCasWkw\netQ+N4sO3VOtuqJJBtwEV4DI06lj8fABO8p/0s4lnZ9gzpHtkOZmsA7qs3bHkVwa\nab2uPmGG5OsaJGxv8reBMsPy+zmr5VJrPJrO3HYzqUOMVpQ+mc/zAXNwRsi1sWoF\nVpEknlbR8H3+oz5w7Yaw0ouyAObf7ZviXoYh8P6MP8cSj1vp/SV4TA+DfEhzSzIW\nMFSXdKYVRbeiDUyygpL06KuxuEIye06DvR4E1p9ijOfEV4cJY4wwxBq6VaVGi+WD\nvT4GPH2ilKEOVNZHjyRHt6x8p8bojFBkX2hgBTXEeldcgQ5jA6vn/yqznQ==\n-----END RSA PRIVATE KEY-----\n",
            "content_base64": null,
            "content_base64sha256": "izZRQJcikRRRK8pgAVtTwdpnU7xbsKNznP129XZQ/W8=",
            "content_base64sha512": "RP//KSgr9eZe+AVisS4S7NKpwI3ZdLc/80kC1MQPlsyiuzv8pq+GthUkXueYXsD8AXJ0MPZvMDcbCJhVAFD7VQ==",
            "content_md5": "331e056fcc70f937c3b5e84df17682a0",
            "content_sha1": "4966fdc225f9f458c4754f611db205519cff5caa",
            "content_sha256": "8b36514097229114512bca60015b53c1da6753bc5bb0a3739cfd76f57650fd6f",
            "content_sha512": "44ffff29282bf5e65ef80562b12e12ecd2a9c08dd974b73ff34902d4c40f96cca2bb3bfca6af86b615245ee7985ec0fc01727430f66f30371b0898550050fb55",
            "directory_permission": "0777",
            "file_permission": "0600",
            "filename": "./dipen-keypair.pem",
            "id": "4966fdc225f9f458c4754f611db205519cff5caa",
            "sensitive_content": null,
            "source": null
          },
          "sensitive_attributes": [
            [
              {
                "type": "get_attr",
                "value": "content"
              }
            ],
            [
              {
                "type": "get_attr",
                "value": "sensitive_content"
              }
            ]
          ],
          "identity_schema_version": 0,
          "dependencies": [
            "tls_private_key.dipen_key"
          ]
        }
      ]
    },
    {
      "mode": "managed",
      "type": "tls_private_key",
      "name": "dipen_key",
      "provider": "provider[\"registry.terraform.io/hashicorp/tls\"]",
      "instances": [
        {
          "schema_version": 1,
          "attributes": {
            "algorithm": "RSA",
            "ecdsa_curve": "P224",
            "id": "cb03dd849f3ebb002912ff3657c044e26aa0cb64",
            "private_key_openssh": "-----BEGIN OPENSSH PRIVATE KEY-----\nb3BlbnNzaC1rZXktdjEAAAAABG5vbmUAAAAEbm9uZQAAAAAAAAABAAACFwAAAAdz\nc2gtcnNhAAAAAwEAAQAAAgEAzElLf+H5WT8aRo+lbuu0n1/mKSl9Y49YqLW9k/oS\nW5xjMV3ndGhsNAM5NKF4zmNCA26NTr4AJsnY6BmYYmZkPrkwrpP4OxngdPDCULTW\n+vFqV4g7Oxl/t06v7Svjp2FptayjDkpqjlbkil6Hxt0lJIL1X/AfT5fNIWrxKGca\npgSmBD4lU+XKtC/lmc7IOuxQwSKAcoQlQLRNCwk5/UEasGjmZ9kvr3vwAywc43II\nJGJ9knaNieG7QDylSfshfZh45kNmDuHMncgAD1JaQen+iUrbpU4W+pJ0UWnZNLTm\nLTOnssFUSzrgxZUAfKphq3nqFOKnbtKON9NCI6KQPv18A9p7PI3Bf19iHJt9Wk0E\nrhpCD2Wlyi/ZtUYsutb1FZbHB12DV0xrinm7/Yf9z1O4ddEq6HRGKra5I/0HZiu/\nzHXORH6hQL+KotaGJSI61ageZyF/OvPr96llGv6WKqU5zxmxuDF3Wqny1h3DoA+X\nSzty87lEWl7EWjOhr7/7qH0g88miLzVH0OaxGl/aHmC7vVQOXAQED7+PCI0sJJSG\nUmijWmqThSdbEPXLdwu1GyDN/UaL02LC+0fDghqESluAdGG+K+GswAZ74A5oZvbn\nLxqVakkvMEqtElzYvqCHjtyOH+J/SD3j/U1vc+xuCx9xD8VEqdIR9jM37C2fbAGC\nbGkAAAc4Ggw09xoMNPcAAAAHc3NoLXJzYQAAAgEAzElLf+H5WT8aRo+lbuu0n1/m\nKSl9Y49YqLW9k/oSW5xjMV3ndGhsNAM5NKF4zmNCA26NTr4AJsnY6BmYYmZkPrkw\nrpP4OxngdPDCULTW+vFqV4g7Oxl/t06v7Svjp2FptayjDkpqjlbkil6Hxt0lJIL1\nX/AfT5fNIWrxKGcapgSmBD4lU+XKtC/lmc7IOuxQwSKAcoQlQLRNCwk5/UEasGjm\nZ9kvr3vwAywc43IIJGJ9knaNieG7QDylSfshfZh45kNmDuHMncgAD1JaQen+iUrb\npU4W+pJ0UWnZNLTmLTOnssFUSzrgxZUAfKphq3nqFOKnbtKON9NCI6KQPv18A9p7\nPI3Bf19iHJt9Wk0ErhpCD2Wlyi/ZtUYsutb1FZbHB12DV0xrinm7/Yf9z1O4ddEq\n6HRGKra5I/0HZiu/zHXORH6hQL+KotaGJSI61ageZyF/OvPr96llGv6WKqU5zxmx\nuDF3Wqny1h3DoA+XSzty87lEWl7EWjOhr7/7qH0g88miLzVH0OaxGl/aHmC7vVQO\nXAQED7+PCI0sJJSGUmijWmqThSdbEPXLdwu1GyDN/UaL02LC+0fDghqESluAdGG+\nK+GswAZ74A5oZvbnLxqVakkvMEqtElzYvqCHjtyOH+J/SD3j/U1vc+xuCx9xD8VE\nqdIR9jM37C2fbAGCbGkAAAADAQABAAACABTk98QLGcD9NWuraFMvqEwnR8AkylqH\nKD0sRolGuf81AAfF+CUVw6Bvxnd5vwSUDiXR9kHMKPGOsmDt8kI5QQ5RzHcEsy5f\nU4/+ao+M6ZKl49ezW0SMk32tHo0acLjXW7OtZkmRRrQLkulMqSRHzPNesih3g8pV\nJ1HgUW1tm0IJBm53aUO7JIgYwIoCZoQxVMKmS986oSFMt7cV4OCkeq15szxCsHAJ\nVAeNCODiEk9fZALZnZkxVYDI2yqVlSu2j0IU+XCy+2XVdZ0bkhf9Dg/ekFfoZG0J\nUvybQBA2IvdTWdcMk1m0+lW3K2M03ZPHfs/XTWMGRe3TjaedqlWJAXioEDS0Ym5G\nlqgEOq0pT9jIjaf8aHTPBm/BhshaAZYhowpos8A8EhbN2TEOK0KdE4pJZ8DSW47k\npc46XLlMGU/4Q9zXOFjSiRxyoeFJwbtL+JHp1XtMJP/fUqQKIOWayAj5ak9WB7WT\nh7IDPTtuqtFGYEM37jdpNBRUdYEX7xiDg9aA3ziHALfxfgqozT0nzQZcvAMBEJg3\nqPnsDx3EAwC0YoDv0Enp3RygHQrSukCGtvkfyNW7DBjBJ2eFjZ2qjMUimBc6F1Ek\nCCBMClY+8UAMgH/qhC/nb4YrBLiI3383Jvb6bXgaypegJelVcAjE7uiJcekNPKXo\nlNN9pp69jEgRAAABACiiBgS6tYiguKk1ky/LCFrAmrFpMHrUPjeLDt1TrbqiSQbc\nBFeAyNOpY/HwATvKf9LOJZ2fYM6R7ZDmZrAO6rN2x5FcGmm9rj5hhuTrGiRsb/K3\ngTLD8vs5q+VSazyaztx2M6lDjFaUPpnP8wFzcEbItbFqBVaRJJ5W0fB9/qM+cO2G\nsNKLsgDm3+2b4l6GIfD+jD/HEo9b6f0leEwPg3xIc0syFjBUl3SmFUW3og1MsoKS\n9OirsbhCMntOg70eBNafYoznxFeHCWOMMMQaulWlRovlg70+Bjx9opShDlTWR48k\nR7esfKfG6IxQZF9oYAU1xHpXXIEOYwOr5/8qs50AAAEBAPLD736gz7RZwsu0Yipb\nP4DSfyYT7Km/6f8GCgRVnvwwyXXH2RjA9cnzZEBEAtBAECnq/HiXVUdkGhdbp6Iy\n3IcIvCH9k2YdRbViusaoBJrwcFXPvGFuggO2+Ap1uiAXwMtLuOE/G0ynDUU96o4D\nPMLZcUpWQgIhzBKr5WKn0E2qIwcQy72bX/pLWGwbQSDr5c+ZMHkcetd5hCqrZ0sQ\n/Nq0QAmnWZWkPGc5RyPW6Gd27wpDInudBv/pLVoFCfDJT+LSx99VByQp/RFWLdYS\nBaxb/7lRCORU/iTQl7tMB60hgR8INxRyytev2mz+Lo/TeRe44tctgZw7xdskGLAV\nG3kAAAEBANdsVzWvnrcbv3dumBg8P9yrOKeMIN11WfJ3MB80CmoFMKrfnCGjJdqD\nzkyxYZqL08jKH0KTN3uX72jzMtdD7DX8QuTP8GX69UTVpGmeFyreYz45inRTqxLm\n0Atwp+jUmDAN4+rVtw+HS1VGHAPZLNcJDXwTN94qVna0n/XeuoLtTrwsASP/OPN2\noxhLKTqhTfPbRQ+XWHp8t0wH3JC8k4dUGf+3rC1EBzQ/UwbJHJknjU6B6QsrShnW\nBK+Subq+GvogArSbkcg4aQEkmewuehhOgqyfLMtbi68VKKTU3e0LxaHEqSD5rlyn\nyvrtpBZLbR87xsiRZMjCFjwsgzycrHEAAAAAAQID\n-----END OPENSSH PRIVATE KEY-----\n",
            "private_key_pem": "-----BEGIN RSA PRIVATE KEY-----\nMIIJJwIBAAKCAgEAzElLf+H5WT8aRo+lbuu0n1/mKSl9Y49YqLW9k/oSW5xjMV3n\ndGhsNAM5NKF4zmNCA26NTr4AJsnY6BmYYmZkPrkwrpP4OxngdPDCULTW+vFqV4g7\nOxl/t06v7Svjp2FptayjDkpqjlbkil6Hxt0lJIL1X/AfT5fNIWrxKGcapgSmBD4l\nU+XKtC/lmc7IOuxQwSKAcoQlQLRNCwk5/UEasGjmZ9kvr3vwAywc43IIJGJ9knaN\nieG7QDylSfshfZh45kNmDuHMncgAD1JaQen+iUrbpU4W+pJ0UWnZNLTmLTOnssFU\nSzrgxZUAfKphq3nqFOKnbtKON9NCI6KQPv18A9p7PI3Bf19iHJt9Wk0ErhpCD2Wl\nyi/ZtUYsutb1FZbHB12DV0xrinm7/Yf9z1O4ddEq6HRGKra5I/0HZiu/zHXORH6h\nQL+KotaGJSI61ageZyF/OvPr96llGv6WKqU5zxmxuDF3Wqny1h3DoA+XSzty87lE\nWl7EWjOhr7/7qH0g88miLzVH0OaxGl/aHmC7vVQOXAQED7+PCI0sJJSGUmijWmqT\nhSdbEPXLdwu1GyDN/UaL02LC+0fDghqESluAdGG+K+GswAZ74A5oZvbnLxqVakkv\nMEqtElzYvqCHjtyOH+J/SD3j/U1vc+xuCx9xD8VEqdIR9jM37C2fbAGCbGkCAwEA\nAQKCAgAU5PfECxnA/TVrq2hTL6hMJ0fAJMpahyg9LEaJRrn/NQAHxfglFcOgb8Z3\neb8ElA4l0fZBzCjxjrJg7fJCOUEOUcx3BLMuX1OP/mqPjOmSpePXs1tEjJN9rR6N\nGnC411uzrWZJkUa0C5LpTKkkR8zzXrIod4PKVSdR4FFtbZtCCQZud2lDuySIGMCK\nAmaEMVTCpkvfOqEhTLe3FeDgpHqtebM8QrBwCVQHjQjg4hJPX2QC2Z2ZMVWAyNsq\nlZUrto9CFPlwsvtl1XWdG5IX/Q4P3pBX6GRtCVL8m0AQNiL3U1nXDJNZtPpVtytj\nNN2Tx37P101jBkXt042nnapViQF4qBA0tGJuRpaoBDqtKU/YyI2n/Gh0zwZvwYbI\nWgGWIaMKaLPAPBIWzdkxDitCnROKSWfA0luO5KXOOly5TBlP+EPc1zhY0okccqHh\nScG7S/iR6dV7TCT/31KkCiDlmsgI+WpPVge1k4eyAz07bqrRRmBDN+43aTQUVHWB\nF+8Yg4PWgN84hwC38X4KqM09J80GXLwDARCYN6j57A8dxAMAtGKA79BJ6d0coB0K\n0rpAhrb5H8jVuwwYwSdnhY2dqozFIpgXOhdRJAggTApWPvFADIB/6oQv52+GKwS4\niN9/Nyb2+m14GsqXoCXpVXAIxO7oiXHpDTyl6JTTfaaevYxIEQKCAQEA8sPvfqDP\ntFnCy7RiKls/gNJ/JhPsqb/p/wYKBFWe/DDJdcfZGMD1yfNkQEQC0EAQKer8eJdV\nR2QaF1unojLchwi8If2TZh1FtWK6xqgEmvBwVc+8YW6CA7b4CnW6IBfAy0u44T8b\nTKcNRT3qjgM8wtlxSlZCAiHMEqvlYqfQTaojBxDLvZtf+ktYbBtBIOvlz5kweRx6\n13mEKqtnSxD82rRACadZlaQ8ZzlHI9boZ3bvCkMie50G/+ktWgUJ8MlP4tLH31UH\nJCn9EVYt1hIFrFv/uVEI5FT+JNCXu0wHrSGBHwg3FHLK16/abP4uj9N5F7ji1y2B\nnDvF2yQYsBUbeQKCAQEA12xXNa+etxu/d26YGDw/3Ks4p4wg3XVZ8ncwHzQKagUw\nqt+cIaMl2oPOTLFhmovTyMofQpM3e5fvaPMy10PsNfxC5M/wZfr1RNWkaZ4XKt5j\nPjmKdFOrEubQC3Cn6NSYMA3j6tW3D4dLVUYcA9ks1wkNfBM33ipWdrSf9d66gu1O\nvCwBI/8483ajGEspOqFN89tFD5dYeny3TAfckLyTh1QZ/7esLUQHND9TBskcmSeN\nToHpCytKGdYEr5K5ur4a+iACtJuRyDhpASSZ7C56GE6CrJ8sy1uLrxUopNTd7QvF\nocSpIPmuXKfK+u2kFkttHzvGyJFkyMIWPCyDPJyscQKCAQBOsl+n3/+VCmgQWwhb\njLr4SsR3FoxottLnHhEPOKZSQIp+SOvCj4LeFa2Q+7shwTK8M/XmLcCyZOvkWIzu\nEqjUiWtbZXVr699WHoxHq93aUElKOA5sU0OIar7bvTA6CRkxjfl/41I5NgoiQSER\nKlF/JLgKDg5V3JjoEJtKsPXgx1+VgcdaTsz9OYGPggJJ5s7XzmQdTrMvuK+0mV3h\nwr8FMttzhbGPxe7i03mRT7CFIdP5squyAMRtHyzZerqvOMNR11x9tHWdLpNgFFzF\ngZAfQK+UZoWIZ1j/nDMjv1DZufu+kI4ybcf9xX78SCXV8ArYOtImSRU0DVhlYr0y\nD5WZAoIBAFMTqwY/NhwzjUFH20vtYEt/lJe4yKvfJ9MD+ADwltuQKNac6Z9nRZ/h\nmNumxJdPOVuD505La+g0DdYRhBfUT/H52OpY7sLFZ3UmVwOMPi8AGJHUqvp1kdH2\nRWFEDt0Rr6dIlA7qYHCSopC+OuuZA1viV9rzpmX9Od8JhW7SeGcpkWWsKrxxHst1\ngyxJQBsmPeO/OgDrQunp0t51YbBHqTVVT7l4YeQLCiQyD5jcUjUWNb6DBxaRmUAh\ncykqkonb6pdvZNu16yCl8IjKTrnwqpFZJbfgouvB4DqjFEuM9BEIqyzZpMfcwktl\nQjhHETKv3+NdsCmFOLLbdqu6Ftp3KWECggEAKKIGBLq1iKC4qTWTL8sIWsCasWkw\netQ+N4sO3VOtuqJJBtwEV4DI06lj8fABO8p/0s4lnZ9gzpHtkOZmsA7qs3bHkVwa\nab2uPmGG5OsaJGxv8reBMsPy+zmr5VJrPJrO3HYzqUOMVpQ+mc/zAXNwRsi1sWoF\nVpEknlbR8H3+oz5w7Yaw0ouyAObf7ZviXoYh8P6MP8cSj1vp/SV4TA+DfEhzSzIW\nMFSXdKYVRbeiDUyygpL06KuxuEIye06DvR4E1p9ijOfEV4cJY4wwxBq6VaVGi+WD\nvT4GPH2ilKEOVNZHjyRHt6x8p8bojFBkX2hgBTXEeldcgQ5jA6vn/yqznQ==\n-----END RSA PRIVATE KEY-----\n",
            "private_key_pem_pkcs8": "-----BEGIN PRIVATE KEY-----\nMIIJQQIBADANBgkqhkiG9w0BAQEFAASCCSswggknAgEAAoICAQDMSUt/4flZPxpG\nj6Vu67SfX+YpKX1jj1iotb2T+hJbnGMxXed0aGw0Azk0oXjOY0IDbo1OvgAmydjo\nGZhiZmQ+uTCuk/g7GeB08MJQtNb68WpXiDs7GX+3Tq/tK+OnYWm1rKMOSmqOVuSK\nXofG3SUkgvVf8B9Pl80havEoZxqmBKYEPiVT5cq0L+WZzsg67FDBIoByhCVAtE0L\nCTn9QRqwaOZn2S+ve/ADLBzjcggkYn2Sdo2J4btAPKVJ+yF9mHjmQ2YO4cydyAAP\nUlpB6f6JStulThb6knRRadk0tOYtM6eywVRLOuDFlQB8qmGreeoU4qdu0o4300Ij\nopA+/XwD2ns8jcF/X2Icm31aTQSuGkIPZaXKL9m1Riy61vUVlscHXYNXTGuKebv9\nh/3PU7h10SrodEYqtrkj/QdmK7/Mdc5EfqFAv4qi1oYlIjrVqB5nIX868+v3qWUa\n/pYqpTnPGbG4MXdaqfLWHcOgD5dLO3LzuURaXsRaM6Gvv/uofSDzyaIvNUfQ5rEa\nX9oeYLu9VA5cBAQPv48IjSwklIZSaKNaapOFJ1sQ9ct3C7UbIM39RovTYsL7R8OC\nGoRKW4B0Yb4r4azABnvgDmhm9ucvGpVqSS8wSq0SXNi+oIeO3I4f4n9IPeP9TW9z\n7G4LH3EPxUSp0hH2MzfsLZ9sAYJsaQIDAQABAoICABTk98QLGcD9NWuraFMvqEwn\nR8AkylqHKD0sRolGuf81AAfF+CUVw6Bvxnd5vwSUDiXR9kHMKPGOsmDt8kI5QQ5R\nzHcEsy5fU4/+ao+M6ZKl49ezW0SMk32tHo0acLjXW7OtZkmRRrQLkulMqSRHzPNe\nsih3g8pVJ1HgUW1tm0IJBm53aUO7JIgYwIoCZoQxVMKmS986oSFMt7cV4OCkeq15\nszxCsHAJVAeNCODiEk9fZALZnZkxVYDI2yqVlSu2j0IU+XCy+2XVdZ0bkhf9Dg/e\nkFfoZG0JUvybQBA2IvdTWdcMk1m0+lW3K2M03ZPHfs/XTWMGRe3TjaedqlWJAXio\nEDS0Ym5GlqgEOq0pT9jIjaf8aHTPBm/BhshaAZYhowpos8A8EhbN2TEOK0KdE4pJ\nZ8DSW47kpc46XLlMGU/4Q9zXOFjSiRxyoeFJwbtL+JHp1XtMJP/fUqQKIOWayAj5\nak9WB7WTh7IDPTtuqtFGYEM37jdpNBRUdYEX7xiDg9aA3ziHALfxfgqozT0nzQZc\nvAMBEJg3qPnsDx3EAwC0YoDv0Enp3RygHQrSukCGtvkfyNW7DBjBJ2eFjZ2qjMUi\nmBc6F1EkCCBMClY+8UAMgH/qhC/nb4YrBLiI3383Jvb6bXgaypegJelVcAjE7uiJ\ncekNPKXolNN9pp69jEgRAoIBAQDyw+9+oM+0WcLLtGIqWz+A0n8mE+ypv+n/BgoE\nVZ78MMl1x9kYwPXJ82RARALQQBAp6vx4l1VHZBoXW6eiMtyHCLwh/ZNmHUW1YrrG\nqASa8HBVz7xhboIDtvgKdbogF8DLS7jhPxtMpw1FPeqOAzzC2XFKVkICIcwSq+Vi\np9BNqiMHEMu9m1/6S1hsG0Eg6+XPmTB5HHrXeYQqq2dLEPzatEAJp1mVpDxnOUcj\n1uhndu8KQyJ7nQb/6S1aBQnwyU/i0sffVQckKf0RVi3WEgWsW/+5UQjkVP4k0Je7\nTAetIYEfCDcUcsrXr9ps/i6P03kXuOLXLYGcO8XbJBiwFRt5AoIBAQDXbFc1r563\nG793bpgYPD/cqzinjCDddVnydzAfNApqBTCq35whoyXag85MsWGai9PIyh9Ckzd7\nl+9o8zLXQ+w1/ELkz/Bl+vVE1aRpnhcq3mM+OYp0U6sS5tALcKfo1JgwDePq1bcP\nh0tVRhwD2SzXCQ18EzfeKlZ2tJ/13rqC7U68LAEj/zjzdqMYSyk6oU3z20UPl1h6\nfLdMB9yQvJOHVBn/t6wtRAc0P1MGyRyZJ41OgekLK0oZ1gSvkrm6vhr6IAK0m5HI\nOGkBJJnsLnoYToKsnyzLW4uvFSik1N3tC8WhxKkg+a5cp8r67aQWS20fO8bIkWTI\nwhY8LIM8nKxxAoIBAE6yX6ff/5UKaBBbCFuMuvhKxHcWjGi20uceEQ84plJAin5I\n68KPgt4VrZD7uyHBMrwz9eYtwLJk6+RYjO4SqNSJa1tldWvr31YejEer3dpQSUo4\nDmxTQ4hqvtu9MDoJGTGN+X/jUjk2CiJBIREqUX8kuAoODlXcmOgQm0qw9eDHX5WB\nx1pOzP05gY+CAknmztfOZB1Osy+4r7SZXeHCvwUy23OFsY/F7uLTeZFPsIUh0/my\nq7IAxG0fLNl6uq84w1HXXH20dZ0uk2AUXMWBkB9Ar5RmhYhnWP+cMyO/UNm5+76Q\njjJtx/3FfvxIJdXwCtg60iZJFTQNWGVivTIPlZkCggEAUxOrBj82HDONQUfbS+1g\nS3+Ul7jIq98n0wP4APCW25Ao1pzpn2dFn+GY26bEl085W4PnTktr6DQN1hGEF9RP\n8fnY6ljuwsVndSZXA4w+LwAYkdSq+nWR0fZFYUQO3RGvp0iUDupgcJKikL4665kD\nW+JX2vOmZf053wmFbtJ4ZymRZawqvHEey3WDLElAGyY94786AOtC6enS3nVhsEep\nNVVPuXhh5AsKJDIPmNxSNRY1voMHFpGZQCFzKSqSidvql29k27XrIKXwiMpOufCq\nkVklt+Ci68HgOqMUS4z0EQirLNmkx9zCS2VCOEcRMq/f412wKYU4stt2q7oW2ncp\nYQKCAQAoogYEurWIoLipNZMvywhawJqxaTB61D43iw7dU626okkG3ARXgMjTqWPx\n8AE7yn/SziWdn2DOke2Q5mawDuqzdseRXBppva4+YYbk6xokbG/yt4Eyw/L7Oavl\nUms8ms7cdjOpQ4xWlD6Zz/MBc3BGyLWxagVWkSSeVtHwff6jPnDthrDSi7IA5t/t\nm+JehiHw/ow/xxKPW+n9JXhMD4N8SHNLMhYwVJd0phVFt6INTLKCkvToq7G4QjJ7\nToO9HgTWn2KM58RXhwljjDDEGrpVpUaL5YO9PgY8faKUoQ5U1kePJEe3rHynxuiM\nUGRfaGAFNcR6V1yBDmMDq+f/KrOd\n-----END PRIVATE KEY-----\n",
            "public_key_fingerprint_md5": "9b:1d:f9:ca:2c:ca:8a:a2:63:cd:10:72:80:18:72:ef",
            "public_key_fingerprint_sha256": "SHA256:a66GxdojVg/Ayj2dmIo4QZucgYPdeEwFBVBUIoD2Ni0",
            "public_key_openssh": "ssh-rsa AAAAB3NzaC1yc2EAAAADAQABAAACAQDMSUt/4flZPxpGj6Vu67SfX+YpKX1jj1iotb2T+hJbnGMxXed0aGw0Azk0oXjOY0IDbo1OvgAmydjoGZhiZmQ+uTCuk/g7GeB08MJQtNb68WpXiDs7GX+3Tq/tK+OnYWm1rKMOSmqOVuSKXofG3SUkgvVf8B9Pl80havEoZxqmBKYEPiVT5cq0L+WZzsg67FDBIoByhCVAtE0LCTn9QRqwaOZn2S+ve/ADLBzjcggkYn2Sdo2J4btAPKVJ+yF9mHjmQ2YO4cydyAAPUlpB6f6JStulThb6knRRadk0tOYtM6eywVRLOuDFlQB8qmGreeoU4qdu0o4300IjopA+/XwD2ns8jcF/X2Icm31aTQSuGkIPZaXKL9m1Riy61vUVlscHXYNXTGuKebv9h/3PU7h10SrodEYqtrkj/QdmK7/Mdc5EfqFAv4qi1oYlIjrVqB5nIX868+v3qWUa/pYqpTnPGbG4MXdaqfLWHcOgD5dLO3LzuURaXsRaM6Gvv/uofSDzyaIvNUfQ5rEaX9oeYLu9VA5cBAQPv48IjSwklIZSaKNaapOFJ1sQ9ct3C7UbIM39RovTYsL7R8OCGoRKW4B0Yb4r4azABnvgDmhm9ucvGpVqSS8wSq0SXNi+oIeO3I4f4n9IPeP9TW9z7G4LH3EPxUSp0hH2MzfsLZ9sAYJsaQ==\n",
            "public_key_pem": "-----BEGIN PUBLIC KEY-----\nMIICIjANBgkqhkiG9w0BAQEFAAOCAg8AMIICCgKCAgEAzElLf+H5WT8aRo+lbuu0\nn1/mKSl9Y49YqLW9k/oSW5xjMV3ndGhsNAM5NKF4zmNCA26NTr4AJsnY6BmYYmZk\nPrkwrpP4OxngdPDCULTW+vFqV4g7Oxl/t06v7Svjp2FptayjDkpqjlbkil6Hxt0l\nJIL1X/AfT5fNIWrxKGcapgSmBD4lU+XKtC/lmc7IOuxQwSKAcoQlQLRNCwk5/UEa\nsGjmZ9kvr3vwAywc43IIJGJ9knaNieG7QDylSfshfZh45kNmDuHMncgAD1JaQen+\niUrbpU4W+pJ0UWnZNLTmLTOnssFUSzrgxZUAfKphq3nqFOKnbtKON9NCI6KQPv18\nA9p7PI3Bf19iHJt9Wk0ErhpCD2Wlyi/ZtUYsutb1FZbHB12DV0xrinm7/Yf9z1O4\nddEq6HRGKra5I/0HZiu/zHXORH6hQL+KotaGJSI61ageZyF/OvPr96llGv6WKqU5\nzxmxuDF3Wqny1h3DoA+XSzty87lEWl7EWjOhr7/7qH0g88miLzVH0OaxGl/aHmC7\nvVQOXAQED7+PCI0sJJSGUmijWmqThSdbEPXLdwu1GyDN/UaL02LC+0fDghqESluA\ndGG+K+GswAZ74A5oZvbnLxqVakkvMEqtElzYvqCHjtyOH+J/SD3j/U1vc+xuCx9x\nD8VEqdIR9jM37C2fbAGCbGkCAwEAAQ==\n-----END PUBLIC KEY-----\n",
            "rsa_bits": 4096
          },
          "sensitive_attributes": [
            [
              {
                "type": "get_attr",
                "value": "private_key_openssh"
              }
            ],
            [
              {
                "type": "get_attr",
                "value": "private_key_pem"
              }
            ],
            [
              {
                "type": "get_attr",
                "value": "private_key_pem_pkcs8"
              }
            ]
          ],
          "identity_schema_version": 0,
          "create_before_destroy": true
        }
      ]
    }
  ],
  "check_results": null
}
